{
  "version": 4,
  "terraform_version": "1.13.3",
  "serial": 354,
  "lineage": "db5c5043-29f3-7b9d-e005-7fa918e9e01f",
  "outputs": {
    "alb_arn": {
      "value": "arn:aws:elasticloadbalancing:ap-south-1:949945086246:loadbalancer/app/upscpro-stage2-alb/2c8dfdab90814499",
      "type": "string"
    },
    "alb_url": {
      "value": "https://upscpro-stage2-alb-1611647161.ap-south-1.elb.amazonaws.com",
      "type": "string"
    },
    "alb_zone_id": {
      "value": "ZP97RAFLXTNZK",
      "type": "string"
    },
    "aws_region": {
      "value": "ap-south-1",
      "type": "string"
    },
    "cloudwatch_log_group_name": {
      "value": "/ecs/upscpro-stage2",
      "type": "string"
    },
    "ec2_security_group_id": {
      "value": "sg-09af84e869d60accb",
      "type": "string"
    },
    "ecr_repository_app_url": {
      "value": "949945086246.dkr.ecr.ap-south-1.amazonaws.com/upscpro-stage2-app",
      "type": "string"
    },
    "ecr_repository_faculty_ui_url": {
      "value": "949945086246.dkr.ecr.ap-south-1.amazonaws.com/upscpro-stage2-faculty-ui",
      "type": "string"
    },
    "ecr_repository_frontend_url": {
      "value": "949945086246.dkr.ecr.ap-south-1.amazonaws.com/upscpro-stage2-frontend",
      "type": "string"
    },
    "ecr_repository_helios_url": {
      "value": "949945086246.dkr.ecr.ap-south-1.amazonaws.com/upscpro-stage2-helios",
      "type": "string"
    },
    "ecr_repository_onboarding_ui_url": {
      "value": "949945086246.dkr.ecr.ap-south-1.amazonaws.com/upscpro-stage2-onboarding-ui",
      "type": "string"
    },
    "ecs_task_execution_role_arn": {
      "value": "arn:aws:iam::949945086246:role/upscpro-stage2-ecs-task-execution-role",
      "type": "string"
    },
    "ecs_task_role_arn": {
      "value": "arn:aws:iam::949945086246:role/upscpro-stage2-ecs-task-role",
      "type": "string"
    },
    "environment": {
      "value": "stage2",
      "type": "string"
    },
    "faculty_ui_url": {
      "value": "https://upscpro-stage2-alb-1611647161.ap-south-1.elb.amazonaws.com/faculty",
      "type": "string"
    },
    "frontend_url": {
      "value": "https://upscpro-stage2-alb-1611647161.ap-south-1.elb.amazonaws.com",
      "type": "string"
    },
    "github_integration_info": {
      "value": {
        "auto_deploy_enabled": false,
        "branch": "algo_refactor",
        "repository_configured": false,
        "webhook_endpoint": null
      },
      "type": [
        "object",
        {
          "auto_deploy_enabled": "bool",
          "branch": "string",
          "repository_configured": "bool",
          "webhook_endpoint": "string"
        }
      ]
    },
    "onboarding_ui_url": {
      "value": "https://upscpro-stage2-alb-1611647161.ap-south-1.elb.amazonaws.com/onboarding",
      "type": "string"
    },
    "private_subnet_ids": {
      "value": [
        "subnet-056ec4b5b8aba0af7",
        "subnet-09a53a75ecd635921"
      ],
      "type": [
        "tuple",
        [
          "string",
          "string"
        ]
      ]
    },
    "project_name": {
      "value": "upscpro-stage2",
      "type": "string"
    },
    "public_subnet_ids": {
      "value": [
        "subnet-031c618af1a8f53a3",
        "subnet-041c6a08786961064"
      ],
      "type": [
        "tuple",
        [
          "string",
          "string"
        ]
      ]
    },
    "rds_security_group_id": {
      "value": "sg-0859819e18733473e",
      "type": "string"
    },
    "s3_bucket_assets_arn": {
      "value": "arn:aws:s3:::upscpro-stage2-assets",
      "type": "string"
    },
    "s3_bucket_assets_name": {
      "value": "upscpro-stage2-assets",
      "type": "string"
    },
    "s3_bucket_images_arn": {
      "value": "arn:aws:s3:::upscpro-stage2-images",
      "type": "string"
    },
    "s3_bucket_images_name": {
      "value": "upscpro-stage2-images",
      "type": "string"
    },
    "strapi_instance_id": {
      "value": "i-0486f2d0d8b45dda6",
      "type": "string"
    },
    "strapi_instance_private_ip": {
      "value": "10.2.2.90",
      "type": "string"
    },
    "strapi_instance_public_ip": {
      "value": "",
      "type": "string"
    },
    "strapi_url": {
      "value": "http://10.2.2.90:1337 (private)",
      "type": "string"
    },
    "target_group_faculty_ui_arn": {
      "value": "arn:aws:elasticloadbalancing:ap-south-1:949945086246:targetgroup/upscpro-stage2-faculty-ui-tg/11b720b44cba6529",
      "type": "string"
    },
    "target_group_frontend_arn": {
      "value": "arn:aws:elasticloadbalancing:ap-south-1:949945086246:targetgroup/upscpro-stage2-frontend-tg/04f0ecff6126b95c",
      "type": "string"
    },
    "target_group_onboarding_ui_arn": {
      "value": "arn:aws:elasticloadbalancing:ap-south-1:949945086246:targetgroup/upscpro-stage2-onboarding-ui-tg/75da4c53ed0c1b56",
      "type": "string"
    },
    "vpc_cidr_block": {
      "value": "10.2.0.0/16",
      "type": "string"
    },
    "vpc_id": {
      "value": "vpc-0db88159b61776caf",
      "type": "string"
    }
  },
  "resources": [
    {
      "mode": "data",
      "type": "aws_ami",
      "name": "amazon_linux",
      "provider": "provider[\"registry.terraform.io/hashicorp/aws\"]",
      "instances": [
        {
          "schema_version": 0,
          "attributes": {
            "architecture": "x86_64",
            "arn": "arn:aws:ec2:ap-south-1::image/ami-074496d112d390347",
            "block_device_mappings": [
              {
                "device_name": "/dev/xvda",
                "ebs": {
                  "delete_on_termination": "true",
                  "encrypted": "false",
                  "iops": "0",
                  "snapshot_id": "snap-0443a35a095f78127",
                  "throughput": "0",
                  "volume_initialization_rate": "0",
                  "volume_size": "8",
                  "volume_type": "gp2"
                },
                "no_device": "",
                "virtual_name": ""
              }
            ],
            "boot_mode": "",
            "creation_date": "2025-10-08T20:30:24.000Z",
            "deprecation_time": "2026-01-06T00:00:00.000Z",
            "description": "Amazon Linux 2 AMI 2.0.20251014.0 x86_64 HVM gp2",
            "ena_support": true,
            "executable_users": null,
            "filter": [
              {
                "name": "name",
                "values": [
                  "amzn2-ami-hvm-*-x86_64-gp2"
                ]
              },
              {
                "name": "virtualization-type",
                "values": [
                  "hvm"
                ]
              }
            ],
            "hypervisor": "xen",
            "id": "ami-074496d112d390347",
            "image_id": "ami-074496d112d390347",
            "image_location": "amazon/amzn2-ami-hvm-2.0.20251014.0-x86_64-gp2",
            "image_owner_alias": "amazon",
            "image_type": "machine",
            "imds_support": "",
            "include_deprecated": false,
            "kernel_id": "",
            "last_launched_time": "",
            "most_recent": true,
            "name": "amzn2-ami-hvm-2.0.20251014.0-x86_64-gp2",
            "name_regex": null,
            "owner_id": "137112412989",
            "owners": [
              "amazon"
            ],
            "platform": "",
            "platform_details": "Linux/UNIX",
            "product_codes": [],
            "public": true,
            "ramdisk_id": "",
            "root_device_name": "/dev/xvda",
            "root_device_type": "ebs",
            "root_snapshot_id": "snap-0443a35a095f78127",
            "sriov_net_support": "simple",
            "state": "available",
            "state_reason": {
              "code": "UNSET",
              "message": "UNSET"
            },
            "tags": {},
            "timeouts": null,
            "tpm_support": "",
            "uefi_data": null,
            "usage_operation": "RunInstances",
            "virtualization_type": "hvm"
          },
          "sensitive_attributes": [],
          "identity_schema_version": 0
        }
      ]
    },
    {
      "mode": "data",
      "type": "aws_availability_zones",
      "name": "available",
      "provider": "provider[\"registry.terraform.io/hashicorp/aws\"]",
      "instances": [
        {
          "schema_version": 0,
          "attributes": {
            "all_availability_zones": null,
            "exclude_names": null,
            "exclude_zone_ids": null,
            "filter": null,
            "group_names": [
              "ap-south-1-zg-1"
            ],
            "id": "ap-south-1",
            "names": [
              "ap-south-1a",
              "ap-south-1b",
              "ap-south-1c"
            ],
            "state": "available",
            "timeouts": null,
            "zone_ids": [
              "aps1-az1",
              "aps1-az3",
              "aps1-az2"
            ]
          },
          "sensitive_attributes": [],
          "identity_schema_version": 0
        }
      ]
    },
    {
      "mode": "data",
      "type": "aws_caller_identity",
      "name": "current",
      "provider": "provider[\"registry.terraform.io/hashicorp/aws\"]",
      "instances": [
        {
          "schema_version": 0,
          "attributes": {
            "account_id": "949945086246",
            "arn": "arn:aws:iam::949945086246:user/prasanna@carbonmint.com",
            "id": "949945086246",
            "user_id": "AIDA52LJDWETBCM2ZCRCZ"
          },
          "sensitive_attributes": [],
          "identity_schema_version": 0
        }
      ]
    },
    {
      "mode": "managed",
      "type": "aws_acm_certificate",
      "name": "alb_test",
      "provider": "provider[\"registry.terraform.io/hashicorp/aws\"]",
      "instances": [
        {
          "index_key": 0,
          "schema_version": 0,
          "attributes": {
            "arn": "arn:aws:acm:ap-south-1:949945086246:certificate/3599be7f-59c7-4685-a2aa-1fb9310c084d",
            "certificate_authority_arn": "",
            "certificate_body": "-----BEGIN CERTIFICATE-----\nMIIDNzCCAh+gAwIBAgIQDyqF9930rauDIHrptrrADDANBgkqhkiG9w0BAQsFADA8\nMRwwGgYDVQQKExNBbWF6b24gV2ViIFNlcnZpY2VzMRwwGgYDVQQDDBMqLmVsYi5h\nbWF6b25hd3MuY29tMB4XDTI1MTAyNTA2NDcyMVoXDTI2MTAyNTA2NDcyMVowPDEc\nMBoGA1UEChMTQW1hem9uIFdlYiBTZXJ2aWNlczEcMBoGA1UEAwwTKi5lbGIuYW1h\nem9uYXdzLmNvbTCCASIwDQYJKoZIhvcNAQEBBQADggEPADCCAQoCggEBANULAP/i\noUOsNF5gw+wCqjumbbU6dZAjXcbs0aj7W4nZL6m14PgXHvJ5gt3EJBjZwfBEovtY\n9Q8vt/eYah/mMPRcxAv/u8OtBoNqRDVRxmF3cvuw1alSfUZIEqnY2vK6i2Ll+HXF\nzDmnFWa3+EoCDbFHu1BnDa/j+/7dOUlqCUqljnZ4wbm2vCjGeWSkp87nF/OVbKtT\nYOuG7Zi8uXdO/smj/YnqsmzpVr8R6wKgdT7qzK4U/XTOCNi1VSgg7R4MQImOTWR3\n4Hi7BaUgMP2Ad1TOYdpdlbW7Rcq/GACzWJgostsDZpVeRjZBX4+sIDxzaHZYsGn2\nU1IQPa/4Milc5jMCAwEAAaM1MDMwDgYDVR0PAQH/BAQDAgWgMBMGA1UdJQQMMAoG\nCCsGAQUFBwMBMAwGA1UdEwEB/wQCMAAwDQYJKoZIhvcNAQELBQADggEBACnFfm+b\nM3wCkIB8t8FRugDkpXEllWDaUBTD+g0noLO049StFwURNpVCj01Zz8FCtF3TpvdR\nctb7k1GWK7YBx9XaevHuTiqFm45DcX6mHN75mo6v5SyVPtekqHCHMtdhfSREeiEh\nFiVFpPgd49hg7hWEjMcm6r+xQQ8csx8ZA5aB9aO8Oi6jx88eQQIRuyuDlD/uKttc\nT7Afqwd5mBgajbhiT+cAAMIaq7E9bb5bgdFiLyE/G63WqTZtLjwLY8Y+eeQ0wMoM\nQbwc8nLBS4670LRwFVwJFIYN3x8vdzNa6VGrDhMGUy1Nnhvclhckw5RED3Q/7RLq\n0Z0EpMKRE5+mLYk=\n-----END CERTIFICATE-----\n",
            "certificate_chain": null,
            "domain_name": "*.elb.amazonaws.com",
            "domain_validation_options": [],
            "early_renewal_duration": "",
            "id": "arn:aws:acm:ap-south-1:949945086246:certificate/3599be7f-59c7-4685-a2aa-1fb9310c084d",
            "key_algorithm": "RSA_2048",
            "not_after": "2026-10-25T06:47:21Z",
            "not_before": "2025-10-25T06:47:21Z",
            "options": [
              {
                "certificate_transparency_logging_preference": "DISABLED"
              }
            ],
            "pending_renewal": false,
            "private_key": "-----BEGIN RSA PRIVATE KEY-----\nMIIEowIBAAKCAQEA1QsA/+KhQ6w0XmDD7AKqO6ZttTp1kCNdxuzRqPtbidkvqbXg\n+Bce8nmC3cQkGNnB8ESi+1j1Dy+395hqH+Yw9FzEC/+7w60Gg2pENVHGYXdy+7DV\nqVJ9RkgSqdja8rqLYuX4dcXMOacVZrf4SgINsUe7UGcNr+P7/t05SWoJSqWOdnjB\nuba8KMZ5ZKSnzucX85Vsq1Ng64btmLy5d07+yaP9ieqybOlWvxHrAqB1PurMrhT9\ndM4I2LVVKCDtHgxAiY5NZHfgeLsFpSAw/YB3VM5h2l2VtbtFyr8YALNYmCiy2wNm\nlV5GNkFfj6wgPHNodliwafZTUhA9r/gyKVzmMwIDAQABAoIBACTGhoClbXMSGeQk\nzg1ClIJBg3SiR8L+5+Q74yFJao7MJ/cix1fsHdJ7eUSw5A5KILlKD9xVic/6S8Z4\nz/D7un2kOc9ccNwhVRuAT4/ostcGWJnr96YH8EoejOI25ey6mO8UhaRG5a8aEY6u\nuTSFUDnHCSWi9HDlaQ2gwI/Utw/kXab05UoO+065sd+kFkN63mWJfFe426CZEBzt\nWttkzFIR3JaP+jDX81C/yvaW0ksKN5L6l2t9gPk6OLLqCaDDMKJHKxJciyl5T5bx\nxXIYRPIiMcweCZHaG3uNu4asozHMub5jVudtooh/b8ag1cF4DEc06/I5DyeHsWKY\nnmXpTCECgYEA541l86VCn3AX5ANWM1u8KlB4oYurBXi8BxRBHEOOqvkTXO/iD63i\nfTVxR1oqgUOAAFCWUn9ZR36egc4VNfYAzsxElmPQ4nKtxZvyfRThSuxt9tLitPEB\nBdzO/fwpRAJh8f0aeqQYNwx4b+FgzN0mRqMYX0a6sP82lE9oRruuqxECgYEA64lR\nhszTwYip3Pha1cN/PwBSxBTWJmsyQL0oUnzIRs5dpv79pMluzZLhV3VHeeFKvfI6\n+ddQ8isbd1b/MH8rek4d8Vmuz1zSmEKI0fxFIeYZaQ2vHMha/1TwgdRhqxRdJ6rE\nTTTakrlpKjKRjo/6+PlxtlSb43s5OaElEQDAlQMCgYBqLMEaBqZU+45I5GrLY/4V\nHQ8jbCrAeIsnZ9cvQZ8SsOF7FRgAfohDR5Uo1aR132C7RDiZnYFvshS2iqvZMXNP\nYAT3PM/UdidOXGLFjiR8OYt2yV5g/72rVYOonM7DO6Bz2M4ifEoKO/KhwqOjbKiX\nbUPItGL4tB3vxbWX8Yl3MQKBgQCn0NDbgHinfZ25KOJfR8kTtEFEH6xs9xd49M0T\n6IAxorsrTqadkD94DNytGYxxlElSiJHojLbJtFj/cGalwRXTMHE5ErLwX6xUe6NM\nKbd/7ZfRN8S6dy4OmhA6EH3+DKZKquruL2hD/gKl5B29O2yPk/qm9CWVsKgXHW9x\na93KzQKBgD2I3H3K1+tzF/zM0PaMl1/ZvTFn8LmPCzdr8qXaCiEgLzWyYGWVlmTS\n3/Z5bXNHY8dzbn1m8JMj+eTaeliHxgCHbxgk8bNdttXTB0+RDGPgBr62cHhT37VE\n2W7p3PUcjNjPPeRUdR6ZjHASUGsA71o4F2+tT0blNjdxLiwzc3rG\n-----END RSA PRIVATE KEY-----\n",
            "renewal_eligibility": "INELIGIBLE",
            "renewal_summary": [],
            "status": "ISSUED",
            "subject_alternative_names": [
              "*.elb.amazonaws.com"
            ],
            "tags": {
              "Name": "upscpro-stage2-alb-test-cert"
            },
            "tags_all": {
              "Environment": "stage2",
              "ManagedBy": "terraform",
              "Name": "upscpro-stage2-alb-test-cert",
              "Project": "upscpro-stage2"
            },
            "type": "IMPORTED",
            "validation_emails": [],
            "validation_method": "NONE",
            "validation_option": []
          },
          "sensitive_attributes": [
            [
              {
                "type": "get_attr",
                "value": "private_key"
              }
            ]
          ],
          "identity_schema_version": 0,
          "private": "bnVsbA==",
          "dependencies": [
            "tls_private_key.alb_test",
            "tls_self_signed_cert.alb_test"
          ]
        }
      ]
    },
    {
      "mode": "managed",
      "type": "aws_acm_certificate",
      "name": "main",
      "provider": "provider[\"registry.terraform.io/hashicorp/aws\"]",
      "instances": []
    },
    {
      "mode": "managed",
      "type": "aws_acm_certificate_validation",
      "name": "main",
      "provider": "provider[\"registry.terraform.io/hashicorp/aws\"]",
      "instances": []
    },
    {
      "mode": "managed",
      "type": "aws_cloudfront_distribution",
      "name": "main",
      "provider": "provider[\"registry.terraform.io/hashicorp/aws\"]",
      "instances": [
        {
          "index_key": 0,
          "status": "tainted",
          "schema_version": 1,
          "attributes": {
            "aliases": null,
            "arn": null,
            "caller_reference": null,
            "comment": "CloudFront distribution for upscpro-stage2",
            "continuous_deployment_policy_id": null,
            "custom_error_response": [],
            "default_cache_behavior": [
              {
                "allowed_methods": [
                  "DELETE",
                  "GET",
                  "HEAD",
                  "OPTIONS",
                  "PATCH",
                  "POST",
                  "PUT"
                ],
                "cache_policy_id": "",
                "cached_methods": [
                  "GET",
                  "HEAD"
                ],
                "compress": true,
                "default_ttl": 3600,
                "field_level_encryption_id": "",
                "forwarded_values": [
                  {
                    "cookies": [
                      {
                        "forward": "none",
                        "whitelisted_names": []
                      }
                    ],
                    "headers": [],
                    "query_string": true,
                    "query_string_cache_keys": []
                  }
                ],
                "function_association": [],
                "grpc_config": [],
                "lambda_function_association": [],
                "max_ttl": 86400,
                "min_ttl": 0,
                "origin_request_policy_id": "",
                "realtime_log_config_arn": "",
                "response_headers_policy_id": "",
                "smooth_streaming": false,
                "target_origin_id": "ALB-upscpro-stage2",
                "trusted_key_groups": [],
                "trusted_signers": [],
                "viewer_protocol_policy": "redirect-to-https"
              }
            ],
            "default_root_object": "index.html",
            "domain_name": null,
            "enabled": true,
            "etag": null,
            "hosted_zone_id": null,
            "http_version": "http2",
            "id": "E2NOYL9YS005OP",
            "in_progress_validation_batches": null,
            "is_ipv6_enabled": true,
            "last_modified_time": null,
            "logging_config": [],
            "ordered_cache_behavior": [
              {
                "allowed_methods": [
                  "GET",
                  "HEAD"
                ],
                "cache_policy_id": "",
                "cached_methods": [
                  "GET",
                  "HEAD"
                ],
                "compress": true,
                "default_ttl": 86400,
                "field_level_encryption_id": "",
                "forwarded_values": [
                  {
                    "cookies": [
                      {
                        "forward": "none",
                        "whitelisted_names": null
                      }
                    ],
                    "headers": [],
                    "query_string": false,
                    "query_string_cache_keys": []
                  }
                ],
                "function_association": [],
                "grpc_config": [],
                "lambda_function_association": [],
                "max_ttl": 31536000,
                "min_ttl": 0,
                "origin_request_policy_id": "",
                "path_pattern": "/static/*",
                "realtime_log_config_arn": "",
                "response_headers_policy_id": "",
                "smooth_streaming": false,
                "target_origin_id": "ALB-upscpro-stage2",
                "trusted_key_groups": null,
                "trusted_signers": null,
                "viewer_protocol_policy": "redirect-to-https"
              }
            ],
            "origin": [
              {
                "connection_attempts": 3,
                "connection_timeout": 10,
                "custom_header": [],
                "custom_origin_config": [
                  {
                    "http_port": 80,
                    "https_port": 443,
                    "origin_keepalive_timeout": 5,
                    "origin_protocol_policy": "https-only",
                    "origin_read_timeout": 30,
                    "origin_ssl_protocols": [
                      "TLSv1.2"
                    ]
                  }
                ],
                "domain_name": "upscpro-stage2-alb-1611647161.ap-south-1.elb.amazonaws.com",
                "origin_access_control_id": "",
                "origin_id": "ALB-upscpro-stage2",
                "origin_path": "",
                "origin_shield": [],
                "s3_origin_config": [],
                "vpc_origin_config": []
              }
            ],
            "origin_group": [],
            "price_class": "PriceClass_100",
            "restrictions": [
              {
                "geo_restriction": [
                  {
                    "locations": [],
                    "restriction_type": "none"
                  }
                ]
              }
            ],
            "retain_on_delete": false,
            "staging": false,
            "status": null,
            "tags": {
              "Name": "upscpro-stage2-cloudfront"
            },
            "tags_all": {
              "Environment": "stage2",
              "ManagedBy": "terraform",
              "Name": "upscpro-stage2-cloudfront",
              "Project": "upscpro-stage2"
            },
            "trusted_key_groups": null,
            "trusted_signers": null,
            "viewer_certificate": [
              {
                "acm_certificate_arn": "",
                "cloudfront_default_certificate": true,
                "iam_certificate_id": "",
                "minimum_protocol_version": "TLSv1",
                "ssl_support_method": ""
              }
            ],
            "wait_for_deployment": true,
            "web_acl_id": null
          },
          "sensitive_attributes": [],
          "identity_schema_version": 0,
          "private": "eyJzY2hlbWFfdmVyc2lvbiI6IjEifQ==",
          "dependencies": [
            "aws_acm_certificate.main",
            "aws_lb.main",
            "aws_security_group.alb",
            "aws_subnet.public",
            "aws_vpc.main",
            "data.aws_availability_zones.available"
          ]
        }
      ]
    },
    {
      "mode": "managed",
      "type": "aws_cloudwatch_log_group",
      "name": "docker_instance",
      "provider": "provider[\"registry.terraform.io/hashicorp/aws\"]",
      "instances": [
        {
          "index_key": 0,
          "schema_version": 0,
          "attributes": {
            "arn": "arn:aws:logs:ap-south-1:949945086246:log-group:/aws/ec2/upscpro-stage2-docker",
            "id": "/aws/ec2/upscpro-stage2-docker",
            "kms_key_id": "",
            "log_group_class": "STANDARD",
            "name": "/aws/ec2/upscpro-stage2-docker",
            "name_prefix": "",
            "retention_in_days": 7,
            "skip_destroy": false,
            "tags": {
              "Name": "upscpro-stage2-docker-logs"
            },
            "tags_all": {
              "Environment": "stage2",
              "ManagedBy": "terraform",
              "Name": "upscpro-stage2-docker-logs",
              "Project": "upscpro-stage2"
            }
          },
          "sensitive_attributes": [],
          "identity_schema_version": 0,
          "private": "bnVsbA=="
        }
      ]
    },
    {
      "mode": "managed",
      "type": "aws_cloudwatch_log_group",
      "name": "ecs",
      "provider": "provider[\"registry.terraform.io/hashicorp/aws\"]",
      "instances": [
        {
          "schema_version": 0,
          "attributes": {
            "arn": "arn:aws:logs:ap-south-1:949945086246:log-group:/ecs/upscpro-stage2",
            "id": "/ecs/upscpro-stage2",
            "kms_key_id": "",
            "log_group_class": "STANDARD",
            "name": "/ecs/upscpro-stage2",
            "name_prefix": "",
            "retention_in_days": 14,
            "skip_destroy": false,
            "tags": {
              "Name": "upscpro-stage2-ecs-logs"
            },
            "tags_all": {
              "Environment": "stage2",
              "ManagedBy": "terraform",
              "Name": "upscpro-stage2-ecs-logs",
              "Project": "upscpro-stage2"
            }
          },
          "sensitive_attributes": [],
          "identity_schema_version": 0,
          "private": "bnVsbA=="
        }
      ]
    },
    {
      "mode": "managed",
      "type": "aws_cloudwatch_log_group",
      "name": "strapi_instance",
      "provider": "provider[\"registry.terraform.io/hashicorp/aws\"]",
      "instances": [
        {
          "index_key": 0,
          "schema_version": 0,
          "attributes": {
            "arn": "arn:aws:logs:ap-south-1:949945086246:log-group:/aws/ec2/upscpro-stage2-strapi",
            "id": "/aws/ec2/upscpro-stage2-strapi",
            "kms_key_id": "",
            "log_group_class": "STANDARD",
            "name": "/aws/ec2/upscpro-stage2-strapi",
            "name_prefix": "",
            "retention_in_days": 7,
            "skip_destroy": false,
            "tags": {
              "Name": "upscpro-stage2-strapi-logs"
            },
            "tags_all": {
              "Environment": "stage2",
              "ManagedBy": "terraform",
              "Name": "upscpro-stage2-strapi-logs",
              "Project": "upscpro-stage2"
            }
          },
          "sensitive_attributes": [],
          "identity_schema_version": 0,
          "private": "bnVsbA=="
        }
      ]
    },
    {
      "mode": "managed",
      "type": "aws_db_instance",
      "name": "main",
      "provider": "provider[\"registry.terraform.io/hashicorp/aws\"]",
      "instances": [
        {
          "index_key": 0,
          "status": "tainted",
          "schema_version": 2,
          "attributes": {
            "address": null,
            "allocated_storage": 20,
            "allow_major_version_upgrade": null,
            "apply_immediately": false,
            "arn": null,
            "auto_minor_version_upgrade": true,
            "availability_zone": null,
            "backup_retention_period": 7,
            "backup_target": null,
            "backup_window": "03:00-04:00",
            "blue_green_update": [],
            "ca_cert_identifier": null,
            "character_set_name": null,
            "copy_tags_to_snapshot": false,
            "custom_iam_instance_profile": null,
            "customer_owned_ip_enabled": null,
            "database_insights_mode": null,
            "db_name": "upscproStage2DB",
            "db_subnet_group_name": "upscpro-stage2-db-subnet-group",
            "dedicated_log_volume": false,
            "delete_automated_backups": true,
            "deletion_protection": false,
            "domain": null,
            "domain_auth_secret_arn": null,
            "domain_dns_ips": null,
            "domain_fqdn": null,
            "domain_iam_role_name": null,
            "domain_ou": null,
            "enabled_cloudwatch_logs_exports": null,
            "endpoint": null,
            "engine": "postgres",
            "engine_lifecycle_support": null,
            "engine_version": "15.14",
            "engine_version_actual": null,
            "final_snapshot_identifier": null,
            "hosted_zone_id": null,
            "iam_database_authentication_enabled": null,
            "id": "db-3ICHEGFLJNYF4D664XZM3DRZ5M",
            "identifier": "upscpro-stage2-db",
            "identifier_prefix": null,
            "instance_class": "db.t3.micro",
            "iops": null,
            "kms_key_id": null,
            "latest_restorable_time": null,
            "license_model": null,
            "listener_endpoint": null,
            "maintenance_window": "sun:04:00-sun:05:00",
            "manage_master_user_password": null,
            "master_user_secret": null,
            "master_user_secret_kms_key_id": null,
            "max_allocated_storage": 100,
            "monitoring_interval": 0,
            "monitoring_role_arn": null,
            "multi_az": null,
            "nchar_character_set_name": null,
            "network_type": null,
            "option_group_name": null,
            "parameter_group_name": "default.postgres15",
            "password": "upscproStage2Password123!",
            "password_wo": null,
            "password_wo_version": null,
            "performance_insights_enabled": false,
            "performance_insights_kms_key_id": null,
            "performance_insights_retention_period": null,
            "port": null,
            "publicly_accessible": false,
            "replica_mode": null,
            "replicas": null,
            "replicate_source_db": null,
            "resource_id": null,
            "restore_to_point_in_time": [],
            "s3_import": [],
            "skip_final_snapshot": true,
            "snapshot_identifier": null,
            "status": null,
            "storage_encrypted": null,
            "storage_throughput": null,
            "storage_type": "gp2",
            "tags": {
              "Name": "upscpro-stage2-db"
            },
            "tags_all": {
              "Environment": "stage2",
              "ManagedBy": "terraform",
              "Name": "upscpro-stage2-db",
              "Project": "upscpro-stage2"
            },
            "timeouts": null,
            "timezone": null,
            "upgrade_storage_config": null,
            "username": "upscproStage2User",
            "vpc_security_group_ids": [
              "sg-0859819e18733473e"
            ]
          },
          "sensitive_attributes": [
            [
              {
                "type": "get_attr",
                "value": "password"
              }
            ],
            [
              {
                "type": "get_attr",
                "value": "password_wo"
              }
            ]
          ],
          "identity_schema_version": 0,
          "private": "eyJlMmJmYjczMC1lY2FhLTExZTYtOGY4OC0zNDM2M2JjN2M0YzAiOnsiY3JlYXRlIjozMDAwMDAwMDAwMDAwLCJkZWxldGUiOjM2MDAwMDAwMDAwMDAsInVwZGF0ZSI6NDgwMDAwMDAwMDAwMH0sInNjaGVtYV92ZXJzaW9uIjoiMiJ9",
          "dependencies": [
            "aws_db_subnet_group.main",
            "aws_security_group.alb",
            "aws_security_group.ec2",
            "aws_security_group.ecs",
            "aws_security_group.rds",
            "aws_subnet.private",
            "aws_vpc.main",
            "data.aws_availability_zones.available"
          ]
        }
      ]
    },
    {
      "mode": "managed",
      "type": "aws_db_subnet_group",
      "name": "main",
      "provider": "provider[\"registry.terraform.io/hashicorp/aws\"]",
      "instances": [
        {
          "schema_version": 0,
          "attributes": {
            "arn": "arn:aws:rds:ap-south-1:949945086246:subgrp:upscpro-stage2-db-subnet-group",
            "description": "Managed by Terraform",
            "id": "upscpro-stage2-db-subnet-group",
            "name": "upscpro-stage2-db-subnet-group",
            "name_prefix": "",
            "subnet_ids": [
              "subnet-056ec4b5b8aba0af7",
              "subnet-09a53a75ecd635921"
            ],
            "supported_network_types": [
              "IPV4"
            ],
            "tags": {
              "Name": "upscpro-stage2-db-subnet-group"
            },
            "tags_all": {
              "Environment": "stage2",
              "ManagedBy": "terraform",
              "Name": "upscpro-stage2-db-subnet-group",
              "Project": "upscpro-stage2"
            },
            "vpc_id": "vpc-0db88159b61776caf"
          },
          "sensitive_attributes": [],
          "identity_schema_version": 0,
          "private": "bnVsbA==",
          "dependencies": [
            "aws_subnet.private",
            "aws_vpc.main",
            "data.aws_availability_zones.available"
          ]
        }
      ]
    },
    {
      "mode": "managed",
      "type": "aws_ecr_repository",
      "name": "app",
      "provider": "provider[\"registry.terraform.io/hashicorp/aws\"]",
      "instances": [
        {
          "schema_version": 0,
          "attributes": {
            "arn": "arn:aws:ecr:ap-south-1:949945086246:repository/upscpro-stage2-app",
            "encryption_configuration": [
              {
                "encryption_type": "AES256",
                "kms_key": ""
              }
            ],
            "force_delete": null,
            "id": "upscpro-stage2-app",
            "image_scanning_configuration": [
              {
                "scan_on_push": true
              }
            ],
            "image_tag_mutability": "MUTABLE",
            "name": "upscpro-stage2-app",
            "registry_id": "949945086246",
            "repository_url": "949945086246.dkr.ecr.ap-south-1.amazonaws.com/upscpro-stage2-app",
            "tags": {
              "Name": "upscpro-stage2-app"
            },
            "tags_all": {
              "Environment": "stage2",
              "ManagedBy": "terraform",
              "Name": "upscpro-stage2-app",
              "Project": "upscpro-stage2"
            },
            "timeouts": null
          },
          "sensitive_attributes": [],
          "identity_schema_version": 0,
          "private": "eyJlMmJmYjczMC1lY2FhLTExZTYtOGY4OC0zNDM2M2JjN2M0YzAiOnsiZGVsZXRlIjoxMjAwMDAwMDAwMDAwfX0="
        }
      ]
    },
    {
      "mode": "managed",
      "type": "aws_ecr_repository",
      "name": "faculty_ui",
      "provider": "provider[\"registry.terraform.io/hashicorp/aws\"]",
      "instances": [
        {
          "schema_version": 0,
          "attributes": {
            "arn": "arn:aws:ecr:ap-south-1:949945086246:repository/upscpro-stage2-faculty-ui",
            "encryption_configuration": [
              {
                "encryption_type": "AES256",
                "kms_key": ""
              }
            ],
            "force_delete": null,
            "id": "upscpro-stage2-faculty-ui",
            "image_scanning_configuration": [
              {
                "scan_on_push": true
              }
            ],
            "image_tag_mutability": "MUTABLE",
            "name": "upscpro-stage2-faculty-ui",
            "registry_id": "949945086246",
            "repository_url": "949945086246.dkr.ecr.ap-south-1.amazonaws.com/upscpro-stage2-faculty-ui",
            "tags": {
              "Name": "upscpro-stage2-faculty-ui"
            },
            "tags_all": {
              "Environment": "stage2",
              "ManagedBy": "terraform",
              "Name": "upscpro-stage2-faculty-ui",
              "Project": "upscpro-stage2"
            },
            "timeouts": null
          },
          "sensitive_attributes": [],
          "identity_schema_version": 0,
          "private": "eyJlMmJmYjczMC1lY2FhLTExZTYtOGY4OC0zNDM2M2JjN2M0YzAiOnsiZGVsZXRlIjoxMjAwMDAwMDAwMDAwfX0="
        }
      ]
    },
    {
      "mode": "managed",
      "type": "aws_ecr_repository",
      "name": "frontend",
      "provider": "provider[\"registry.terraform.io/hashicorp/aws\"]",
      "instances": [
        {
          "schema_version": 0,
          "attributes": {
            "arn": "arn:aws:ecr:ap-south-1:949945086246:repository/upscpro-stage2-frontend",
            "encryption_configuration": [
              {
                "encryption_type": "AES256",
                "kms_key": ""
              }
            ],
            "force_delete": null,
            "id": "upscpro-stage2-frontend",
            "image_scanning_configuration": [
              {
                "scan_on_push": true
              }
            ],
            "image_tag_mutability": "MUTABLE",
            "name": "upscpro-stage2-frontend",
            "registry_id": "949945086246",
            "repository_url": "949945086246.dkr.ecr.ap-south-1.amazonaws.com/upscpro-stage2-frontend",
            "tags": {
              "Name": "upscpro-stage2-frontend"
            },
            "tags_all": {
              "Environment": "stage2",
              "ManagedBy": "terraform",
              "Name": "upscpro-stage2-frontend",
              "Project": "upscpro-stage2"
            },
            "timeouts": null
          },
          "sensitive_attributes": [],
          "identity_schema_version": 0,
          "private": "eyJlMmJmYjczMC1lY2FhLTExZTYtOGY4OC0zNDM2M2JjN2M0YzAiOnsiZGVsZXRlIjoxMjAwMDAwMDAwMDAwfX0="
        }
      ]
    },
    {
      "mode": "managed",
      "type": "aws_ecr_repository",
      "name": "helios",
      "provider": "provider[\"registry.terraform.io/hashicorp/aws\"]",
      "instances": [
        {
          "schema_version": 0,
          "attributes": {
            "arn": "arn:aws:ecr:ap-south-1:949945086246:repository/upscpro-stage2-helios",
            "encryption_configuration": [
              {
                "encryption_type": "AES256",
                "kms_key": ""
              }
            ],
            "force_delete": null,
            "id": "upscpro-stage2-helios",
            "image_scanning_configuration": [
              {
                "scan_on_push": true
              }
            ],
            "image_tag_mutability": "MUTABLE",
            "name": "upscpro-stage2-helios",
            "registry_id": "949945086246",
            "repository_url": "949945086246.dkr.ecr.ap-south-1.amazonaws.com/upscpro-stage2-helios",
            "tags": {
              "Name": "upscpro-stage2-helios"
            },
            "tags_all": {
              "Environment": "stage2",
              "ManagedBy": "terraform",
              "Name": "upscpro-stage2-helios",
              "Project": "upscpro-stage2"
            },
            "timeouts": null
          },
          "sensitive_attributes": [],
          "identity_schema_version": 0,
          "private": "eyJlMmJmYjczMC1lY2FhLTExZTYtOGY4OC0zNDM2M2JjN2M0YzAiOnsiZGVsZXRlIjoxMjAwMDAwMDAwMDAwfX0="
        }
      ]
    },
    {
      "mode": "managed",
      "type": "aws_ecr_repository",
      "name": "onboarding_ui",
      "provider": "provider[\"registry.terraform.io/hashicorp/aws\"]",
      "instances": [
        {
          "schema_version": 0,
          "attributes": {
            "arn": "arn:aws:ecr:ap-south-1:949945086246:repository/upscpro-stage2-onboarding-ui",
            "encryption_configuration": [
              {
                "encryption_type": "AES256",
                "kms_key": ""
              }
            ],
            "force_delete": null,
            "id": "upscpro-stage2-onboarding-ui",
            "image_scanning_configuration": [
              {
                "scan_on_push": true
              }
            ],
            "image_tag_mutability": "MUTABLE",
            "name": "upscpro-stage2-onboarding-ui",
            "registry_id": "949945086246",
            "repository_url": "949945086246.dkr.ecr.ap-south-1.amazonaws.com/upscpro-stage2-onboarding-ui",
            "tags": {
              "Name": "upscpro-stage2-onboarding-ui"
            },
            "tags_all": {
              "Environment": "stage2",
              "ManagedBy": "terraform",
              "Name": "upscpro-stage2-onboarding-ui",
              "Project": "upscpro-stage2"
            },
            "timeouts": null
          },
          "sensitive_attributes": [],
          "identity_schema_version": 0,
          "private": "eyJlMmJmYjczMC1lY2FhLTExZTYtOGY4OC0zNDM2M2JjN2M0YzAiOnsiZGVsZXRlIjoxMjAwMDAwMDAwMDAwfX0="
        }
      ]
    },
    {
      "mode": "managed",
      "type": "aws_ecs_cluster",
      "name": "main",
      "provider": "provider[\"registry.terraform.io/hashicorp/aws\"]",
      "instances": [
        {
          "schema_version": 0,
          "attributes": {
            "arn": "arn:aws:ecs:ap-south-1:949945086246:cluster/upscpro-stage2-cluster",
            "configuration": [],
            "id": "arn:aws:ecs:ap-south-1:949945086246:cluster/upscpro-stage2-cluster",
            "name": "upscpro-stage2-cluster",
            "service_connect_defaults": [],
            "setting": [
              {
                "name": "containerInsights",
                "value": "disabled"
              }
            ],
            "tags": {
              "Name": "upscpro-stage2-cluster"
            },
            "tags_all": {
              "Environment": "stage2",
              "ManagedBy": "terraform",
              "Name": "upscpro-stage2-cluster",
              "Project": "upscpro-stage2"
            }
          },
          "sensitive_attributes": [],
          "identity_schema_version": 0,
          "private": "bnVsbA=="
        }
      ]
    },
    {
      "mode": "managed",
      "type": "aws_ecs_service",
      "name": "faculty_ui",
      "provider": "provider[\"registry.terraform.io/hashicorp/aws\"]",
      "instances": [
        {
          "schema_version": 1,
          "attributes": {
            "alarms": [],
            "availability_zone_rebalancing": "DISABLED",
            "capacity_provider_strategy": [],
            "cluster": "arn:aws:ecs:ap-south-1:949945086246:cluster/upscpro-stage2-cluster",
            "deployment_circuit_breaker": [
              {
                "enable": false,
                "rollback": false
              }
            ],
            "deployment_controller": [
              {
                "type": "ECS"
              }
            ],
            "deployment_maximum_percent": 200,
            "deployment_minimum_healthy_percent": 100,
            "desired_count": 0,
            "enable_ecs_managed_tags": false,
            "enable_execute_command": false,
            "force_delete": null,
            "force_new_deployment": null,
            "health_check_grace_period_seconds": 0,
            "iam_role": "/aws-service-role/ecs.amazonaws.com/AWSServiceRoleForECS",
            "id": "arn:aws:ecs:ap-south-1:949945086246:service/upscpro-stage2-cluster/upscpro-stage2-faculty-ui",
            "launch_type": "FARGATE",
            "load_balancer": [
              {
                "container_name": "faculty-ui",
                "container_port": 80,
                "elb_name": "",
                "target_group_arn": "arn:aws:elasticloadbalancing:ap-south-1:949945086246:targetgroup/upscpro-stage2-faculty-ui-tg/11b720b44cba6529"
              }
            ],
            "name": "upscpro-stage2-faculty-ui",
            "network_configuration": [
              {
                "assign_public_ip": false,
                "security_groups": [
                  "sg-0e67e1a1610167099"
                ],
                "subnets": [
                  "subnet-056ec4b5b8aba0af7",
                  "subnet-09a53a75ecd635921"
                ]
              }
            ],
            "ordered_placement_strategy": [],
            "placement_constraints": [],
            "platform_version": "LATEST",
            "propagate_tags": "NONE",
            "scheduling_strategy": "REPLICA",
            "service_connect_configuration": [],
            "service_registries": [],
            "tags": {
              "Name": "upscpro-stage2-faculty-ui-service"
            },
            "tags_all": {
              "Environment": "stage2",
              "ManagedBy": "terraform",
              "Name": "upscpro-stage2-faculty-ui-service",
              "Project": "upscpro-stage2"
            },
            "task_definition": "arn:aws:ecs:ap-south-1:949945086246:task-definition/upscpro-stage2-faculty-ui:3",
            "timeouts": null,
            "triggers": {},
            "volume_configuration": [],
            "vpc_lattice_configurations": [],
            "wait_for_steady_state": false
          },
          "sensitive_attributes": [],
          "identity_schema_version": 0,
          "private": "eyJlMmJmYjczMC1lY2FhLTExZTYtOGY4OC0zNDM2M2JjN2M0YzAiOnsiY3JlYXRlIjoxMjAwMDAwMDAwMDAwLCJkZWxldGUiOjEyMDAwMDAwMDAwMDAsInVwZGF0ZSI6MTIwMDAwMDAwMDAwMH0sInNjaGVtYV92ZXJzaW9uIjoiMSJ9",
          "dependencies": [
            "aws_acm_certificate.alb_test",
            "aws_acm_certificate.main",
            "aws_cloudwatch_log_group.ecs",
            "aws_ecr_repository.faculty_ui",
            "aws_ecs_cluster.main",
            "aws_ecs_task_definition.faculty_ui",
            "aws_iam_role.ecs_task_execution_role",
            "aws_iam_role.ecs_task_role",
            "aws_lb.main",
            "aws_lb_listener.main",
            "aws_lb_target_group.faculty_ui",
            "aws_lb_target_group.frontend",
            "aws_security_group.alb",
            "aws_security_group.ecs",
            "aws_subnet.private",
            "aws_subnet.public",
            "aws_vpc.main",
            "data.aws_availability_zones.available",
            "tls_private_key.alb_test",
            "tls_self_signed_cert.alb_test"
          ]
        }
      ]
    },
    {
      "mode": "managed",
      "type": "aws_ecs_service",
      "name": "frontend",
      "provider": "provider[\"registry.terraform.io/hashicorp/aws\"]",
      "instances": [
        {
          "schema_version": 1,
          "attributes": {
            "alarms": [],
            "availability_zone_rebalancing": "DISABLED",
            "capacity_provider_strategy": [],
            "cluster": "arn:aws:ecs:ap-south-1:949945086246:cluster/upscpro-stage2-cluster",
            "deployment_circuit_breaker": [
              {
                "enable": false,
                "rollback": false
              }
            ],
            "deployment_controller": [
              {
                "type": "ECS"
              }
            ],
            "deployment_maximum_percent": 200,
            "deployment_minimum_healthy_percent": 100,
            "desired_count": 0,
            "enable_ecs_managed_tags": false,
            "enable_execute_command": false,
            "force_delete": null,
            "force_new_deployment": null,
            "health_check_grace_period_seconds": 0,
            "iam_role": "/aws-service-role/ecs.amazonaws.com/AWSServiceRoleForECS",
            "id": "arn:aws:ecs:ap-south-1:949945086246:service/upscpro-stage2-cluster/upscpro-stage2-frontend",
            "launch_type": "FARGATE",
            "load_balancer": [
              {
                "container_name": "frontend",
                "container_port": 80,
                "elb_name": "",
                "target_group_arn": "arn:aws:elasticloadbalancing:ap-south-1:949945086246:targetgroup/upscpro-stage2-frontend-tg/04f0ecff6126b95c"
              }
            ],
            "name": "upscpro-stage2-frontend",
            "network_configuration": [
              {
                "assign_public_ip": false,
                "security_groups": [
                  "sg-0e67e1a1610167099"
                ],
                "subnets": [
                  "subnet-056ec4b5b8aba0af7",
                  "subnet-09a53a75ecd635921"
                ]
              }
            ],
            "ordered_placement_strategy": [],
            "placement_constraints": [],
            "platform_version": "LATEST",
            "propagate_tags": "NONE",
            "scheduling_strategy": "REPLICA",
            "service_connect_configuration": [],
            "service_registries": [],
            "tags": {
              "Name": "upscpro-stage2-frontend-service"
            },
            "tags_all": {
              "Environment": "stage2",
              "ManagedBy": "terraform",
              "Name": "upscpro-stage2-frontend-service",
              "Project": "upscpro-stage2"
            },
            "task_definition": "arn:aws:ecs:ap-south-1:949945086246:task-definition/upscpro-stage2-frontend:3",
            "timeouts": null,
            "triggers": {},
            "volume_configuration": [],
            "vpc_lattice_configurations": [],
            "wait_for_steady_state": false
          },
          "sensitive_attributes": [],
          "identity_schema_version": 0,
          "private": "eyJlMmJmYjczMC1lY2FhLTExZTYtOGY4OC0zNDM2M2JjN2M0YzAiOnsiY3JlYXRlIjoxMjAwMDAwMDAwMDAwLCJkZWxldGUiOjEyMDAwMDAwMDAwMDAsInVwZGF0ZSI6MTIwMDAwMDAwMDAwMH0sInNjaGVtYV92ZXJzaW9uIjoiMSJ9",
          "dependencies": [
            "aws_acm_certificate.alb_test",
            "aws_acm_certificate.main",
            "aws_cloudwatch_log_group.ecs",
            "aws_ecr_repository.frontend",
            "aws_ecs_cluster.main",
            "aws_ecs_task_definition.frontend",
            "aws_iam_role.ecs_task_execution_role",
            "aws_iam_role.ecs_task_role",
            "aws_lb.main",
            "aws_lb_listener.main",
            "aws_lb_target_group.frontend",
            "aws_security_group.alb",
            "aws_security_group.ecs",
            "aws_subnet.private",
            "aws_subnet.public",
            "aws_vpc.main",
            "data.aws_availability_zones.available",
            "tls_private_key.alb_test",
            "tls_self_signed_cert.alb_test"
          ]
        }
      ]
    },
    {
      "mode": "managed",
      "type": "aws_ecs_service",
      "name": "onboarding_ui",
      "provider": "provider[\"registry.terraform.io/hashicorp/aws\"]",
      "instances": [
        {
          "schema_version": 1,
          "attributes": {
            "alarms": [],
            "availability_zone_rebalancing": "DISABLED",
            "capacity_provider_strategy": [],
            "cluster": "arn:aws:ecs:ap-south-1:949945086246:cluster/upscpro-stage2-cluster",
            "deployment_circuit_breaker": [
              {
                "enable": false,
                "rollback": false
              }
            ],
            "deployment_controller": [
              {
                "type": "ECS"
              }
            ],
            "deployment_maximum_percent": 200,
            "deployment_minimum_healthy_percent": 100,
            "desired_count": 0,
            "enable_ecs_managed_tags": false,
            "enable_execute_command": false,
            "force_delete": null,
            "force_new_deployment": null,
            "health_check_grace_period_seconds": 0,
            "iam_role": "/aws-service-role/ecs.amazonaws.com/AWSServiceRoleForECS",
            "id": "arn:aws:ecs:ap-south-1:949945086246:service/upscpro-stage2-cluster/upscpro-stage2-onboarding-ui",
            "launch_type": "FARGATE",
            "load_balancer": [
              {
                "container_name": "onboarding-ui",
                "container_port": 80,
                "elb_name": "",
                "target_group_arn": "arn:aws:elasticloadbalancing:ap-south-1:949945086246:targetgroup/upscpro-stage2-onboarding-ui-tg/75da4c53ed0c1b56"
              }
            ],
            "name": "upscpro-stage2-onboarding-ui",
            "network_configuration": [
              {
                "assign_public_ip": false,
                "security_groups": [
                  "sg-0e67e1a1610167099"
                ],
                "subnets": [
                  "subnet-056ec4b5b8aba0af7",
                  "subnet-09a53a75ecd635921"
                ]
              }
            ],
            "ordered_placement_strategy": [],
            "placement_constraints": [],
            "platform_version": "LATEST",
            "propagate_tags": "NONE",
            "scheduling_strategy": "REPLICA",
            "service_connect_configuration": [],
            "service_registries": [],
            "tags": {
              "Name": "upscpro-stage2-onboarding-ui-service"
            },
            "tags_all": {
              "Environment": "stage2",
              "ManagedBy": "terraform",
              "Name": "upscpro-stage2-onboarding-ui-service",
              "Project": "upscpro-stage2"
            },
            "task_definition": "arn:aws:ecs:ap-south-1:949945086246:task-definition/upscpro-stage2-onboarding-ui:3",
            "timeouts": null,
            "triggers": {},
            "volume_configuration": [],
            "vpc_lattice_configurations": [],
            "wait_for_steady_state": false
          },
          "sensitive_attributes": [],
          "identity_schema_version": 0,
          "private": "eyJlMmJmYjczMC1lY2FhLTExZTYtOGY4OC0zNDM2M2JjN2M0YzAiOnsiY3JlYXRlIjoxMjAwMDAwMDAwMDAwLCJkZWxldGUiOjEyMDAwMDAwMDAwMDAsInVwZGF0ZSI6MTIwMDAwMDAwMDAwMH0sInNjaGVtYV92ZXJzaW9uIjoiMSJ9",
          "dependencies": [
            "aws_acm_certificate.alb_test",
            "aws_acm_certificate.main",
            "aws_cloudwatch_log_group.ecs",
            "aws_ecr_repository.onboarding_ui",
            "aws_ecs_cluster.main",
            "aws_ecs_task_definition.onboarding_ui",
            "aws_iam_role.ecs_task_execution_role",
            "aws_iam_role.ecs_task_role",
            "aws_lb.main",
            "aws_lb_listener.main",
            "aws_lb_target_group.frontend",
            "aws_lb_target_group.onboarding_ui",
            "aws_security_group.alb",
            "aws_security_group.ecs",
            "aws_subnet.private",
            "aws_subnet.public",
            "aws_vpc.main",
            "data.aws_availability_zones.available",
            "tls_private_key.alb_test",
            "tls_self_signed_cert.alb_test"
          ]
        }
      ]
    },
    {
      "mode": "managed",
      "type": "aws_ecs_task_definition",
      "name": "faculty_ui",
      "provider": "provider[\"registry.terraform.io/hashicorp/aws\"]",
      "instances": [
        {
          "schema_version": 1,
          "attributes": {
            "arn": "arn:aws:ecs:ap-south-1:949945086246:task-definition/upscpro-stage2-faculty-ui:3",
            "arn_without_revision": "arn:aws:ecs:ap-south-1:949945086246:task-definition/upscpro-stage2-faculty-ui",
            "container_definitions": "[{\"environment\":[],\"essential\":true,\"healthCheck\":{\"command\":[\"CMD-SHELL\",\"wget --quiet --tries=1 --spider http://localhost/ || exit 1\"],\"interval\":30,\"retries\":3,\"startPeriod\":30,\"timeout\":5},\"image\":\"949945086246.dkr.ecr.ap-south-1.amazonaws.com/upscpro-stage2-faculty-ui:latest\",\"logConfiguration\":{\"logDriver\":\"awslogs\",\"options\":{\"awslogs-group\":\"/ecs/upscpro-stage2\",\"awslogs-region\":\"ap-south-1\",\"awslogs-stream-prefix\":\"faculty-ui\"}},\"mountPoints\":[],\"name\":\"faculty-ui\",\"portMappings\":[{\"containerPort\":80,\"hostPort\":80,\"protocol\":\"tcp\"}],\"systemControls\":[],\"volumesFrom\":[]}]",
            "cpu": "256",
            "enable_fault_injection": false,
            "ephemeral_storage": [],
            "execution_role_arn": "arn:aws:iam::949945086246:role/upscpro-stage2-ecs-task-execution-role",
            "family": "upscpro-stage2-faculty-ui",
            "id": "upscpro-stage2-faculty-ui",
            "inference_accelerator": [],
            "ipc_mode": "",
            "memory": "512",
            "network_mode": "awsvpc",
            "pid_mode": "",
            "placement_constraints": [],
            "proxy_configuration": [],
            "requires_compatibilities": [
              "FARGATE"
            ],
            "revision": 3,
            "runtime_platform": [],
            "skip_destroy": false,
            "tags": {
              "Name": "upscpro-stage2-faculty-ui-task"
            },
            "tags_all": {
              "Environment": "stage2",
              "ManagedBy": "terraform",
              "Name": "upscpro-stage2-faculty-ui-task",
              "Project": "upscpro-stage2"
            },
            "task_role_arn": "arn:aws:iam::949945086246:role/upscpro-stage2-ecs-task-role",
            "track_latest": false,
            "volume": []
          },
          "sensitive_attributes": [],
          "identity_schema_version": 0,
          "private": "eyJzY2hlbWFfdmVyc2lvbiI6IjEifQ==",
          "dependencies": [
            "aws_cloudwatch_log_group.ecs",
            "aws_ecr_repository.faculty_ui",
            "aws_iam_role.ecs_task_execution_role",
            "aws_iam_role.ecs_task_role"
          ]
        }
      ]
    },
    {
      "mode": "managed",
      "type": "aws_ecs_task_definition",
      "name": "frontend",
      "provider": "provider[\"registry.terraform.io/hashicorp/aws\"]",
      "instances": [
        {
          "schema_version": 1,
          "attributes": {
            "arn": "arn:aws:ecs:ap-south-1:949945086246:task-definition/upscpro-stage2-frontend:3",
            "arn_without_revision": "arn:aws:ecs:ap-south-1:949945086246:task-definition/upscpro-stage2-frontend",
            "container_definitions": "[{\"environment\":[],\"essential\":true,\"healthCheck\":{\"command\":[\"CMD-SHELL\",\"wget --quiet --tries=1 --spider http://localhost/ || exit 1\"],\"interval\":30,\"retries\":3,\"startPeriod\":30,\"timeout\":5},\"image\":\"949945086246.dkr.ecr.ap-south-1.amazonaws.com/upscpro-stage2-frontend:latest\",\"logConfiguration\":{\"logDriver\":\"awslogs\",\"options\":{\"awslogs-group\":\"/ecs/upscpro-stage2\",\"awslogs-region\":\"ap-south-1\",\"awslogs-stream-prefix\":\"frontend\"}},\"mountPoints\":[],\"name\":\"frontend\",\"portMappings\":[{\"containerPort\":80,\"hostPort\":80,\"protocol\":\"tcp\"}],\"systemControls\":[],\"volumesFrom\":[]}]",
            "cpu": "256",
            "enable_fault_injection": false,
            "ephemeral_storage": [],
            "execution_role_arn": "arn:aws:iam::949945086246:role/upscpro-stage2-ecs-task-execution-role",
            "family": "upscpro-stage2-frontend",
            "id": "upscpro-stage2-frontend",
            "inference_accelerator": [],
            "ipc_mode": "",
            "memory": "512",
            "network_mode": "awsvpc",
            "pid_mode": "",
            "placement_constraints": [],
            "proxy_configuration": [],
            "requires_compatibilities": [
              "FARGATE"
            ],
            "revision": 3,
            "runtime_platform": [],
            "skip_destroy": false,
            "tags": {
              "Name": "upscpro-stage2-frontend-task"
            },
            "tags_all": {
              "Environment": "stage2",
              "ManagedBy": "terraform",
              "Name": "upscpro-stage2-frontend-task",
              "Project": "upscpro-stage2"
            },
            "task_role_arn": "arn:aws:iam::949945086246:role/upscpro-stage2-ecs-task-role",
            "track_latest": false,
            "volume": []
          },
          "sensitive_attributes": [],
          "identity_schema_version": 0,
          "private": "eyJzY2hlbWFfdmVyc2lvbiI6IjEifQ==",
          "dependencies": [
            "aws_cloudwatch_log_group.ecs",
            "aws_ecr_repository.frontend",
            "aws_iam_role.ecs_task_execution_role",
            "aws_iam_role.ecs_task_role"
          ]
        }
      ]
    },
    {
      "mode": "managed",
      "type": "aws_ecs_task_definition",
      "name": "onboarding_ui",
      "provider": "provider[\"registry.terraform.io/hashicorp/aws\"]",
      "instances": [
        {
          "schema_version": 1,
          "attributes": {
            "arn": "arn:aws:ecs:ap-south-1:949945086246:task-definition/upscpro-stage2-onboarding-ui:3",
            "arn_without_revision": "arn:aws:ecs:ap-south-1:949945086246:task-definition/upscpro-stage2-onboarding-ui",
            "container_definitions": "[{\"environment\":[],\"essential\":true,\"healthCheck\":{\"command\":[\"CMD-SHELL\",\"wget --quiet --tries=1 --spider http://localhost/ || exit 1\"],\"interval\":30,\"retries\":3,\"startPeriod\":30,\"timeout\":5},\"image\":\"949945086246.dkr.ecr.ap-south-1.amazonaws.com/upscpro-stage2-onboarding-ui:latest\",\"logConfiguration\":{\"logDriver\":\"awslogs\",\"options\":{\"awslogs-group\":\"/ecs/upscpro-stage2\",\"awslogs-region\":\"ap-south-1\",\"awslogs-stream-prefix\":\"onboarding-ui\"}},\"mountPoints\":[],\"name\":\"onboarding-ui\",\"portMappings\":[{\"containerPort\":80,\"hostPort\":80,\"protocol\":\"tcp\"}],\"systemControls\":[],\"volumesFrom\":[]}]",
            "cpu": "256",
            "enable_fault_injection": false,
            "ephemeral_storage": [],
            "execution_role_arn": "arn:aws:iam::949945086246:role/upscpro-stage2-ecs-task-execution-role",
            "family": "upscpro-stage2-onboarding-ui",
            "id": "upscpro-stage2-onboarding-ui",
            "inference_accelerator": [],
            "ipc_mode": "",
            "memory": "512",
            "network_mode": "awsvpc",
            "pid_mode": "",
            "placement_constraints": [],
            "proxy_configuration": [],
            "requires_compatibilities": [
              "FARGATE"
            ],
            "revision": 3,
            "runtime_platform": [],
            "skip_destroy": false,
            "tags": {
              "Name": "upscpro-stage2-onboarding-ui-task"
            },
            "tags_all": {
              "Environment": "stage2",
              "ManagedBy": "terraform",
              "Name": "upscpro-stage2-onboarding-ui-task",
              "Project": "upscpro-stage2"
            },
            "task_role_arn": "arn:aws:iam::949945086246:role/upscpro-stage2-ecs-task-role",
            "track_latest": false,
            "volume": []
          },
          "sensitive_attributes": [],
          "identity_schema_version": 0,
          "private": "eyJzY2hlbWFfdmVyc2lvbiI6IjEifQ==",
          "dependencies": [
            "aws_cloudwatch_log_group.ecs",
            "aws_ecr_repository.onboarding_ui",
            "aws_iam_role.ecs_task_execution_role",
            "aws_iam_role.ecs_task_role"
          ]
        }
      ]
    },
    {
      "mode": "managed",
      "type": "aws_eip",
      "name": "nat",
      "provider": "provider[\"registry.terraform.io/hashicorp/aws\"]",
      "instances": [
        {
          "index_key": 0,
          "schema_version": 0,
          "attributes": {
            "address": null,
            "allocation_id": "eipalloc-0ebd380f8044b490b",
            "arn": "arn:aws:ec2:ap-south-1:949945086246:elastic-ip/eipalloc-0ebd380f8044b490b",
            "associate_with_private_ip": null,
            "association_id": "",
            "carrier_ip": "",
            "customer_owned_ip": "",
            "customer_owned_ipv4_pool": "",
            "domain": "vpc",
            "id": "eipalloc-0ebd380f8044b490b",
            "instance": "",
            "ipam_pool_id": null,
            "network_border_group": "ap-south-1",
            "network_interface": "",
            "private_dns": null,
            "private_ip": "",
            "ptr_record": "",
            "public_dns": "ec2-15-207-181-1.ap-south-1.compute.amazonaws.com",
            "public_ip": "15.207.181.1",
            "public_ipv4_pool": "amazon",
            "tags": {
              "Name": "upscpro-stage2-nat-eip-1"
            },
            "tags_all": {
              "Environment": "stage2",
              "ManagedBy": "terraform",
              "Name": "upscpro-stage2-nat-eip-1",
              "Project": "upscpro-stage2"
            },
            "timeouts": null,
            "vpc": true
          },
          "sensitive_attributes": [],
          "identity_schema_version": 0,
          "private": "eyJlMmJmYjczMC1lY2FhLTExZTYtOGY4OC0zNDM2M2JjN2M0YzAiOnsiZGVsZXRlIjoxODAwMDAwMDAwMDAsInJlYWQiOjkwMDAwMDAwMDAwMCwidXBkYXRlIjozMDAwMDAwMDAwMDB9fQ==",
          "dependencies": [
            "aws_internet_gateway.main",
            "aws_vpc.main"
          ]
        },
        {
          "index_key": 1,
          "schema_version": 0,
          "attributes": {
            "address": null,
            "allocation_id": "eipalloc-0abee4fc00ce4d5b9",
            "arn": "arn:aws:ec2:ap-south-1:949945086246:elastic-ip/eipalloc-0abee4fc00ce4d5b9",
            "associate_with_private_ip": null,
            "association_id": "",
            "carrier_ip": "",
            "customer_owned_ip": "",
            "customer_owned_ipv4_pool": "",
            "domain": "vpc",
            "id": "eipalloc-0abee4fc00ce4d5b9",
            "instance": "",
            "ipam_pool_id": null,
            "network_border_group": "ap-south-1",
            "network_interface": "",
            "private_dns": null,
            "private_ip": "",
            "ptr_record": "",
            "public_dns": "ec2-65-0-140-63.ap-south-1.compute.amazonaws.com",
            "public_ip": "65.0.140.63",
            "public_ipv4_pool": "amazon",
            "tags": {
              "Name": "upscpro-stage2-nat-eip-2"
            },
            "tags_all": {
              "Environment": "stage2",
              "ManagedBy": "terraform",
              "Name": "upscpro-stage2-nat-eip-2",
              "Project": "upscpro-stage2"
            },
            "timeouts": null,
            "vpc": true
          },
          "sensitive_attributes": [],
          "identity_schema_version": 0,
          "private": "eyJlMmJmYjczMC1lY2FhLTExZTYtOGY4OC0zNDM2M2JjN2M0YzAiOnsiZGVsZXRlIjoxODAwMDAwMDAwMDAsInJlYWQiOjkwMDAwMDAwMDAwMCwidXBkYXRlIjozMDAwMDAwMDAwMDB9fQ==",
          "dependencies": [
            "aws_internet_gateway.main",
            "aws_vpc.main"
          ]
        }
      ]
    },
    {
      "mode": "managed",
      "type": "aws_iam_role",
      "name": "ecs_task_execution_role",
      "provider": "provider[\"registry.terraform.io/hashicorp/aws\"]",
      "instances": [
        {
          "schema_version": 0,
          "attributes": {
            "arn": "arn:aws:iam::949945086246:role/upscpro-stage2-ecs-task-execution-role",
            "assume_role_policy": "{\"Statement\":[{\"Action\":\"sts:AssumeRole\",\"Effect\":\"Allow\",\"Principal\":{\"Service\":\"ecs-tasks.amazonaws.com\"}}],\"Version\":\"2012-10-17\"}",
            "create_date": "2025-10-25T06:47:25Z",
            "description": "",
            "force_detach_policies": false,
            "id": "upscpro-stage2-ecs-task-execution-role",
            "inline_policy": [],
            "managed_policy_arns": [],
            "max_session_duration": 3600,
            "name": "upscpro-stage2-ecs-task-execution-role",
            "name_prefix": "",
            "path": "/",
            "permissions_boundary": "",
            "tags": {
              "Name": "upscpro-stage2-ecs-task-execution-role"
            },
            "tags_all": {
              "Environment": "stage2",
              "ManagedBy": "terraform",
              "Name": "upscpro-stage2-ecs-task-execution-role",
              "Project": "upscpro-stage2"
            },
            "unique_id": "AROA52LJDWETEK7N6CXLS"
          },
          "sensitive_attributes": [],
          "identity_schema_version": 0,
          "private": "bnVsbA=="
        }
      ]
    },
    {
      "mode": "managed",
      "type": "aws_iam_role",
      "name": "ecs_task_role",
      "provider": "provider[\"registry.terraform.io/hashicorp/aws\"]",
      "instances": [
        {
          "schema_version": 0,
          "attributes": {
            "arn": "arn:aws:iam::949945086246:role/upscpro-stage2-ecs-task-role",
            "assume_role_policy": "{\"Statement\":[{\"Action\":\"sts:AssumeRole\",\"Effect\":\"Allow\",\"Principal\":{\"Service\":\"ecs-tasks.amazonaws.com\"}}],\"Version\":\"2012-10-17\"}",
            "create_date": "2025-10-25T06:47:25Z",
            "description": "",
            "force_detach_policies": false,
            "id": "upscpro-stage2-ecs-task-role",
            "inline_policy": [],
            "managed_policy_arns": [],
            "max_session_duration": 3600,
            "name": "upscpro-stage2-ecs-task-role",
            "name_prefix": "",
            "path": "/",
            "permissions_boundary": "",
            "tags": {
              "Name": "upscpro-stage2-ecs-task-role"
            },
            "tags_all": {
              "Environment": "stage2",
              "ManagedBy": "terraform",
              "Name": "upscpro-stage2-ecs-task-role",
              "Project": "upscpro-stage2"
            },
            "unique_id": "AROA52LJDWETF63UIGTG6"
          },
          "sensitive_attributes": [],
          "identity_schema_version": 0,
          "private": "bnVsbA=="
        }
      ]
    },
    {
      "mode": "managed",
      "type": "aws_iam_role_policy_attachment",
      "name": "ecs_task_execution_role_policy",
      "provider": "provider[\"registry.terraform.io/hashicorp/aws\"]",
      "instances": [
        {
          "schema_version": 0,
          "attributes": {
            "id": "upscpro-stage2-ecs-task-execution-role-20251025064724308600000001",
            "policy_arn": "arn:aws:iam::aws:policy/service-role/AmazonECSTaskExecutionRolePolicy",
            "role": "upscpro-stage2-ecs-task-execution-role"
          },
          "sensitive_attributes": [],
          "identity_schema_version": 0,
          "private": "bnVsbA==",
          "dependencies": [
            "aws_iam_role.ecs_task_execution_role"
          ]
        }
      ]
    },
    {
      "mode": "managed",
      "type": "aws_instance",
      "name": "strapi",
      "provider": "provider[\"registry.terraform.io/hashicorp/aws\"]",
      "instances": [
        {
          "index_key": 0,
          "schema_version": 1,
          "attributes": {
            "ami": "ami-074496d112d390347",
            "arn": "arn:aws:ec2:ap-south-1:949945086246:instance/i-0486f2d0d8b45dda6",
            "associate_public_ip_address": false,
            "availability_zone": "ap-south-1a",
            "capacity_reservation_specification": [
              {
                "capacity_reservation_preference": "open",
                "capacity_reservation_target": []
              }
            ],
            "cpu_core_count": 1,
            "cpu_options": [
              {
                "amd_sev_snp": "",
                "core_count": 1,
                "threads_per_core": 2
              }
            ],
            "cpu_threads_per_core": 2,
            "credit_specification": [
              {
                "cpu_credits": "unlimited"
              }
            ],
            "disable_api_stop": false,
            "disable_api_termination": false,
            "ebs_block_device": [],
            "ebs_optimized": false,
            "enable_primary_ipv6": null,
            "enclave_options": [
              {
                "enabled": false
              }
            ],
            "ephemeral_block_device": [],
            "get_password_data": false,
            "hibernation": false,
            "host_id": "",
            "host_resource_group_arn": null,
            "iam_instance_profile": "",
            "id": "i-0486f2d0d8b45dda6",
            "instance_initiated_shutdown_behavior": "stop",
            "instance_lifecycle": "",
            "instance_market_options": [],
            "instance_state": "running",
            "instance_type": "t3.medium",
            "ipv6_address_count": 0,
            "ipv6_addresses": [],
            "key_name": "upscAppAwsKey-new",
            "launch_template": [],
            "maintenance_options": [
              {
                "auto_recovery": "default"
              }
            ],
            "metadata_options": [
              {
                "http_endpoint": "enabled",
                "http_protocol_ipv6": "disabled",
                "http_put_response_hop_limit": 1,
                "http_tokens": "optional",
                "instance_metadata_tags": "disabled"
              }
            ],
            "monitoring": false,
            "network_interface": [],
            "outpost_arn": "",
            "password_data": "",
            "placement_group": "",
            "placement_partition_number": 0,
            "primary_network_interface_id": "eni-0b5cec326b075cee0",
            "private_dns": "ip-10-2-2-90.ap-south-1.compute.internal",
            "private_dns_name_options": [
              {
                "enable_resource_name_dns_a_record": false,
                "enable_resource_name_dns_aaaa_record": false,
                "hostname_type": "ip-name"
              }
            ],
            "private_ip": "10.2.2.90",
            "public_dns": "",
            "public_ip": "",
            "root_block_device": [
              {
                "delete_on_termination": true,
                "device_name": "/dev/xvda",
                "encrypted": true,
                "iops": 3000,
                "kms_key_id": "arn:aws:kms:ap-south-1:949945086246:key/cdbe3e08-d78d-46c7-9d34-bec79c070b2a",
                "tags": null,
                "tags_all": {
                  "Environment": "stage2",
                  "ManagedBy": "terraform",
                  "Project": "upscpro-stage2"
                },
                "throughput": 125,
                "volume_id": "vol-0cc99d94dbec7b732",
                "volume_size": 20,
                "volume_type": "gp3"
              }
            ],
            "secondary_private_ips": [],
            "security_groups": [],
            "source_dest_check": true,
            "spot_instance_request_id": "",
            "subnet_id": "subnet-056ec4b5b8aba0af7",
            "tags": {
              "Name": "upscpro-stage2-strapi",
              "Type": "strapi"
            },
            "tags_all": {
              "Environment": "stage2",
              "ManagedBy": "terraform",
              "Name": "upscpro-stage2-strapi",
              "Project": "upscpro-stage2",
              "Type": "strapi"
            },
            "tenancy": "default",
            "timeouts": null,
            "user_data": "b3baf29c057c0790342c886873c6ecff1f22f147",
            "user_data_base64": null,
            "user_data_replace_on_change": false,
            "volume_tags": null,
            "vpc_security_group_ids": [
              "sg-09af84e869d60accb"
            ]
          },
          "sensitive_attributes": [
            [
              {
                "type": "get_attr",
                "value": "user_data"
              }
            ]
          ],
          "identity_schema_version": 0,
          "private": "eyJlMmJmYjczMC1lY2FhLTExZTYtOGY4OC0zNDM2M2JjN2M0YzAiOnsiY3JlYXRlIjo2MDAwMDAwMDAwMDAsImRlbGV0ZSI6MTIwMDAwMDAwMDAwMCwicmVhZCI6OTAwMDAwMDAwMDAwLCJ1cGRhdGUiOjYwMDAwMDAwMDAwMH0sInNjaGVtYV92ZXJzaW9uIjoiMSJ9",
          "dependencies": [
            "aws_security_group.alb",
            "aws_security_group.ec2",
            "aws_subnet.private",
            "aws_vpc.main",
            "data.aws_ami.amazon_linux",
            "data.aws_availability_zones.available"
          ]
        }
      ]
    },
    {
      "mode": "managed",
      "type": "aws_internet_gateway",
      "name": "main",
      "provider": "provider[\"registry.terraform.io/hashicorp/aws\"]",
      "instances": [
        {
          "schema_version": 0,
          "attributes": {
            "arn": "arn:aws:ec2:ap-south-1:949945086246:internet-gateway/igw-0d7d762d9f8788b99",
            "id": "igw-0d7d762d9f8788b99",
            "owner_id": "949945086246",
            "tags": {
              "Name": "upscpro-stage2-igw"
            },
            "tags_all": {
              "Environment": "stage2",
              "ManagedBy": "terraform",
              "Name": "upscpro-stage2-igw",
              "Project": "upscpro-stage2"
            },
            "timeouts": null,
            "vpc_id": "vpc-0db88159b61776caf"
          },
          "sensitive_attributes": [],
          "identity_schema_version": 0,
          "private": "eyJlMmJmYjczMC1lY2FhLTExZTYtOGY4OC0zNDM2M2JjN2M0YzAiOnsiY3JlYXRlIjoxMjAwMDAwMDAwMDAwLCJkZWxldGUiOjEyMDAwMDAwMDAwMDAsInVwZGF0ZSI6MTIwMDAwMDAwMDAwMH19",
          "dependencies": [
            "aws_vpc.main"
          ]
        }
      ]
    },
    {
      "mode": "managed",
      "type": "aws_lb",
      "name": "main",
      "provider": "provider[\"registry.terraform.io/hashicorp/aws\"]",
      "instances": [
        {
          "schema_version": 0,
          "attributes": {
            "access_logs": [
              {
                "bucket": "",
                "enabled": false,
                "prefix": ""
              }
            ],
            "arn": "arn:aws:elasticloadbalancing:ap-south-1:949945086246:loadbalancer/app/upscpro-stage2-alb/2c8dfdab90814499",
            "arn_suffix": "app/upscpro-stage2-alb/2c8dfdab90814499",
            "client_keep_alive": 3600,
            "connection_logs": [
              {
                "bucket": "",
                "enabled": false,
                "prefix": ""
              }
            ],
            "customer_owned_ipv4_pool": "",
            "desync_mitigation_mode": "defensive",
            "dns_name": "upscpro-stage2-alb-1611647161.ap-south-1.elb.amazonaws.com",
            "dns_record_client_routing_policy": null,
            "drop_invalid_header_fields": false,
            "enable_cross_zone_load_balancing": true,
            "enable_deletion_protection": false,
            "enable_http2": true,
            "enable_tls_version_and_cipher_suite_headers": false,
            "enable_waf_fail_open": false,
            "enable_xff_client_port": false,
            "enable_zonal_shift": false,
            "enforce_security_group_inbound_rules_on_private_link_traffic": "",
            "id": "arn:aws:elasticloadbalancing:ap-south-1:949945086246:loadbalancer/app/upscpro-stage2-alb/2c8dfdab90814499",
            "idle_timeout": 60,
            "internal": false,
            "ip_address_type": "ipv4",
            "ipam_pools": [],
            "load_balancer_type": "application",
            "minimum_load_balancer_capacity": [],
            "name": "upscpro-stage2-alb",
            "name_prefix": "",
            "preserve_host_header": false,
            "security_groups": [
              "sg-07153a1078fbd7d63"
            ],
            "subnet_mapping": [
              {
                "allocation_id": "",
                "ipv6_address": "",
                "outpost_id": "",
                "private_ipv4_address": "",
                "subnet_id": "subnet-031c618af1a8f53a3"
              },
              {
                "allocation_id": "",
                "ipv6_address": "",
                "outpost_id": "",
                "private_ipv4_address": "",
                "subnet_id": "subnet-041c6a08786961064"
              }
            ],
            "subnets": [
              "subnet-031c618af1a8f53a3",
              "subnet-041c6a08786961064"
            ],
            "tags": {
              "Name": "upscpro-stage2-alb"
            },
            "tags_all": {
              "Environment": "stage2",
              "ManagedBy": "terraform",
              "Name": "upscpro-stage2-alb",
              "Project": "upscpro-stage2"
            },
            "timeouts": null,
            "vpc_id": "vpc-0db88159b61776caf",
            "xff_header_processing_mode": "append",
            "zone_id": "ZP97RAFLXTNZK"
          },
          "sensitive_attributes": [],
          "identity_schema_version": 0,
          "private": "eyJlMmJmYjczMC1lY2FhLTExZTYtOGY4OC0zNDM2M2JjN2M0YzAiOnsiY3JlYXRlIjo2MDAwMDAwMDAwMDAsImRlbGV0ZSI6NjAwMDAwMDAwMDAwLCJ1cGRhdGUiOjYwMDAwMDAwMDAwMH19",
          "dependencies": [
            "aws_security_group.alb",
            "aws_subnet.public",
            "aws_vpc.main",
            "data.aws_availability_zones.available"
          ]
        }
      ]
    },
    {
      "mode": "managed",
      "type": "aws_lb_listener",
      "name": "http",
      "provider": "provider[\"registry.terraform.io/hashicorp/aws\"]",
      "instances": []
    },
    {
      "mode": "managed",
      "type": "aws_lb_listener",
      "name": "main",
      "provider": "provider[\"registry.terraform.io/hashicorp/aws\"]",
      "instances": [
        {
          "index_key": 0,
          "schema_version": 0,
          "attributes": {
            "alpn_policy": null,
            "arn": "arn:aws:elasticloadbalancing:ap-south-1:949945086246:listener/app/upscpro-stage2-alb/2c8dfdab90814499/c88cb7a146f840ca",
            "certificate_arn": "arn:aws:acm:ap-south-1:949945086246:certificate/3599be7f-59c7-4685-a2aa-1fb9310c084d",
            "default_action": [
              {
                "authenticate_cognito": [],
                "authenticate_oidc": [],
                "fixed_response": [],
                "forward": [],
                "order": 1,
                "redirect": [],
                "target_group_arn": "arn:aws:elasticloadbalancing:ap-south-1:949945086246:targetgroup/upscpro-stage2-frontend-tg/04f0ecff6126b95c",
                "type": "forward"
              }
            ],
            "id": "arn:aws:elasticloadbalancing:ap-south-1:949945086246:listener/app/upscpro-stage2-alb/2c8dfdab90814499/c88cb7a146f840ca",
            "load_balancer_arn": "arn:aws:elasticloadbalancing:ap-south-1:949945086246:loadbalancer/app/upscpro-stage2-alb/2c8dfdab90814499",
            "mutual_authentication": [
              {
                "advertise_trust_store_ca_names": "",
                "ignore_client_certificate_expiry": false,
                "mode": "off",
                "trust_store_arn": ""
              }
            ],
            "port": 443,
            "protocol": "HTTPS",
            "routing_http_request_x_amzn_mtls_clientcert_header_name": "",
            "routing_http_request_x_amzn_mtls_clientcert_issuer_header_name": "",
            "routing_http_request_x_amzn_mtls_clientcert_leaf_header_name": "",
            "routing_http_request_x_amzn_mtls_clientcert_serial_number_header_name": "",
            "routing_http_request_x_amzn_mtls_clientcert_subject_header_name": "",
            "routing_http_request_x_amzn_mtls_clientcert_validity_header_name": "",
            "routing_http_request_x_amzn_tls_cipher_suite_header_name": "",
            "routing_http_request_x_amzn_tls_version_header_name": "",
            "routing_http_response_access_control_allow_credentials_header_value": "",
            "routing_http_response_access_control_allow_headers_header_value": "",
            "routing_http_response_access_control_allow_methods_header_value": "",
            "routing_http_response_access_control_allow_origin_header_value": "",
            "routing_http_response_access_control_expose_headers_header_value": "",
            "routing_http_response_access_control_max_age_header_value": "",
            "routing_http_response_content_security_policy_header_value": "",
            "routing_http_response_server_enabled": true,
            "routing_http_response_strict_transport_security_header_value": "",
            "routing_http_response_x_content_type_options_header_value": "",
            "routing_http_response_x_frame_options_header_value": "",
            "ssl_policy": "ELBSecurityPolicy-TLS-1-2-2017-01",
            "tags": null,
            "tags_all": {
              "Environment": "stage2",
              "ManagedBy": "terraform",
              "Project": "upscpro-stage2"
            },
            "tcp_idle_timeout_seconds": null,
            "timeouts": null
          },
          "sensitive_attributes": [],
          "identity_schema_version": 0,
          "private": "eyJlMmJmYjczMC1lY2FhLTExZTYtOGY4OC0zNDM2M2JjN2M0YzAiOnsiY3JlYXRlIjozMDAwMDAwMDAwMDAsInVwZGF0ZSI6MzAwMDAwMDAwMDAwfX0=",
          "dependencies": [
            "aws_acm_certificate.alb_test",
            "aws_acm_certificate.main",
            "aws_lb.main",
            "aws_lb_target_group.frontend",
            "aws_security_group.alb",
            "aws_subnet.public",
            "aws_vpc.main",
            "data.aws_availability_zones.available",
            "tls_private_key.alb_test",
            "tls_self_signed_cert.alb_test"
          ]
        }
      ]
    },
    {
      "mode": "managed",
      "type": "aws_lb_listener_rule",
      "name": "faculty_ui",
      "provider": "provider[\"registry.terraform.io/hashicorp/aws\"]",
      "instances": [
        {
          "index_key": 0,
          "schema_version": 0,
          "attributes": {
            "action": [
              {
                "authenticate_cognito": [],
                "authenticate_oidc": [],
                "fixed_response": [],
                "forward": [],
                "order": 1,
                "redirect": [],
                "target_group_arn": "arn:aws:elasticloadbalancing:ap-south-1:949945086246:targetgroup/upscpro-stage2-faculty-ui-tg/11b720b44cba6529",
                "type": "forward"
              }
            ],
            "arn": "arn:aws:elasticloadbalancing:ap-south-1:949945086246:listener-rule/app/upscpro-stage2-alb/2c8dfdab90814499/c88cb7a146f840ca/ff38b64b1ff4cd9b",
            "condition": [
              {
                "host_header": [],
                "http_header": [],
                "http_request_method": [],
                "path_pattern": [
                  {
                    "values": [
                      "/faculty*"
                    ]
                  }
                ],
                "query_string": [],
                "source_ip": []
              }
            ],
            "id": "arn:aws:elasticloadbalancing:ap-south-1:949945086246:listener-rule/app/upscpro-stage2-alb/2c8dfdab90814499/c88cb7a146f840ca/ff38b64b1ff4cd9b",
            "listener_arn": "arn:aws:elasticloadbalancing:ap-south-1:949945086246:listener/app/upscpro-stage2-alb/2c8dfdab90814499/c88cb7a146f840ca",
            "priority": 101,
            "tags": null,
            "tags_all": {
              "Environment": "stage2",
              "ManagedBy": "terraform",
              "Project": "upscpro-stage2"
            }
          },
          "sensitive_attributes": [],
          "identity_schema_version": 0,
          "private": "bnVsbA==",
          "dependencies": [
            "aws_acm_certificate.alb_test",
            "aws_acm_certificate.main",
            "aws_lb.main",
            "aws_lb_listener.main",
            "aws_lb_target_group.faculty_ui",
            "aws_lb_target_group.frontend",
            "aws_security_group.alb",
            "aws_subnet.public",
            "aws_vpc.main",
            "data.aws_availability_zones.available",
            "tls_private_key.alb_test",
            "tls_self_signed_cert.alb_test"
          ]
        }
      ]
    },
    {
      "mode": "managed",
      "type": "aws_lb_listener_rule",
      "name": "onboarding_ui",
      "provider": "provider[\"registry.terraform.io/hashicorp/aws\"]",
      "instances": [
        {
          "index_key": 0,
          "schema_version": 0,
          "attributes": {
            "action": [
              {
                "authenticate_cognito": [],
                "authenticate_oidc": [],
                "fixed_response": [],
                "forward": [],
                "order": 1,
                "redirect": [],
                "target_group_arn": "arn:aws:elasticloadbalancing:ap-south-1:949945086246:targetgroup/upscpro-stage2-onboarding-ui-tg/75da4c53ed0c1b56",
                "type": "forward"
              }
            ],
            "arn": "arn:aws:elasticloadbalancing:ap-south-1:949945086246:listener-rule/app/upscpro-stage2-alb/2c8dfdab90814499/c88cb7a146f840ca/82f431077e9f2cb5",
            "condition": [
              {
                "host_header": [],
                "http_header": [],
                "http_request_method": [],
                "path_pattern": [
                  {
                    "values": [
                      "/onboarding*"
                    ]
                  }
                ],
                "query_string": [],
                "source_ip": []
              }
            ],
            "id": "arn:aws:elasticloadbalancing:ap-south-1:949945086246:listener-rule/app/upscpro-stage2-alb/2c8dfdab90814499/c88cb7a146f840ca/82f431077e9f2cb5",
            "listener_arn": "arn:aws:elasticloadbalancing:ap-south-1:949945086246:listener/app/upscpro-stage2-alb/2c8dfdab90814499/c88cb7a146f840ca",
            "priority": 100,
            "tags": null,
            "tags_all": {
              "Environment": "stage2",
              "ManagedBy": "terraform",
              "Project": "upscpro-stage2"
            }
          },
          "sensitive_attributes": [],
          "identity_schema_version": 0,
          "private": "bnVsbA==",
          "dependencies": [
            "aws_acm_certificate.alb_test",
            "aws_acm_certificate.main",
            "aws_lb.main",
            "aws_lb_listener.main",
            "aws_lb_target_group.frontend",
            "aws_lb_target_group.onboarding_ui",
            "aws_security_group.alb",
            "aws_subnet.public",
            "aws_vpc.main",
            "data.aws_availability_zones.available",
            "tls_private_key.alb_test",
            "tls_self_signed_cert.alb_test"
          ]
        }
      ]
    },
    {
      "mode": "managed",
      "type": "aws_lb_target_group",
      "name": "faculty_ui",
      "provider": "provider[\"registry.terraform.io/hashicorp/aws\"]",
      "instances": [
        {
          "schema_version": 0,
          "attributes": {
            "arn": "arn:aws:elasticloadbalancing:ap-south-1:949945086246:targetgroup/upscpro-stage2-faculty-ui-tg/11b720b44cba6529",
            "arn_suffix": "targetgroup/upscpro-stage2-faculty-ui-tg/11b720b44cba6529",
            "connection_termination": null,
            "deregistration_delay": "300",
            "health_check": [
              {
                "enabled": true,
                "healthy_threshold": 2,
                "interval": 30,
                "matcher": "200",
                "path": "/",
                "port": "traffic-port",
                "protocol": "HTTP",
                "timeout": 5,
                "unhealthy_threshold": 2
              }
            ],
            "id": "arn:aws:elasticloadbalancing:ap-south-1:949945086246:targetgroup/upscpro-stage2-faculty-ui-tg/11b720b44cba6529",
            "ip_address_type": "ipv4",
            "lambda_multi_value_headers_enabled": false,
            "load_balancer_arns": [],
            "load_balancing_algorithm_type": "round_robin",
            "load_balancing_anomaly_mitigation": "off",
            "load_balancing_cross_zone_enabled": "use_load_balancer_configuration",
            "name": "upscpro-stage2-faculty-ui-tg",
            "name_prefix": "",
            "port": 80,
            "preserve_client_ip": null,
            "protocol": "HTTP",
            "protocol_version": "HTTP1",
            "proxy_protocol_v2": false,
            "slow_start": 0,
            "stickiness": [
              {
                "cookie_duration": 86400,
                "cookie_name": "",
                "enabled": false,
                "type": "lb_cookie"
              }
            ],
            "tags": {
              "Name": "upscpro-stage2-faculty-ui-tg"
            },
            "tags_all": {
              "Environment": "stage2",
              "ManagedBy": "terraform",
              "Name": "upscpro-stage2-faculty-ui-tg",
              "Project": "upscpro-stage2"
            },
            "target_failover": [
              {
                "on_deregistration": null,
                "on_unhealthy": null
              }
            ],
            "target_group_health": [
              {
                "dns_failover": [
                  {
                    "minimum_healthy_targets_count": "1",
                    "minimum_healthy_targets_percentage": "off"
                  }
                ],
                "unhealthy_state_routing": [
                  {
                    "minimum_healthy_targets_count": 1,
                    "minimum_healthy_targets_percentage": "off"
                  }
                ]
              }
            ],
            "target_health_state": [
              {
                "enable_unhealthy_connection_termination": null,
                "unhealthy_draining_interval": null
              }
            ],
            "target_type": "ip",
            "vpc_id": "vpc-0db88159b61776caf"
          },
          "sensitive_attributes": [],
          "identity_schema_version": 0,
          "private": "bnVsbA==",
          "dependencies": [
            "aws_vpc.main"
          ]
        }
      ]
    },
    {
      "mode": "managed",
      "type": "aws_lb_target_group",
      "name": "frontend",
      "provider": "provider[\"registry.terraform.io/hashicorp/aws\"]",
      "instances": [
        {
          "schema_version": 0,
          "attributes": {
            "arn": "arn:aws:elasticloadbalancing:ap-south-1:949945086246:targetgroup/upscpro-stage2-frontend-tg/04f0ecff6126b95c",
            "arn_suffix": "targetgroup/upscpro-stage2-frontend-tg/04f0ecff6126b95c",
            "connection_termination": null,
            "deregistration_delay": "300",
            "health_check": [
              {
                "enabled": true,
                "healthy_threshold": 2,
                "interval": 30,
                "matcher": "200",
                "path": "/",
                "port": "traffic-port",
                "protocol": "HTTP",
                "timeout": 5,
                "unhealthy_threshold": 2
              }
            ],
            "id": "arn:aws:elasticloadbalancing:ap-south-1:949945086246:targetgroup/upscpro-stage2-frontend-tg/04f0ecff6126b95c",
            "ip_address_type": "ipv4",
            "lambda_multi_value_headers_enabled": false,
            "load_balancer_arns": [],
            "load_balancing_algorithm_type": "round_robin",
            "load_balancing_anomaly_mitigation": "off",
            "load_balancing_cross_zone_enabled": "use_load_balancer_configuration",
            "name": "upscpro-stage2-frontend-tg",
            "name_prefix": "",
            "port": 80,
            "preserve_client_ip": null,
            "protocol": "HTTP",
            "protocol_version": "HTTP1",
            "proxy_protocol_v2": false,
            "slow_start": 0,
            "stickiness": [
              {
                "cookie_duration": 86400,
                "cookie_name": "",
                "enabled": false,
                "type": "lb_cookie"
              }
            ],
            "tags": {
              "Name": "upscpro-stage2-frontend-tg"
            },
            "tags_all": {
              "Environment": "stage2",
              "ManagedBy": "terraform",
              "Name": "upscpro-stage2-frontend-tg",
              "Project": "upscpro-stage2"
            },
            "target_failover": [
              {
                "on_deregistration": null,
                "on_unhealthy": null
              }
            ],
            "target_group_health": [
              {
                "dns_failover": [
                  {
                    "minimum_healthy_targets_count": "1",
                    "minimum_healthy_targets_percentage": "off"
                  }
                ],
                "unhealthy_state_routing": [
                  {
                    "minimum_healthy_targets_count": 1,
                    "minimum_healthy_targets_percentage": "off"
                  }
                ]
              }
            ],
            "target_health_state": [
              {
                "enable_unhealthy_connection_termination": null,
                "unhealthy_draining_interval": null
              }
            ],
            "target_type": "ip",
            "vpc_id": "vpc-0db88159b61776caf"
          },
          "sensitive_attributes": [],
          "identity_schema_version": 0,
          "private": "bnVsbA==",
          "dependencies": [
            "aws_vpc.main"
          ]
        }
      ]
    },
    {
      "mode": "managed",
      "type": "aws_lb_target_group",
      "name": "onboarding_ui",
      "provider": "provider[\"registry.terraform.io/hashicorp/aws\"]",
      "instances": [
        {
          "schema_version": 0,
          "attributes": {
            "arn": "arn:aws:elasticloadbalancing:ap-south-1:949945086246:targetgroup/upscpro-stage2-onboarding-ui-tg/75da4c53ed0c1b56",
            "arn_suffix": "targetgroup/upscpro-stage2-onboarding-ui-tg/75da4c53ed0c1b56",
            "connection_termination": null,
            "deregistration_delay": "300",
            "health_check": [
              {
                "enabled": true,
                "healthy_threshold": 2,
                "interval": 30,
                "matcher": "200",
                "path": "/",
                "port": "traffic-port",
                "protocol": "HTTP",
                "timeout": 5,
                "unhealthy_threshold": 2
              }
            ],
            "id": "arn:aws:elasticloadbalancing:ap-south-1:949945086246:targetgroup/upscpro-stage2-onboarding-ui-tg/75da4c53ed0c1b56",
            "ip_address_type": "ipv4",
            "lambda_multi_value_headers_enabled": false,
            "load_balancer_arns": [],
            "load_balancing_algorithm_type": "round_robin",
            "load_balancing_anomaly_mitigation": "off",
            "load_balancing_cross_zone_enabled": "use_load_balancer_configuration",
            "name": "upscpro-stage2-onboarding-ui-tg",
            "name_prefix": "",
            "port": 80,
            "preserve_client_ip": null,
            "protocol": "HTTP",
            "protocol_version": "HTTP1",
            "proxy_protocol_v2": false,
            "slow_start": 0,
            "stickiness": [
              {
                "cookie_duration": 86400,
                "cookie_name": "",
                "enabled": false,
                "type": "lb_cookie"
              }
            ],
            "tags": {
              "Name": "upscpro-stage2-onboarding-ui-tg"
            },
            "tags_all": {
              "Environment": "stage2",
              "ManagedBy": "terraform",
              "Name": "upscpro-stage2-onboarding-ui-tg",
              "Project": "upscpro-stage2"
            },
            "target_failover": [
              {
                "on_deregistration": null,
                "on_unhealthy": null
              }
            ],
            "target_group_health": [
              {
                "dns_failover": [
                  {
                    "minimum_healthy_targets_count": "1",
                    "minimum_healthy_targets_percentage": "off"
                  }
                ],
                "unhealthy_state_routing": [
                  {
                    "minimum_healthy_targets_count": 1,
                    "minimum_healthy_targets_percentage": "off"
                  }
                ]
              }
            ],
            "target_health_state": [
              {
                "enable_unhealthy_connection_termination": null,
                "unhealthy_draining_interval": null
              }
            ],
            "target_type": "ip",
            "vpc_id": "vpc-0db88159b61776caf"
          },
          "sensitive_attributes": [],
          "identity_schema_version": 0,
          "private": "bnVsbA==",
          "dependencies": [
            "aws_vpc.main"
          ]
        }
      ]
    },
    {
      "mode": "managed",
      "type": "aws_nat_gateway",
      "name": "main",
      "provider": "provider[\"registry.terraform.io/hashicorp/aws\"]",
      "instances": [
        {
          "index_key": 0,
          "schema_version": 0,
          "attributes": {
            "allocation_id": "eipalloc-0ebd380f8044b490b",
            "association_id": "eipassoc-04cb0e83dbae90cdc",
            "connectivity_type": "public",
            "id": "nat-02c1917dcf35f59f3",
            "network_interface_id": "eni-059bd9a5be82439eb",
            "private_ip": "10.2.0.213",
            "public_ip": "15.207.181.1",
            "secondary_allocation_ids": null,
            "secondary_private_ip_address_count": 0,
            "secondary_private_ip_addresses": [],
            "subnet_id": "subnet-031c618af1a8f53a3",
            "tags": {
              "Name": "upscpro-stage2-nat-gateway-1"
            },
            "tags_all": {
              "Environment": "stage2",
              "ManagedBy": "terraform",
              "Name": "upscpro-stage2-nat-gateway-1",
              "Project": "upscpro-stage2"
            },
            "timeouts": null
          },
          "sensitive_attributes": [],
          "identity_schema_version": 0,
          "private": "eyJlMmJmYjczMC1lY2FhLTExZTYtOGY4OC0zNDM2M2JjN2M0YzAiOnsiY3JlYXRlIjo2MDAwMDAwMDAwMDAsImRlbGV0ZSI6MTgwMDAwMDAwMDAwMCwidXBkYXRlIjo2MDAwMDAwMDAwMDB9fQ==",
          "dependencies": [
            "aws_eip.nat",
            "aws_internet_gateway.main",
            "aws_subnet.public",
            "aws_vpc.main",
            "data.aws_availability_zones.available"
          ]
        },
        {
          "index_key": 1,
          "schema_version": 0,
          "attributes": {
            "allocation_id": "eipalloc-0abee4fc00ce4d5b9",
            "association_id": "eipassoc-073cdb0ef4793bb17",
            "connectivity_type": "public",
            "id": "nat-0bb23283e5c7b24e1",
            "network_interface_id": "eni-002d909dfced81289",
            "private_ip": "10.2.1.237",
            "public_ip": "65.0.140.63",
            "secondary_allocation_ids": null,
            "secondary_private_ip_address_count": 0,
            "secondary_private_ip_addresses": [],
            "subnet_id": "subnet-041c6a08786961064",
            "tags": {
              "Name": "upscpro-stage2-nat-gateway-2"
            },
            "tags_all": {
              "Environment": "stage2",
              "ManagedBy": "terraform",
              "Name": "upscpro-stage2-nat-gateway-2",
              "Project": "upscpro-stage2"
            },
            "timeouts": null
          },
          "sensitive_attributes": [],
          "identity_schema_version": 0,
          "private": "eyJlMmJmYjczMC1lY2FhLTExZTYtOGY4OC0zNDM2M2JjN2M0YzAiOnsiY3JlYXRlIjo2MDAwMDAwMDAwMDAsImRlbGV0ZSI6MTgwMDAwMDAwMDAwMCwidXBkYXRlIjo2MDAwMDAwMDAwMDB9fQ==",
          "dependencies": [
            "aws_eip.nat",
            "aws_internet_gateway.main",
            "aws_subnet.public",
            "aws_vpc.main",
            "data.aws_availability_zones.available"
          ]
        }
      ]
    },
    {
      "mode": "managed",
      "type": "aws_route53_record",
      "name": "cert_validation",
      "provider": "provider[\"registry.terraform.io/hashicorp/aws\"]",
      "instances": []
    },
    {
      "mode": "managed",
      "type": "aws_route_table",
      "name": "private",
      "provider": "provider[\"registry.terraform.io/hashicorp/aws\"]",
      "instances": [
        {
          "index_key": 0,
          "schema_version": 0,
          "attributes": {
            "arn": "arn:aws:ec2:ap-south-1:949945086246:route-table/rtb-0fecbbcad6d8691c4",
            "id": "rtb-0fecbbcad6d8691c4",
            "owner_id": "949945086246",
            "propagating_vgws": [],
            "route": [
              {
                "carrier_gateway_id": "",
                "cidr_block": "0.0.0.0/0",
                "core_network_arn": "",
                "destination_prefix_list_id": "",
                "egress_only_gateway_id": "",
                "gateway_id": "",
                "ipv6_cidr_block": "",
                "local_gateway_id": "",
                "nat_gateway_id": "nat-02c1917dcf35f59f3",
                "network_interface_id": "",
                "transit_gateway_id": "",
                "vpc_endpoint_id": "",
                "vpc_peering_connection_id": ""
              }
            ],
            "tags": {
              "Name": "upscpro-stage2-private-rt-1"
            },
            "tags_all": {
              "Environment": "stage2",
              "ManagedBy": "terraform",
              "Name": "upscpro-stage2-private-rt-1",
              "Project": "upscpro-stage2"
            },
            "timeouts": null,
            "vpc_id": "vpc-0db88159b61776caf"
          },
          "sensitive_attributes": [],
          "identity_schema_version": 0,
          "private": "eyJlMmJmYjczMC1lY2FhLTExZTYtOGY4OC0zNDM2M2JjN2M0YzAiOnsiY3JlYXRlIjozMDAwMDAwMDAwMDAsImRlbGV0ZSI6MzAwMDAwMDAwMDAwLCJ1cGRhdGUiOjEyMDAwMDAwMDAwMH19",
          "dependencies": [
            "aws_eip.nat",
            "aws_internet_gateway.main",
            "aws_nat_gateway.main",
            "aws_subnet.public",
            "aws_vpc.main",
            "data.aws_availability_zones.available"
          ]
        },
        {
          "index_key": 1,
          "schema_version": 0,
          "attributes": {
            "arn": "arn:aws:ec2:ap-south-1:949945086246:route-table/rtb-06f9cdfb682e82654",
            "id": "rtb-06f9cdfb682e82654",
            "owner_id": "949945086246",
            "propagating_vgws": [],
            "route": [
              {
                "carrier_gateway_id": "",
                "cidr_block": "0.0.0.0/0",
                "core_network_arn": "",
                "destination_prefix_list_id": "",
                "egress_only_gateway_id": "",
                "gateway_id": "",
                "ipv6_cidr_block": "",
                "local_gateway_id": "",
                "nat_gateway_id": "nat-0bb23283e5c7b24e1",
                "network_interface_id": "",
                "transit_gateway_id": "",
                "vpc_endpoint_id": "",
                "vpc_peering_connection_id": ""
              }
            ],
            "tags": {
              "Name": "upscpro-stage2-private-rt-2"
            },
            "tags_all": {
              "Environment": "stage2",
              "ManagedBy": "terraform",
              "Name": "upscpro-stage2-private-rt-2",
              "Project": "upscpro-stage2"
            },
            "timeouts": null,
            "vpc_id": "vpc-0db88159b61776caf"
          },
          "sensitive_attributes": [],
          "identity_schema_version": 0,
          "private": "eyJlMmJmYjczMC1lY2FhLTExZTYtOGY4OC0zNDM2M2JjN2M0YzAiOnsiY3JlYXRlIjozMDAwMDAwMDAwMDAsImRlbGV0ZSI6MzAwMDAwMDAwMDAwLCJ1cGRhdGUiOjEyMDAwMDAwMDAwMH19",
          "dependencies": [
            "aws_eip.nat",
            "aws_internet_gateway.main",
            "aws_nat_gateway.main",
            "aws_subnet.public",
            "aws_vpc.main",
            "data.aws_availability_zones.available"
          ]
        }
      ]
    },
    {
      "mode": "managed",
      "type": "aws_route_table",
      "name": "public",
      "provider": "provider[\"registry.terraform.io/hashicorp/aws\"]",
      "instances": [
        {
          "schema_version": 0,
          "attributes": {
            "arn": "arn:aws:ec2:ap-south-1:949945086246:route-table/rtb-0001dd62ade846bfc",
            "id": "rtb-0001dd62ade846bfc",
            "owner_id": "949945086246",
            "propagating_vgws": [],
            "route": [
              {
                "carrier_gateway_id": "",
                "cidr_block": "0.0.0.0/0",
                "core_network_arn": "",
                "destination_prefix_list_id": "",
                "egress_only_gateway_id": "",
                "gateway_id": "igw-0d7d762d9f8788b99",
                "ipv6_cidr_block": "",
                "local_gateway_id": "",
                "nat_gateway_id": "",
                "network_interface_id": "",
                "transit_gateway_id": "",
                "vpc_endpoint_id": "",
                "vpc_peering_connection_id": ""
              }
            ],
            "tags": {
              "Name": "upscpro-stage2-public-rt"
            },
            "tags_all": {
              "Environment": "stage2",
              "ManagedBy": "terraform",
              "Name": "upscpro-stage2-public-rt",
              "Project": "upscpro-stage2"
            },
            "timeouts": null,
            "vpc_id": "vpc-0db88159b61776caf"
          },
          "sensitive_attributes": [],
          "identity_schema_version": 0,
          "private": "eyJlMmJmYjczMC1lY2FhLTExZTYtOGY4OC0zNDM2M2JjN2M0YzAiOnsiY3JlYXRlIjozMDAwMDAwMDAwMDAsImRlbGV0ZSI6MzAwMDAwMDAwMDAwLCJ1cGRhdGUiOjEyMDAwMDAwMDAwMH19",
          "dependencies": [
            "aws_internet_gateway.main",
            "aws_vpc.main"
          ]
        }
      ]
    },
    {
      "mode": "managed",
      "type": "aws_route_table_association",
      "name": "private",
      "provider": "provider[\"registry.terraform.io/hashicorp/aws\"]",
      "instances": [
        {
          "index_key": 0,
          "schema_version": 0,
          "attributes": {
            "gateway_id": "",
            "id": "rtbassoc-0de9c2f73c00135b3",
            "route_table_id": "rtb-0fecbbcad6d8691c4",
            "subnet_id": "subnet-056ec4b5b8aba0af7",
            "timeouts": null
          },
          "sensitive_attributes": [],
          "identity_schema_version": 0,
          "private": "eyJlMmJmYjczMC1lY2FhLTExZTYtOGY4OC0zNDM2M2JjN2M0YzAiOnsiY3JlYXRlIjozMDAwMDAwMDAwMDAsImRlbGV0ZSI6MzAwMDAwMDAwMDAwLCJ1cGRhdGUiOjEyMDAwMDAwMDAwMH19",
          "dependencies": [
            "aws_eip.nat",
            "aws_internet_gateway.main",
            "aws_nat_gateway.main",
            "aws_route_table.private",
            "aws_subnet.private",
            "aws_subnet.public",
            "aws_vpc.main",
            "data.aws_availability_zones.available"
          ]
        },
        {
          "index_key": 1,
          "schema_version": 0,
          "attributes": {
            "gateway_id": "",
            "id": "rtbassoc-0d8cce79faee89a64",
            "route_table_id": "rtb-06f9cdfb682e82654",
            "subnet_id": "subnet-09a53a75ecd635921",
            "timeouts": null
          },
          "sensitive_attributes": [],
          "identity_schema_version": 0,
          "private": "eyJlMmJmYjczMC1lY2FhLTExZTYtOGY4OC0zNDM2M2JjN2M0YzAiOnsiY3JlYXRlIjozMDAwMDAwMDAwMDAsImRlbGV0ZSI6MzAwMDAwMDAwMDAwLCJ1cGRhdGUiOjEyMDAwMDAwMDAwMH19",
          "dependencies": [
            "aws_eip.nat",
            "aws_internet_gateway.main",
            "aws_nat_gateway.main",
            "aws_route_table.private",
            "aws_subnet.private",
            "aws_subnet.public",
            "aws_vpc.main",
            "data.aws_availability_zones.available"
          ]
        }
      ]
    },
    {
      "mode": "managed",
      "type": "aws_route_table_association",
      "name": "public",
      "provider": "provider[\"registry.terraform.io/hashicorp/aws\"]",
      "instances": [
        {
          "index_key": 0,
          "schema_version": 0,
          "attributes": {
            "gateway_id": "",
            "id": "rtbassoc-09150f874b84c4d44",
            "route_table_id": "rtb-0001dd62ade846bfc",
            "subnet_id": "subnet-031c618af1a8f53a3",
            "timeouts": null
          },
          "sensitive_attributes": [],
          "identity_schema_version": 0,
          "private": "eyJlMmJmYjczMC1lY2FhLTExZTYtOGY4OC0zNDM2M2JjN2M0YzAiOnsiY3JlYXRlIjozMDAwMDAwMDAwMDAsImRlbGV0ZSI6MzAwMDAwMDAwMDAwLCJ1cGRhdGUiOjEyMDAwMDAwMDAwMH19",
          "dependencies": [
            "aws_internet_gateway.main",
            "aws_route_table.public",
            "aws_subnet.public",
            "aws_vpc.main",
            "data.aws_availability_zones.available"
          ]
        },
        {
          "index_key": 1,
          "schema_version": 0,
          "attributes": {
            "gateway_id": "",
            "id": "rtbassoc-071601ac784187656",
            "route_table_id": "rtb-0001dd62ade846bfc",
            "subnet_id": "subnet-041c6a08786961064",
            "timeouts": null
          },
          "sensitive_attributes": [],
          "identity_schema_version": 0,
          "private": "eyJlMmJmYjczMC1lY2FhLTExZTYtOGY4OC0zNDM2M2JjN2M0YzAiOnsiY3JlYXRlIjozMDAwMDAwMDAwMDAsImRlbGV0ZSI6MzAwMDAwMDAwMDAwLCJ1cGRhdGUiOjEyMDAwMDAwMDAwMH19",
          "dependencies": [
            "aws_internet_gateway.main",
            "aws_route_table.public",
            "aws_subnet.public",
            "aws_vpc.main",
            "data.aws_availability_zones.available"
          ]
        }
      ]
    },
    {
      "mode": "managed",
      "type": "aws_s3_bucket",
      "name": "assets",
      "provider": "provider[\"registry.terraform.io/hashicorp/aws\"]",
      "instances": [
        {
          "index_key": 0,
          "schema_version": 0,
          "attributes": {
            "acceleration_status": "",
            "acl": null,
            "arn": "arn:aws:s3:::upscpro-stage2-assets",
            "bucket": "upscpro-stage2-assets",
            "bucket_domain_name": "upscpro-stage2-assets.s3.amazonaws.com",
            "bucket_prefix": "",
            "bucket_regional_domain_name": "upscpro-stage2-assets.s3.ap-south-1.amazonaws.com",
            "cors_rule": [],
            "force_destroy": false,
            "grant": [
              {
                "id": "02dd33342d245cc83d60795199d76ea0f057987a7891271f9d787f973997f812",
                "permissions": [
                  "FULL_CONTROL"
                ],
                "type": "CanonicalUser",
                "uri": ""
              }
            ],
            "hosted_zone_id": "Z11RGJOFQNVJUP",
            "id": "upscpro-stage2-assets",
            "lifecycle_rule": [],
            "logging": [],
            "object_lock_configuration": [],
            "object_lock_enabled": false,
            "policy": "",
            "region": "ap-south-1",
            "replication_configuration": [],
            "request_payer": "BucketOwner",
            "server_side_encryption_configuration": [
              {
                "rule": [
                  {
                    "apply_server_side_encryption_by_default": [
                      {
                        "kms_master_key_id": "",
                        "sse_algorithm": "AES256"
                      }
                    ],
                    "bucket_key_enabled": false
                  }
                ]
              }
            ],
            "tags": {
              "Name": "upscpro-stage2-assets"
            },
            "tags_all": {
              "Environment": "stage2",
              "ManagedBy": "terraform",
              "Name": "upscpro-stage2-assets",
              "Project": "upscpro-stage2"
            },
            "timeouts": null,
            "versioning": [
              {
                "enabled": false,
                "mfa_delete": false
              }
            ],
            "website": [],
            "website_domain": null,
            "website_endpoint": null
          },
          "sensitive_attributes": [],
          "identity_schema_version": 0,
          "private": "eyJlMmJmYjczMC1lY2FhLTExZTYtOGY4OC0zNDM2M2JjN2M0YzAiOnsiY3JlYXRlIjoxMjAwMDAwMDAwMDAwLCJkZWxldGUiOjM2MDAwMDAwMDAwMDAsInJlYWQiOjEyMDAwMDAwMDAwMDAsInVwZGF0ZSI6MTIwMDAwMDAwMDAwMH19"
        }
      ]
    },
    {
      "mode": "managed",
      "type": "aws_s3_bucket",
      "name": "images",
      "provider": "provider[\"registry.terraform.io/hashicorp/aws\"]",
      "instances": [
        {
          "index_key": 0,
          "schema_version": 0,
          "attributes": {
            "acceleration_status": "",
            "acl": null,
            "arn": "arn:aws:s3:::upscpro-stage2-images",
            "bucket": "upscpro-stage2-images",
            "bucket_domain_name": "upscpro-stage2-images.s3.amazonaws.com",
            "bucket_prefix": "",
            "bucket_regional_domain_name": "upscpro-stage2-images.s3.ap-south-1.amazonaws.com",
            "cors_rule": [],
            "force_destroy": false,
            "grant": [
              {
                "id": "02dd33342d245cc83d60795199d76ea0f057987a7891271f9d787f973997f812",
                "permissions": [
                  "FULL_CONTROL"
                ],
                "type": "CanonicalUser",
                "uri": ""
              }
            ],
            "hosted_zone_id": "Z11RGJOFQNVJUP",
            "id": "upscpro-stage2-images",
            "lifecycle_rule": [],
            "logging": [],
            "object_lock_configuration": [],
            "object_lock_enabled": false,
            "policy": "",
            "region": "ap-south-1",
            "replication_configuration": [],
            "request_payer": "BucketOwner",
            "server_side_encryption_configuration": [
              {
                "rule": [
                  {
                    "apply_server_side_encryption_by_default": [
                      {
                        "kms_master_key_id": "",
                        "sse_algorithm": "AES256"
                      }
                    ],
                    "bucket_key_enabled": false
                  }
                ]
              }
            ],
            "tags": {
              "Name": "upscpro-stage2-images"
            },
            "tags_all": {
              "Environment": "stage2",
              "ManagedBy": "terraform",
              "Name": "upscpro-stage2-images",
              "Project": "upscpro-stage2"
            },
            "timeouts": null,
            "versioning": [
              {
                "enabled": false,
                "mfa_delete": false
              }
            ],
            "website": [],
            "website_domain": null,
            "website_endpoint": null
          },
          "sensitive_attributes": [],
          "identity_schema_version": 0,
          "private": "eyJlMmJmYjczMC1lY2FhLTExZTYtOGY4OC0zNDM2M2JjN2M0YzAiOnsiY3JlYXRlIjoxMjAwMDAwMDAwMDAwLCJkZWxldGUiOjM2MDAwMDAwMDAwMDAsInJlYWQiOjEyMDAwMDAwMDAwMDAsInVwZGF0ZSI6MTIwMDAwMDAwMDAwMH19"
        }
      ]
    },
    {
      "mode": "managed",
      "type": "aws_s3_bucket_public_access_block",
      "name": "assets",
      "provider": "provider[\"registry.terraform.io/hashicorp/aws\"]",
      "instances": [
        {
          "index_key": 0,
          "schema_version": 0,
          "attributes": {
            "block_public_acls": true,
            "block_public_policy": true,
            "bucket": "upscpro-stage2-assets",
            "id": "upscpro-stage2-assets",
            "ignore_public_acls": true,
            "restrict_public_buckets": true
          },
          "sensitive_attributes": [],
          "identity_schema_version": 0,
          "private": "bnVsbA==",
          "dependencies": [
            "aws_s3_bucket.assets"
          ]
        }
      ]
    },
    {
      "mode": "managed",
      "type": "aws_s3_bucket_public_access_block",
      "name": "images",
      "provider": "provider[\"registry.terraform.io/hashicorp/aws\"]",
      "instances": [
        {
          "index_key": 0,
          "schema_version": 0,
          "attributes": {
            "block_public_acls": true,
            "block_public_policy": true,
            "bucket": "upscpro-stage2-images",
            "id": "upscpro-stage2-images",
            "ignore_public_acls": true,
            "restrict_public_buckets": true
          },
          "sensitive_attributes": [],
          "identity_schema_version": 0,
          "private": "bnVsbA==",
          "dependencies": [
            "aws_s3_bucket.images"
          ]
        }
      ]
    },
    {
      "mode": "managed",
      "type": "aws_s3_bucket_versioning",
      "name": "assets",
      "provider": "provider[\"registry.terraform.io/hashicorp/aws\"]",
      "instances": [
        {
          "index_key": 0,
          "schema_version": 0,
          "attributes": {
            "bucket": "upscpro-stage2-assets",
            "expected_bucket_owner": "",
            "id": "upscpro-stage2-assets",
            "mfa": null,
            "versioning_configuration": [
              {
                "mfa_delete": "",
                "status": "Enabled"
              }
            ]
          },
          "sensitive_attributes": [],
          "identity_schema_version": 0,
          "private": "bnVsbA==",
          "dependencies": [
            "aws_s3_bucket.assets"
          ]
        }
      ]
    },
    {
      "mode": "managed",
      "type": "aws_s3_bucket_versioning",
      "name": "images",
      "provider": "provider[\"registry.terraform.io/hashicorp/aws\"]",
      "instances": [
        {
          "index_key": 0,
          "schema_version": 0,
          "attributes": {
            "bucket": "upscpro-stage2-images",
            "expected_bucket_owner": "",
            "id": "upscpro-stage2-images",
            "mfa": null,
            "versioning_configuration": [
              {
                "mfa_delete": "",
                "status": "Enabled"
              }
            ]
          },
          "sensitive_attributes": [],
          "identity_schema_version": 0,
          "private": "bnVsbA==",
          "dependencies": [
            "aws_s3_bucket.images"
          ]
        }
      ]
    },
    {
      "mode": "managed",
      "type": "aws_security_group",
      "name": "alb",
      "provider": "provider[\"registry.terraform.io/hashicorp/aws\"]",
      "instances": [
        {
          "schema_version": 1,
          "attributes": {
            "arn": "arn:aws:ec2:ap-south-1:949945086246:security-group/sg-07153a1078fbd7d63",
            "description": "Managed by Terraform",
            "egress": [
              {
                "cidr_blocks": [
                  "0.0.0.0/0"
                ],
                "description": "",
                "from_port": 0,
                "ipv6_cidr_blocks": [],
                "prefix_list_ids": [],
                "protocol": "-1",
                "security_groups": [],
                "self": false,
                "to_port": 0
              }
            ],
            "id": "sg-07153a1078fbd7d63",
            "ingress": [
              {
                "cidr_blocks": [
                  "0.0.0.0/0"
                ],
                "description": "",
                "from_port": 443,
                "ipv6_cidr_blocks": [],
                "prefix_list_ids": [],
                "protocol": "tcp",
                "security_groups": [],
                "self": false,
                "to_port": 443
              },
              {
                "cidr_blocks": [
                  "0.0.0.0/0"
                ],
                "description": "",
                "from_port": 80,
                "ipv6_cidr_blocks": [],
                "prefix_list_ids": [],
                "protocol": "tcp",
                "security_groups": [],
                "self": false,
                "to_port": 80
              }
            ],
            "name": "upscpro-stage2-alb-20251025064733963000000002",
            "name_prefix": "upscpro-stage2-alb-",
            "owner_id": "949945086246",
            "revoke_rules_on_delete": false,
            "tags": {
              "Name": "upscpro-stage2-alb-sg"
            },
            "tags_all": {
              "Environment": "stage2",
              "ManagedBy": "terraform",
              "Name": "upscpro-stage2-alb-sg",
              "Project": "upscpro-stage2"
            },
            "timeouts": null,
            "vpc_id": "vpc-0db88159b61776caf"
          },
          "sensitive_attributes": [],
          "identity_schema_version": 0,
          "private": "eyJlMmJmYjczMC1lY2FhLTExZTYtOGY4OC0zNDM2M2JjN2M0YzAiOnsiY3JlYXRlIjo2MDAwMDAwMDAwMDAsImRlbGV0ZSI6OTAwMDAwMDAwMDAwfSwic2NoZW1hX3ZlcnNpb24iOiIxIn0=",
          "dependencies": [
            "aws_vpc.main"
          ]
        }
      ]
    },
    {
      "mode": "managed",
      "type": "aws_security_group",
      "name": "ec2",
      "provider": "provider[\"registry.terraform.io/hashicorp/aws\"]",
      "instances": [
        {
          "schema_version": 1,
          "attributes": {
            "arn": "arn:aws:ec2:ap-south-1:949945086246:security-group/sg-09af84e869d60accb",
            "description": "Managed by Terraform",
            "egress": [
              {
                "cidr_blocks": [
                  "0.0.0.0/0"
                ],
                "description": "",
                "from_port": 0,
                "ipv6_cidr_blocks": [],
                "prefix_list_ids": [],
                "protocol": "-1",
                "security_groups": [],
                "self": false,
                "to_port": 0
              }
            ],
            "id": "sg-09af84e869d60accb",
            "ingress": [
              {
                "cidr_blocks": [
                  "0.0.0.0/0"
                ],
                "description": "",
                "from_port": 22,
                "ipv6_cidr_blocks": [],
                "prefix_list_ids": [],
                "protocol": "tcp",
                "security_groups": [],
                "self": false,
                "to_port": 22
              },
              {
                "cidr_blocks": [],
                "description": "",
                "from_port": 1337,
                "ipv6_cidr_blocks": [],
                "prefix_list_ids": [],
                "protocol": "tcp",
                "security_groups": [
                  "sg-07153a1078fbd7d63"
                ],
                "self": false,
                "to_port": 1337
              },
              {
                "cidr_blocks": [],
                "description": "",
                "from_port": 3000,
                "ipv6_cidr_blocks": [],
                "prefix_list_ids": [],
                "protocol": "tcp",
                "security_groups": [
                  "sg-07153a1078fbd7d63"
                ],
                "self": false,
                "to_port": 3000
              },
              {
                "cidr_blocks": [],
                "description": "",
                "from_port": 8000,
                "ipv6_cidr_blocks": [],
                "prefix_list_ids": [],
                "protocol": "tcp",
                "security_groups": [
                  "sg-07153a1078fbd7d63"
                ],
                "self": false,
                "to_port": 8000
              },
              {
                "cidr_blocks": [],
                "description": "",
                "from_port": 8080,
                "ipv6_cidr_blocks": [],
                "prefix_list_ids": [],
                "protocol": "tcp",
                "security_groups": [
                  "sg-07153a1078fbd7d63"
                ],
                "self": false,
                "to_port": 8080
              },
              {
                "cidr_blocks": [],
                "description": "",
                "from_port": 9000,
                "ipv6_cidr_blocks": [],
                "prefix_list_ids": [],
                "protocol": "tcp",
                "security_groups": [
                  "sg-07153a1078fbd7d63"
                ],
                "self": false,
                "to_port": 9000
              }
            ],
            "name": "upscpro-stage2-ec2-20251025064736568700000005",
            "name_prefix": "upscpro-stage2-ec2-",
            "owner_id": "949945086246",
            "revoke_rules_on_delete": false,
            "tags": {
              "Name": "upscpro-stage2-ec2-sg"
            },
            "tags_all": {
              "Environment": "stage2",
              "ManagedBy": "terraform",
              "Name": "upscpro-stage2-ec2-sg",
              "Project": "upscpro-stage2"
            },
            "timeouts": null,
            "vpc_id": "vpc-0db88159b61776caf"
          },
          "sensitive_attributes": [],
          "identity_schema_version": 0,
          "private": "eyJlMmJmYjczMC1lY2FhLTExZTYtOGY4OC0zNDM2M2JjN2M0YzAiOnsiY3JlYXRlIjo2MDAwMDAwMDAwMDAsImRlbGV0ZSI6OTAwMDAwMDAwMDAwfSwic2NoZW1hX3ZlcnNpb24iOiIxIn0=",
          "dependencies": [
            "aws_security_group.alb",
            "aws_vpc.main"
          ]
        }
      ]
    },
    {
      "mode": "managed",
      "type": "aws_security_group",
      "name": "ecs",
      "provider": "provider[\"registry.terraform.io/hashicorp/aws\"]",
      "instances": [
        {
          "schema_version": 1,
          "attributes": {
            "arn": "arn:aws:ec2:ap-south-1:949945086246:security-group/sg-0e67e1a1610167099",
            "description": "Managed by Terraform",
            "egress": [
              {
                "cidr_blocks": [
                  "0.0.0.0/0"
                ],
                "description": "",
                "from_port": 0,
                "ipv6_cidr_blocks": [],
                "prefix_list_ids": [],
                "protocol": "-1",
                "security_groups": [],
                "self": false,
                "to_port": 0
              }
            ],
            "id": "sg-0e67e1a1610167099",
            "ingress": [
              {
                "cidr_blocks": [],
                "description": "",
                "from_port": 0,
                "ipv6_cidr_blocks": [],
                "prefix_list_ids": [],
                "protocol": "tcp",
                "security_groups": [
                  "sg-07153a1078fbd7d63"
                ],
                "self": false,
                "to_port": 65535
              },
              {
                "cidr_blocks": [],
                "description": "",
                "from_port": 0,
                "ipv6_cidr_blocks": [],
                "prefix_list_ids": [],
                "protocol": "tcp",
                "security_groups": [],
                "self": true,
                "to_port": 65535
              }
            ],
            "name": "upscpro-stage2-ecs-20251025064736561300000004",
            "name_prefix": "upscpro-stage2-ecs-",
            "owner_id": "949945086246",
            "revoke_rules_on_delete": false,
            "tags": {
              "Name": "upscpro-stage2-ecs-sg"
            },
            "tags_all": {
              "Environment": "stage2",
              "ManagedBy": "terraform",
              "Name": "upscpro-stage2-ecs-sg",
              "Project": "upscpro-stage2"
            },
            "timeouts": null,
            "vpc_id": "vpc-0db88159b61776caf"
          },
          "sensitive_attributes": [],
          "identity_schema_version": 0,
          "private": "eyJlMmJmYjczMC1lY2FhLTExZTYtOGY4OC0zNDM2M2JjN2M0YzAiOnsiY3JlYXRlIjo2MDAwMDAwMDAwMDAsImRlbGV0ZSI6OTAwMDAwMDAwMDAwfSwic2NoZW1hX3ZlcnNpb24iOiIxIn0=",
          "dependencies": [
            "aws_security_group.alb",
            "aws_vpc.main"
          ]
        }
      ]
    },
    {
      "mode": "managed",
      "type": "aws_security_group",
      "name": "rds",
      "provider": "provider[\"registry.terraform.io/hashicorp/aws\"]",
      "instances": [
        {
          "schema_version": 1,
          "attributes": {
            "arn": "arn:aws:ec2:ap-south-1:949945086246:security-group/sg-0859819e18733473e",
            "description": "Managed by Terraform",
            "egress": [],
            "id": "sg-0859819e18733473e",
            "ingress": [
              {
                "cidr_blocks": [],
                "description": "",
                "from_port": 5432,
                "ipv6_cidr_blocks": [],
                "prefix_list_ids": [],
                "protocol": "tcp",
                "security_groups": [
                  "sg-09af84e869d60accb"
                ],
                "self": false,
                "to_port": 5432
              },
              {
                "cidr_blocks": [],
                "description": "",
                "from_port": 5432,
                "ipv6_cidr_blocks": [],
                "prefix_list_ids": [],
                "protocol": "tcp",
                "security_groups": [
                  "sg-0e67e1a1610167099"
                ],
                "self": false,
                "to_port": 5432
              }
            ],
            "name": "upscpro-stage2-rds-20251025064738901700000006",
            "name_prefix": "upscpro-stage2-rds-",
            "owner_id": "949945086246",
            "revoke_rules_on_delete": false,
            "tags": {
              "Name": "upscpro-stage2-rds-sg"
            },
            "tags_all": {
              "Environment": "stage2",
              "ManagedBy": "terraform",
              "Name": "upscpro-stage2-rds-sg",
              "Project": "upscpro-stage2"
            },
            "timeouts": null,
            "vpc_id": "vpc-0db88159b61776caf"
          },
          "sensitive_attributes": [],
          "identity_schema_version": 0,
          "private": "eyJlMmJmYjczMC1lY2FhLTExZTYtOGY4OC0zNDM2M2JjN2M0YzAiOnsiY3JlYXRlIjo2MDAwMDAwMDAwMDAsImRlbGV0ZSI6OTAwMDAwMDAwMDAwfSwic2NoZW1hX3ZlcnNpb24iOiIxIn0=",
          "dependencies": [
            "aws_security_group.alb",
            "aws_security_group.ec2",
            "aws_security_group.ecs",
            "aws_vpc.main"
          ]
        }
      ]
    },
    {
      "mode": "managed",
      "type": "aws_subnet",
      "name": "private",
      "provider": "provider[\"registry.terraform.io/hashicorp/aws\"]",
      "instances": [
        {
          "index_key": 0,
          "schema_version": 1,
          "attributes": {
            "arn": "arn:aws:ec2:ap-south-1:949945086246:subnet/subnet-056ec4b5b8aba0af7",
            "assign_ipv6_address_on_creation": false,
            "availability_zone": "ap-south-1a",
            "availability_zone_id": "aps1-az1",
            "cidr_block": "10.2.2.0/24",
            "customer_owned_ipv4_pool": "",
            "enable_dns64": false,
            "enable_lni_at_device_index": 0,
            "enable_resource_name_dns_a_record_on_launch": false,
            "enable_resource_name_dns_aaaa_record_on_launch": false,
            "id": "subnet-056ec4b5b8aba0af7",
            "ipv6_cidr_block": "",
            "ipv6_cidr_block_association_id": "",
            "ipv6_native": false,
            "map_customer_owned_ip_on_launch": false,
            "map_public_ip_on_launch": false,
            "outpost_arn": "",
            "owner_id": "949945086246",
            "private_dns_hostname_type_on_launch": "ip-name",
            "tags": {
              "Name": "upscpro-stage2-private-subnet-1",
              "Type": "private"
            },
            "tags_all": {
              "Environment": "stage2",
              "ManagedBy": "terraform",
              "Name": "upscpro-stage2-private-subnet-1",
              "Project": "upscpro-stage2",
              "Type": "private"
            },
            "timeouts": null,
            "vpc_id": "vpc-0db88159b61776caf"
          },
          "sensitive_attributes": [],
          "identity_schema_version": 0,
          "private": "eyJlMmJmYjczMC1lY2FhLTExZTYtOGY4OC0zNDM2M2JjN2M0YzAiOnsiY3JlYXRlIjo2MDAwMDAwMDAwMDAsImRlbGV0ZSI6MTIwMDAwMDAwMDAwMH0sInNjaGVtYV92ZXJzaW9uIjoiMSJ9",
          "dependencies": [
            "aws_vpc.main",
            "data.aws_availability_zones.available"
          ]
        },
        {
          "index_key": 1,
          "schema_version": 1,
          "attributes": {
            "arn": "arn:aws:ec2:ap-south-1:949945086246:subnet/subnet-09a53a75ecd635921",
            "assign_ipv6_address_on_creation": false,
            "availability_zone": "ap-south-1b",
            "availability_zone_id": "aps1-az3",
            "cidr_block": "10.2.3.0/24",
            "customer_owned_ipv4_pool": "",
            "enable_dns64": false,
            "enable_lni_at_device_index": 0,
            "enable_resource_name_dns_a_record_on_launch": false,
            "enable_resource_name_dns_aaaa_record_on_launch": false,
            "id": "subnet-09a53a75ecd635921",
            "ipv6_cidr_block": "",
            "ipv6_cidr_block_association_id": "",
            "ipv6_native": false,
            "map_customer_owned_ip_on_launch": false,
            "map_public_ip_on_launch": false,
            "outpost_arn": "",
            "owner_id": "949945086246",
            "private_dns_hostname_type_on_launch": "ip-name",
            "tags": {
              "Name": "upscpro-stage2-private-subnet-2",
              "Type": "private"
            },
            "tags_all": {
              "Environment": "stage2",
              "ManagedBy": "terraform",
              "Name": "upscpro-stage2-private-subnet-2",
              "Project": "upscpro-stage2",
              "Type": "private"
            },
            "timeouts": null,
            "vpc_id": "vpc-0db88159b61776caf"
          },
          "sensitive_attributes": [],
          "identity_schema_version": 0,
          "private": "eyJlMmJmYjczMC1lY2FhLTExZTYtOGY4OC0zNDM2M2JjN2M0YzAiOnsiY3JlYXRlIjo2MDAwMDAwMDAwMDAsImRlbGV0ZSI6MTIwMDAwMDAwMDAwMH0sInNjaGVtYV92ZXJzaW9uIjoiMSJ9",
          "dependencies": [
            "aws_vpc.main",
            "data.aws_availability_zones.available"
          ]
        }
      ]
    },
    {
      "mode": "managed",
      "type": "aws_subnet",
      "name": "public",
      "provider": "provider[\"registry.terraform.io/hashicorp/aws\"]",
      "instances": [
        {
          "index_key": 0,
          "schema_version": 1,
          "attributes": {
            "arn": "arn:aws:ec2:ap-south-1:949945086246:subnet/subnet-031c618af1a8f53a3",
            "assign_ipv6_address_on_creation": false,
            "availability_zone": "ap-south-1a",
            "availability_zone_id": "aps1-az1",
            "cidr_block": "10.2.0.0/24",
            "customer_owned_ipv4_pool": "",
            "enable_dns64": false,
            "enable_lni_at_device_index": 0,
            "enable_resource_name_dns_a_record_on_launch": false,
            "enable_resource_name_dns_aaaa_record_on_launch": false,
            "id": "subnet-031c618af1a8f53a3",
            "ipv6_cidr_block": "",
            "ipv6_cidr_block_association_id": "",
            "ipv6_native": false,
            "map_customer_owned_ip_on_launch": false,
            "map_public_ip_on_launch": true,
            "outpost_arn": "",
            "owner_id": "949945086246",
            "private_dns_hostname_type_on_launch": "ip-name",
            "tags": {
              "Name": "upscpro-stage2-public-subnet-1",
              "Type": "public"
            },
            "tags_all": {
              "Environment": "stage2",
              "ManagedBy": "terraform",
              "Name": "upscpro-stage2-public-subnet-1",
              "Project": "upscpro-stage2",
              "Type": "public"
            },
            "timeouts": null,
            "vpc_id": "vpc-0db88159b61776caf"
          },
          "sensitive_attributes": [],
          "identity_schema_version": 0,
          "private": "eyJlMmJmYjczMC1lY2FhLTExZTYtOGY4OC0zNDM2M2JjN2M0YzAiOnsiY3JlYXRlIjo2MDAwMDAwMDAwMDAsImRlbGV0ZSI6MTIwMDAwMDAwMDAwMH0sInNjaGVtYV92ZXJzaW9uIjoiMSJ9",
          "dependencies": [
            "aws_vpc.main",
            "data.aws_availability_zones.available"
          ]
        },
        {
          "index_key": 1,
          "schema_version": 1,
          "attributes": {
            "arn": "arn:aws:ec2:ap-south-1:949945086246:subnet/subnet-041c6a08786961064",
            "assign_ipv6_address_on_creation": false,
            "availability_zone": "ap-south-1b",
            "availability_zone_id": "aps1-az3",
            "cidr_block": "10.2.1.0/24",
            "customer_owned_ipv4_pool": "",
            "enable_dns64": false,
            "enable_lni_at_device_index": 0,
            "enable_resource_name_dns_a_record_on_launch": false,
            "enable_resource_name_dns_aaaa_record_on_launch": false,
            "id": "subnet-041c6a08786961064",
            "ipv6_cidr_block": "",
            "ipv6_cidr_block_association_id": "",
            "ipv6_native": false,
            "map_customer_owned_ip_on_launch": false,
            "map_public_ip_on_launch": true,
            "outpost_arn": "",
            "owner_id": "949945086246",
            "private_dns_hostname_type_on_launch": "ip-name",
            "tags": {
              "Name": "upscpro-stage2-public-subnet-2",
              "Type": "public"
            },
            "tags_all": {
              "Environment": "stage2",
              "ManagedBy": "terraform",
              "Name": "upscpro-stage2-public-subnet-2",
              "Project": "upscpro-stage2",
              "Type": "public"
            },
            "timeouts": null,
            "vpc_id": "vpc-0db88159b61776caf"
          },
          "sensitive_attributes": [],
          "identity_schema_version": 0,
          "private": "eyJlMmJmYjczMC1lY2FhLTExZTYtOGY4OC0zNDM2M2JjN2M0YzAiOnsiY3JlYXRlIjo2MDAwMDAwMDAwMDAsImRlbGV0ZSI6MTIwMDAwMDAwMDAwMH0sInNjaGVtYV92ZXJzaW9uIjoiMSJ9",
          "dependencies": [
            "aws_vpc.main",
            "data.aws_availability_zones.available"
          ]
        }
      ]
    },
    {
      "mode": "managed",
      "type": "aws_vpc",
      "name": "main",
      "provider": "provider[\"registry.terraform.io/hashicorp/aws\"]",
      "instances": [
        {
          "schema_version": 1,
          "attributes": {
            "arn": "arn:aws:ec2:ap-south-1:949945086246:vpc/vpc-0db88159b61776caf",
            "assign_generated_ipv6_cidr_block": false,
            "cidr_block": "10.2.0.0/16",
            "default_network_acl_id": "acl-07ba229b457d261a1",
            "default_route_table_id": "rtb-03178569952209052",
            "default_security_group_id": "sg-02f28364179bee84a",
            "dhcp_options_id": "dopt-0392fd33e9c9f4e87",
            "enable_dns_hostnames": true,
            "enable_dns_support": true,
            "enable_network_address_usage_metrics": false,
            "id": "vpc-0db88159b61776caf",
            "instance_tenancy": "default",
            "ipv4_ipam_pool_id": null,
            "ipv4_netmask_length": null,
            "ipv6_association_id": "",
            "ipv6_cidr_block": "",
            "ipv6_cidr_block_network_border_group": "",
            "ipv6_ipam_pool_id": "",
            "ipv6_netmask_length": 0,
            "main_route_table_id": "rtb-03178569952209052",
            "owner_id": "949945086246",
            "tags": {
              "Name": "upscpro-stage2-vpc"
            },
            "tags_all": {
              "Environment": "stage2",
              "ManagedBy": "terraform",
              "Name": "upscpro-stage2-vpc",
              "Project": "upscpro-stage2"
            }
          },
          "sensitive_attributes": [],
          "identity_schema_version": 0,
          "private": "eyJzY2hlbWFfdmVyc2lvbiI6IjEifQ=="
        }
      ]
    },
    {
      "mode": "managed",
      "type": "tls_private_key",
      "name": "alb_test",
      "provider": "provider[\"registry.terraform.io/hashicorp/tls\"]",
      "instances": [
        {
          "index_key": 0,
          "schema_version": 1,
          "attributes": {
            "algorithm": "RSA",
            "ecdsa_curve": "P224",
            "id": "3a3ee97e62453aa3090f2bd10073c64f4c0f9576",
            "private_key_openssh": "-----BEGIN OPENSSH PRIVATE KEY-----\nb3BlbnNzaC1rZXktdjEAAAAABG5vbmUAAAAEbm9uZQAAAAAAAAABAAABFwAAAAdz\nc2gtcnNhAAAAAwEAAQAAAQEA1QsA/+KhQ6w0XmDD7AKqO6ZttTp1kCNdxuzRqPtb\nidkvqbXg+Bce8nmC3cQkGNnB8ESi+1j1Dy+395hqH+Yw9FzEC/+7w60Gg2pENVHG\nYXdy+7DVqVJ9RkgSqdja8rqLYuX4dcXMOacVZrf4SgINsUe7UGcNr+P7/t05SWoJ\nSqWOdnjBuba8KMZ5ZKSnzucX85Vsq1Ng64btmLy5d07+yaP9ieqybOlWvxHrAqB1\nPurMrhT9dM4I2LVVKCDtHgxAiY5NZHfgeLsFpSAw/YB3VM5h2l2VtbtFyr8YALNY\nmCiy2wNmlV5GNkFfj6wgPHNodliwafZTUhA9r/gyKVzmMwAAA7hb9zlqW/c5agAA\nAAdzc2gtcnNhAAABAQDVCwD/4qFDrDReYMPsAqo7pm21OnWQI13G7NGo+1uJ2S+p\nteD4Fx7yeYLdxCQY2cHwRKL7WPUPL7f3mGof5jD0XMQL/7vDrQaDakQ1UcZhd3L7\nsNWpUn1GSBKp2Nryuoti5fh1xcw5pxVmt/hKAg2xR7tQZw2v4/v+3TlJaglKpY52\neMG5trwoxnlkpKfO5xfzlWyrU2Drhu2YvLl3Tv7Jo/2J6rJs6Va/EesCoHU+6syu\nFP10zgjYtVUoIO0eDECJjk1kd+B4uwWlIDD9gHdUzmHaXZW1u0XKvxgAs1iYKLLb\nA2aVXkY2QV+PrCA8c2h2WLBp9lNSED2v+DIpXOYzAAAAAwEAAQAAAQAkxoaApW1z\nEhnkJM4NQpSCQYN0okfC/ufkO+MhSWqOzCf3IsdX7B3Se3lEsOQOSiC5Sg/cVYnP\n+kvGeM/w+7p9pDnPXHDcIVUbgE+P6LLXBliZ6/emB/BKHoziNuXsupjvFIWkRuWv\nGhGOrrk0hVA5xwklovRw5WkNoMCP1LcP5F2m9OVKDvtOubHfpBZDet5liXxXuNug\nmRAc7VrbZMxSEdyWj/ow1/NQv8r2ltJLCjeS+pdrfYD5Ojiy6gmgwzCiRysSXIsp\neU+W8cVyGETyIjHMHgmR2ht7jbuGrKMxzLm+Y1bnbaKIf2/GoNXBeAxHNOvyOQ8n\nh7FimJ5l6UwhAAAAgD2I3H3K1+tzF/zM0PaMl1/ZvTFn8LmPCzdr8qXaCiEgLzWy\nYGWVlmTS3/Z5bXNHY8dzbn1m8JMj+eTaeliHxgCHbxgk8bNdttXTB0+RDGPgBr62\ncHhT37VE2W7p3PUcjNjPPeRUdR6ZjHASUGsA71o4F2+tT0blNjdxLiwzc3rGAAAA\ngQDnjWXzpUKfcBfkA1YzW7wqUHihi6sFeLwHFEEcQ46q+RNc7+IPreJ9NXFHWiqB\nQ4AAUJZSf1lHfp6BzhU19gDOzESWY9Dicq3Fm/J9FOFK7G320uK08QEF3M79/ClE\nAmHx/Rp6pBg3DHhv4WDM3SZGoxhfRrqw/zaUT2hGu66rEQAAAIEA64lRhszTwYip\n3Pha1cN/PwBSxBTWJmsyQL0oUnzIRs5dpv79pMluzZLhV3VHeeFKvfI6+ddQ8isb\nd1b/MH8rek4d8Vmuz1zSmEKI0fxFIeYZaQ2vHMha/1TwgdRhqxRdJ6rETTTakrlp\nKjKRjo/6+PlxtlSb43s5OaElEQDAlQMAAAAAAQID\n-----END OPENSSH PRIVATE KEY-----\n",
            "private_key_pem": "-----BEGIN RSA PRIVATE KEY-----\nMIIEowIBAAKCAQEA1QsA/+KhQ6w0XmDD7AKqO6ZttTp1kCNdxuzRqPtbidkvqbXg\n+Bce8nmC3cQkGNnB8ESi+1j1Dy+395hqH+Yw9FzEC/+7w60Gg2pENVHGYXdy+7DV\nqVJ9RkgSqdja8rqLYuX4dcXMOacVZrf4SgINsUe7UGcNr+P7/t05SWoJSqWOdnjB\nuba8KMZ5ZKSnzucX85Vsq1Ng64btmLy5d07+yaP9ieqybOlWvxHrAqB1PurMrhT9\ndM4I2LVVKCDtHgxAiY5NZHfgeLsFpSAw/YB3VM5h2l2VtbtFyr8YALNYmCiy2wNm\nlV5GNkFfj6wgPHNodliwafZTUhA9r/gyKVzmMwIDAQABAoIBACTGhoClbXMSGeQk\nzg1ClIJBg3SiR8L+5+Q74yFJao7MJ/cix1fsHdJ7eUSw5A5KILlKD9xVic/6S8Z4\nz/D7un2kOc9ccNwhVRuAT4/ostcGWJnr96YH8EoejOI25ey6mO8UhaRG5a8aEY6u\nuTSFUDnHCSWi9HDlaQ2gwI/Utw/kXab05UoO+065sd+kFkN63mWJfFe426CZEBzt\nWttkzFIR3JaP+jDX81C/yvaW0ksKN5L6l2t9gPk6OLLqCaDDMKJHKxJciyl5T5bx\nxXIYRPIiMcweCZHaG3uNu4asozHMub5jVudtooh/b8ag1cF4DEc06/I5DyeHsWKY\nnmXpTCECgYEA541l86VCn3AX5ANWM1u8KlB4oYurBXi8BxRBHEOOqvkTXO/iD63i\nfTVxR1oqgUOAAFCWUn9ZR36egc4VNfYAzsxElmPQ4nKtxZvyfRThSuxt9tLitPEB\nBdzO/fwpRAJh8f0aeqQYNwx4b+FgzN0mRqMYX0a6sP82lE9oRruuqxECgYEA64lR\nhszTwYip3Pha1cN/PwBSxBTWJmsyQL0oUnzIRs5dpv79pMluzZLhV3VHeeFKvfI6\n+ddQ8isbd1b/MH8rek4d8Vmuz1zSmEKI0fxFIeYZaQ2vHMha/1TwgdRhqxRdJ6rE\nTTTakrlpKjKRjo/6+PlxtlSb43s5OaElEQDAlQMCgYBqLMEaBqZU+45I5GrLY/4V\nHQ8jbCrAeIsnZ9cvQZ8SsOF7FRgAfohDR5Uo1aR132C7RDiZnYFvshS2iqvZMXNP\nYAT3PM/UdidOXGLFjiR8OYt2yV5g/72rVYOonM7DO6Bz2M4ifEoKO/KhwqOjbKiX\nbUPItGL4tB3vxbWX8Yl3MQKBgQCn0NDbgHinfZ25KOJfR8kTtEFEH6xs9xd49M0T\n6IAxorsrTqadkD94DNytGYxxlElSiJHojLbJtFj/cGalwRXTMHE5ErLwX6xUe6NM\nKbd/7ZfRN8S6dy4OmhA6EH3+DKZKquruL2hD/gKl5B29O2yPk/qm9CWVsKgXHW9x\na93KzQKBgD2I3H3K1+tzF/zM0PaMl1/ZvTFn8LmPCzdr8qXaCiEgLzWyYGWVlmTS\n3/Z5bXNHY8dzbn1m8JMj+eTaeliHxgCHbxgk8bNdttXTB0+RDGPgBr62cHhT37VE\n2W7p3PUcjNjPPeRUdR6ZjHASUGsA71o4F2+tT0blNjdxLiwzc3rG\n-----END RSA PRIVATE KEY-----\n",
            "private_key_pem_pkcs8": "-----BEGIN PRIVATE KEY-----\nMIIEvQIBADANBgkqhkiG9w0BAQEFAASCBKcwggSjAgEAAoIBAQDVCwD/4qFDrDRe\nYMPsAqo7pm21OnWQI13G7NGo+1uJ2S+pteD4Fx7yeYLdxCQY2cHwRKL7WPUPL7f3\nmGof5jD0XMQL/7vDrQaDakQ1UcZhd3L7sNWpUn1GSBKp2Nryuoti5fh1xcw5pxVm\nt/hKAg2xR7tQZw2v4/v+3TlJaglKpY52eMG5trwoxnlkpKfO5xfzlWyrU2Drhu2Y\nvLl3Tv7Jo/2J6rJs6Va/EesCoHU+6syuFP10zgjYtVUoIO0eDECJjk1kd+B4uwWl\nIDD9gHdUzmHaXZW1u0XKvxgAs1iYKLLbA2aVXkY2QV+PrCA8c2h2WLBp9lNSED2v\n+DIpXOYzAgMBAAECggEAJMaGgKVtcxIZ5CTODUKUgkGDdKJHwv7n5DvjIUlqjswn\n9yLHV+wd0nt5RLDkDkoguUoP3FWJz/pLxnjP8Pu6faQ5z1xw3CFVG4BPj+iy1wZY\nmev3pgfwSh6M4jbl7LqY7xSFpEblrxoRjq65NIVQOccJJaL0cOVpDaDAj9S3D+Rd\npvTlSg77Trmx36QWQ3reZYl8V7jboJkQHO1a22TMUhHclo/6MNfzUL/K9pbSSwo3\nkvqXa32A+To4suoJoMMwokcrElyLKXlPlvHFchhE8iIxzB4Jkdobe427hqyjMcy5\nvmNW522iiH9vxqDVwXgMRzTr8jkPJ4exYpieZelMIQKBgQDnjWXzpUKfcBfkA1Yz\nW7wqUHihi6sFeLwHFEEcQ46q+RNc7+IPreJ9NXFHWiqBQ4AAUJZSf1lHfp6BzhU1\n9gDOzESWY9Dicq3Fm/J9FOFK7G320uK08QEF3M79/ClEAmHx/Rp6pBg3DHhv4WDM\n3SZGoxhfRrqw/zaUT2hGu66rEQKBgQDriVGGzNPBiKnc+FrVw38/AFLEFNYmazJA\nvShSfMhGzl2m/v2kyW7NkuFXdUd54Uq98jr511DyKxt3Vv8wfyt6Th3xWa7PXNKY\nQojR/EUh5hlpDa8cyFr/VPCB1GGrFF0nqsRNNNqSuWkqMpGOj/r4+XG2VJvjezk5\noSURAMCVAwKBgGoswRoGplT7jkjkastj/hUdDyNsKsB4iydn1y9BnxKw4XsVGAB+\niENHlSjVpHXfYLtEOJmdgW+yFLaKq9kxc09gBPc8z9R2J05cYsWOJHw5i3bJXmD/\nvatVg6iczsM7oHPYziJ8Sgo78qHCo6NsqJdtQ8i0Yvi0He/FtZfxiXcxAoGBAKfQ\n0NuAeKd9nbko4l9HyRO0QUQfrGz3F3j0zRPogDGiuytOpp2QP3gM3K0ZjHGUSVKI\nkeiMtsm0WP9wZqXBFdMwcTkSsvBfrFR7o0wpt3/tl9E3xLp3Lg6aEDoQff4Mpkqq\n6u4vaEP+AqXkHb07bI+T+qb0JZWwqBcdb3Fr3crNAoGAPYjcfcrX63MX/MzQ9oyX\nX9m9MWfwuY8LN2vypdoKISAvNbJgZZWWZNLf9nltc0djx3NufWbwkyP55Np6WIfG\nAIdvGCTxs1221dMHT5EMY+AGvrZweFPftUTZbunc9RyM2M895FR1HpmMcBJQawDv\nWjgXb61PRuU2N3EuLDNzesY=\n-----END PRIVATE KEY-----\n",
            "public_key_fingerprint_md5": "8b:f1:6a:d7:21:5e:f8:57:5e:1d:d8:eb:64:c7:f5:37",
            "public_key_fingerprint_sha256": "SHA256:CnSraYvbKVaNmqYCJHXbve4RMg8iXwVUX6ReWr95M68",
            "public_key_openssh": "ssh-rsa AAAAB3NzaC1yc2EAAAADAQABAAABAQDVCwD/4qFDrDReYMPsAqo7pm21OnWQI13G7NGo+1uJ2S+pteD4Fx7yeYLdxCQY2cHwRKL7WPUPL7f3mGof5jD0XMQL/7vDrQaDakQ1UcZhd3L7sNWpUn1GSBKp2Nryuoti5fh1xcw5pxVmt/hKAg2xR7tQZw2v4/v+3TlJaglKpY52eMG5trwoxnlkpKfO5xfzlWyrU2Drhu2YvLl3Tv7Jo/2J6rJs6Va/EesCoHU+6syuFP10zgjYtVUoIO0eDECJjk1kd+B4uwWlIDD9gHdUzmHaXZW1u0XKvxgAs1iYKLLbA2aVXkY2QV+PrCA8c2h2WLBp9lNSED2v+DIpXOYz\n",
            "public_key_pem": "-----BEGIN PUBLIC KEY-----\nMIIBIjANBgkqhkiG9w0BAQEFAAOCAQ8AMIIBCgKCAQEA1QsA/+KhQ6w0XmDD7AKq\nO6ZttTp1kCNdxuzRqPtbidkvqbXg+Bce8nmC3cQkGNnB8ESi+1j1Dy+395hqH+Yw\n9FzEC/+7w60Gg2pENVHGYXdy+7DVqVJ9RkgSqdja8rqLYuX4dcXMOacVZrf4SgIN\nsUe7UGcNr+P7/t05SWoJSqWOdnjBuba8KMZ5ZKSnzucX85Vsq1Ng64btmLy5d07+\nyaP9ieqybOlWvxHrAqB1PurMrhT9dM4I2LVVKCDtHgxAiY5NZHfgeLsFpSAw/YB3\nVM5h2l2VtbtFyr8YALNYmCiy2wNmlV5GNkFfj6wgPHNodliwafZTUhA9r/gyKVzm\nMwIDAQAB\n-----END PUBLIC KEY-----\n",
            "rsa_bits": 2048
          },
          "sensitive_attributes": [
            [
              {
                "type": "get_attr",
                "value": "private_key_openssh"
              }
            ],
            [
              {
                "type": "get_attr",
                "value": "private_key_pem"
              }
            ],
            [
              {
                "type": "get_attr",
                "value": "private_key_pem_pkcs8"
              }
            ]
          ],
          "identity_schema_version": 0
        }
      ]
    },
    {
      "mode": "managed",
      "type": "tls_self_signed_cert",
      "name": "alb_test",
      "provider": "provider[\"registry.terraform.io/hashicorp/tls\"]",
      "instances": [
        {
          "index_key": 0,
          "schema_version": 0,
          "attributes": {
            "allowed_uses": [
              "key_encipherment",
              "digital_signature",
              "server_auth"
            ],
            "cert_pem": "-----BEGIN CERTIFICATE-----\nMIIDNzCCAh+gAwIBAgIQDyqF9930rauDIHrptrrADDANBgkqhkiG9w0BAQsFADA8\nMRwwGgYDVQQKExNBbWF6b24gV2ViIFNlcnZpY2VzMRwwGgYDVQQDDBMqLmVsYi5h\nbWF6b25hd3MuY29tMB4XDTI1MTAyNTA2NDcyMVoXDTI2MTAyNTA2NDcyMVowPDEc\nMBoGA1UEChMTQW1hem9uIFdlYiBTZXJ2aWNlczEcMBoGA1UEAwwTKi5lbGIuYW1h\nem9uYXdzLmNvbTCCASIwDQYJKoZIhvcNAQEBBQADggEPADCCAQoCggEBANULAP/i\noUOsNF5gw+wCqjumbbU6dZAjXcbs0aj7W4nZL6m14PgXHvJ5gt3EJBjZwfBEovtY\n9Q8vt/eYah/mMPRcxAv/u8OtBoNqRDVRxmF3cvuw1alSfUZIEqnY2vK6i2Ll+HXF\nzDmnFWa3+EoCDbFHu1BnDa/j+/7dOUlqCUqljnZ4wbm2vCjGeWSkp87nF/OVbKtT\nYOuG7Zi8uXdO/smj/YnqsmzpVr8R6wKgdT7qzK4U/XTOCNi1VSgg7R4MQImOTWR3\n4Hi7BaUgMP2Ad1TOYdpdlbW7Rcq/GACzWJgostsDZpVeRjZBX4+sIDxzaHZYsGn2\nU1IQPa/4Milc5jMCAwEAAaM1MDMwDgYDVR0PAQH/BAQDAgWgMBMGA1UdJQQMMAoG\nCCsGAQUFBwMBMAwGA1UdEwEB/wQCMAAwDQYJKoZIhvcNAQELBQADggEBACnFfm+b\nM3wCkIB8t8FRugDkpXEllWDaUBTD+g0noLO049StFwURNpVCj01Zz8FCtF3TpvdR\nctb7k1GWK7YBx9XaevHuTiqFm45DcX6mHN75mo6v5SyVPtekqHCHMtdhfSREeiEh\nFiVFpPgd49hg7hWEjMcm6r+xQQ8csx8ZA5aB9aO8Oi6jx88eQQIRuyuDlD/uKttc\nT7Afqwd5mBgajbhiT+cAAMIaq7E9bb5bgdFiLyE/G63WqTZtLjwLY8Y+eeQ0wMoM\nQbwc8nLBS4670LRwFVwJFIYN3x8vdzNa6VGrDhMGUy1Nnhvclhckw5RED3Q/7RLq\n0Z0EpMKRE5+mLYk=\n-----END CERTIFICATE-----\n",
            "dns_names": null,
            "early_renewal_hours": 0,
            "id": "20159213603357612753159847262004363276",
            "ip_addresses": null,
            "is_ca_certificate": false,
            "key_algorithm": "RSA",
            "private_key_pem": "-----BEGIN RSA PRIVATE KEY-----\nMIIEowIBAAKCAQEA1QsA/+KhQ6w0XmDD7AKqO6ZttTp1kCNdxuzRqPtbidkvqbXg\n+Bce8nmC3cQkGNnB8ESi+1j1Dy+395hqH+Yw9FzEC/+7w60Gg2pENVHGYXdy+7DV\nqVJ9RkgSqdja8rqLYuX4dcXMOacVZrf4SgINsUe7UGcNr+P7/t05SWoJSqWOdnjB\nuba8KMZ5ZKSnzucX85Vsq1Ng64btmLy5d07+yaP9ieqybOlWvxHrAqB1PurMrhT9\ndM4I2LVVKCDtHgxAiY5NZHfgeLsFpSAw/YB3VM5h2l2VtbtFyr8YALNYmCiy2wNm\nlV5GNkFfj6wgPHNodliwafZTUhA9r/gyKVzmMwIDAQABAoIBACTGhoClbXMSGeQk\nzg1ClIJBg3SiR8L+5+Q74yFJao7MJ/cix1fsHdJ7eUSw5A5KILlKD9xVic/6S8Z4\nz/D7un2kOc9ccNwhVRuAT4/ostcGWJnr96YH8EoejOI25ey6mO8UhaRG5a8aEY6u\nuTSFUDnHCSWi9HDlaQ2gwI/Utw/kXab05UoO+065sd+kFkN63mWJfFe426CZEBzt\nWttkzFIR3JaP+jDX81C/yvaW0ksKN5L6l2t9gPk6OLLqCaDDMKJHKxJciyl5T5bx\nxXIYRPIiMcweCZHaG3uNu4asozHMub5jVudtooh/b8ag1cF4DEc06/I5DyeHsWKY\nnmXpTCECgYEA541l86VCn3AX5ANWM1u8KlB4oYurBXi8BxRBHEOOqvkTXO/iD63i\nfTVxR1oqgUOAAFCWUn9ZR36egc4VNfYAzsxElmPQ4nKtxZvyfRThSuxt9tLitPEB\nBdzO/fwpRAJh8f0aeqQYNwx4b+FgzN0mRqMYX0a6sP82lE9oRruuqxECgYEA64lR\nhszTwYip3Pha1cN/PwBSxBTWJmsyQL0oUnzIRs5dpv79pMluzZLhV3VHeeFKvfI6\n+ddQ8isbd1b/MH8rek4d8Vmuz1zSmEKI0fxFIeYZaQ2vHMha/1TwgdRhqxRdJ6rE\nTTTakrlpKjKRjo/6+PlxtlSb43s5OaElEQDAlQMCgYBqLMEaBqZU+45I5GrLY/4V\nHQ8jbCrAeIsnZ9cvQZ8SsOF7FRgAfohDR5Uo1aR132C7RDiZnYFvshS2iqvZMXNP\nYAT3PM/UdidOXGLFjiR8OYt2yV5g/72rVYOonM7DO6Bz2M4ifEoKO/KhwqOjbKiX\nbUPItGL4tB3vxbWX8Yl3MQKBgQCn0NDbgHinfZ25KOJfR8kTtEFEH6xs9xd49M0T\n6IAxorsrTqadkD94DNytGYxxlElSiJHojLbJtFj/cGalwRXTMHE5ErLwX6xUe6NM\nKbd/7ZfRN8S6dy4OmhA6EH3+DKZKquruL2hD/gKl5B29O2yPk/qm9CWVsKgXHW9x\na93KzQKBgD2I3H3K1+tzF/zM0PaMl1/ZvTFn8LmPCzdr8qXaCiEgLzWyYGWVlmTS\n3/Z5bXNHY8dzbn1m8JMj+eTaeliHxgCHbxgk8bNdttXTB0+RDGPgBr62cHhT37VE\n2W7p3PUcjNjPPeRUdR6ZjHASUGsA71o4F2+tT0blNjdxLiwzc3rG\n-----END RSA PRIVATE KEY-----\n",
            "ready_for_renewal": false,
            "set_authority_key_id": false,
            "set_subject_key_id": false,
            "subject": [
              {
                "common_name": "*.elb.amazonaws.com",
                "country": null,
                "email_address": null,
                "locality": null,
                "organization": "Amazon Web Services",
                "organizational_unit": null,
                "postal_code": null,
                "province": null,
                "serial_number": null,
                "street_address": null
              }
            ],
            "uris": null,
            "validity_end_time": "2026-10-25T12:17:21.396438454+05:30",
            "validity_period_hours": 8760,
            "validity_start_time": "2025-10-25T12:17:21.396438454+05:30"
          },
          "sensitive_attributes": [
            [
              {
                "type": "get_attr",
                "value": "private_key_pem"
              }
            ]
          ],
          "identity_schema_version": 0,
          "dependencies": [
            "tls_private_key.alb_test"
          ]
        }
      ]
    }
  ],
  "check_results": [
    {
      "object_kind": "var",
      "config_addr": "var.cloudfront_price_class",
      "status": "pass",
      "objects": [
        {
          "object_addr": "var.cloudfront_price_class",
          "status": "pass"
        }
      ]
    }
  ]
}
