{
  "version": 4,
  "terraform_version": "1.13.3",
  "serial": 1210,
  "lineage": "db5c5043-29f3-7b9d-e005-7fa918e9e01f",
  "outputs": {
    "alb_arn": {
      "value": "arn:aws:elasticloadbalancing:ap-south-1:949945086246:loadbalancer/app/upscpro-stage2-alb/137a30eb0a458650",
      "type": "string"
    },
    "alb_url": {
      "value": "https://upscpro-stage2-alb-1379586870.ap-south-1.elb.amazonaws.com",
      "type": "string"
    },
    "alb_zone_id": {
      "value": "ZP97RAFLXTNZK",
      "type": "string"
    },
    "app_url": {
      "value": "http://10.2.0.178:8000 (private)",
      "type": "string"
    },
    "aws_region": {
      "value": "ap-south-1",
      "type": "string"
    },
    "cloudfront_distribution_arn": {
      "value": "arn:aws:cloudfront::949945086246:distribution/EJZ7B1UYE42YQ",
      "type": "string"
    },
    "cloudfront_distribution_id": {
      "value": "EJZ7B1UYE42YQ",
      "type": "string"
    },
    "cloudfront_domain_name": {
      "value": "d34vgnrbxcsr6p.cloudfront.net",
      "type": "string"
    },
    "cloudfront_hosted_zone_id": {
      "value": "Z2FDTNDATAQYW2",
      "type": "string"
    },
    "cloudwatch_log_group_name": {
      "value": "/ecs/upscpro-stage2",
      "type": "string"
    },
    "database_url": {
      "value": "postgresql://upscproStage2User:upscproStage2Password123!@upscpro-stage2-db.c8wrvaeukcp0.ap-south-1.rds.amazonaws.com:5432:5432/upscproStage2DB",
      "type": "string",
      "sensitive": true
    },
    "docker_instance_id": {
      "value": "i-07de8f288715f3c8e",
      "type": "string"
    },
    "docker_instance_private_ip": {
      "value": "10.2.0.178",
      "type": "string"
    },
    "docker_instance_public_ip": {
      "value": "43.204.36.154",
      "type": "string"
    },
    "ec2_security_group_id": {
      "value": "sg-0b7774959a6491fb2",
      "type": "string"
    },
    "ecr_repository_app_url": {
      "value": "949945086246.dkr.ecr.ap-south-1.amazonaws.com/upscpro-stage2-app",
      "type": "string"
    },
    "ecr_repository_faculty_ui_url": {
      "value": "949945086246.dkr.ecr.ap-south-1.amazonaws.com/upscpro-stage2-faculty-ui",
      "type": "string"
    },
    "ecr_repository_frontend_url": {
      "value": "949945086246.dkr.ecr.ap-south-1.amazonaws.com/upscpro-stage2-frontend",
      "type": "string"
    },
    "ecr_repository_helios_url": {
      "value": "949945086246.dkr.ecr.ap-south-1.amazonaws.com/upscpro-stage2-helios",
      "type": "string"
    },
    "ecr_repository_onboarding_ui_url": {
      "value": "949945086246.dkr.ecr.ap-south-1.amazonaws.com/upscpro-stage2-onboarding-ui",
      "type": "string"
    },
    "ecs_task_execution_role_arn": {
      "value": "arn:aws:iam::949945086246:role/upscpro-stage2-ecs-task-execution-role",
      "type": "string"
    },
    "ecs_task_role_arn": {
      "value": "arn:aws:iam::949945086246:role/upscpro-stage2-ecs-task-role",
      "type": "string"
    },
    "environment": {
      "value": "stage2",
      "type": "string"
    },
    "faculty_ui_url": {
      "value": "https://upscpro-stage2-alb-1379586870.ap-south-1.elb.amazonaws.com/faculty",
      "type": "string"
    },
    "flower_url": {
      "value": "http://10.2.0.178:5555 (private)",
      "type": "string"
    },
    "frontend_url": {
      "value": "https://upscpro-stage2-alb-1379586870.ap-south-1.elb.amazonaws.com",
      "type": "string"
    },
    "github_integration_info": {
      "value": {
        "auto_deploy_enabled": false,
        "branch": "algo_refactor",
        "repository_configured": true,
        "webhook_endpoint": null
      },
      "type": [
        "object",
        {
          "auto_deploy_enabled": "bool",
          "branch": "string",
          "repository_configured": "bool",
          "webhook_endpoint": "string"
        }
      ]
    },
    "helios_url": {
      "value": "http://10.2.0.178:8080 (private)",
      "type": "string"
    },
    "onboarding_ui_url": {
      "value": "https://upscpro-stage2-alb-1379586870.ap-south-1.elb.amazonaws.com/onboarding",
      "type": "string"
    },
    "private_subnet_ids": {
      "value": [
        "subnet-00c5c4be539481f78",
        "subnet-0cde2acd3870be3ec"
      ],
      "type": [
        "tuple",
        [
          "string",
          "string"
        ]
      ]
    },
    "project_name": {
      "value": "upscpro-stage2",
      "type": "string"
    },
    "public_subnet_ids": {
      "value": [
        "subnet-0a4efe17b2e95ab83",
        "subnet-0df7c0ff5ec3c031f"
      ],
      "type": [
        "tuple",
        [
          "string",
          "string"
        ]
      ]
    },
    "rds_endpoint": {
      "value": "upscpro-stage2-db.c8wrvaeukcp0.ap-south-1.rds.amazonaws.com:5432",
      "type": "string"
    },
    "rds_port": {
      "value": 5432,
      "type": "number"
    },
    "rds_security_group_id": {
      "value": "sg-07479726eb7dd6e99",
      "type": "string"
    },
    "s3_bucket_assets_arn": {
      "value": "arn:aws:s3:::upscpro-stage2-assets",
      "type": "string"
    },
    "s3_bucket_assets_name": {
      "value": "upscpro-stage2-assets",
      "type": "string"
    },
    "s3_bucket_images_arn": {
      "value": "arn:aws:s3:::upscpro-stage2-images",
      "type": "string"
    },
    "s3_bucket_images_name": {
      "value": "upscpro-stage2-images",
      "type": "string"
    },
    "strapi_instance_id": {
      "value": "i-0486f87de5b5622ae",
      "type": "string"
    },
    "strapi_instance_private_ip": {
      "value": "10.2.2.94",
      "type": "string"
    },
    "strapi_instance_public_ip": {
      "value": "",
      "type": "string"
    },
    "strapi_url": {
      "value": "http://10.2.2.94:1337 (private)",
      "type": "string"
    },
    "target_group_faculty_ui_arn": {
      "value": "arn:aws:elasticloadbalancing:ap-south-1:949945086246:targetgroup/upscpro-stage2-faculty-ui-tg/fa2f31e8da202de6",
      "type": "string"
    },
    "target_group_frontend_arn": {
      "value": "arn:aws:elasticloadbalancing:ap-south-1:949945086246:targetgroup/upscpro-stage2-frontend-tg/4cddb16b0f0134ba",
      "type": "string"
    },
    "target_group_onboarding_ui_arn": {
      "value": "arn:aws:elasticloadbalancing:ap-south-1:949945086246:targetgroup/upscpro-stage2-onboarding-ui-tg/2eb05d6f4037e8eb",
      "type": "string"
    },
    "vpc_cidr_block": {
      "value": "10.2.0.0/16",
      "type": "string"
    },
    "vpc_id": {
      "value": "vpc-06644a03e910b9008",
      "type": "string"
    }
  },
  "resources": [
    {
      "mode": "data",
      "type": "aws_ami",
      "name": "ubuntu",
      "provider": "provider[\"registry.terraform.io/hashicorp/aws\"]",
      "instances": [
        {
          "schema_version": 0,
          "attributes": {
            "architecture": "x86_64",
            "arn": "arn:aws:ec2:ap-south-1::image/ami-087d1c9a513324697",
            "block_device_mappings": [
              {
                "device_name": "/dev/sda1",
                "ebs": {
                  "delete_on_termination": "true",
                  "encrypted": "false",
                  "iops": "0",
                  "snapshot_id": "snap-0747e885ea38fd708",
                  "throughput": "0",
                  "volume_initialization_rate": "0",
                  "volume_size": "8",
                  "volume_type": "gp2"
                },
                "no_device": "",
                "virtual_name": ""
              },
              {
                "device_name": "/dev/sdb",
                "ebs": {},
                "no_device": "",
                "virtual_name": "ephemeral0"
              },
              {
                "device_name": "/dev/sdc",
                "ebs": {},
                "no_device": "",
                "virtual_name": "ephemeral1"
              }
            ],
            "boot_mode": "uefi-preferred",
            "creation_date": "2025-10-15T08:05:14.000Z",
            "deprecation_time": "2027-10-15T08:05:14.000Z",
            "description": "Canonical, Ubuntu, 22.04, amd64 jammy image",
            "ena_support": true,
            "executable_users": null,
            "filter": [
              {
                "name": "name",
                "values": [
                  "ubuntu/images/hvm-ssd/ubuntu-jammy-22.04-amd64-server-*"
                ]
              },
              {
                "name": "virtualization-type",
                "values": [
                  "hvm"
                ]
              }
            ],
            "hypervisor": "xen",
            "id": "ami-087d1c9a513324697",
            "image_id": "ami-087d1c9a513324697",
            "image_location": "amazon/ubuntu/images/hvm-ssd/ubuntu-jammy-22.04-amd64-server-20251015",
            "image_owner_alias": "amazon",
            "image_type": "machine",
            "imds_support": "",
            "include_deprecated": false,
            "kernel_id": "",
            "last_launched_time": "",
            "most_recent": true,
            "name": "ubuntu/images/hvm-ssd/ubuntu-jammy-22.04-amd64-server-20251015",
            "name_regex": null,
            "owner_id": "099720109477",
            "owners": [
              "099720109477"
            ],
            "platform": "",
            "platform_details": "Linux/UNIX",
            "product_codes": [],
            "public": true,
            "ramdisk_id": "",
            "root_device_name": "/dev/sda1",
            "root_device_type": "ebs",
            "root_snapshot_id": "snap-0747e885ea38fd708",
            "sriov_net_support": "simple",
            "state": "available",
            "state_reason": {
              "code": "UNSET",
              "message": "UNSET"
            },
            "tags": {},
            "timeouts": null,
            "tpm_support": "",
            "uefi_data": null,
            "usage_operation": "RunInstances",
            "virtualization_type": "hvm"
          },
          "sensitive_attributes": [],
          "identity_schema_version": 0
        }
      ]
    },
    {
      "mode": "data",
      "type": "aws_availability_zones",
      "name": "available",
      "provider": "provider[\"registry.terraform.io/hashicorp/aws\"]",
      "instances": [
        {
          "schema_version": 0,
          "attributes": {
            "all_availability_zones": null,
            "exclude_names": null,
            "exclude_zone_ids": null,
            "filter": null,
            "group_names": [
              "ap-south-1-zg-1"
            ],
            "id": "ap-south-1",
            "names": [
              "ap-south-1a",
              "ap-south-1b",
              "ap-south-1c"
            ],
            "state": "available",
            "timeouts": null,
            "zone_ids": [
              "aps1-az1",
              "aps1-az3",
              "aps1-az2"
            ]
          },
          "sensitive_attributes": [],
          "identity_schema_version": 0
        }
      ]
    },
    {
      "mode": "data",
      "type": "aws_caller_identity",
      "name": "current",
      "provider": "provider[\"registry.terraform.io/hashicorp/aws\"]",
      "instances": [
        {
          "schema_version": 0,
          "attributes": {
            "account_id": "949945086246",
            "arn": "arn:aws:iam::949945086246:user/prasanna@carbonmint.com",
            "id": "949945086246",
            "user_id": "AIDA52LJDWETBCM2ZCRCZ"
          },
          "sensitive_attributes": [],
          "identity_schema_version": 0
        }
      ]
    },
    {
      "mode": "managed",
      "type": "aws_acm_certificate",
      "name": "alb_test",
      "provider": "provider[\"registry.terraform.io/hashicorp/aws\"]",
      "instances": [
        {
          "index_key": 0,
          "schema_version": 0,
          "attributes": {
            "arn": "arn:aws:acm:ap-south-1:949945086246:certificate/a06b3042-396f-435f-8a22-3f0570920bd8",
            "certificate_authority_arn": "",
            "certificate_body": "-----BEGIN CERTIFICATE-----\nMIIDNzCCAh+gAwIBAgIQITIr7oCSdyXBql7e70iXlDANBgkqhkiG9w0BAQsFADA8\nMRwwGgYDVQQKExNBbWF6b24gV2ViIFNlcnZpY2VzMRwwGgYDVQQDDBMqLmVsYi5h\nbWF6b25hd3MuY29tMB4XDTI1MTAyNTE1NTU0N1oXDTI2MTAyNTE1NTU0N1owPDEc\nMBoGA1UEChMTQW1hem9uIFdlYiBTZXJ2aWNlczEcMBoGA1UEAwwTKi5lbGIuYW1h\nem9uYXdzLmNvbTCCASIwDQYJKoZIhvcNAQEBBQADggEPADCCAQoCggEBALNLv3hp\n2GdnXuvt2qmDb4KsFrGZ05LVjGQBX5h7g0yKwTW9RDODUFlUfV77VtV2XAVB5AlL\nF15QKeiZX88TqFCrZxrPZ1jFhGtl/1qcLAz49MF7pCiV8rEtO1HAIypEw2Nsk1MY\n1x6A/Z+lrtu1cuJhtNlYsIasf4BKSWeTDUs6m1F6DKyh8wQeqPRznq0E8/KVGWcg\nTa/cwJImlUWZe7+95GO5FFXL3Wazgo2KTtLjoZLUzSeFU7TxCV8/BmF1iE7qAHTD\nY6OTN8bvh5IkZOcyqPtc+nS+LfmOnYaOYuTnjHJIChxD8T2nF+oD/vx1Owvckhi6\nqXJaOr+JjnEaxQECAwEAAaM1MDMwDgYDVR0PAQH/BAQDAgWgMBMGA1UdJQQMMAoG\nCCsGAQUFBwMBMAwGA1UdEwEB/wQCMAAwDQYJKoZIhvcNAQELBQADggEBAHxa2plg\n1s0b2G17xtWAn5WOZuhXwHr8Cg6kyIpKecW/S3iVKqwPwiYulgCIW9WdiRI0ETMv\nMv8uJ2AlM0SbMFNWU8UHozWoHxFAmPzXM8F5xbxYTwZeBPPbPrTyC00mXk4F0AxF\nQN3zuoaFGFaGaWGeAvNp5KPuI/U8CpZJwz2wQxKF+lgJM9A/9DxtzGu5azn4DyZb\nxHgiN8k2Z4v8j3ZpiNoGq9kAnNCrFTRqoTspWptNvYoLpfyEtzNPJpliNlal1YSk\nNR9ZxyhR6ActXoBZhLNoGYNfqy6xfyZFXYooF0lo5gLFnWwTAJCe0EpTdK/HOWjA\nsGULrp3cN0vRYSk=\n-----END CERTIFICATE-----\n",
            "certificate_chain": null,
            "domain_name": "*.elb.amazonaws.com",
            "domain_validation_options": [],
            "early_renewal_duration": "",
            "id": "arn:aws:acm:ap-south-1:949945086246:certificate/a06b3042-396f-435f-8a22-3f0570920bd8",
            "key_algorithm": "RSA_2048",
            "not_after": "2026-10-25T15:55:47Z",
            "not_before": "2025-10-25T15:55:47Z",
            "options": [
              {
                "certificate_transparency_logging_preference": "DISABLED"
              }
            ],
            "pending_renewal": false,
            "private_key": "-----BEGIN RSA PRIVATE KEY-----\nMIIEowIBAAKCAQEAs0u/eGnYZ2de6+3aqYNvgqwWsZnTktWMZAFfmHuDTIrBNb1E\nM4NQWVR9XvtW1XZcBUHkCUsXXlAp6JlfzxOoUKtnGs9nWMWEa2X/WpwsDPj0wXuk\nKJXysS07UcAjKkTDY2yTUxjXHoD9n6Wu27Vy4mG02Viwhqx/gEpJZ5MNSzqbUXoM\nrKHzBB6o9HOerQTz8pUZZyBNr9zAkiaVRZl7v73kY7kUVcvdZrOCjYpO0uOhktTN\nJ4VTtPEJXz8GYXWITuoAdMNjo5M3xu+HkiRk5zKo+1z6dL4t+Y6dho5i5OeMckgK\nHEPxPacX6gP+/HU7C9ySGLqpclo6v4mOcRrFAQIDAQABAoIBAEQ4n7+pAosB1afO\nxqM2XDEr2qy0G8FkmPkaXq3t3T08FJ0miXNSVTnQQK3p05YAZa4obqSsmlUsCm4z\nIbXwxFwBhAc7AJdR/HtDAaEQCGDdP3/5VDKPL5uD2uzVv2ufY3sKvpnhO0Ujjp12\n1OxLg82ooMAMk4qCyzbczUZoOSg0nmv0mnDyPiBivLxRyeW3xNtL+Kvb69/jBmMy\nT6BDzhn3qCAwHq+13rjHJEuEQRArMM21KjVdaZl/VhKxE1hiAj4aQrdgv033jQhG\nzzpN3BbpDenlUaut6DeAN5RqpZsuYNH3EaLYX0p81Rhhr2woWDtBl/hHpooGz7eY\n19F/54sCgYEA6ZHu2mGDaRe4OAjEtsPlxda50J5KX7zINM1fqARV92i++bMCYEiF\nK+JkoUwzmOuIqYUu9quZc5gEeSyNRZ56TB9/BvXWAy/lht7eb5P8rcMoNaZsA/SC\nirzJqKefH4NC74WN69r3MtFUsgUgZ5XxbHVHk/ScGDDbJg63L3BjXTMCgYEAxIOL\nHDna4SM3nxTa5iEgbTqmxL51+aeiyjcFYyzpdYx6uDQM2jZtWIyr1qYURyjDVtyP\nlkOqzJUr2QfJJ3QhEHX7UUZDluKygs73xGuu2U2y9v6nCpTUvzlBAC1zzutwiH3g\nBP27x8L2Dcc2SWKQmDKPuVLhURSub4viQOtwDPsCgYA6A4tGJq5TLhcNo+/oTWQG\n7bydepOSj/tSUiiOPPV1TEkTEElozNp2+fZwsdKnCumY4YG2twyYT4vc5Rn5ztEl\nkzUj72/GvuDNzRGGuUUri6uzF7EAknzSJO4Zu/ikBSBdCdkkWfDIaIIW7XsM/4tF\nmyO6NimHQKtOGp2ZZNrpTQKBgFl7VJLLvWEa+i7T/kEgAHX8aQfZejruHHBb0XYx\nczT1fMP334pVkkDp/S1GfqFQbHJXCILx2QpDOq4en3f5pzypnICLsCc6nvJ1b9je\n98U3XjCeEE3/K0jPt0tvZvZnutxMBQAA0crKeeQYPB36ZcEH9O38UWDsO+nLFoFd\nM66VAoGBAIeYIOOt1bti5FiMSPBTtxTrqOR/igZ3vCR+oyATSpAlk1luNqpGNPm5\nntS6ZwRJyjMjmt582GDvi2sv0rhYG91eVdHQPEc+R5gnOrlXPbKPkylJtk/wveGu\nX8iz6SiZK+1OrSZ4/kriPtd3hdTD08v2yJGXDJvLGgb8YS3k0XkY\n-----END RSA PRIVATE KEY-----\n",
            "renewal_eligibility": "INELIGIBLE",
            "renewal_summary": [],
            "status": "ISSUED",
            "subject_alternative_names": [
              "*.elb.amazonaws.com"
            ],
            "tags": {
              "Name": "upscpro-stage2-alb-test-cert"
            },
            "tags_all": {
              "Environment": "stage2",
              "ManagedBy": "terraform",
              "Name": "upscpro-stage2-alb-test-cert",
              "Project": "upscpro-stage2"
            },
            "type": "IMPORTED",
            "validation_emails": [],
            "validation_method": "NONE",
            "validation_option": []
          },
          "sensitive_attributes": [
            [
              {
                "type": "get_attr",
                "value": "private_key"
              }
            ]
          ],
          "identity_schema_version": 0,
          "private": "bnVsbA==",
          "dependencies": [
            "tls_private_key.alb_test",
            "tls_self_signed_cert.alb_test"
          ]
        }
      ]
    },
    {
      "mode": "managed",
      "type": "aws_cloudfront_distribution",
      "name": "main",
      "provider": "provider[\"registry.terraform.io/hashicorp/aws\"]",
      "instances": [
        {
          "index_key": 0,
          "schema_version": 1,
          "attributes": {
            "aliases": [],
            "arn": "arn:aws:cloudfront::949945086246:distribution/EJZ7B1UYE42YQ",
            "caller_reference": "terraform-2025102515592461860000000c",
            "comment": "CloudFront distribution for upscpro-stage2",
            "continuous_deployment_policy_id": "",
            "custom_error_response": [],
            "default_cache_behavior": [
              {
                "allowed_methods": [
                  "DELETE",
                  "GET",
                  "HEAD",
                  "OPTIONS",
                  "PATCH",
                  "POST",
                  "PUT"
                ],
                "cache_policy_id": "",
                "cached_methods": [
                  "GET",
                  "HEAD"
                ],
                "compress": true,
                "default_ttl": 3600,
                "field_level_encryption_id": "",
                "forwarded_values": [
                  {
                    "cookies": [
                      {
                        "forward": "none",
                        "whitelisted_names": []
                      }
                    ],
                    "headers": [],
                    "query_string": true,
                    "query_string_cache_keys": []
                  }
                ],
                "function_association": [],
                "grpc_config": [
                  {
                    "enabled": false
                  }
                ],
                "lambda_function_association": [],
                "max_ttl": 86400,
                "min_ttl": 0,
                "origin_request_policy_id": "",
                "realtime_log_config_arn": "",
                "response_headers_policy_id": "",
                "smooth_streaming": false,
                "target_origin_id": "ALB-upscpro-stage2",
                "trusted_key_groups": [],
                "trusted_signers": [],
                "viewer_protocol_policy": "redirect-to-https"
              }
            ],
            "default_root_object": "index.html",
            "domain_name": "d34vgnrbxcsr6p.cloudfront.net",
            "enabled": true,
            "etag": "E40KEYWSNYVHK",
            "hosted_zone_id": "Z2FDTNDATAQYW2",
            "http_version": "http2",
            "id": "EJZ7B1UYE42YQ",
            "in_progress_validation_batches": 0,
            "is_ipv6_enabled": true,
            "last_modified_time": "2025-10-25 15:59:25.952 +0000 UTC",
            "logging_config": [],
            "ordered_cache_behavior": [
              {
                "allowed_methods": [
                  "GET",
                  "HEAD"
                ],
                "cache_policy_id": "",
                "cached_methods": [
                  "GET",
                  "HEAD"
                ],
                "compress": true,
                "default_ttl": 86400,
                "field_level_encryption_id": "",
                "forwarded_values": [
                  {
                    "cookies": [
                      {
                        "forward": "none",
                        "whitelisted_names": []
                      }
                    ],
                    "headers": [],
                    "query_string": false,
                    "query_string_cache_keys": []
                  }
                ],
                "function_association": [],
                "grpc_config": [
                  {
                    "enabled": false
                  }
                ],
                "lambda_function_association": [],
                "max_ttl": 31536000,
                "min_ttl": 0,
                "origin_request_policy_id": "",
                "path_pattern": "/static/*",
                "realtime_log_config_arn": "",
                "response_headers_policy_id": "",
                "smooth_streaming": false,
                "target_origin_id": "ALB-upscpro-stage2",
                "trusted_key_groups": [],
                "trusted_signers": [],
                "viewer_protocol_policy": "redirect-to-https"
              }
            ],
            "origin": [
              {
                "connection_attempts": 3,
                "connection_timeout": 10,
                "custom_header": [],
                "custom_origin_config": [
                  {
                    "http_port": 80,
                    "https_port": 443,
                    "origin_keepalive_timeout": 5,
                    "origin_protocol_policy": "https-only",
                    "origin_read_timeout": 30,
                    "origin_ssl_protocols": [
                      "TLSv1.2"
                    ]
                  }
                ],
                "domain_name": "upscpro-stage2-alb-1379586870.ap-south-1.elb.amazonaws.com",
                "origin_access_control_id": "",
                "origin_id": "ALB-upscpro-stage2",
                "origin_path": "",
                "origin_shield": [],
                "s3_origin_config": [],
                "vpc_origin_config": []
              }
            ],
            "origin_group": [],
            "price_class": "PriceClass_100",
            "restrictions": [
              {
                "geo_restriction": [
                  {
                    "locations": [],
                    "restriction_type": "none"
                  }
                ]
              }
            ],
            "retain_on_delete": false,
            "staging": false,
            "status": "Deployed",
            "tags": {
              "Name": "upscpro-stage2-cloudfront"
            },
            "tags_all": {
              "Environment": "stage2",
              "ManagedBy": "terraform",
              "Name": "upscpro-stage2-cloudfront",
              "Project": "upscpro-stage2"
            },
            "trusted_key_groups": [
              {
                "enabled": false,
                "items": []
              }
            ],
            "trusted_signers": [
              {
                "enabled": false,
                "items": []
              }
            ],
            "viewer_certificate": [
              {
                "acm_certificate_arn": "",
                "cloudfront_default_certificate": true,
                "iam_certificate_id": "",
                "minimum_protocol_version": "TLSv1",
                "ssl_support_method": ""
              }
            ],
            "wait_for_deployment": true,
            "web_acl_id": ""
          },
          "sensitive_attributes": [],
          "identity_schema_version": 0,
          "private": "eyJzY2hlbWFfdmVyc2lvbiI6IjEifQ==",
          "dependencies": [
            "aws_acm_certificate.main",
            "aws_lb.main",
            "aws_security_group.alb",
            "aws_subnet.public",
            "aws_vpc.main",
            "data.aws_availability_zones.available"
          ]
        }
      ]
    },
    {
      "mode": "managed",
      "type": "aws_cloudwatch_log_group",
      "name": "docker_instance",
      "provider": "provider[\"registry.terraform.io/hashicorp/aws\"]",
      "instances": [
        {
          "index_key": 0,
          "schema_version": 0,
          "attributes": {
            "arn": "arn:aws:logs:ap-south-1:949945086246:log-group:/aws/ec2/upscpro-stage2-docker",
            "id": "/aws/ec2/upscpro-stage2-docker",
            "kms_key_id": "",
            "log_group_class": "STANDARD",
            "name": "/aws/ec2/upscpro-stage2-docker",
            "name_prefix": "",
            "retention_in_days": 7,
            "skip_destroy": false,
            "tags": {
              "Name": "upscpro-stage2-docker-logs"
            },
            "tags_all": {
              "Environment": "stage2",
              "ManagedBy": "terraform",
              "Name": "upscpro-stage2-docker-logs",
              "Project": "upscpro-stage2"
            }
          },
          "sensitive_attributes": [],
          "identity_schema_version": 0,
          "private": "bnVsbA=="
        }
      ]
    },
    {
      "mode": "managed",
      "type": "aws_cloudwatch_log_group",
      "name": "ecs",
      "provider": "provider[\"registry.terraform.io/hashicorp/aws\"]",
      "instances": [
        {
          "schema_version": 0,
          "attributes": {
            "arn": "arn:aws:logs:ap-south-1:949945086246:log-group:/ecs/upscpro-stage2",
            "id": "/ecs/upscpro-stage2",
            "kms_key_id": "",
            "log_group_class": "STANDARD",
            "name": "/ecs/upscpro-stage2",
            "name_prefix": "",
            "retention_in_days": 14,
            "skip_destroy": false,
            "tags": {
              "Name": "upscpro-stage2-ecs-logs"
            },
            "tags_all": {
              "Environment": "stage2",
              "ManagedBy": "terraform",
              "Name": "upscpro-stage2-ecs-logs",
              "Project": "upscpro-stage2"
            }
          },
          "sensitive_attributes": [],
          "identity_schema_version": 0,
          "private": "bnVsbA=="
        }
      ]
    },
    {
      "mode": "managed",
      "type": "aws_cloudwatch_log_group",
      "name": "strapi_instance",
      "provider": "provider[\"registry.terraform.io/hashicorp/aws\"]",
      "instances": [
        {
          "index_key": 0,
          "schema_version": 0,
          "attributes": {
            "arn": "arn:aws:logs:ap-south-1:949945086246:log-group:/aws/ec2/upscpro-stage2-strapi",
            "id": "/aws/ec2/upscpro-stage2-strapi",
            "kms_key_id": "",
            "log_group_class": "STANDARD",
            "name": "/aws/ec2/upscpro-stage2-strapi",
            "name_prefix": "",
            "retention_in_days": 7,
            "skip_destroy": false,
            "tags": {
              "Name": "upscpro-stage2-strapi-logs"
            },
            "tags_all": {
              "Environment": "stage2",
              "ManagedBy": "terraform",
              "Name": "upscpro-stage2-strapi-logs",
              "Project": "upscpro-stage2"
            }
          },
          "sensitive_attributes": [],
          "identity_schema_version": 0,
          "private": "bnVsbA=="
        }
      ]
    },
    {
      "mode": "managed",
      "type": "aws_db_instance",
      "name": "main",
      "provider": "provider[\"registry.terraform.io/hashicorp/aws\"]",
      "instances": [
        {
          "index_key": 0,
          "schema_version": 2,
          "attributes": {
            "address": "upscpro-stage2-db.c8wrvaeukcp0.ap-south-1.rds.amazonaws.com",
            "allocated_storage": 20,
            "allow_major_version_upgrade": null,
            "apply_immediately": false,
            "arn": "arn:aws:rds:ap-south-1:949945086246:db:upscpro-stage2-db",
            "auto_minor_version_upgrade": true,
            "availability_zone": "ap-south-1a",
            "backup_retention_period": 7,
            "backup_target": "region",
            "backup_window": "03:00-04:00",
            "blue_green_update": [],
            "ca_cert_identifier": "rds-ca-rsa2048-g1",
            "character_set_name": "",
            "copy_tags_to_snapshot": false,
            "custom_iam_instance_profile": "",
            "customer_owned_ip_enabled": false,
            "database_insights_mode": "standard",
            "db_name": "upscproStage2DB",
            "db_subnet_group_name": "upscpro-stage2-db-subnet-group",
            "dedicated_log_volume": false,
            "delete_automated_backups": true,
            "deletion_protection": false,
            "domain": "",
            "domain_auth_secret_arn": "",
            "domain_dns_ips": [],
            "domain_fqdn": "",
            "domain_iam_role_name": "",
            "domain_ou": "",
            "enabled_cloudwatch_logs_exports": [],
            "endpoint": "upscpro-stage2-db.c8wrvaeukcp0.ap-south-1.rds.amazonaws.com:5432",
            "engine": "postgres",
            "engine_lifecycle_support": "open-source-rds-extended-support",
            "engine_version": "15.14",
            "engine_version_actual": "15.14",
            "final_snapshot_identifier": null,
            "hosted_zone_id": "Z2VFMSZA74J7XZ",
            "iam_database_authentication_enabled": false,
            "id": "db-E4L52DOS4Q6NCEYOPDILL4MVXE",
            "identifier": "upscpro-stage2-db",
            "identifier_prefix": "",
            "instance_class": "db.t3.micro",
            "iops": 0,
            "kms_key_id": "",
            "latest_restorable_time": "2025-10-25T16:18:43Z",
            "license_model": "postgresql-license",
            "listener_endpoint": [],
            "maintenance_window": "sun:04:00-sun:05:00",
            "manage_master_user_password": null,
            "master_user_secret": [],
            "master_user_secret_kms_key_id": null,
            "max_allocated_storage": 100,
            "monitoring_interval": 0,
            "monitoring_role_arn": "",
            "multi_az": false,
            "nchar_character_set_name": "",
            "network_type": "IPV4",
            "option_group_name": "default:postgres-15",
            "parameter_group_name": "default.postgres15",
            "password": "upscproStage2Password123!",
            "password_wo": null,
            "password_wo_version": null,
            "performance_insights_enabled": false,
            "performance_insights_kms_key_id": "",
            "performance_insights_retention_period": 0,
            "port": 5432,
            "publicly_accessible": false,
            "replica_mode": "",
            "replicas": [],
            "replicate_source_db": "",
            "resource_id": "db-E4L52DOS4Q6NCEYOPDILL4MVXE",
            "restore_to_point_in_time": [],
            "s3_import": [],
            "skip_final_snapshot": true,
            "snapshot_identifier": null,
            "status": "available",
            "storage_encrypted": false,
            "storage_throughput": 0,
            "storage_type": "gp2",
            "tags": {
              "Name": "upscpro-stage2-db"
            },
            "tags_all": {
              "Environment": "stage2",
              "ManagedBy": "terraform",
              "Name": "upscpro-stage2-db",
              "Project": "upscpro-stage2"
            },
            "timeouts": null,
            "timezone": "",
            "upgrade_storage_config": null,
            "username": "upscproStage2User",
            "vpc_security_group_ids": [
              "sg-07479726eb7dd6e99"
            ]
          },
          "sensitive_attributes": [
            [
              {
                "type": "get_attr",
                "value": "password"
              }
            ],
            [
              {
                "type": "get_attr",
                "value": "password_wo"
              }
            ]
          ],
          "identity_schema_version": 0,
          "private": "eyJlMmJmYjczMC1lY2FhLTExZTYtOGY4OC0zNDM2M2JjN2M0YzAiOnsiY3JlYXRlIjozMDAwMDAwMDAwMDAwLCJkZWxldGUiOjM2MDAwMDAwMDAwMDAsInVwZGF0ZSI6NDgwMDAwMDAwMDAwMH0sInNjaGVtYV92ZXJzaW9uIjoiMiJ9",
          "dependencies": [
            "aws_db_subnet_group.main",
            "aws_security_group.alb",
            "aws_security_group.ec2",
            "aws_security_group.ecs",
            "aws_security_group.rds",
            "aws_subnet.private",
            "aws_vpc.main",
            "data.aws_availability_zones.available"
          ]
        }
      ]
    },
    {
      "mode": "managed",
      "type": "aws_db_subnet_group",
      "name": "main",
      "provider": "provider[\"registry.terraform.io/hashicorp/aws\"]",
      "instances": [
        {
          "schema_version": 0,
          "attributes": {
            "arn": "arn:aws:rds:ap-south-1:949945086246:subgrp:upscpro-stage2-db-subnet-group",
            "description": "Managed by Terraform",
            "id": "upscpro-stage2-db-subnet-group",
            "name": "upscpro-stage2-db-subnet-group",
            "name_prefix": "",
            "subnet_ids": [
              "subnet-00c5c4be539481f78",
              "subnet-0cde2acd3870be3ec"
            ],
            "supported_network_types": [
              "IPV4"
            ],
            "tags": {
              "Name": "upscpro-stage2-db-subnet-group"
            },
            "tags_all": {
              "Environment": "stage2",
              "ManagedBy": "terraform",
              "Name": "upscpro-stage2-db-subnet-group",
              "Project": "upscpro-stage2"
            },
            "vpc_id": "vpc-06644a03e910b9008"
          },
          "sensitive_attributes": [],
          "identity_schema_version": 0,
          "private": "bnVsbA==",
          "dependencies": [
            "aws_subnet.private",
            "aws_vpc.main",
            "data.aws_availability_zones.available"
          ]
        }
      ]
    },
    {
      "mode": "managed",
      "type": "aws_ecr_repository",
      "name": "app",
      "provider": "provider[\"registry.terraform.io/hashicorp/aws\"]",
      "instances": [
        {
          "schema_version": 0,
          "attributes": {
            "arn": "arn:aws:ecr:ap-south-1:949945086246:repository/upscpro-stage2-app",
            "encryption_configuration": [
              {
                "encryption_type": "AES256",
                "kms_key": ""
              }
            ],
            "force_delete": null,
            "id": "upscpro-stage2-app",
            "image_scanning_configuration": [
              {
                "scan_on_push": true
              }
            ],
            "image_tag_mutability": "MUTABLE",
            "name": "upscpro-stage2-app",
            "registry_id": "949945086246",
            "repository_url": "949945086246.dkr.ecr.ap-south-1.amazonaws.com/upscpro-stage2-app",
            "tags": {
              "Name": "upscpro-stage2-app"
            },
            "tags_all": {
              "Environment": "stage2",
              "ManagedBy": "terraform",
              "Name": "upscpro-stage2-app",
              "Project": "upscpro-stage2"
            },
            "timeouts": null
          },
          "sensitive_attributes": [],
          "identity_schema_version": 0,
          "private": "eyJlMmJmYjczMC1lY2FhLTExZTYtOGY4OC0zNDM2M2JjN2M0YzAiOnsiZGVsZXRlIjoxMjAwMDAwMDAwMDAwfX0="
        }
      ]
    },
    {
      "mode": "managed",
      "type": "aws_ecr_repository",
      "name": "faculty_ui",
      "provider": "provider[\"registry.terraform.io/hashicorp/aws\"]",
      "instances": [
        {
          "schema_version": 0,
          "attributes": {
            "arn": "arn:aws:ecr:ap-south-1:949945086246:repository/upscpro-stage2-faculty-ui",
            "encryption_configuration": [
              {
                "encryption_type": "AES256",
                "kms_key": ""
              }
            ],
            "force_delete": null,
            "id": "upscpro-stage2-faculty-ui",
            "image_scanning_configuration": [
              {
                "scan_on_push": true
              }
            ],
            "image_tag_mutability": "MUTABLE",
            "name": "upscpro-stage2-faculty-ui",
            "registry_id": "949945086246",
            "repository_url": "949945086246.dkr.ecr.ap-south-1.amazonaws.com/upscpro-stage2-faculty-ui",
            "tags": {
              "Name": "upscpro-stage2-faculty-ui"
            },
            "tags_all": {
              "Environment": "stage2",
              "ManagedBy": "terraform",
              "Name": "upscpro-stage2-faculty-ui",
              "Project": "upscpro-stage2"
            },
            "timeouts": null
          },
          "sensitive_attributes": [],
          "identity_schema_version": 0,
          "private": "eyJlMmJmYjczMC1lY2FhLTExZTYtOGY4OC0zNDM2M2JjN2M0YzAiOnsiZGVsZXRlIjoxMjAwMDAwMDAwMDAwfX0="
        }
      ]
    },
    {
      "mode": "managed",
      "type": "aws_ecr_repository",
      "name": "frontend",
      "provider": "provider[\"registry.terraform.io/hashicorp/aws\"]",
      "instances": [
        {
          "schema_version": 0,
          "attributes": {
            "arn": "arn:aws:ecr:ap-south-1:949945086246:repository/upscpro-stage2-frontend",
            "encryption_configuration": [
              {
                "encryption_type": "AES256",
                "kms_key": ""
              }
            ],
            "force_delete": null,
            "id": "upscpro-stage2-frontend",
            "image_scanning_configuration": [
              {
                "scan_on_push": true
              }
            ],
            "image_tag_mutability": "MUTABLE",
            "name": "upscpro-stage2-frontend",
            "registry_id": "949945086246",
            "repository_url": "949945086246.dkr.ecr.ap-south-1.amazonaws.com/upscpro-stage2-frontend",
            "tags": {
              "Name": "upscpro-stage2-frontend"
            },
            "tags_all": {
              "Environment": "stage2",
              "ManagedBy": "terraform",
              "Name": "upscpro-stage2-frontend",
              "Project": "upscpro-stage2"
            },
            "timeouts": null
          },
          "sensitive_attributes": [],
          "identity_schema_version": 0,
          "private": "eyJlMmJmYjczMC1lY2FhLTExZTYtOGY4OC0zNDM2M2JjN2M0YzAiOnsiZGVsZXRlIjoxMjAwMDAwMDAwMDAwfX0="
        }
      ]
    },
    {
      "mode": "managed",
      "type": "aws_ecr_repository",
      "name": "helios",
      "provider": "provider[\"registry.terraform.io/hashicorp/aws\"]",
      "instances": [
        {
          "schema_version": 0,
          "attributes": {
            "arn": "arn:aws:ecr:ap-south-1:949945086246:repository/upscpro-stage2-helios",
            "encryption_configuration": [
              {
                "encryption_type": "AES256",
                "kms_key": ""
              }
            ],
            "force_delete": null,
            "id": "upscpro-stage2-helios",
            "image_scanning_configuration": [
              {
                "scan_on_push": true
              }
            ],
            "image_tag_mutability": "MUTABLE",
            "name": "upscpro-stage2-helios",
            "registry_id": "949945086246",
            "repository_url": "949945086246.dkr.ecr.ap-south-1.amazonaws.com/upscpro-stage2-helios",
            "tags": {
              "Name": "upscpro-stage2-helios"
            },
            "tags_all": {
              "Environment": "stage2",
              "ManagedBy": "terraform",
              "Name": "upscpro-stage2-helios",
              "Project": "upscpro-stage2"
            },
            "timeouts": null
          },
          "sensitive_attributes": [],
          "identity_schema_version": 0,
          "private": "eyJlMmJmYjczMC1lY2FhLTExZTYtOGY4OC0zNDM2M2JjN2M0YzAiOnsiZGVsZXRlIjoxMjAwMDAwMDAwMDAwfX0="
        }
      ]
    },
    {
      "mode": "managed",
      "type": "aws_ecr_repository",
      "name": "onboarding_ui",
      "provider": "provider[\"registry.terraform.io/hashicorp/aws\"]",
      "instances": [
        {
          "schema_version": 0,
          "attributes": {
            "arn": "arn:aws:ecr:ap-south-1:949945086246:repository/upscpro-stage2-onboarding-ui",
            "encryption_configuration": [
              {
                "encryption_type": "AES256",
                "kms_key": ""
              }
            ],
            "force_delete": null,
            "id": "upscpro-stage2-onboarding-ui",
            "image_scanning_configuration": [
              {
                "scan_on_push": true
              }
            ],
            "image_tag_mutability": "MUTABLE",
            "name": "upscpro-stage2-onboarding-ui",
            "registry_id": "949945086246",
            "repository_url": "949945086246.dkr.ecr.ap-south-1.amazonaws.com/upscpro-stage2-onboarding-ui",
            "tags": {
              "Name": "upscpro-stage2-onboarding-ui"
            },
            "tags_all": {
              "Environment": "stage2",
              "ManagedBy": "terraform",
              "Name": "upscpro-stage2-onboarding-ui",
              "Project": "upscpro-stage2"
            },
            "timeouts": null
          },
          "sensitive_attributes": [],
          "identity_schema_version": 0,
          "private": "eyJlMmJmYjczMC1lY2FhLTExZTYtOGY4OC0zNDM2M2JjN2M0YzAiOnsiZGVsZXRlIjoxMjAwMDAwMDAwMDAwfX0="
        }
      ]
    },
    {
      "mode": "managed",
      "type": "aws_ecs_cluster",
      "name": "main",
      "provider": "provider[\"registry.terraform.io/hashicorp/aws\"]",
      "instances": [
        {
          "schema_version": 0,
          "attributes": {
            "arn": "arn:aws:ecs:ap-south-1:949945086246:cluster/upscpro-stage2-cluster",
            "configuration": [],
            "id": "arn:aws:ecs:ap-south-1:949945086246:cluster/upscpro-stage2-cluster",
            "name": "upscpro-stage2-cluster",
            "service_connect_defaults": [],
            "setting": [
              {
                "name": "containerInsights",
                "value": "disabled"
              }
            ],
            "tags": {
              "Name": "upscpro-stage2-cluster"
            },
            "tags_all": {
              "Environment": "stage2",
              "ManagedBy": "terraform",
              "Name": "upscpro-stage2-cluster",
              "Project": "upscpro-stage2"
            }
          },
          "sensitive_attributes": [],
          "identity_schema_version": 0,
          "private": "bnVsbA=="
        }
      ]
    },
    {
      "mode": "managed",
      "type": "aws_ecs_service",
      "name": "app",
      "provider": "provider[\"registry.terraform.io/hashicorp/aws\"]",
      "instances": [
        {
          "schema_version": 1,
          "attributes": {
            "alarms": [],
            "availability_zone_rebalancing": "DISABLED",
            "capacity_provider_strategy": [],
            "cluster": "arn:aws:ecs:ap-south-1:949945086246:cluster/upscpro-stage2-cluster",
            "deployment_circuit_breaker": [
              {
                "enable": false,
                "rollback": false
              }
            ],
            "deployment_controller": [
              {
                "type": "ECS"
              }
            ],
            "deployment_maximum_percent": 200,
            "deployment_minimum_healthy_percent": 100,
            "desired_count": 0,
            "enable_ecs_managed_tags": false,
            "enable_execute_command": false,
            "force_delete": null,
            "force_new_deployment": null,
            "health_check_grace_period_seconds": 0,
            "iam_role": "/aws-service-role/ecs.amazonaws.com/AWSServiceRoleForECS",
            "id": "arn:aws:ecs:ap-south-1:949945086246:service/upscpro-stage2-cluster/upscpro-stage2-app",
            "launch_type": "FARGATE",
            "load_balancer": [],
            "name": "upscpro-stage2-app",
            "network_configuration": [
              {
                "assign_public_ip": false,
                "security_groups": [
                  "sg-03a8a79928fd1e78d"
                ],
                "subnets": [
                  "subnet-00c5c4be539481f78",
                  "subnet-0cde2acd3870be3ec"
                ]
              }
            ],
            "ordered_placement_strategy": [],
            "placement_constraints": [],
            "platform_version": "LATEST",
            "propagate_tags": "NONE",
            "scheduling_strategy": "REPLICA",
            "service_connect_configuration": [],
            "service_registries": [],
            "tags": {
              "Name": "upscpro-stage2-app-service"
            },
            "tags_all": {
              "Environment": "stage2",
              "ManagedBy": "terraform",
              "Name": "upscpro-stage2-app-service",
              "Project": "upscpro-stage2"
            },
            "task_definition": "arn:aws:ecs:ap-south-1:949945086246:task-definition/upscpro-stage2-app:8",
            "timeouts": null,
            "triggers": {},
            "volume_configuration": [],
            "vpc_lattice_configurations": [],
            "wait_for_steady_state": false
          },
          "sensitive_attributes": [],
          "identity_schema_version": 0,
          "private": "eyJlMmJmYjczMC1lY2FhLTExZTYtOGY4OC0zNDM2M2JjN2M0YzAiOnsiY3JlYXRlIjoxMjAwMDAwMDAwMDAwLCJkZWxldGUiOjEyMDAwMDAwMDAwMDAsInVwZGF0ZSI6MTIwMDAwMDAwMDAwMH0sInNjaGVtYV92ZXJzaW9uIjoiMSJ9",
          "dependencies": [
            "aws_acm_certificate.alb_test",
            "aws_acm_certificate.main",
            "aws_cloudwatch_log_group.ecs",
            "aws_db_instance.main",
            "aws_db_subnet_group.main",
            "aws_ecr_repository.app",
            "aws_ecr_repository.helios",
            "aws_ecs_cluster.main",
            "aws_ecs_task_definition.app",
            "aws_iam_role.ecs_task_execution_role",
            "aws_iam_role.ecs_task_role",
            "aws_instance.strapi",
            "aws_lb.main",
            "aws_lb_listener.main",
            "aws_lb_target_group.frontend",
            "aws_security_group.alb",
            "aws_security_group.ec2",
            "aws_security_group.ecs",
            "aws_security_group.rds",
            "aws_subnet.private",
            "aws_subnet.public",
            "aws_vpc.main",
            "data.aws_ami.ubuntu",
            "data.aws_availability_zones.available",
            "tls_private_key.alb_test",
            "tls_self_signed_cert.alb_test"
          ]
        }
      ]
    },
    {
      "mode": "managed",
      "type": "aws_ecs_service",
      "name": "celery",
      "provider": "provider[\"registry.terraform.io/hashicorp/aws\"]",
      "instances": [
        {
          "schema_version": 1,
          "attributes": {
            "alarms": [],
            "availability_zone_rebalancing": "DISABLED",
            "capacity_provider_strategy": [],
            "cluster": "arn:aws:ecs:ap-south-1:949945086246:cluster/upscpro-stage2-cluster",
            "deployment_circuit_breaker": [
              {
                "enable": false,
                "rollback": false
              }
            ],
            "deployment_controller": [
              {
                "type": "ECS"
              }
            ],
            "deployment_maximum_percent": 200,
            "deployment_minimum_healthy_percent": 100,
            "desired_count": 0,
            "enable_ecs_managed_tags": false,
            "enable_execute_command": false,
            "force_delete": null,
            "force_new_deployment": null,
            "health_check_grace_period_seconds": 0,
            "iam_role": "/aws-service-role/ecs.amazonaws.com/AWSServiceRoleForECS",
            "id": "arn:aws:ecs:ap-south-1:949945086246:service/upscpro-stage2-cluster/upscpro-stage2-celery",
            "launch_type": "FARGATE",
            "load_balancer": [],
            "name": "upscpro-stage2-celery",
            "network_configuration": [
              {
                "assign_public_ip": false,
                "security_groups": [
                  "sg-03a8a79928fd1e78d"
                ],
                "subnets": [
                  "subnet-00c5c4be539481f78",
                  "subnet-0cde2acd3870be3ec"
                ]
              }
            ],
            "ordered_placement_strategy": [],
            "placement_constraints": [],
            "platform_version": "LATEST",
            "propagate_tags": "NONE",
            "scheduling_strategy": "REPLICA",
            "service_connect_configuration": [],
            "service_registries": [],
            "tags": {
              "Name": "upscpro-stage2-celery-service"
            },
            "tags_all": {
              "Environment": "stage2",
              "ManagedBy": "terraform",
              "Name": "upscpro-stage2-celery-service",
              "Project": "upscpro-stage2"
            },
            "task_definition": "arn:aws:ecs:ap-south-1:949945086246:task-definition/upscpro-stage2-celery:8",
            "timeouts": null,
            "triggers": {},
            "volume_configuration": [],
            "vpc_lattice_configurations": [],
            "wait_for_steady_state": false
          },
          "sensitive_attributes": [],
          "identity_schema_version": 0,
          "private": "eyJlMmJmYjczMC1lY2FhLTExZTYtOGY4OC0zNDM2M2JjN2M0YzAiOnsiY3JlYXRlIjoxMjAwMDAwMDAwMDAwLCJkZWxldGUiOjEyMDAwMDAwMDAwMDAsInVwZGF0ZSI6MTIwMDAwMDAwMDAwMH0sInNjaGVtYV92ZXJzaW9uIjoiMSJ9",
          "dependencies": [
            "aws_cloudwatch_log_group.ecs",
            "aws_db_instance.main",
            "aws_db_subnet_group.main",
            "aws_ecr_repository.app",
            "aws_ecs_cluster.main",
            "aws_ecs_task_definition.celery",
            "aws_iam_role.ecs_task_execution_role",
            "aws_iam_role.ecs_task_role",
            "aws_security_group.alb",
            "aws_security_group.ec2",
            "aws_security_group.ecs",
            "aws_security_group.rds",
            "aws_subnet.private",
            "aws_vpc.main",
            "data.aws_availability_zones.available"
          ]
        }
      ]
    },
    {
      "mode": "managed",
      "type": "aws_ecs_service",
      "name": "faculty_ui",
      "provider": "provider[\"registry.terraform.io/hashicorp/aws\"]",
      "instances": [
        {
          "schema_version": 1,
          "attributes": {
            "alarms": [],
            "availability_zone_rebalancing": "DISABLED",
            "capacity_provider_strategy": [],
            "cluster": "arn:aws:ecs:ap-south-1:949945086246:cluster/upscpro-stage2-cluster",
            "deployment_circuit_breaker": [
              {
                "enable": false,
                "rollback": false
              }
            ],
            "deployment_controller": [
              {
                "type": "ECS"
              }
            ],
            "deployment_maximum_percent": 200,
            "deployment_minimum_healthy_percent": 100,
            "desired_count": 0,
            "enable_ecs_managed_tags": false,
            "enable_execute_command": false,
            "force_delete": null,
            "force_new_deployment": null,
            "health_check_grace_period_seconds": 0,
            "iam_role": "/aws-service-role/ecs.amazonaws.com/AWSServiceRoleForECS",
            "id": "arn:aws:ecs:ap-south-1:949945086246:service/upscpro-stage2-cluster/upscpro-stage2-faculty-ui",
            "launch_type": "FARGATE",
            "load_balancer": [
              {
                "container_name": "faculty-ui",
                "container_port": 80,
                "elb_name": "",
                "target_group_arn": "arn:aws:elasticloadbalancing:ap-south-1:949945086246:targetgroup/upscpro-stage2-faculty-ui-tg/fa2f31e8da202de6"
              }
            ],
            "name": "upscpro-stage2-faculty-ui",
            "network_configuration": [
              {
                "assign_public_ip": false,
                "security_groups": [
                  "sg-03a8a79928fd1e78d"
                ],
                "subnets": [
                  "subnet-00c5c4be539481f78",
                  "subnet-0cde2acd3870be3ec"
                ]
              }
            ],
            "ordered_placement_strategy": [],
            "placement_constraints": [],
            "platform_version": "LATEST",
            "propagate_tags": "NONE",
            "scheduling_strategy": "REPLICA",
            "service_connect_configuration": [],
            "service_registries": [],
            "tags": {
              "Name": "upscpro-stage2-faculty-ui-service"
            },
            "tags_all": {
              "Environment": "stage2",
              "ManagedBy": "terraform",
              "Name": "upscpro-stage2-faculty-ui-service",
              "Project": "upscpro-stage2"
            },
            "task_definition": "arn:aws:ecs:ap-south-1:949945086246:task-definition/upscpro-stage2-faculty-ui:9",
            "timeouts": null,
            "triggers": {},
            "volume_configuration": [],
            "vpc_lattice_configurations": [],
            "wait_for_steady_state": false
          },
          "sensitive_attributes": [],
          "identity_schema_version": 0,
          "private": "eyJlMmJmYjczMC1lY2FhLTExZTYtOGY4OC0zNDM2M2JjN2M0YzAiOnsiY3JlYXRlIjoxMjAwMDAwMDAwMDAwLCJkZWxldGUiOjEyMDAwMDAwMDAwMDAsInVwZGF0ZSI6MTIwMDAwMDAwMDAwMH0sInNjaGVtYV92ZXJzaW9uIjoiMSJ9",
          "dependencies": [
            "aws_acm_certificate.alb_test",
            "aws_acm_certificate.main",
            "aws_cloudwatch_log_group.ecs",
            "aws_ecr_repository.faculty_ui",
            "aws_ecs_cluster.main",
            "aws_ecs_task_definition.faculty_ui",
            "aws_iam_role.ecs_task_execution_role",
            "aws_iam_role.ecs_task_role",
            "aws_lb.main",
            "aws_lb_listener.main",
            "aws_lb_target_group.faculty_ui",
            "aws_lb_target_group.frontend",
            "aws_security_group.alb",
            "aws_security_group.ecs",
            "aws_subnet.private",
            "aws_subnet.public",
            "aws_vpc.main",
            "data.aws_availability_zones.available",
            "tls_private_key.alb_test",
            "tls_self_signed_cert.alb_test"
          ]
        }
      ]
    },
    {
      "mode": "managed",
      "type": "aws_ecs_service",
      "name": "frontend",
      "provider": "provider[\"registry.terraform.io/hashicorp/aws\"]",
      "instances": [
        {
          "schema_version": 1,
          "attributes": {
            "alarms": [],
            "availability_zone_rebalancing": "DISABLED",
            "capacity_provider_strategy": [],
            "cluster": "arn:aws:ecs:ap-south-1:949945086246:cluster/upscpro-stage2-cluster",
            "deployment_circuit_breaker": [
              {
                "enable": false,
                "rollback": false
              }
            ],
            "deployment_controller": [
              {
                "type": "ECS"
              }
            ],
            "deployment_maximum_percent": 200,
            "deployment_minimum_healthy_percent": 100,
            "desired_count": 0,
            "enable_ecs_managed_tags": false,
            "enable_execute_command": false,
            "force_delete": null,
            "force_new_deployment": null,
            "health_check_grace_period_seconds": 0,
            "iam_role": "/aws-service-role/ecs.amazonaws.com/AWSServiceRoleForECS",
            "id": "arn:aws:ecs:ap-south-1:949945086246:service/upscpro-stage2-cluster/upscpro-stage2-frontend",
            "launch_type": "FARGATE",
            "load_balancer": [
              {
                "container_name": "frontend",
                "container_port": 80,
                "elb_name": "",
                "target_group_arn": "arn:aws:elasticloadbalancing:ap-south-1:949945086246:targetgroup/upscpro-stage2-frontend-tg/4cddb16b0f0134ba"
              }
            ],
            "name": "upscpro-stage2-frontend",
            "network_configuration": [
              {
                "assign_public_ip": false,
                "security_groups": [
                  "sg-03a8a79928fd1e78d"
                ],
                "subnets": [
                  "subnet-00c5c4be539481f78",
                  "subnet-0cde2acd3870be3ec"
                ]
              }
            ],
            "ordered_placement_strategy": [],
            "placement_constraints": [],
            "platform_version": "LATEST",
            "propagate_tags": "NONE",
            "scheduling_strategy": "REPLICA",
            "service_connect_configuration": [],
            "service_registries": [],
            "tags": {
              "Name": "upscpro-stage2-frontend-service"
            },
            "tags_all": {
              "Environment": "stage2",
              "ManagedBy": "terraform",
              "Name": "upscpro-stage2-frontend-service",
              "Project": "upscpro-stage2"
            },
            "task_definition": "arn:aws:ecs:ap-south-1:949945086246:task-definition/upscpro-stage2-frontend:9",
            "timeouts": null,
            "triggers": {},
            "volume_configuration": [],
            "vpc_lattice_configurations": [],
            "wait_for_steady_state": false
          },
          "sensitive_attributes": [],
          "identity_schema_version": 0,
          "private": "eyJlMmJmYjczMC1lY2FhLTExZTYtOGY4OC0zNDM2M2JjN2M0YzAiOnsiY3JlYXRlIjoxMjAwMDAwMDAwMDAwLCJkZWxldGUiOjEyMDAwMDAwMDAwMDAsInVwZGF0ZSI6MTIwMDAwMDAwMDAwMH0sInNjaGVtYV92ZXJzaW9uIjoiMSJ9",
          "dependencies": [
            "aws_acm_certificate.alb_test",
            "aws_acm_certificate.main",
            "aws_cloudwatch_log_group.ecs",
            "aws_ecr_repository.frontend",
            "aws_ecs_cluster.main",
            "aws_ecs_task_definition.frontend",
            "aws_iam_role.ecs_task_execution_role",
            "aws_iam_role.ecs_task_role",
            "aws_lb.main",
            "aws_lb_listener.main",
            "aws_lb_target_group.frontend",
            "aws_security_group.alb",
            "aws_security_group.ecs",
            "aws_subnet.private",
            "aws_subnet.public",
            "aws_vpc.main",
            "data.aws_availability_zones.available",
            "tls_private_key.alb_test",
            "tls_self_signed_cert.alb_test"
          ]
        }
      ]
    },
    {
      "mode": "managed",
      "type": "aws_ecs_service",
      "name": "onboarding_ui",
      "provider": "provider[\"registry.terraform.io/hashicorp/aws\"]",
      "instances": [
        {
          "schema_version": 1,
          "attributes": {
            "alarms": [],
            "availability_zone_rebalancing": "DISABLED",
            "capacity_provider_strategy": [],
            "cluster": "arn:aws:ecs:ap-south-1:949945086246:cluster/upscpro-stage2-cluster",
            "deployment_circuit_breaker": [
              {
                "enable": false,
                "rollback": false
              }
            ],
            "deployment_controller": [
              {
                "type": "ECS"
              }
            ],
            "deployment_maximum_percent": 200,
            "deployment_minimum_healthy_percent": 100,
            "desired_count": 0,
            "enable_ecs_managed_tags": false,
            "enable_execute_command": false,
            "force_delete": null,
            "force_new_deployment": null,
            "health_check_grace_period_seconds": 0,
            "iam_role": "/aws-service-role/ecs.amazonaws.com/AWSServiceRoleForECS",
            "id": "arn:aws:ecs:ap-south-1:949945086246:service/upscpro-stage2-cluster/upscpro-stage2-onboarding-ui",
            "launch_type": "FARGATE",
            "load_balancer": [
              {
                "container_name": "onboarding-ui",
                "container_port": 80,
                "elb_name": "",
                "target_group_arn": "arn:aws:elasticloadbalancing:ap-south-1:949945086246:targetgroup/upscpro-stage2-onboarding-ui-tg/2eb05d6f4037e8eb"
              }
            ],
            "name": "upscpro-stage2-onboarding-ui",
            "network_configuration": [
              {
                "assign_public_ip": false,
                "security_groups": [
                  "sg-03a8a79928fd1e78d"
                ],
                "subnets": [
                  "subnet-00c5c4be539481f78",
                  "subnet-0cde2acd3870be3ec"
                ]
              }
            ],
            "ordered_placement_strategy": [],
            "placement_constraints": [],
            "platform_version": "LATEST",
            "propagate_tags": "NONE",
            "scheduling_strategy": "REPLICA",
            "service_connect_configuration": [],
            "service_registries": [],
            "tags": {
              "Name": "upscpro-stage2-onboarding-ui-service"
            },
            "tags_all": {
              "Environment": "stage2",
              "ManagedBy": "terraform",
              "Name": "upscpro-stage2-onboarding-ui-service",
              "Project": "upscpro-stage2"
            },
            "task_definition": "arn:aws:ecs:ap-south-1:949945086246:task-definition/upscpro-stage2-onboarding-ui:9",
            "timeouts": null,
            "triggers": {},
            "volume_configuration": [],
            "vpc_lattice_configurations": [],
            "wait_for_steady_state": false
          },
          "sensitive_attributes": [],
          "identity_schema_version": 0,
          "private": "eyJlMmJmYjczMC1lY2FhLTExZTYtOGY4OC0zNDM2M2JjN2M0YzAiOnsiY3JlYXRlIjoxMjAwMDAwMDAwMDAwLCJkZWxldGUiOjEyMDAwMDAwMDAwMDAsInVwZGF0ZSI6MTIwMDAwMDAwMDAwMH0sInNjaGVtYV92ZXJzaW9uIjoiMSJ9",
          "dependencies": [
            "aws_acm_certificate.alb_test",
            "aws_acm_certificate.main",
            "aws_cloudwatch_log_group.ecs",
            "aws_ecr_repository.onboarding_ui",
            "aws_ecs_cluster.main",
            "aws_ecs_task_definition.onboarding_ui",
            "aws_iam_role.ecs_task_execution_role",
            "aws_iam_role.ecs_task_role",
            "aws_lb.main",
            "aws_lb_listener.main",
            "aws_lb_target_group.frontend",
            "aws_lb_target_group.onboarding_ui",
            "aws_security_group.alb",
            "aws_security_group.ecs",
            "aws_subnet.private",
            "aws_subnet.public",
            "aws_vpc.main",
            "data.aws_availability_zones.available",
            "tls_private_key.alb_test",
            "tls_self_signed_cert.alb_test"
          ]
        }
      ]
    },
    {
      "mode": "managed",
      "type": "aws_ecs_task_definition",
      "name": "app",
      "provider": "provider[\"registry.terraform.io/hashicorp/aws\"]",
      "instances": [
        {
          "schema_version": 1,
          "attributes": {
            "arn": "arn:aws:ecs:ap-south-1:949945086246:task-definition/upscpro-stage2-app:8",
            "arn_without_revision": "arn:aws:ecs:ap-south-1:949945086246:task-definition/upscpro-stage2-app",
            "container_definitions": "[{\"environment\":[{\"name\":\"CMS_BASE_URL\",\"value\":\"http://10.2.2.94:1337\"},{\"name\":\"CORS_ORIGINS\",\"value\":\"[\\\"https://stage2.upscpro.laex.in\\\"]\"},{\"name\":\"DATABASE_URL\",\"value\":\"postgresql://upscproStage2User:upscproStage2Password123!@upscpro-stage2-db.c8wrvaeukcp0.ap-south-1.rds.amazonaws.com:5432:5432/upscproStage2DB\"},{\"name\":\"ENVIRONMENT\",\"value\":\"stage2\"},{\"name\":\"HELIOS_SERVER_URL\",\"value\":\"http://localhost:8080\"},{\"name\":\"REDIS_URL\",\"value\":\"postgresql://upscproStage2User:upscproStage2Password123!@upscpro-stage2-db.c8wrvaeukcp0.ap-south-1.rds.amazonaws.com:5432:5432/upscproStage2DB\"}],\"essential\":true,\"healthCheck\":{\"command\":[\"CMD-SHELL\",\"curl -f http://localhost:8000/healthcheck || exit 1\"],\"interval\":30,\"retries\":3,\"startPeriod\":60,\"timeout\":5},\"image\":\"949945086246.dkr.ecr.ap-south-1.amazonaws.com/upscpro-stage2-app:latest\",\"logConfiguration\":{\"logDriver\":\"awslogs\",\"options\":{\"awslogs-region\":\"ap-south-1\",\"awslogs-stream-prefix\":\"app\",\"awslogs-group\":\"/ecs/upscpro-stage2\"}},\"mountPoints\":[],\"name\":\"app\",\"portMappings\":[{\"containerPort\":8000,\"hostPort\":8000,\"protocol\":\"tcp\"}],\"systemControls\":[],\"volumesFrom\":[]},{\"environment\":[{\"name\":\"ENVIRONMENT\",\"value\":\"stage2\"},{\"name\":\"PORT\",\"value\":\"8080\"}],\"essential\":true,\"healthCheck\":{\"command\":[\"CMD-SHELL\",\"curl -f http://localhost:8080/health || exit 1\"],\"interval\":30,\"retries\":3,\"startPeriod\":60,\"timeout\":5},\"image\":\"949945086246.dkr.ecr.ap-south-1.amazonaws.com/upscpro-stage2-helios:latest\",\"logConfiguration\":{\"logDriver\":\"awslogs\",\"options\":{\"awslogs-region\":\"ap-south-1\",\"awslogs-stream-prefix\":\"helios\",\"awslogs-group\":\"/ecs/upscpro-stage2\"}},\"mountPoints\":[],\"name\":\"helios\",\"portMappings\":[{\"containerPort\":8080,\"hostPort\":8080,\"protocol\":\"tcp\"}],\"systemControls\":[],\"volumesFrom\":[]}]",
            "cpu": "256",
            "enable_fault_injection": false,
            "ephemeral_storage": [],
            "execution_role_arn": "arn:aws:iam::949945086246:role/upscpro-stage2-ecs-task-execution-role",
            "family": "upscpro-stage2-app",
            "id": "upscpro-stage2-app",
            "inference_accelerator": [],
            "ipc_mode": "",
            "memory": "512",
            "network_mode": "awsvpc",
            "pid_mode": "",
            "placement_constraints": [],
            "proxy_configuration": [],
            "requires_compatibilities": [
              "FARGATE"
            ],
            "revision": 8,
            "runtime_platform": [],
            "skip_destroy": false,
            "tags": {
              "Name": "upscpro-stage2-app-task"
            },
            "tags_all": {
              "Environment": "stage2",
              "ManagedBy": "terraform",
              "Name": "upscpro-stage2-app-task",
              "Project": "upscpro-stage2"
            },
            "task_role_arn": "arn:aws:iam::949945086246:role/upscpro-stage2-ecs-task-role",
            "track_latest": false,
            "volume": []
          },
          "sensitive_attributes": [
            [
              {
                "type": "get_attr",
                "value": "container_definitions"
              }
            ]
          ],
          "identity_schema_version": 0,
          "private": "eyJzY2hlbWFfdmVyc2lvbiI6IjEifQ==",
          "dependencies": [
            "aws_cloudwatch_log_group.ecs",
            "aws_db_instance.main",
            "aws_db_subnet_group.main",
            "aws_ecr_repository.app",
            "aws_ecr_repository.helios",
            "aws_iam_role.ecs_task_execution_role",
            "aws_iam_role.ecs_task_role",
            "aws_instance.strapi",
            "aws_security_group.alb",
            "aws_security_group.ec2",
            "aws_security_group.ecs",
            "aws_security_group.rds",
            "aws_subnet.private",
            "aws_vpc.main",
            "data.aws_ami.ubuntu",
            "data.aws_availability_zones.available"
          ]
        }
      ]
    },
    {
      "mode": "managed",
      "type": "aws_ecs_task_definition",
      "name": "celery",
      "provider": "provider[\"registry.terraform.io/hashicorp/aws\"]",
      "instances": [
        {
          "schema_version": 1,
          "attributes": {
            "arn": "arn:aws:ecs:ap-south-1:949945086246:task-definition/upscpro-stage2-celery:8",
            "arn_without_revision": "arn:aws:ecs:ap-south-1:949945086246:task-definition/upscpro-stage2-celery",
            "container_definitions": "[{\"command\":[\"celery\",\"-A\",\"src.tasks.celery_tasks\",\"worker\",\"-l\",\"INFO\",\"-E\",\"--concurrency=2\"],\"environment\":[{\"name\":\"CORS_ORIGINS\",\"value\":\"[\\\"https://stage2.upscpro.laex.in\\\"]\"},{\"name\":\"DATABASE_URL\",\"value\":\"postgresql://upscproStage2User:upscproStage2Password123!@upscpro-stage2-db.c8wrvaeukcp0.ap-south-1.rds.amazonaws.com:5432:5432/upscproStage2DB\"},{\"name\":\"ENVIRONMENT\",\"value\":\"stage2\"},{\"name\":\"REDIS_URL\",\"value\":\"postgresql://upscproStage2User:upscproStage2Password123!@upscpro-stage2-db.c8wrvaeukcp0.ap-south-1.rds.amazonaws.com:5432:5432/upscproStage2DB\"}],\"essential\":true,\"healthCheck\":{\"command\":[\"CMD-SHELL\",\"celery -A src.tasks.celery_tasks inspect ping || exit 1\"],\"interval\":60,\"retries\":3,\"startPeriod\":120,\"timeout\":10},\"image\":\"949945086246.dkr.ecr.ap-south-1.amazonaws.com/upscpro-stage2-app:latest\",\"logConfiguration\":{\"logDriver\":\"awslogs\",\"options\":{\"awslogs-region\":\"ap-south-1\",\"awslogs-stream-prefix\":\"celery\",\"awslogs-group\":\"/ecs/upscpro-stage2\"}},\"mountPoints\":[],\"name\":\"celery-worker\",\"portMappings\":[],\"systemControls\":[],\"volumesFrom\":[]}]",
            "cpu": "256",
            "enable_fault_injection": false,
            "ephemeral_storage": [],
            "execution_role_arn": "arn:aws:iam::949945086246:role/upscpro-stage2-ecs-task-execution-role",
            "family": "upscpro-stage2-celery",
            "id": "upscpro-stage2-celery",
            "inference_accelerator": [],
            "ipc_mode": "",
            "memory": "512",
            "network_mode": "awsvpc",
            "pid_mode": "",
            "placement_constraints": [],
            "proxy_configuration": [],
            "requires_compatibilities": [
              "FARGATE"
            ],
            "revision": 8,
            "runtime_platform": [],
            "skip_destroy": false,
            "tags": {
              "Name": "upscpro-stage2-celery-task"
            },
            "tags_all": {
              "Environment": "stage2",
              "ManagedBy": "terraform",
              "Name": "upscpro-stage2-celery-task",
              "Project": "upscpro-stage2"
            },
            "task_role_arn": "arn:aws:iam::949945086246:role/upscpro-stage2-ecs-task-role",
            "track_latest": false,
            "volume": []
          },
          "sensitive_attributes": [
            [
              {
                "type": "get_attr",
                "value": "container_definitions"
              }
            ]
          ],
          "identity_schema_version": 0,
          "private": "eyJzY2hlbWFfdmVyc2lvbiI6IjEifQ==",
          "dependencies": [
            "aws_cloudwatch_log_group.ecs",
            "aws_db_instance.main",
            "aws_db_subnet_group.main",
            "aws_ecr_repository.app",
            "aws_iam_role.ecs_task_execution_role",
            "aws_iam_role.ecs_task_role",
            "aws_security_group.alb",
            "aws_security_group.ec2",
            "aws_security_group.ecs",
            "aws_security_group.rds",
            "aws_subnet.private",
            "aws_vpc.main",
            "data.aws_availability_zones.available"
          ]
        }
      ]
    },
    {
      "mode": "managed",
      "type": "aws_ecs_task_definition",
      "name": "faculty_ui",
      "provider": "provider[\"registry.terraform.io/hashicorp/aws\"]",
      "instances": [
        {
          "schema_version": 1,
          "attributes": {
            "arn": "arn:aws:ecs:ap-south-1:949945086246:task-definition/upscpro-stage2-faculty-ui:9",
            "arn_without_revision": "arn:aws:ecs:ap-south-1:949945086246:task-definition/upscpro-stage2-faculty-ui",
            "container_definitions": "[{\"environment\":[],\"essential\":true,\"healthCheck\":{\"command\":[\"CMD-SHELL\",\"wget --quiet --tries=1 --spider http://localhost/ || exit 1\"],\"interval\":30,\"retries\":3,\"startPeriod\":30,\"timeout\":5},\"image\":\"949945086246.dkr.ecr.ap-south-1.amazonaws.com/upscpro-stage2-faculty-ui:latest\",\"logConfiguration\":{\"logDriver\":\"awslogs\",\"options\":{\"awslogs-region\":\"ap-south-1\",\"awslogs-stream-prefix\":\"faculty-ui\",\"awslogs-group\":\"/ecs/upscpro-stage2\"}},\"mountPoints\":[],\"name\":\"faculty-ui\",\"portMappings\":[{\"containerPort\":80,\"hostPort\":80,\"protocol\":\"tcp\"}],\"systemControls\":[],\"volumesFrom\":[]}]",
            "cpu": "256",
            "enable_fault_injection": false,
            "ephemeral_storage": [],
            "execution_role_arn": "arn:aws:iam::949945086246:role/upscpro-stage2-ecs-task-execution-role",
            "family": "upscpro-stage2-faculty-ui",
            "id": "upscpro-stage2-faculty-ui",
            "inference_accelerator": [],
            "ipc_mode": "",
            "memory": "512",
            "network_mode": "awsvpc",
            "pid_mode": "",
            "placement_constraints": [],
            "proxy_configuration": [],
            "requires_compatibilities": [
              "FARGATE"
            ],
            "revision": 9,
            "runtime_platform": [],
            "skip_destroy": false,
            "tags": {
              "Name": "upscpro-stage2-faculty-ui-task"
            },
            "tags_all": {
              "Environment": "stage2",
              "ManagedBy": "terraform",
              "Name": "upscpro-stage2-faculty-ui-task",
              "Project": "upscpro-stage2"
            },
            "task_role_arn": "arn:aws:iam::949945086246:role/upscpro-stage2-ecs-task-role",
            "track_latest": false,
            "volume": []
          },
          "sensitive_attributes": [],
          "identity_schema_version": 0,
          "private": "eyJzY2hlbWFfdmVyc2lvbiI6IjEifQ==",
          "dependencies": [
            "aws_cloudwatch_log_group.ecs",
            "aws_ecr_repository.faculty_ui",
            "aws_iam_role.ecs_task_execution_role",
            "aws_iam_role.ecs_task_role"
          ]
        }
      ]
    },
    {
      "mode": "managed",
      "type": "aws_ecs_task_definition",
      "name": "frontend",
      "provider": "provider[\"registry.terraform.io/hashicorp/aws\"]",
      "instances": [
        {
          "schema_version": 1,
          "attributes": {
            "arn": "arn:aws:ecs:ap-south-1:949945086246:task-definition/upscpro-stage2-frontend:9",
            "arn_without_revision": "arn:aws:ecs:ap-south-1:949945086246:task-definition/upscpro-stage2-frontend",
            "container_definitions": "[{\"environment\":[],\"essential\":true,\"healthCheck\":{\"command\":[\"CMD-SHELL\",\"wget --quiet --tries=1 --spider http://localhost/ || exit 1\"],\"interval\":30,\"retries\":3,\"startPeriod\":30,\"timeout\":5},\"image\":\"949945086246.dkr.ecr.ap-south-1.amazonaws.com/upscpro-stage2-frontend:latest\",\"logConfiguration\":{\"logDriver\":\"awslogs\",\"options\":{\"awslogs-group\":\"/ecs/upscpro-stage2\",\"awslogs-region\":\"ap-south-1\",\"awslogs-stream-prefix\":\"frontend\"}},\"mountPoints\":[],\"name\":\"frontend\",\"portMappings\":[{\"containerPort\":80,\"hostPort\":80,\"protocol\":\"tcp\"}],\"systemControls\":[],\"volumesFrom\":[]}]",
            "cpu": "256",
            "enable_fault_injection": false,
            "ephemeral_storage": [],
            "execution_role_arn": "arn:aws:iam::949945086246:role/upscpro-stage2-ecs-task-execution-role",
            "family": "upscpro-stage2-frontend",
            "id": "upscpro-stage2-frontend",
            "inference_accelerator": [],
            "ipc_mode": "",
            "memory": "512",
            "network_mode": "awsvpc",
            "pid_mode": "",
            "placement_constraints": [],
            "proxy_configuration": [],
            "requires_compatibilities": [
              "FARGATE"
            ],
            "revision": 9,
            "runtime_platform": [],
            "skip_destroy": false,
            "tags": {
              "Name": "upscpro-stage2-frontend-task"
            },
            "tags_all": {
              "Environment": "stage2",
              "ManagedBy": "terraform",
              "Name": "upscpro-stage2-frontend-task",
              "Project": "upscpro-stage2"
            },
            "task_role_arn": "arn:aws:iam::949945086246:role/upscpro-stage2-ecs-task-role",
            "track_latest": false,
            "volume": []
          },
          "sensitive_attributes": [],
          "identity_schema_version": 0,
          "private": "eyJzY2hlbWFfdmVyc2lvbiI6IjEifQ==",
          "dependencies": [
            "aws_cloudwatch_log_group.ecs",
            "aws_ecr_repository.frontend",
            "aws_iam_role.ecs_task_execution_role",
            "aws_iam_role.ecs_task_role"
          ]
        }
      ]
    },
    {
      "mode": "managed",
      "type": "aws_ecs_task_definition",
      "name": "onboarding_ui",
      "provider": "provider[\"registry.terraform.io/hashicorp/aws\"]",
      "instances": [
        {
          "schema_version": 1,
          "attributes": {
            "arn": "arn:aws:ecs:ap-south-1:949945086246:task-definition/upscpro-stage2-onboarding-ui:9",
            "arn_without_revision": "arn:aws:ecs:ap-south-1:949945086246:task-definition/upscpro-stage2-onboarding-ui",
            "container_definitions": "[{\"environment\":[],\"essential\":true,\"healthCheck\":{\"command\":[\"CMD-SHELL\",\"wget --quiet --tries=1 --spider http://localhost/ || exit 1\"],\"interval\":30,\"retries\":3,\"startPeriod\":30,\"timeout\":5},\"image\":\"949945086246.dkr.ecr.ap-south-1.amazonaws.com/upscpro-stage2-onboarding-ui:latest\",\"logConfiguration\":{\"logDriver\":\"awslogs\",\"options\":{\"awslogs-group\":\"/ecs/upscpro-stage2\",\"awslogs-region\":\"ap-south-1\",\"awslogs-stream-prefix\":\"onboarding-ui\"}},\"mountPoints\":[],\"name\":\"onboarding-ui\",\"portMappings\":[{\"containerPort\":80,\"hostPort\":80,\"protocol\":\"tcp\"}],\"systemControls\":[],\"volumesFrom\":[]}]",
            "cpu": "256",
            "enable_fault_injection": false,
            "ephemeral_storage": [],
            "execution_role_arn": "arn:aws:iam::949945086246:role/upscpro-stage2-ecs-task-execution-role",
            "family": "upscpro-stage2-onboarding-ui",
            "id": "upscpro-stage2-onboarding-ui",
            "inference_accelerator": [],
            "ipc_mode": "",
            "memory": "512",
            "network_mode": "awsvpc",
            "pid_mode": "",
            "placement_constraints": [],
            "proxy_configuration": [],
            "requires_compatibilities": [
              "FARGATE"
            ],
            "revision": 9,
            "runtime_platform": [],
            "skip_destroy": false,
            "tags": {
              "Name": "upscpro-stage2-onboarding-ui-task"
            },
            "tags_all": {
              "Environment": "stage2",
              "ManagedBy": "terraform",
              "Name": "upscpro-stage2-onboarding-ui-task",
              "Project": "upscpro-stage2"
            },
            "task_role_arn": "arn:aws:iam::949945086246:role/upscpro-stage2-ecs-task-role",
            "track_latest": false,
            "volume": []
          },
          "sensitive_attributes": [],
          "identity_schema_version": 0,
          "private": "eyJzY2hlbWFfdmVyc2lvbiI6IjEifQ==",
          "dependencies": [
            "aws_cloudwatch_log_group.ecs",
            "aws_ecr_repository.onboarding_ui",
            "aws_iam_role.ecs_task_execution_role",
            "aws_iam_role.ecs_task_role"
          ]
        }
      ]
    },
    {
      "mode": "managed",
      "type": "aws_eip",
      "name": "nat",
      "provider": "provider[\"registry.terraform.io/hashicorp/aws\"]",
      "instances": [
        {
          "index_key": 0,
          "schema_version": 0,
          "attributes": {
            "address": null,
            "allocation_id": "eipalloc-0fb81b6c46a68d2bb",
            "arn": "arn:aws:ec2:ap-south-1:949945086246:elastic-ip/eipalloc-0fb81b6c46a68d2bb",
            "associate_with_private_ip": null,
            "association_id": "eipassoc-0199e1f10a2e9f1ab",
            "carrier_ip": "",
            "customer_owned_ip": "",
            "customer_owned_ipv4_pool": "",
            "domain": "vpc",
            "id": "eipalloc-0fb81b6c46a68d2bb",
            "instance": "",
            "ipam_pool_id": null,
            "network_border_group": "ap-south-1",
            "network_interface": "eni-0d3e5e6c45ddf72db",
            "private_dns": "ip-10-2-0-122.ap-south-1.compute.internal",
            "private_ip": "10.2.0.122",
            "ptr_record": "",
            "public_dns": "ec2-13-126-2-89.ap-south-1.compute.amazonaws.com",
            "public_ip": "13.126.2.89",
            "public_ipv4_pool": "amazon",
            "tags": {
              "Name": "upscpro-stage2-nat-eip-1"
            },
            "tags_all": {
              "Environment": "stage2",
              "ManagedBy": "terraform",
              "Name": "upscpro-stage2-nat-eip-1",
              "Project": "upscpro-stage2"
            },
            "timeouts": null,
            "vpc": true
          },
          "sensitive_attributes": [],
          "identity_schema_version": 0,
          "private": "eyJlMmJmYjczMC1lY2FhLTExZTYtOGY4OC0zNDM2M2JjN2M0YzAiOnsiZGVsZXRlIjoxODAwMDAwMDAwMDAsInJlYWQiOjkwMDAwMDAwMDAwMCwidXBkYXRlIjozMDAwMDAwMDAwMDB9fQ==",
          "dependencies": [
            "aws_internet_gateway.main",
            "aws_vpc.main"
          ]
        },
        {
          "index_key": 1,
          "schema_version": 0,
          "attributes": {
            "address": null,
            "allocation_id": "eipalloc-044c588887e443436",
            "arn": "arn:aws:ec2:ap-south-1:949945086246:elastic-ip/eipalloc-044c588887e443436",
            "associate_with_private_ip": null,
            "association_id": "eipassoc-0b75eb76122929b67",
            "carrier_ip": "",
            "customer_owned_ip": "",
            "customer_owned_ipv4_pool": "",
            "domain": "vpc",
            "id": "eipalloc-044c588887e443436",
            "instance": "",
            "ipam_pool_id": null,
            "network_border_group": "ap-south-1",
            "network_interface": "eni-06d9df40f046dd6f4",
            "private_dns": "ip-10-2-1-109.ap-south-1.compute.internal",
            "private_ip": "10.2.1.109",
            "ptr_record": "",
            "public_dns": "ec2-13-203-250-198.ap-south-1.compute.amazonaws.com",
            "public_ip": "13.203.250.198",
            "public_ipv4_pool": "amazon",
            "tags": {
              "Name": "upscpro-stage2-nat-eip-2"
            },
            "tags_all": {
              "Environment": "stage2",
              "ManagedBy": "terraform",
              "Name": "upscpro-stage2-nat-eip-2",
              "Project": "upscpro-stage2"
            },
            "timeouts": null,
            "vpc": true
          },
          "sensitive_attributes": [],
          "identity_schema_version": 0,
          "private": "eyJlMmJmYjczMC1lY2FhLTExZTYtOGY4OC0zNDM2M2JjN2M0YzAiOnsiZGVsZXRlIjoxODAwMDAwMDAwMDAsInJlYWQiOjkwMDAwMDAwMDAwMCwidXBkYXRlIjozMDAwMDAwMDAwMDB9fQ==",
          "dependencies": [
            "aws_internet_gateway.main",
            "aws_vpc.main"
          ]
        }
      ]
    },
    {
      "mode": "managed",
      "type": "aws_iam_role",
      "name": "ecs_task_execution_role",
      "provider": "provider[\"registry.terraform.io/hashicorp/aws\"]",
      "instances": [
        {
          "schema_version": 0,
          "attributes": {
            "arn": "arn:aws:iam::949945086246:role/upscpro-stage2-ecs-task-execution-role",
            "assume_role_policy": "{\"Statement\":[{\"Action\":\"sts:AssumeRole\",\"Effect\":\"Allow\",\"Principal\":{\"Service\":\"ecs-tasks.amazonaws.com\"}}],\"Version\":\"2012-10-17\"}",
            "create_date": "2025-10-25T15:55:49Z",
            "description": "",
            "force_detach_policies": false,
            "id": "upscpro-stage2-ecs-task-execution-role",
            "inline_policy": [],
            "managed_policy_arns": [
              "arn:aws:iam::aws:policy/service-role/AmazonECSTaskExecutionRolePolicy"
            ],
            "max_session_duration": 3600,
            "name": "upscpro-stage2-ecs-task-execution-role",
            "name_prefix": "",
            "path": "/",
            "permissions_boundary": "",
            "tags": {
              "Name": "upscpro-stage2-ecs-task-execution-role"
            },
            "tags_all": {
              "Environment": "stage2",
              "ManagedBy": "terraform",
              "Name": "upscpro-stage2-ecs-task-execution-role",
              "Project": "upscpro-stage2"
            },
            "unique_id": "AROA52LJDWETILUVTKVEZ"
          },
          "sensitive_attributes": [],
          "identity_schema_version": 0,
          "private": "bnVsbA=="
        }
      ]
    },
    {
      "mode": "managed",
      "type": "aws_iam_role",
      "name": "ecs_task_role",
      "provider": "provider[\"registry.terraform.io/hashicorp/aws\"]",
      "instances": [
        {
          "schema_version": 0,
          "attributes": {
            "arn": "arn:aws:iam::949945086246:role/upscpro-stage2-ecs-task-role",
            "assume_role_policy": "{\"Statement\":[{\"Action\":\"sts:AssumeRole\",\"Effect\":\"Allow\",\"Principal\":{\"Service\":\"ecs-tasks.amazonaws.com\"}}],\"Version\":\"2012-10-17\"}",
            "create_date": "2025-10-25T15:55:49Z",
            "description": "",
            "force_detach_policies": false,
            "id": "upscpro-stage2-ecs-task-role",
            "inline_policy": [],
            "managed_policy_arns": [],
            "max_session_duration": 3600,
            "name": "upscpro-stage2-ecs-task-role",
            "name_prefix": "",
            "path": "/",
            "permissions_boundary": "",
            "tags": {
              "Name": "upscpro-stage2-ecs-task-role"
            },
            "tags_all": {
              "Environment": "stage2",
              "ManagedBy": "terraform",
              "Name": "upscpro-stage2-ecs-task-role",
              "Project": "upscpro-stage2"
            },
            "unique_id": "AROA52LJDWETMXLXAWI5L"
          },
          "sensitive_attributes": [],
          "identity_schema_version": 0,
          "private": "bnVsbA=="
        }
      ]
    },
    {
      "mode": "managed",
      "type": "aws_iam_role_policy_attachment",
      "name": "ecs_task_execution_role_policy",
      "provider": "provider[\"registry.terraform.io/hashicorp/aws\"]",
      "instances": [
        {
          "schema_version": 0,
          "attributes": {
            "id": "upscpro-stage2-ecs-task-execution-role-20251025155550771300000001",
            "policy_arn": "arn:aws:iam::aws:policy/service-role/AmazonECSTaskExecutionRolePolicy",
            "role": "upscpro-stage2-ecs-task-execution-role"
          },
          "sensitive_attributes": [],
          "identity_schema_version": 0,
          "private": "bnVsbA==",
          "dependencies": [
            "aws_iam_role.ecs_task_execution_role"
          ]
        }
      ]
    },
    {
      "mode": "managed",
      "type": "aws_instance",
      "name": "docker",
      "provider": "provider[\"registry.terraform.io/hashicorp/aws\"]",
      "instances": [
        {
          "index_key": 0,
          "schema_version": 1,
          "attributes": {
            "ami": "ami-087d1c9a513324697",
            "arn": "arn:aws:ec2:ap-south-1:949945086246:instance/i-07de8f288715f3c8e",
            "associate_public_ip_address": true,
            "availability_zone": "ap-south-1a",
            "capacity_reservation_specification": [
              {
                "capacity_reservation_preference": "open",
                "capacity_reservation_target": []
              }
            ],
            "cpu_core_count": 1,
            "cpu_options": [
              {
                "amd_sev_snp": "",
                "core_count": 1,
                "threads_per_core": 2
              }
            ],
            "cpu_threads_per_core": 2,
            "credit_specification": [
              {
                "cpu_credits": "unlimited"
              }
            ],
            "disable_api_stop": false,
            "disable_api_termination": false,
            "ebs_block_device": [],
            "ebs_optimized": false,
            "enable_primary_ipv6": null,
            "enclave_options": [
              {
                "enabled": false
              }
            ],
            "ephemeral_block_device": [],
            "get_password_data": false,
            "hibernation": false,
            "host_id": "",
            "host_resource_group_arn": null,
            "iam_instance_profile": "",
            "id": "i-07de8f288715f3c8e",
            "instance_initiated_shutdown_behavior": "stop",
            "instance_lifecycle": "",
            "instance_market_options": [],
            "instance_state": "running",
            "instance_type": "t3.large",
            "ipv6_address_count": 0,
            "ipv6_addresses": [],
            "key_name": "upscAppAwsKey-new",
            "launch_template": [],
            "maintenance_options": [
              {
                "auto_recovery": "default"
              }
            ],
            "metadata_options": [
              {
                "http_endpoint": "enabled",
                "http_protocol_ipv6": "disabled",
                "http_put_response_hop_limit": 1,
                "http_tokens": "optional",
                "instance_metadata_tags": "disabled"
              }
            ],
            "monitoring": false,
            "network_interface": [],
            "outpost_arn": "",
            "password_data": "",
            "placement_group": "",
            "placement_partition_number": 0,
            "primary_network_interface_id": "eni-0f60bfc785c60822c",
            "private_dns": "ip-10-2-0-178.ap-south-1.compute.internal",
            "private_dns_name_options": [
              {
                "enable_resource_name_dns_a_record": false,
                "enable_resource_name_dns_aaaa_record": false,
                "hostname_type": "ip-name"
              }
            ],
            "private_ip": "10.2.0.178",
            "public_dns": "ec2-43-204-36-154.ap-south-1.compute.amazonaws.com",
            "public_ip": "43.204.36.154",
            "root_block_device": [
              {
                "delete_on_termination": true,
                "device_name": "/dev/sda1",
                "encrypted": true,
                "iops": 3000,
                "kms_key_id": "arn:aws:kms:ap-south-1:949945086246:key/cdbe3e08-d78d-46c7-9d34-bec79c070b2a",
                "tags": null,
                "tags_all": {
                  "Environment": "stage2",
                  "ManagedBy": "terraform",
                  "Project": "upscpro-stage2"
                },
                "throughput": 125,
                "volume_id": "vol-0cde727273108b3f8",
                "volume_size": 30,
                "volume_type": "gp3"
              }
            ],
            "secondary_private_ips": [],
            "security_groups": [],
            "source_dest_check": true,
            "spot_instance_request_id": "",
            "subnet_id": "subnet-0a4efe17b2e95ab83",
            "tags": {
              "Name": "upscpro-stage2-docker",
              "Type": "docker"
            },
            "tags_all": {
              "Environment": "stage2",
              "ManagedBy": "terraform",
              "Name": "upscpro-stage2-docker",
              "Project": "upscpro-stage2",
              "Type": "docker"
            },
            "tenancy": "default",
            "timeouts": null,
            "user_data": "dc0b0dff131bf24d290a880884ab999e22769802",
            "user_data_base64": null,
            "user_data_replace_on_change": false,
            "volume_tags": null,
            "vpc_security_group_ids": [
              "sg-0b7774959a6491fb2"
            ]
          },
          "sensitive_attributes": [
            [
              {
                "type": "get_attr",
                "value": "user_data"
              }
            ]
          ],
          "identity_schema_version": 0,
          "private": "eyJlMmJmYjczMC1lY2FhLTExZTYtOGY4OC0zNDM2M2JjN2M0YzAiOnsiY3JlYXRlIjo2MDAwMDAwMDAwMDAsImRlbGV0ZSI6MTIwMDAwMDAwMDAwMCwicmVhZCI6OTAwMDAwMDAwMDAwLCJ1cGRhdGUiOjYwMDAwMDAwMDAwMH0sInNjaGVtYV92ZXJzaW9uIjoiMSJ9",
          "dependencies": [
            "aws_db_instance.main",
            "aws_db_subnet_group.main",
            "aws_instance.strapi",
            "aws_lb.main",
            "aws_security_group.alb",
            "aws_security_group.ec2",
            "aws_security_group.ecs",
            "aws_security_group.rds",
            "aws_subnet.private",
            "aws_subnet.public",
            "aws_vpc.main",
            "data.aws_ami.ubuntu",
            "data.aws_availability_zones.available"
          ]
        }
      ]
    },
    {
      "mode": "managed",
      "type": "aws_instance",
      "name": "strapi",
      "provider": "provider[\"registry.terraform.io/hashicorp/aws\"]",
      "instances": [
        {
          "index_key": 0,
          "schema_version": 1,
          "attributes": {
            "ami": "ami-087d1c9a513324697",
            "arn": "arn:aws:ec2:ap-south-1:949945086246:instance/i-0486f87de5b5622ae",
            "associate_public_ip_address": false,
            "availability_zone": "ap-south-1a",
            "capacity_reservation_specification": [
              {
                "capacity_reservation_preference": "open",
                "capacity_reservation_target": []
              }
            ],
            "cpu_core_count": 1,
            "cpu_options": [
              {
                "amd_sev_snp": "",
                "core_count": 1,
                "threads_per_core": 2
              }
            ],
            "cpu_threads_per_core": 2,
            "credit_specification": [
              {
                "cpu_credits": "unlimited"
              }
            ],
            "disable_api_stop": false,
            "disable_api_termination": false,
            "ebs_block_device": [],
            "ebs_optimized": false,
            "enable_primary_ipv6": null,
            "enclave_options": [
              {
                "enabled": false
              }
            ],
            "ephemeral_block_device": [],
            "get_password_data": false,
            "hibernation": false,
            "host_id": "",
            "host_resource_group_arn": null,
            "iam_instance_profile": "",
            "id": "i-0486f87de5b5622ae",
            "instance_initiated_shutdown_behavior": "stop",
            "instance_lifecycle": "",
            "instance_market_options": [],
            "instance_state": "running",
            "instance_type": "t3.medium",
            "ipv6_address_count": 0,
            "ipv6_addresses": [],
            "key_name": "upscAppAwsKey-new",
            "launch_template": [],
            "maintenance_options": [
              {
                "auto_recovery": "default"
              }
            ],
            "metadata_options": [
              {
                "http_endpoint": "enabled",
                "http_protocol_ipv6": "disabled",
                "http_put_response_hop_limit": 1,
                "http_tokens": "optional",
                "instance_metadata_tags": "disabled"
              }
            ],
            "monitoring": false,
            "network_interface": [],
            "outpost_arn": "",
            "password_data": "",
            "placement_group": "",
            "placement_partition_number": 0,
            "primary_network_interface_id": "eni-01fc25a77c0274fe7",
            "private_dns": "ip-10-2-2-94.ap-south-1.compute.internal",
            "private_dns_name_options": [
              {
                "enable_resource_name_dns_a_record": false,
                "enable_resource_name_dns_aaaa_record": false,
                "hostname_type": "ip-name"
              }
            ],
            "private_ip": "10.2.2.94",
            "public_dns": "",
            "public_ip": "",
            "root_block_device": [
              {
                "delete_on_termination": true,
                "device_name": "/dev/sda1",
                "encrypted": true,
                "iops": 3000,
                "kms_key_id": "arn:aws:kms:ap-south-1:949945086246:key/cdbe3e08-d78d-46c7-9d34-bec79c070b2a",
                "tags": {},
                "tags_all": {
                  "Environment": "stage2",
                  "ManagedBy": "terraform",
                  "Project": "upscpro-stage2"
                },
                "throughput": 125,
                "volume_id": "vol-0e0dff5cccd5d02ff",
                "volume_size": 20,
                "volume_type": "gp3"
              }
            ],
            "secondary_private_ips": [],
            "security_groups": [],
            "source_dest_check": true,
            "spot_instance_request_id": "",
            "subnet_id": "subnet-00c5c4be539481f78",
            "tags": {
              "Name": "upscpro-stage2-strapi",
              "Type": "strapi"
            },
            "tags_all": {
              "Environment": "stage2",
              "ManagedBy": "terraform",
              "Name": "upscpro-stage2-strapi",
              "Project": "upscpro-stage2",
              "Type": "strapi"
            },
            "tenancy": "default",
            "timeouts": null,
            "user_data": "78471cb65311146e75a4cd7637fb67fc895d6d32",
            "user_data_base64": null,
            "user_data_replace_on_change": false,
            "volume_tags": null,
            "vpc_security_group_ids": [
              "sg-0b7774959a6491fb2"
            ]
          },
          "sensitive_attributes": [
            [
              {
                "type": "get_attr",
                "value": "user_data"
              }
            ]
          ],
          "identity_schema_version": 0,
          "private": "eyJlMmJmYjczMC1lY2FhLTExZTYtOGY4OC0zNDM2M2JjN2M0YzAiOnsiY3JlYXRlIjo2MDAwMDAwMDAwMDAsImRlbGV0ZSI6MTIwMDAwMDAwMDAwMCwicmVhZCI6OTAwMDAwMDAwMDAwLCJ1cGRhdGUiOjYwMDAwMDAwMDAwMH0sInNjaGVtYV92ZXJzaW9uIjoiMSJ9",
          "dependencies": [
            "aws_security_group.alb",
            "aws_security_group.ec2",
            "aws_subnet.private",
            "aws_vpc.main",
            "data.aws_ami.ubuntu",
            "data.aws_availability_zones.available"
          ]
        }
      ]
    },
    {
      "mode": "managed",
      "type": "aws_internet_gateway",
      "name": "main",
      "provider": "provider[\"registry.terraform.io/hashicorp/aws\"]",
      "instances": [
        {
          "schema_version": 0,
          "attributes": {
            "arn": "arn:aws:ec2:ap-south-1:949945086246:internet-gateway/igw-086615262e28567cf",
            "id": "igw-086615262e28567cf",
            "owner_id": "949945086246",
            "tags": {
              "Name": "upscpro-stage2-igw"
            },
            "tags_all": {
              "Environment": "stage2",
              "ManagedBy": "terraform",
              "Name": "upscpro-stage2-igw",
              "Project": "upscpro-stage2"
            },
            "timeouts": null,
            "vpc_id": "vpc-06644a03e910b9008"
          },
          "sensitive_attributes": [],
          "identity_schema_version": 0,
          "private": "eyJlMmJmYjczMC1lY2FhLTExZTYtOGY4OC0zNDM2M2JjN2M0YzAiOnsiY3JlYXRlIjoxMjAwMDAwMDAwMDAwLCJkZWxldGUiOjEyMDAwMDAwMDAwMDAsInVwZGF0ZSI6MTIwMDAwMDAwMDAwMH19",
          "dependencies": [
            "aws_vpc.main"
          ]
        }
      ]
    },
    {
      "mode": "managed",
      "type": "aws_lb",
      "name": "main",
      "provider": "provider[\"registry.terraform.io/hashicorp/aws\"]",
      "instances": [
        {
          "schema_version": 0,
          "attributes": {
            "access_logs": [
              {
                "bucket": "",
                "enabled": false,
                "prefix": ""
              }
            ],
            "arn": "arn:aws:elasticloadbalancing:ap-south-1:949945086246:loadbalancer/app/upscpro-stage2-alb/137a30eb0a458650",
            "arn_suffix": "app/upscpro-stage2-alb/137a30eb0a458650",
            "client_keep_alive": 3600,
            "connection_logs": [
              {
                "bucket": "",
                "enabled": false,
                "prefix": ""
              }
            ],
            "customer_owned_ipv4_pool": "",
            "desync_mitigation_mode": "defensive",
            "dns_name": "upscpro-stage2-alb-1379586870.ap-south-1.elb.amazonaws.com",
            "dns_record_client_routing_policy": null,
            "drop_invalid_header_fields": false,
            "enable_cross_zone_load_balancing": true,
            "enable_deletion_protection": false,
            "enable_http2": true,
            "enable_tls_version_and_cipher_suite_headers": false,
            "enable_waf_fail_open": false,
            "enable_xff_client_port": false,
            "enable_zonal_shift": false,
            "enforce_security_group_inbound_rules_on_private_link_traffic": "",
            "id": "arn:aws:elasticloadbalancing:ap-south-1:949945086246:loadbalancer/app/upscpro-stage2-alb/137a30eb0a458650",
            "idle_timeout": 60,
            "internal": false,
            "ip_address_type": "ipv4",
            "ipam_pools": [],
            "load_balancer_type": "application",
            "minimum_load_balancer_capacity": [],
            "name": "upscpro-stage2-alb",
            "name_prefix": "",
            "preserve_host_header": false,
            "security_groups": [
              "sg-0087c0a131f8f1c4e"
            ],
            "subnet_mapping": [
              {
                "allocation_id": "",
                "ipv6_address": "",
                "outpost_id": "",
                "private_ipv4_address": "",
                "subnet_id": "subnet-0a4efe17b2e95ab83"
              },
              {
                "allocation_id": "",
                "ipv6_address": "",
                "outpost_id": "",
                "private_ipv4_address": "",
                "subnet_id": "subnet-0df7c0ff5ec3c031f"
              }
            ],
            "subnets": [
              "subnet-0a4efe17b2e95ab83",
              "subnet-0df7c0ff5ec3c031f"
            ],
            "tags": {
              "Name": "upscpro-stage2-alb"
            },
            "tags_all": {
              "Environment": "stage2",
              "ManagedBy": "terraform",
              "Name": "upscpro-stage2-alb",
              "Project": "upscpro-stage2"
            },
            "timeouts": null,
            "vpc_id": "vpc-06644a03e910b9008",
            "xff_header_processing_mode": "append",
            "zone_id": "ZP97RAFLXTNZK"
          },
          "sensitive_attributes": [],
          "identity_schema_version": 0,
          "private": "eyJlMmJmYjczMC1lY2FhLTExZTYtOGY4OC0zNDM2M2JjN2M0YzAiOnsiY3JlYXRlIjo2MDAwMDAwMDAwMDAsImRlbGV0ZSI6NjAwMDAwMDAwMDAwLCJ1cGRhdGUiOjYwMDAwMDAwMDAwMH19",
          "dependencies": [
            "aws_security_group.alb",
            "aws_subnet.public",
            "aws_vpc.main",
            "data.aws_availability_zones.available"
          ]
        }
      ]
    },
    {
      "mode": "managed",
      "type": "aws_lb_listener",
      "name": "main",
      "provider": "provider[\"registry.terraform.io/hashicorp/aws\"]",
      "instances": [
        {
          "index_key": 0,
          "schema_version": 0,
          "attributes": {
            "alpn_policy": null,
            "arn": "arn:aws:elasticloadbalancing:ap-south-1:949945086246:listener/app/upscpro-stage2-alb/137a30eb0a458650/69d927cbabdcd3ce",
            "certificate_arn": "arn:aws:acm:ap-south-1:949945086246:certificate/a06b3042-396f-435f-8a22-3f0570920bd8",
            "default_action": [
              {
                "authenticate_cognito": [],
                "authenticate_oidc": [],
                "fixed_response": [],
                "forward": [],
                "order": 1,
                "redirect": [],
                "target_group_arn": "arn:aws:elasticloadbalancing:ap-south-1:949945086246:targetgroup/upscpro-stage2-frontend-tg/4cddb16b0f0134ba",
                "type": "forward"
              }
            ],
            "id": "arn:aws:elasticloadbalancing:ap-south-1:949945086246:listener/app/upscpro-stage2-alb/137a30eb0a458650/69d927cbabdcd3ce",
            "load_balancer_arn": "arn:aws:elasticloadbalancing:ap-south-1:949945086246:loadbalancer/app/upscpro-stage2-alb/137a30eb0a458650",
            "mutual_authentication": [
              {
                "advertise_trust_store_ca_names": "",
                "ignore_client_certificate_expiry": false,
                "mode": "off",
                "trust_store_arn": ""
              }
            ],
            "port": 443,
            "protocol": "HTTPS",
            "routing_http_request_x_amzn_mtls_clientcert_header_name": "",
            "routing_http_request_x_amzn_mtls_clientcert_issuer_header_name": "",
            "routing_http_request_x_amzn_mtls_clientcert_leaf_header_name": "",
            "routing_http_request_x_amzn_mtls_clientcert_serial_number_header_name": "",
            "routing_http_request_x_amzn_mtls_clientcert_subject_header_name": "",
            "routing_http_request_x_amzn_mtls_clientcert_validity_header_name": "",
            "routing_http_request_x_amzn_tls_cipher_suite_header_name": "",
            "routing_http_request_x_amzn_tls_version_header_name": "",
            "routing_http_response_access_control_allow_credentials_header_value": "",
            "routing_http_response_access_control_allow_headers_header_value": "",
            "routing_http_response_access_control_allow_methods_header_value": "",
            "routing_http_response_access_control_allow_origin_header_value": "",
            "routing_http_response_access_control_expose_headers_header_value": "",
            "routing_http_response_access_control_max_age_header_value": "",
            "routing_http_response_content_security_policy_header_value": "",
            "routing_http_response_server_enabled": true,
            "routing_http_response_strict_transport_security_header_value": "",
            "routing_http_response_x_content_type_options_header_value": "",
            "routing_http_response_x_frame_options_header_value": "",
            "ssl_policy": "ELBSecurityPolicy-TLS-1-2-2017-01",
            "tags": {},
            "tags_all": {
              "Environment": "stage2",
              "ManagedBy": "terraform",
              "Project": "upscpro-stage2"
            },
            "tcp_idle_timeout_seconds": null,
            "timeouts": null
          },
          "sensitive_attributes": [],
          "identity_schema_version": 0,
          "private": "eyJlMmJmYjczMC1lY2FhLTExZTYtOGY4OC0zNDM2M2JjN2M0YzAiOnsiY3JlYXRlIjozMDAwMDAwMDAwMDAsInVwZGF0ZSI6MzAwMDAwMDAwMDAwfX0=",
          "dependencies": [
            "aws_acm_certificate.alb_test",
            "aws_acm_certificate.main",
            "aws_lb.main",
            "aws_lb_target_group.frontend",
            "aws_security_group.alb",
            "aws_subnet.public",
            "aws_vpc.main",
            "data.aws_availability_zones.available",
            "tls_private_key.alb_test",
            "tls_self_signed_cert.alb_test"
          ]
        }
      ]
    },
    {
      "mode": "managed",
      "type": "aws_lb_listener_rule",
      "name": "faculty_ui",
      "provider": "provider[\"registry.terraform.io/hashicorp/aws\"]",
      "instances": [
        {
          "index_key": 0,
          "schema_version": 0,
          "attributes": {
            "action": [
              {
                "authenticate_cognito": [],
                "authenticate_oidc": [],
                "fixed_response": [],
                "forward": [],
                "order": 1,
                "redirect": [],
                "target_group_arn": "arn:aws:elasticloadbalancing:ap-south-1:949945086246:targetgroup/upscpro-stage2-faculty-ui-tg/fa2f31e8da202de6",
                "type": "forward"
              }
            ],
            "arn": "arn:aws:elasticloadbalancing:ap-south-1:949945086246:listener-rule/app/upscpro-stage2-alb/137a30eb0a458650/69d927cbabdcd3ce/4f4ce88cbf015755",
            "condition": [
              {
                "host_header": [],
                "http_header": [],
                "http_request_method": [],
                "path_pattern": [
                  {
                    "values": [
                      "/faculty*"
                    ]
                  }
                ],
                "query_string": [],
                "source_ip": []
              }
            ],
            "id": "arn:aws:elasticloadbalancing:ap-south-1:949945086246:listener-rule/app/upscpro-stage2-alb/137a30eb0a458650/69d927cbabdcd3ce/4f4ce88cbf015755",
            "listener_arn": "arn:aws:elasticloadbalancing:ap-south-1:949945086246:listener/app/upscpro-stage2-alb/137a30eb0a458650/69d927cbabdcd3ce",
            "priority": 101,
            "tags": {},
            "tags_all": {
              "Environment": "stage2",
              "ManagedBy": "terraform",
              "Project": "upscpro-stage2"
            }
          },
          "sensitive_attributes": [],
          "identity_schema_version": 0,
          "private": "bnVsbA==",
          "dependencies": [
            "aws_acm_certificate.alb_test",
            "aws_acm_certificate.main",
            "aws_lb.main",
            "aws_lb_listener.main",
            "aws_lb_target_group.faculty_ui",
            "aws_lb_target_group.frontend",
            "aws_security_group.alb",
            "aws_subnet.public",
            "aws_vpc.main",
            "data.aws_availability_zones.available",
            "tls_private_key.alb_test",
            "tls_self_signed_cert.alb_test"
          ]
        }
      ]
    },
    {
      "mode": "managed",
      "type": "aws_lb_listener_rule",
      "name": "onboarding_ui",
      "provider": "provider[\"registry.terraform.io/hashicorp/aws\"]",
      "instances": [
        {
          "index_key": 0,
          "schema_version": 0,
          "attributes": {
            "action": [
              {
                "authenticate_cognito": [],
                "authenticate_oidc": [],
                "fixed_response": [],
                "forward": [],
                "order": 1,
                "redirect": [],
                "target_group_arn": "arn:aws:elasticloadbalancing:ap-south-1:949945086246:targetgroup/upscpro-stage2-onboarding-ui-tg/2eb05d6f4037e8eb",
                "type": "forward"
              }
            ],
            "arn": "arn:aws:elasticloadbalancing:ap-south-1:949945086246:listener-rule/app/upscpro-stage2-alb/137a30eb0a458650/69d927cbabdcd3ce/1e8b98f443e5fc47",
            "condition": [
              {
                "host_header": [],
                "http_header": [],
                "http_request_method": [],
                "path_pattern": [
                  {
                    "values": [
                      "/onboarding*"
                    ]
                  }
                ],
                "query_string": [],
                "source_ip": []
              }
            ],
            "id": "arn:aws:elasticloadbalancing:ap-south-1:949945086246:listener-rule/app/upscpro-stage2-alb/137a30eb0a458650/69d927cbabdcd3ce/1e8b98f443e5fc47",
            "listener_arn": "arn:aws:elasticloadbalancing:ap-south-1:949945086246:listener/app/upscpro-stage2-alb/137a30eb0a458650/69d927cbabdcd3ce",
            "priority": 100,
            "tags": {},
            "tags_all": {
              "Environment": "stage2",
              "ManagedBy": "terraform",
              "Project": "upscpro-stage2"
            }
          },
          "sensitive_attributes": [],
          "identity_schema_version": 0,
          "private": "bnVsbA==",
          "dependencies": [
            "aws_acm_certificate.alb_test",
            "aws_acm_certificate.main",
            "aws_lb.main",
            "aws_lb_listener.main",
            "aws_lb_target_group.frontend",
            "aws_lb_target_group.onboarding_ui",
            "aws_security_group.alb",
            "aws_subnet.public",
            "aws_vpc.main",
            "data.aws_availability_zones.available",
            "tls_private_key.alb_test",
            "tls_self_signed_cert.alb_test"
          ]
        }
      ]
    },
    {
      "mode": "managed",
      "type": "aws_lb_target_group",
      "name": "faculty_ui",
      "provider": "provider[\"registry.terraform.io/hashicorp/aws\"]",
      "instances": [
        {
          "schema_version": 0,
          "attributes": {
            "arn": "arn:aws:elasticloadbalancing:ap-south-1:949945086246:targetgroup/upscpro-stage2-faculty-ui-tg/fa2f31e8da202de6",
            "arn_suffix": "targetgroup/upscpro-stage2-faculty-ui-tg/fa2f31e8da202de6",
            "connection_termination": null,
            "deregistration_delay": "300",
            "health_check": [
              {
                "enabled": true,
                "healthy_threshold": 2,
                "interval": 30,
                "matcher": "200",
                "path": "/",
                "port": "traffic-port",
                "protocol": "HTTP",
                "timeout": 5,
                "unhealthy_threshold": 2
              }
            ],
            "id": "arn:aws:elasticloadbalancing:ap-south-1:949945086246:targetgroup/upscpro-stage2-faculty-ui-tg/fa2f31e8da202de6",
            "ip_address_type": "ipv4",
            "lambda_multi_value_headers_enabled": false,
            "load_balancer_arns": [
              "arn:aws:elasticloadbalancing:ap-south-1:949945086246:loadbalancer/app/upscpro-stage2-alb/137a30eb0a458650"
            ],
            "load_balancing_algorithm_type": "round_robin",
            "load_balancing_anomaly_mitigation": "off",
            "load_balancing_cross_zone_enabled": "use_load_balancer_configuration",
            "name": "upscpro-stage2-faculty-ui-tg",
            "name_prefix": "",
            "port": 80,
            "preserve_client_ip": null,
            "protocol": "HTTP",
            "protocol_version": "HTTP1",
            "proxy_protocol_v2": false,
            "slow_start": 0,
            "stickiness": [
              {
                "cookie_duration": 86400,
                "cookie_name": "",
                "enabled": false,
                "type": "lb_cookie"
              }
            ],
            "tags": {
              "Name": "upscpro-stage2-faculty-ui-tg"
            },
            "tags_all": {
              "Environment": "stage2",
              "ManagedBy": "terraform",
              "Name": "upscpro-stage2-faculty-ui-tg",
              "Project": "upscpro-stage2"
            },
            "target_failover": [
              {
                "on_deregistration": null,
                "on_unhealthy": null
              }
            ],
            "target_group_health": [
              {
                "dns_failover": [
                  {
                    "minimum_healthy_targets_count": "1",
                    "minimum_healthy_targets_percentage": "off"
                  }
                ],
                "unhealthy_state_routing": [
                  {
                    "minimum_healthy_targets_count": 1,
                    "minimum_healthy_targets_percentage": "off"
                  }
                ]
              }
            ],
            "target_health_state": [
              {
                "enable_unhealthy_connection_termination": null,
                "unhealthy_draining_interval": null
              }
            ],
            "target_type": "ip",
            "vpc_id": "vpc-06644a03e910b9008"
          },
          "sensitive_attributes": [],
          "identity_schema_version": 0,
          "private": "bnVsbA==",
          "dependencies": [
            "aws_vpc.main"
          ]
        }
      ]
    },
    {
      "mode": "managed",
      "type": "aws_lb_target_group",
      "name": "frontend",
      "provider": "provider[\"registry.terraform.io/hashicorp/aws\"]",
      "instances": [
        {
          "schema_version": 0,
          "attributes": {
            "arn": "arn:aws:elasticloadbalancing:ap-south-1:949945086246:targetgroup/upscpro-stage2-frontend-tg/4cddb16b0f0134ba",
            "arn_suffix": "targetgroup/upscpro-stage2-frontend-tg/4cddb16b0f0134ba",
            "connection_termination": null,
            "deregistration_delay": "300",
            "health_check": [
              {
                "enabled": true,
                "healthy_threshold": 2,
                "interval": 30,
                "matcher": "200",
                "path": "/",
                "port": "traffic-port",
                "protocol": "HTTP",
                "timeout": 5,
                "unhealthy_threshold": 2
              }
            ],
            "id": "arn:aws:elasticloadbalancing:ap-south-1:949945086246:targetgroup/upscpro-stage2-frontend-tg/4cddb16b0f0134ba",
            "ip_address_type": "ipv4",
            "lambda_multi_value_headers_enabled": false,
            "load_balancer_arns": [
              "arn:aws:elasticloadbalancing:ap-south-1:949945086246:loadbalancer/app/upscpro-stage2-alb/137a30eb0a458650"
            ],
            "load_balancing_algorithm_type": "round_robin",
            "load_balancing_anomaly_mitigation": "off",
            "load_balancing_cross_zone_enabled": "use_load_balancer_configuration",
            "name": "upscpro-stage2-frontend-tg",
            "name_prefix": "",
            "port": 80,
            "preserve_client_ip": null,
            "protocol": "HTTP",
            "protocol_version": "HTTP1",
            "proxy_protocol_v2": false,
            "slow_start": 0,
            "stickiness": [
              {
                "cookie_duration": 86400,
                "cookie_name": "",
                "enabled": false,
                "type": "lb_cookie"
              }
            ],
            "tags": {
              "Name": "upscpro-stage2-frontend-tg"
            },
            "tags_all": {
              "Environment": "stage2",
              "ManagedBy": "terraform",
              "Name": "upscpro-stage2-frontend-tg",
              "Project": "upscpro-stage2"
            },
            "target_failover": [
              {
                "on_deregistration": null,
                "on_unhealthy": null
              }
            ],
            "target_group_health": [
              {
                "dns_failover": [
                  {
                    "minimum_healthy_targets_count": "1",
                    "minimum_healthy_targets_percentage": "off"
                  }
                ],
                "unhealthy_state_routing": [
                  {
                    "minimum_healthy_targets_count": 1,
                    "minimum_healthy_targets_percentage": "off"
                  }
                ]
              }
            ],
            "target_health_state": [
              {
                "enable_unhealthy_connection_termination": null,
                "unhealthy_draining_interval": null
              }
            ],
            "target_type": "ip",
            "vpc_id": "vpc-06644a03e910b9008"
          },
          "sensitive_attributes": [],
          "identity_schema_version": 0,
          "private": "bnVsbA==",
          "dependencies": [
            "aws_vpc.main"
          ]
        }
      ]
    },
    {
      "mode": "managed",
      "type": "aws_lb_target_group",
      "name": "onboarding_ui",
      "provider": "provider[\"registry.terraform.io/hashicorp/aws\"]",
      "instances": [
        {
          "schema_version": 0,
          "attributes": {
            "arn": "arn:aws:elasticloadbalancing:ap-south-1:949945086246:targetgroup/upscpro-stage2-onboarding-ui-tg/2eb05d6f4037e8eb",
            "arn_suffix": "targetgroup/upscpro-stage2-onboarding-ui-tg/2eb05d6f4037e8eb",
            "connection_termination": null,
            "deregistration_delay": "300",
            "health_check": [
              {
                "enabled": true,
                "healthy_threshold": 2,
                "interval": 30,
                "matcher": "200",
                "path": "/",
                "port": "traffic-port",
                "protocol": "HTTP",
                "timeout": 5,
                "unhealthy_threshold": 2
              }
            ],
            "id": "arn:aws:elasticloadbalancing:ap-south-1:949945086246:targetgroup/upscpro-stage2-onboarding-ui-tg/2eb05d6f4037e8eb",
            "ip_address_type": "ipv4",
            "lambda_multi_value_headers_enabled": false,
            "load_balancer_arns": [
              "arn:aws:elasticloadbalancing:ap-south-1:949945086246:loadbalancer/app/upscpro-stage2-alb/137a30eb0a458650"
            ],
            "load_balancing_algorithm_type": "round_robin",
            "load_balancing_anomaly_mitigation": "off",
            "load_balancing_cross_zone_enabled": "use_load_balancer_configuration",
            "name": "upscpro-stage2-onboarding-ui-tg",
            "name_prefix": "",
            "port": 80,
            "preserve_client_ip": null,
            "protocol": "HTTP",
            "protocol_version": "HTTP1",
            "proxy_protocol_v2": false,
            "slow_start": 0,
            "stickiness": [
              {
                "cookie_duration": 86400,
                "cookie_name": "",
                "enabled": false,
                "type": "lb_cookie"
              }
            ],
            "tags": {
              "Name": "upscpro-stage2-onboarding-ui-tg"
            },
            "tags_all": {
              "Environment": "stage2",
              "ManagedBy": "terraform",
              "Name": "upscpro-stage2-onboarding-ui-tg",
              "Project": "upscpro-stage2"
            },
            "target_failover": [
              {
                "on_deregistration": null,
                "on_unhealthy": null
              }
            ],
            "target_group_health": [
              {
                "dns_failover": [
                  {
                    "minimum_healthy_targets_count": "1",
                    "minimum_healthy_targets_percentage": "off"
                  }
                ],
                "unhealthy_state_routing": [
                  {
                    "minimum_healthy_targets_count": 1,
                    "minimum_healthy_targets_percentage": "off"
                  }
                ]
              }
            ],
            "target_health_state": [
              {
                "enable_unhealthy_connection_termination": null,
                "unhealthy_draining_interval": null
              }
            ],
            "target_type": "ip",
            "vpc_id": "vpc-06644a03e910b9008"
          },
          "sensitive_attributes": [],
          "identity_schema_version": 0,
          "private": "bnVsbA==",
          "dependencies": [
            "aws_vpc.main"
          ]
        }
      ]
    },
    {
      "mode": "managed",
      "type": "aws_nat_gateway",
      "name": "main",
      "provider": "provider[\"registry.terraform.io/hashicorp/aws\"]",
      "instances": [
        {
          "index_key": 0,
          "schema_version": 0,
          "attributes": {
            "allocation_id": "eipalloc-0fb81b6c46a68d2bb",
            "association_id": "eipassoc-0199e1f10a2e9f1ab",
            "connectivity_type": "public",
            "id": "nat-0f398988f7f06aa3e",
            "network_interface_id": "eni-0d3e5e6c45ddf72db",
            "private_ip": "10.2.0.122",
            "public_ip": "13.126.2.89",
            "secondary_allocation_ids": [],
            "secondary_private_ip_address_count": 0,
            "secondary_private_ip_addresses": [],
            "subnet_id": "subnet-0a4efe17b2e95ab83",
            "tags": {
              "Name": "upscpro-stage2-nat-gateway-1"
            },
            "tags_all": {
              "Environment": "stage2",
              "ManagedBy": "terraform",
              "Name": "upscpro-stage2-nat-gateway-1",
              "Project": "upscpro-stage2"
            },
            "timeouts": null
          },
          "sensitive_attributes": [],
          "identity_schema_version": 0,
          "private": "eyJlMmJmYjczMC1lY2FhLTExZTYtOGY4OC0zNDM2M2JjN2M0YzAiOnsiY3JlYXRlIjo2MDAwMDAwMDAwMDAsImRlbGV0ZSI6MTgwMDAwMDAwMDAwMCwidXBkYXRlIjo2MDAwMDAwMDAwMDB9fQ==",
          "dependencies": [
            "aws_eip.nat",
            "aws_internet_gateway.main",
            "aws_subnet.public",
            "aws_vpc.main",
            "data.aws_availability_zones.available"
          ]
        },
        {
          "index_key": 1,
          "schema_version": 0,
          "attributes": {
            "allocation_id": "eipalloc-044c588887e443436",
            "association_id": "eipassoc-0b75eb76122929b67",
            "connectivity_type": "public",
            "id": "nat-09bdd27f910468119",
            "network_interface_id": "eni-06d9df40f046dd6f4",
            "private_ip": "10.2.1.109",
            "public_ip": "13.203.250.198",
            "secondary_allocation_ids": [],
            "secondary_private_ip_address_count": 0,
            "secondary_private_ip_addresses": [],
            "subnet_id": "subnet-0df7c0ff5ec3c031f",
            "tags": {
              "Name": "upscpro-stage2-nat-gateway-2"
            },
            "tags_all": {
              "Environment": "stage2",
              "ManagedBy": "terraform",
              "Name": "upscpro-stage2-nat-gateway-2",
              "Project": "upscpro-stage2"
            },
            "timeouts": null
          },
          "sensitive_attributes": [],
          "identity_schema_version": 0,
          "private": "eyJlMmJmYjczMC1lY2FhLTExZTYtOGY4OC0zNDM2M2JjN2M0YzAiOnsiY3JlYXRlIjo2MDAwMDAwMDAwMDAsImRlbGV0ZSI6MTgwMDAwMDAwMDAwMCwidXBkYXRlIjo2MDAwMDAwMDAwMDB9fQ==",
          "dependencies": [
            "aws_eip.nat",
            "aws_internet_gateway.main",
            "aws_subnet.public",
            "aws_vpc.main",
            "data.aws_availability_zones.available"
          ]
        }
      ]
    },
    {
      "mode": "managed",
      "type": "aws_route_table",
      "name": "private",
      "provider": "provider[\"registry.terraform.io/hashicorp/aws\"]",
      "instances": [
        {
          "index_key": 0,
          "schema_version": 0,
          "attributes": {
            "arn": "arn:aws:ec2:ap-south-1:949945086246:route-table/rtb-0f01e39e399e1df93",
            "id": "rtb-0f01e39e399e1df93",
            "owner_id": "949945086246",
            "propagating_vgws": [],
            "route": [
              {
                "carrier_gateway_id": "",
                "cidr_block": "0.0.0.0/0",
                "core_network_arn": "",
                "destination_prefix_list_id": "",
                "egress_only_gateway_id": "",
                "gateway_id": "",
                "ipv6_cidr_block": "",
                "local_gateway_id": "",
                "nat_gateway_id": "nat-0f398988f7f06aa3e",
                "network_interface_id": "",
                "transit_gateway_id": "",
                "vpc_endpoint_id": "",
                "vpc_peering_connection_id": ""
              }
            ],
            "tags": {
              "Name": "upscpro-stage2-private-rt-1"
            },
            "tags_all": {
              "Environment": "stage2",
              "ManagedBy": "terraform",
              "Name": "upscpro-stage2-private-rt-1",
              "Project": "upscpro-stage2"
            },
            "timeouts": null,
            "vpc_id": "vpc-06644a03e910b9008"
          },
          "sensitive_attributes": [],
          "identity_schema_version": 0,
          "private": "eyJlMmJmYjczMC1lY2FhLTExZTYtOGY4OC0zNDM2M2JjN2M0YzAiOnsiY3JlYXRlIjozMDAwMDAwMDAwMDAsImRlbGV0ZSI6MzAwMDAwMDAwMDAwLCJ1cGRhdGUiOjEyMDAwMDAwMDAwMH19",
          "dependencies": [
            "aws_eip.nat",
            "aws_internet_gateway.main",
            "aws_nat_gateway.main",
            "aws_subnet.public",
            "aws_vpc.main",
            "data.aws_availability_zones.available"
          ]
        },
        {
          "index_key": 1,
          "schema_version": 0,
          "attributes": {
            "arn": "arn:aws:ec2:ap-south-1:949945086246:route-table/rtb-0552d1af9128bf009",
            "id": "rtb-0552d1af9128bf009",
            "owner_id": "949945086246",
            "propagating_vgws": [],
            "route": [
              {
                "carrier_gateway_id": "",
                "cidr_block": "0.0.0.0/0",
                "core_network_arn": "",
                "destination_prefix_list_id": "",
                "egress_only_gateway_id": "",
                "gateway_id": "",
                "ipv6_cidr_block": "",
                "local_gateway_id": "",
                "nat_gateway_id": "nat-09bdd27f910468119",
                "network_interface_id": "",
                "transit_gateway_id": "",
                "vpc_endpoint_id": "",
                "vpc_peering_connection_id": ""
              }
            ],
            "tags": {
              "Name": "upscpro-stage2-private-rt-2"
            },
            "tags_all": {
              "Environment": "stage2",
              "ManagedBy": "terraform",
              "Name": "upscpro-stage2-private-rt-2",
              "Project": "upscpro-stage2"
            },
            "timeouts": null,
            "vpc_id": "vpc-06644a03e910b9008"
          },
          "sensitive_attributes": [],
          "identity_schema_version": 0,
          "private": "eyJlMmJmYjczMC1lY2FhLTExZTYtOGY4OC0zNDM2M2JjN2M0YzAiOnsiY3JlYXRlIjozMDAwMDAwMDAwMDAsImRlbGV0ZSI6MzAwMDAwMDAwMDAwLCJ1cGRhdGUiOjEyMDAwMDAwMDAwMH19",
          "dependencies": [
            "aws_eip.nat",
            "aws_internet_gateway.main",
            "aws_nat_gateway.main",
            "aws_subnet.public",
            "aws_vpc.main",
            "data.aws_availability_zones.available"
          ]
        }
      ]
    },
    {
      "mode": "managed",
      "type": "aws_route_table",
      "name": "public",
      "provider": "provider[\"registry.terraform.io/hashicorp/aws\"]",
      "instances": [
        {
          "schema_version": 0,
          "attributes": {
            "arn": "arn:aws:ec2:ap-south-1:949945086246:route-table/rtb-08e0d4184d47fa8cb",
            "id": "rtb-08e0d4184d47fa8cb",
            "owner_id": "949945086246",
            "propagating_vgws": [],
            "route": [
              {
                "carrier_gateway_id": "",
                "cidr_block": "0.0.0.0/0",
                "core_network_arn": "",
                "destination_prefix_list_id": "",
                "egress_only_gateway_id": "",
                "gateway_id": "igw-086615262e28567cf",
                "ipv6_cidr_block": "",
                "local_gateway_id": "",
                "nat_gateway_id": "",
                "network_interface_id": "",
                "transit_gateway_id": "",
                "vpc_endpoint_id": "",
                "vpc_peering_connection_id": ""
              }
            ],
            "tags": {
              "Name": "upscpro-stage2-public-rt"
            },
            "tags_all": {
              "Environment": "stage2",
              "ManagedBy": "terraform",
              "Name": "upscpro-stage2-public-rt",
              "Project": "upscpro-stage2"
            },
            "timeouts": null,
            "vpc_id": "vpc-06644a03e910b9008"
          },
          "sensitive_attributes": [],
          "identity_schema_version": 0,
          "private": "eyJlMmJmYjczMC1lY2FhLTExZTYtOGY4OC0zNDM2M2JjN2M0YzAiOnsiY3JlYXRlIjozMDAwMDAwMDAwMDAsImRlbGV0ZSI6MzAwMDAwMDAwMDAwLCJ1cGRhdGUiOjEyMDAwMDAwMDAwMH19",
          "dependencies": [
            "aws_internet_gateway.main",
            "aws_vpc.main"
          ]
        }
      ]
    },
    {
      "mode": "managed",
      "type": "aws_route_table_association",
      "name": "private",
      "provider": "provider[\"registry.terraform.io/hashicorp/aws\"]",
      "instances": [
        {
          "index_key": 0,
          "schema_version": 0,
          "attributes": {
            "gateway_id": "",
            "id": "rtbassoc-0395f35da95d24509",
            "route_table_id": "rtb-0f01e39e399e1df93",
            "subnet_id": "subnet-00c5c4be539481f78",
            "timeouts": null
          },
          "sensitive_attributes": [],
          "identity_schema_version": 0,
          "private": "eyJlMmJmYjczMC1lY2FhLTExZTYtOGY4OC0zNDM2M2JjN2M0YzAiOnsiY3JlYXRlIjozMDAwMDAwMDAwMDAsImRlbGV0ZSI6MzAwMDAwMDAwMDAwLCJ1cGRhdGUiOjEyMDAwMDAwMDAwMH19",
          "dependencies": [
            "aws_eip.nat",
            "aws_internet_gateway.main",
            "aws_nat_gateway.main",
            "aws_route_table.private",
            "aws_subnet.private",
            "aws_subnet.public",
            "aws_vpc.main",
            "data.aws_availability_zones.available"
          ]
        },
        {
          "index_key": 1,
          "schema_version": 0,
          "attributes": {
            "gateway_id": "",
            "id": "rtbassoc-08d132b034a3d511e",
            "route_table_id": "rtb-0552d1af9128bf009",
            "subnet_id": "subnet-0cde2acd3870be3ec",
            "timeouts": null
          },
          "sensitive_attributes": [],
          "identity_schema_version": 0,
          "private": "eyJlMmJmYjczMC1lY2FhLTExZTYtOGY4OC0zNDM2M2JjN2M0YzAiOnsiY3JlYXRlIjozMDAwMDAwMDAwMDAsImRlbGV0ZSI6MzAwMDAwMDAwMDAwLCJ1cGRhdGUiOjEyMDAwMDAwMDAwMH19",
          "dependencies": [
            "aws_eip.nat",
            "aws_internet_gateway.main",
            "aws_nat_gateway.main",
            "aws_route_table.private",
            "aws_subnet.private",
            "aws_subnet.public",
            "aws_vpc.main",
            "data.aws_availability_zones.available"
          ]
        }
      ]
    },
    {
      "mode": "managed",
      "type": "aws_route_table_association",
      "name": "public",
      "provider": "provider[\"registry.terraform.io/hashicorp/aws\"]",
      "instances": [
        {
          "index_key": 0,
          "schema_version": 0,
          "attributes": {
            "gateway_id": "",
            "id": "rtbassoc-0e81319e1a4dd81bf",
            "route_table_id": "rtb-08e0d4184d47fa8cb",
            "subnet_id": "subnet-0a4efe17b2e95ab83",
            "timeouts": null
          },
          "sensitive_attributes": [],
          "identity_schema_version": 0,
          "private": "eyJlMmJmYjczMC1lY2FhLTExZTYtOGY4OC0zNDM2M2JjN2M0YzAiOnsiY3JlYXRlIjozMDAwMDAwMDAwMDAsImRlbGV0ZSI6MzAwMDAwMDAwMDAwLCJ1cGRhdGUiOjEyMDAwMDAwMDAwMH19",
          "dependencies": [
            "aws_internet_gateway.main",
            "aws_route_table.public",
            "aws_subnet.public",
            "aws_vpc.main",
            "data.aws_availability_zones.available"
          ]
        },
        {
          "index_key": 1,
          "schema_version": 0,
          "attributes": {
            "gateway_id": "",
            "id": "rtbassoc-098722b3e447ee3f4",
            "route_table_id": "rtb-08e0d4184d47fa8cb",
            "subnet_id": "subnet-0df7c0ff5ec3c031f",
            "timeouts": null
          },
          "sensitive_attributes": [],
          "identity_schema_version": 0,
          "private": "eyJlMmJmYjczMC1lY2FhLTExZTYtOGY4OC0zNDM2M2JjN2M0YzAiOnsiY3JlYXRlIjozMDAwMDAwMDAwMDAsImRlbGV0ZSI6MzAwMDAwMDAwMDAwLCJ1cGRhdGUiOjEyMDAwMDAwMDAwMH19",
          "dependencies": [
            "aws_internet_gateway.main",
            "aws_route_table.public",
            "aws_subnet.public",
            "aws_vpc.main",
            "data.aws_availability_zones.available"
          ]
        }
      ]
    },
    {
      "mode": "managed",
      "type": "aws_s3_bucket",
      "name": "assets",
      "provider": "provider[\"registry.terraform.io/hashicorp/aws\"]",
      "instances": [
        {
          "index_key": 0,
          "schema_version": 0,
          "attributes": {
            "acceleration_status": "",
            "acl": null,
            "arn": "arn:aws:s3:::upscpro-stage2-assets",
            "bucket": "upscpro-stage2-assets",
            "bucket_domain_name": "upscpro-stage2-assets.s3.amazonaws.com",
            "bucket_prefix": "",
            "bucket_regional_domain_name": "upscpro-stage2-assets.s3.ap-south-1.amazonaws.com",
            "cors_rule": [],
            "force_destroy": false,
            "grant": [
              {
                "id": "02dd33342d245cc83d60795199d76ea0f057987a7891271f9d787f973997f812",
                "permissions": [
                  "FULL_CONTROL"
                ],
                "type": "CanonicalUser",
                "uri": ""
              }
            ],
            "hosted_zone_id": "Z11RGJOFQNVJUP",
            "id": "upscpro-stage2-assets",
            "lifecycle_rule": [],
            "logging": [],
            "object_lock_configuration": [],
            "object_lock_enabled": false,
            "policy": "",
            "region": "ap-south-1",
            "replication_configuration": [],
            "request_payer": "BucketOwner",
            "server_side_encryption_configuration": [
              {
                "rule": [
                  {
                    "apply_server_side_encryption_by_default": [
                      {
                        "kms_master_key_id": "",
                        "sse_algorithm": "AES256"
                      }
                    ],
                    "bucket_key_enabled": false
                  }
                ]
              }
            ],
            "tags": {
              "Name": "upscpro-stage2-assets"
            },
            "tags_all": {
              "Environment": "stage2",
              "ManagedBy": "terraform",
              "Name": "upscpro-stage2-assets",
              "Project": "upscpro-stage2"
            },
            "timeouts": null,
            "versioning": [
              {
                "enabled": true,
                "mfa_delete": false
              }
            ],
            "website": [],
            "website_domain": null,
            "website_endpoint": null
          },
          "sensitive_attributes": [],
          "identity_schema_version": 0,
          "private": "eyJlMmJmYjczMC1lY2FhLTExZTYtOGY4OC0zNDM2M2JjN2M0YzAiOnsiY3JlYXRlIjoxMjAwMDAwMDAwMDAwLCJkZWxldGUiOjM2MDAwMDAwMDAwMDAsInJlYWQiOjEyMDAwMDAwMDAwMDAsInVwZGF0ZSI6MTIwMDAwMDAwMDAwMH19"
        }
      ]
    },
    {
      "mode": "managed",
      "type": "aws_s3_bucket",
      "name": "images",
      "provider": "provider[\"registry.terraform.io/hashicorp/aws\"]",
      "instances": [
        {
          "index_key": 0,
          "schema_version": 0,
          "attributes": {
            "acceleration_status": "",
            "acl": null,
            "arn": "arn:aws:s3:::upscpro-stage2-images",
            "bucket": "upscpro-stage2-images",
            "bucket_domain_name": "upscpro-stage2-images.s3.amazonaws.com",
            "bucket_prefix": "",
            "bucket_regional_domain_name": "upscpro-stage2-images.s3.ap-south-1.amazonaws.com",
            "cors_rule": [],
            "force_destroy": false,
            "grant": [
              {
                "id": "02dd33342d245cc83d60795199d76ea0f057987a7891271f9d787f973997f812",
                "permissions": [
                  "FULL_CONTROL"
                ],
                "type": "CanonicalUser",
                "uri": ""
              }
            ],
            "hosted_zone_id": "Z11RGJOFQNVJUP",
            "id": "upscpro-stage2-images",
            "lifecycle_rule": [],
            "logging": [],
            "object_lock_configuration": [],
            "object_lock_enabled": false,
            "policy": "",
            "region": "ap-south-1",
            "replication_configuration": [],
            "request_payer": "BucketOwner",
            "server_side_encryption_configuration": [
              {
                "rule": [
                  {
                    "apply_server_side_encryption_by_default": [
                      {
                        "kms_master_key_id": "",
                        "sse_algorithm": "AES256"
                      }
                    ],
                    "bucket_key_enabled": false
                  }
                ]
              }
            ],
            "tags": {
              "Name": "upscpro-stage2-images"
            },
            "tags_all": {
              "Environment": "stage2",
              "ManagedBy": "terraform",
              "Name": "upscpro-stage2-images",
              "Project": "upscpro-stage2"
            },
            "timeouts": null,
            "versioning": [
              {
                "enabled": true,
                "mfa_delete": false
              }
            ],
            "website": [],
            "website_domain": null,
            "website_endpoint": null
          },
          "sensitive_attributes": [],
          "identity_schema_version": 0,
          "private": "eyJlMmJmYjczMC1lY2FhLTExZTYtOGY4OC0zNDM2M2JjN2M0YzAiOnsiY3JlYXRlIjoxMjAwMDAwMDAwMDAwLCJkZWxldGUiOjM2MDAwMDAwMDAwMDAsInJlYWQiOjEyMDAwMDAwMDAwMDAsInVwZGF0ZSI6MTIwMDAwMDAwMDAwMH19"
        }
      ]
    },
    {
      "mode": "managed",
      "type": "aws_s3_bucket_public_access_block",
      "name": "assets",
      "provider": "provider[\"registry.terraform.io/hashicorp/aws\"]",
      "instances": [
        {
          "index_key": 0,
          "schema_version": 0,
          "attributes": {
            "block_public_acls": true,
            "block_public_policy": true,
            "bucket": "upscpro-stage2-assets",
            "id": "upscpro-stage2-assets",
            "ignore_public_acls": true,
            "restrict_public_buckets": true
          },
          "sensitive_attributes": [],
          "identity_schema_version": 0,
          "private": "bnVsbA==",
          "dependencies": [
            "aws_s3_bucket.assets"
          ]
        }
      ]
    },
    {
      "mode": "managed",
      "type": "aws_s3_bucket_public_access_block",
      "name": "images",
      "provider": "provider[\"registry.terraform.io/hashicorp/aws\"]",
      "instances": [
        {
          "index_key": 0,
          "schema_version": 0,
          "attributes": {
            "block_public_acls": true,
            "block_public_policy": true,
            "bucket": "upscpro-stage2-images",
            "id": "upscpro-stage2-images",
            "ignore_public_acls": true,
            "restrict_public_buckets": true
          },
          "sensitive_attributes": [],
          "identity_schema_version": 0,
          "private": "bnVsbA==",
          "dependencies": [
            "aws_s3_bucket.images"
          ]
        }
      ]
    },
    {
      "mode": "managed",
      "type": "aws_s3_bucket_versioning",
      "name": "assets",
      "provider": "provider[\"registry.terraform.io/hashicorp/aws\"]",
      "instances": [
        {
          "index_key": 0,
          "schema_version": 0,
          "attributes": {
            "bucket": "upscpro-stage2-assets",
            "expected_bucket_owner": "",
            "id": "upscpro-stage2-assets",
            "mfa": null,
            "versioning_configuration": [
              {
                "mfa_delete": "",
                "status": "Enabled"
              }
            ]
          },
          "sensitive_attributes": [],
          "identity_schema_version": 0,
          "private": "bnVsbA==",
          "dependencies": [
            "aws_s3_bucket.assets"
          ]
        }
      ]
    },
    {
      "mode": "managed",
      "type": "aws_s3_bucket_versioning",
      "name": "images",
      "provider": "provider[\"registry.terraform.io/hashicorp/aws\"]",
      "instances": [
        {
          "index_key": 0,
          "schema_version": 0,
          "attributes": {
            "bucket": "upscpro-stage2-images",
            "expected_bucket_owner": "",
            "id": "upscpro-stage2-images",
            "mfa": null,
            "versioning_configuration": [
              {
                "mfa_delete": "",
                "status": "Enabled"
              }
            ]
          },
          "sensitive_attributes": [],
          "identity_schema_version": 0,
          "private": "bnVsbA==",
          "dependencies": [
            "aws_s3_bucket.images"
          ]
        }
      ]
    },
    {
      "mode": "managed",
      "type": "aws_security_group",
      "name": "alb",
      "provider": "provider[\"registry.terraform.io/hashicorp/aws\"]",
      "instances": [
        {
          "schema_version": 1,
          "attributes": {
            "arn": "arn:aws:ec2:ap-south-1:949945086246:security-group/sg-0087c0a131f8f1c4e",
            "description": "Managed by Terraform",
            "egress": [
              {
                "cidr_blocks": [
                  "0.0.0.0/0"
                ],
                "description": "",
                "from_port": 0,
                "ipv6_cidr_blocks": [],
                "prefix_list_ids": [],
                "protocol": "-1",
                "security_groups": [],
                "self": false,
                "to_port": 0
              }
            ],
            "id": "sg-0087c0a131f8f1c4e",
            "ingress": [
              {
                "cidr_blocks": [
                  "0.0.0.0/0"
                ],
                "description": "",
                "from_port": 443,
                "ipv6_cidr_blocks": [],
                "prefix_list_ids": [],
                "protocol": "tcp",
                "security_groups": [],
                "self": false,
                "to_port": 443
              },
              {
                "cidr_blocks": [
                  "0.0.0.0/0"
                ],
                "description": "",
                "from_port": 80,
                "ipv6_cidr_blocks": [],
                "prefix_list_ids": [],
                "protocol": "tcp",
                "security_groups": [],
                "self": false,
                "to_port": 80
              }
            ],
            "name": "upscpro-stage2-alb-20251025155559950000000002",
            "name_prefix": "upscpro-stage2-alb-",
            "owner_id": "949945086246",
            "revoke_rules_on_delete": false,
            "tags": {
              "Name": "upscpro-stage2-alb-sg"
            },
            "tags_all": {
              "Environment": "stage2",
              "ManagedBy": "terraform",
              "Name": "upscpro-stage2-alb-sg",
              "Project": "upscpro-stage2"
            },
            "timeouts": null,
            "vpc_id": "vpc-06644a03e910b9008"
          },
          "sensitive_attributes": [],
          "identity_schema_version": 0,
          "private": "eyJlMmJmYjczMC1lY2FhLTExZTYtOGY4OC0zNDM2M2JjN2M0YzAiOnsiY3JlYXRlIjo2MDAwMDAwMDAwMDAsImRlbGV0ZSI6OTAwMDAwMDAwMDAwfSwic2NoZW1hX3ZlcnNpb24iOiIxIn0=",
          "dependencies": [
            "aws_vpc.main"
          ]
        }
      ]
    },
    {
      "mode": "managed",
      "type": "aws_security_group",
      "name": "ec2",
      "provider": "provider[\"registry.terraform.io/hashicorp/aws\"]",
      "instances": [
        {
          "schema_version": 1,
          "attributes": {
            "arn": "arn:aws:ec2:ap-south-1:949945086246:security-group/sg-0b7774959a6491fb2",
            "description": "Managed by Terraform",
            "egress": [
              {
                "cidr_blocks": [
                  "0.0.0.0/0"
                ],
                "description": "",
                "from_port": 0,
                "ipv6_cidr_blocks": [],
                "prefix_list_ids": [],
                "protocol": "-1",
                "security_groups": [],
                "self": false,
                "to_port": 0
              }
            ],
            "id": "sg-0b7774959a6491fb2",
            "ingress": [
              {
                "cidr_blocks": [
                  "0.0.0.0/0"
                ],
                "description": "",
                "from_port": 22,
                "ipv6_cidr_blocks": [],
                "prefix_list_ids": [],
                "protocol": "tcp",
                "security_groups": [],
                "self": false,
                "to_port": 22
              },
              {
                "cidr_blocks": [],
                "description": "",
                "from_port": 1337,
                "ipv6_cidr_blocks": [],
                "prefix_list_ids": [],
                "protocol": "tcp",
                "security_groups": [
                  "sg-0087c0a131f8f1c4e"
                ],
                "self": false,
                "to_port": 1337
              },
              {
                "cidr_blocks": [],
                "description": "",
                "from_port": 3000,
                "ipv6_cidr_blocks": [],
                "prefix_list_ids": [],
                "protocol": "tcp",
                "security_groups": [
                  "sg-0087c0a131f8f1c4e"
                ],
                "self": false,
                "to_port": 3000
              },
              {
                "cidr_blocks": [],
                "description": "",
                "from_port": 8000,
                "ipv6_cidr_blocks": [],
                "prefix_list_ids": [],
                "protocol": "tcp",
                "security_groups": [
                  "sg-0087c0a131f8f1c4e"
                ],
                "self": false,
                "to_port": 8000
              },
              {
                "cidr_blocks": [],
                "description": "",
                "from_port": 8080,
                "ipv6_cidr_blocks": [],
                "prefix_list_ids": [],
                "protocol": "tcp",
                "security_groups": [
                  "sg-0087c0a131f8f1c4e"
                ],
                "self": false,
                "to_port": 8080
              },
              {
                "cidr_blocks": [],
                "description": "",
                "from_port": 9000,
                "ipv6_cidr_blocks": [],
                "prefix_list_ids": [],
                "protocol": "tcp",
                "security_groups": [
                  "sg-0087c0a131f8f1c4e"
                ],
                "self": false,
                "to_port": 9000
              }
            ],
            "name": "upscpro-stage2-ec2-20251025155602361100000005",
            "name_prefix": "upscpro-stage2-ec2-",
            "owner_id": "949945086246",
            "revoke_rules_on_delete": false,
            "tags": {
              "Name": "upscpro-stage2-ec2-sg"
            },
            "tags_all": {
              "Environment": "stage2",
              "ManagedBy": "terraform",
              "Name": "upscpro-stage2-ec2-sg",
              "Project": "upscpro-stage2"
            },
            "timeouts": null,
            "vpc_id": "vpc-06644a03e910b9008"
          },
          "sensitive_attributes": [],
          "identity_schema_version": 0,
          "private": "eyJlMmJmYjczMC1lY2FhLTExZTYtOGY4OC0zNDM2M2JjN2M0YzAiOnsiY3JlYXRlIjo2MDAwMDAwMDAwMDAsImRlbGV0ZSI6OTAwMDAwMDAwMDAwfSwic2NoZW1hX3ZlcnNpb24iOiIxIn0=",
          "dependencies": [
            "aws_security_group.alb",
            "aws_vpc.main"
          ]
        }
      ]
    },
    {
      "mode": "managed",
      "type": "aws_security_group",
      "name": "ecs",
      "provider": "provider[\"registry.terraform.io/hashicorp/aws\"]",
      "instances": [
        {
          "schema_version": 1,
          "attributes": {
            "arn": "arn:aws:ec2:ap-south-1:949945086246:security-group/sg-03a8a79928fd1e78d",
            "description": "Managed by Terraform",
            "egress": [
              {
                "cidr_blocks": [
                  "0.0.0.0/0"
                ],
                "description": "",
                "from_port": 0,
                "ipv6_cidr_blocks": [],
                "prefix_list_ids": [],
                "protocol": "-1",
                "security_groups": [],
                "self": false,
                "to_port": 0
              }
            ],
            "id": "sg-03a8a79928fd1e78d",
            "ingress": [
              {
                "cidr_blocks": [],
                "description": "",
                "from_port": 0,
                "ipv6_cidr_blocks": [],
                "prefix_list_ids": [],
                "protocol": "tcp",
                "security_groups": [
                  "sg-0087c0a131f8f1c4e"
                ],
                "self": false,
                "to_port": 65535
              },
              {
                "cidr_blocks": [],
                "description": "",
                "from_port": 0,
                "ipv6_cidr_blocks": [],
                "prefix_list_ids": [],
                "protocol": "tcp",
                "security_groups": [],
                "self": true,
                "to_port": 65535
              }
            ],
            "name": "upscpro-stage2-ecs-20251025155602351000000004",
            "name_prefix": "upscpro-stage2-ecs-",
            "owner_id": "949945086246",
            "revoke_rules_on_delete": false,
            "tags": {
              "Name": "upscpro-stage2-ecs-sg"
            },
            "tags_all": {
              "Environment": "stage2",
              "ManagedBy": "terraform",
              "Name": "upscpro-stage2-ecs-sg",
              "Project": "upscpro-stage2"
            },
            "timeouts": null,
            "vpc_id": "vpc-06644a03e910b9008"
          },
          "sensitive_attributes": [],
          "identity_schema_version": 0,
          "private": "eyJlMmJmYjczMC1lY2FhLTExZTYtOGY4OC0zNDM2M2JjN2M0YzAiOnsiY3JlYXRlIjo2MDAwMDAwMDAwMDAsImRlbGV0ZSI6OTAwMDAwMDAwMDAwfSwic2NoZW1hX3ZlcnNpb24iOiIxIn0=",
          "dependencies": [
            "aws_security_group.alb",
            "aws_vpc.main"
          ]
        }
      ]
    },
    {
      "mode": "managed",
      "type": "aws_security_group",
      "name": "rds",
      "provider": "provider[\"registry.terraform.io/hashicorp/aws\"]",
      "instances": [
        {
          "schema_version": 1,
          "attributes": {
            "arn": "arn:aws:ec2:ap-south-1:949945086246:security-group/sg-07479726eb7dd6e99",
            "description": "Managed by Terraform",
            "egress": [],
            "id": "sg-07479726eb7dd6e99",
            "ingress": [
              {
                "cidr_blocks": [],
                "description": "",
                "from_port": 5432,
                "ipv6_cidr_blocks": [],
                "prefix_list_ids": [],
                "protocol": "tcp",
                "security_groups": [
                  "sg-03a8a79928fd1e78d"
                ],
                "self": false,
                "to_port": 5432
              },
              {
                "cidr_blocks": [],
                "description": "",
                "from_port": 5432,
                "ipv6_cidr_blocks": [],
                "prefix_list_ids": [],
                "protocol": "tcp",
                "security_groups": [
                  "sg-0b7774959a6491fb2"
                ],
                "self": false,
                "to_port": 5432
              }
            ],
            "name": "upscpro-stage2-rds-20251025155604552500000006",
            "name_prefix": "upscpro-stage2-rds-",
            "owner_id": "949945086246",
            "revoke_rules_on_delete": false,
            "tags": {
              "Name": "upscpro-stage2-rds-sg"
            },
            "tags_all": {
              "Environment": "stage2",
              "ManagedBy": "terraform",
              "Name": "upscpro-stage2-rds-sg",
              "Project": "upscpro-stage2"
            },
            "timeouts": null,
            "vpc_id": "vpc-06644a03e910b9008"
          },
          "sensitive_attributes": [],
          "identity_schema_version": 0,
          "private": "eyJlMmJmYjczMC1lY2FhLTExZTYtOGY4OC0zNDM2M2JjN2M0YzAiOnsiY3JlYXRlIjo2MDAwMDAwMDAwMDAsImRlbGV0ZSI6OTAwMDAwMDAwMDAwfSwic2NoZW1hX3ZlcnNpb24iOiIxIn0=",
          "dependencies": [
            "aws_security_group.alb",
            "aws_security_group.ec2",
            "aws_security_group.ecs",
            "aws_vpc.main"
          ]
        }
      ]
    },
    {
      "mode": "managed",
      "type": "aws_subnet",
      "name": "private",
      "provider": "provider[\"registry.terraform.io/hashicorp/aws\"]",
      "instances": [
        {
          "index_key": 0,
          "schema_version": 1,
          "attributes": {
            "arn": "arn:aws:ec2:ap-south-1:949945086246:subnet/subnet-00c5c4be539481f78",
            "assign_ipv6_address_on_creation": false,
            "availability_zone": "ap-south-1a",
            "availability_zone_id": "aps1-az1",
            "cidr_block": "10.2.2.0/24",
            "customer_owned_ipv4_pool": "",
            "enable_dns64": false,
            "enable_lni_at_device_index": 0,
            "enable_resource_name_dns_a_record_on_launch": false,
            "enable_resource_name_dns_aaaa_record_on_launch": false,
            "id": "subnet-00c5c4be539481f78",
            "ipv6_cidr_block": "",
            "ipv6_cidr_block_association_id": "",
            "ipv6_native": false,
            "map_customer_owned_ip_on_launch": false,
            "map_public_ip_on_launch": false,
            "outpost_arn": "",
            "owner_id": "949945086246",
            "private_dns_hostname_type_on_launch": "ip-name",
            "tags": {
              "Name": "upscpro-stage2-private-subnet-1",
              "Type": "private"
            },
            "tags_all": {
              "Environment": "stage2",
              "ManagedBy": "terraform",
              "Name": "upscpro-stage2-private-subnet-1",
              "Project": "upscpro-stage2",
              "Type": "private"
            },
            "timeouts": null,
            "vpc_id": "vpc-06644a03e910b9008"
          },
          "sensitive_attributes": [],
          "identity_schema_version": 0,
          "private": "eyJlMmJmYjczMC1lY2FhLTExZTYtOGY4OC0zNDM2M2JjN2M0YzAiOnsiY3JlYXRlIjo2MDAwMDAwMDAwMDAsImRlbGV0ZSI6MTIwMDAwMDAwMDAwMH0sInNjaGVtYV92ZXJzaW9uIjoiMSJ9",
          "dependencies": [
            "aws_vpc.main",
            "data.aws_availability_zones.available"
          ]
        },
        {
          "index_key": 1,
          "schema_version": 1,
          "attributes": {
            "arn": "arn:aws:ec2:ap-south-1:949945086246:subnet/subnet-0cde2acd3870be3ec",
            "assign_ipv6_address_on_creation": false,
            "availability_zone": "ap-south-1b",
            "availability_zone_id": "aps1-az3",
            "cidr_block": "10.2.3.0/24",
            "customer_owned_ipv4_pool": "",
            "enable_dns64": false,
            "enable_lni_at_device_index": 0,
            "enable_resource_name_dns_a_record_on_launch": false,
            "enable_resource_name_dns_aaaa_record_on_launch": false,
            "id": "subnet-0cde2acd3870be3ec",
            "ipv6_cidr_block": "",
            "ipv6_cidr_block_association_id": "",
            "ipv6_native": false,
            "map_customer_owned_ip_on_launch": false,
            "map_public_ip_on_launch": false,
            "outpost_arn": "",
            "owner_id": "949945086246",
            "private_dns_hostname_type_on_launch": "ip-name",
            "tags": {
              "Name": "upscpro-stage2-private-subnet-2",
              "Type": "private"
            },
            "tags_all": {
              "Environment": "stage2",
              "ManagedBy": "terraform",
              "Name": "upscpro-stage2-private-subnet-2",
              "Project": "upscpro-stage2",
              "Type": "private"
            },
            "timeouts": null,
            "vpc_id": "vpc-06644a03e910b9008"
          },
          "sensitive_attributes": [],
          "identity_schema_version": 0,
          "private": "eyJlMmJmYjczMC1lY2FhLTExZTYtOGY4OC0zNDM2M2JjN2M0YzAiOnsiY3JlYXRlIjo2MDAwMDAwMDAwMDAsImRlbGV0ZSI6MTIwMDAwMDAwMDAwMH0sInNjaGVtYV92ZXJzaW9uIjoiMSJ9",
          "dependencies": [
            "aws_vpc.main",
            "data.aws_availability_zones.available"
          ]
        }
      ]
    },
    {
      "mode": "managed",
      "type": "aws_subnet",
      "name": "public",
      "provider": "provider[\"registry.terraform.io/hashicorp/aws\"]",
      "instances": [
        {
          "index_key": 0,
          "schema_version": 1,
          "attributes": {
            "arn": "arn:aws:ec2:ap-south-1:949945086246:subnet/subnet-0a4efe17b2e95ab83",
            "assign_ipv6_address_on_creation": false,
            "availability_zone": "ap-south-1a",
            "availability_zone_id": "aps1-az1",
            "cidr_block": "10.2.0.0/24",
            "customer_owned_ipv4_pool": "",
            "enable_dns64": false,
            "enable_lni_at_device_index": 0,
            "enable_resource_name_dns_a_record_on_launch": false,
            "enable_resource_name_dns_aaaa_record_on_launch": false,
            "id": "subnet-0a4efe17b2e95ab83",
            "ipv6_cidr_block": "",
            "ipv6_cidr_block_association_id": "",
            "ipv6_native": false,
            "map_customer_owned_ip_on_launch": false,
            "map_public_ip_on_launch": true,
            "outpost_arn": "",
            "owner_id": "949945086246",
            "private_dns_hostname_type_on_launch": "ip-name",
            "tags": {
              "Name": "upscpro-stage2-public-subnet-1",
              "Type": "public"
            },
            "tags_all": {
              "Environment": "stage2",
              "ManagedBy": "terraform",
              "Name": "upscpro-stage2-public-subnet-1",
              "Project": "upscpro-stage2",
              "Type": "public"
            },
            "timeouts": null,
            "vpc_id": "vpc-06644a03e910b9008"
          },
          "sensitive_attributes": [],
          "identity_schema_version": 0,
          "private": "eyJlMmJmYjczMC1lY2FhLTExZTYtOGY4OC0zNDM2M2JjN2M0YzAiOnsiY3JlYXRlIjo2MDAwMDAwMDAwMDAsImRlbGV0ZSI6MTIwMDAwMDAwMDAwMH0sInNjaGVtYV92ZXJzaW9uIjoiMSJ9",
          "dependencies": [
            "aws_vpc.main",
            "data.aws_availability_zones.available"
          ]
        },
        {
          "index_key": 1,
          "schema_version": 1,
          "attributes": {
            "arn": "arn:aws:ec2:ap-south-1:949945086246:subnet/subnet-0df7c0ff5ec3c031f",
            "assign_ipv6_address_on_creation": false,
            "availability_zone": "ap-south-1b",
            "availability_zone_id": "aps1-az3",
            "cidr_block": "10.2.1.0/24",
            "customer_owned_ipv4_pool": "",
            "enable_dns64": false,
            "enable_lni_at_device_index": 0,
            "enable_resource_name_dns_a_record_on_launch": false,
            "enable_resource_name_dns_aaaa_record_on_launch": false,
            "id": "subnet-0df7c0ff5ec3c031f",
            "ipv6_cidr_block": "",
            "ipv6_cidr_block_association_id": "",
            "ipv6_native": false,
            "map_customer_owned_ip_on_launch": false,
            "map_public_ip_on_launch": true,
            "outpost_arn": "",
            "owner_id": "949945086246",
            "private_dns_hostname_type_on_launch": "ip-name",
            "tags": {
              "Name": "upscpro-stage2-public-subnet-2",
              "Type": "public"
            },
            "tags_all": {
              "Environment": "stage2",
              "ManagedBy": "terraform",
              "Name": "upscpro-stage2-public-subnet-2",
              "Project": "upscpro-stage2",
              "Type": "public"
            },
            "timeouts": null,
            "vpc_id": "vpc-06644a03e910b9008"
          },
          "sensitive_attributes": [],
          "identity_schema_version": 0,
          "private": "eyJlMmJmYjczMC1lY2FhLTExZTYtOGY4OC0zNDM2M2JjN2M0YzAiOnsiY3JlYXRlIjo2MDAwMDAwMDAwMDAsImRlbGV0ZSI6MTIwMDAwMDAwMDAwMH0sInNjaGVtYV92ZXJzaW9uIjoiMSJ9",
          "dependencies": [
            "aws_vpc.main",
            "data.aws_availability_zones.available"
          ]
        }
      ]
    },
    {
      "mode": "managed",
      "type": "aws_vpc",
      "name": "main",
      "provider": "provider[\"registry.terraform.io/hashicorp/aws\"]",
      "instances": [
        {
          "schema_version": 1,
          "attributes": {
            "arn": "arn:aws:ec2:ap-south-1:949945086246:vpc/vpc-06644a03e910b9008",
            "assign_generated_ipv6_cidr_block": false,
            "cidr_block": "10.2.0.0/16",
            "default_network_acl_id": "acl-032a9a4e0abdd0d5e",
            "default_route_table_id": "rtb-006e6ec70f446730b",
            "default_security_group_id": "sg-08e1b00acaa4b6e0c",
            "dhcp_options_id": "dopt-0392fd33e9c9f4e87",
            "enable_dns_hostnames": true,
            "enable_dns_support": true,
            "enable_network_address_usage_metrics": false,
            "id": "vpc-06644a03e910b9008",
            "instance_tenancy": "default",
            "ipv4_ipam_pool_id": null,
            "ipv4_netmask_length": null,
            "ipv6_association_id": "",
            "ipv6_cidr_block": "",
            "ipv6_cidr_block_network_border_group": "",
            "ipv6_ipam_pool_id": "",
            "ipv6_netmask_length": 0,
            "main_route_table_id": "rtb-006e6ec70f446730b",
            "owner_id": "949945086246",
            "tags": {
              "Name": "upscpro-stage2-vpc"
            },
            "tags_all": {
              "Environment": "stage2",
              "ManagedBy": "terraform",
              "Name": "upscpro-stage2-vpc",
              "Project": "upscpro-stage2"
            }
          },
          "sensitive_attributes": [],
          "identity_schema_version": 0,
          "private": "eyJzY2hlbWFfdmVyc2lvbiI6IjEifQ=="
        }
      ]
    },
    {
      "mode": "managed",
      "type": "tls_private_key",
      "name": "alb_test",
      "provider": "provider[\"registry.terraform.io/hashicorp/tls\"]",
      "instances": [
        {
          "index_key": 0,
          "schema_version": 1,
          "attributes": {
            "algorithm": "RSA",
            "ecdsa_curve": "P224",
            "id": "e5c5543d6e4d1077142423ba4881df9b794fb1f2",
            "private_key_openssh": "-----BEGIN OPENSSH PRIVATE KEY-----\nb3BlbnNzaC1rZXktdjEAAAAABG5vbmUAAAAEbm9uZQAAAAAAAAABAAABFwAAAAdz\nc2gtcnNhAAAAAwEAAQAAAQEAs0u/eGnYZ2de6+3aqYNvgqwWsZnTktWMZAFfmHuD\nTIrBNb1EM4NQWVR9XvtW1XZcBUHkCUsXXlAp6JlfzxOoUKtnGs9nWMWEa2X/Wpws\nDPj0wXukKJXysS07UcAjKkTDY2yTUxjXHoD9n6Wu27Vy4mG02Viwhqx/gEpJZ5MN\nSzqbUXoMrKHzBB6o9HOerQTz8pUZZyBNr9zAkiaVRZl7v73kY7kUVcvdZrOCjYpO\n0uOhktTNJ4VTtPEJXz8GYXWITuoAdMNjo5M3xu+HkiRk5zKo+1z6dL4t+Y6dho5i\n5OeMckgKHEPxPacX6gP+/HU7C9ySGLqpclo6v4mOcRrFAQAAA7hUiiC5VIoguQAA\nAAdzc2gtcnNhAAABAQCzS794adhnZ17r7dqpg2+CrBaxmdOS1YxkAV+Ye4NMisE1\nvUQzg1BZVH1e+1bVdlwFQeQJSxdeUCnomV/PE6hQq2caz2dYxYRrZf9anCwM+PTB\ne6QolfKxLTtRwCMqRMNjbJNTGNcegP2fpa7btXLiYbTZWLCGrH+ASklnkw1LOptR\negysofMEHqj0c56tBPPylRlnIE2v3MCSJpVFmXu/veRjuRRVy91ms4KNik7S46GS\n1M0nhVO08QlfPwZhdYhO6gB0w2OjkzfG74eSJGTnMqj7XPp0vi35jp2GjmLk54xy\nSAocQ/E9pxfqA/78dTsL3JIYuqlyWjq/iY5xGsUBAAAAAwEAAQAAAQBEOJ+/qQKL\nAdWnzsajNlwxK9qstBvBZJj5Gl6t7d09PBSdJolzUlU50ECt6dOWAGWuKG6krJpV\nLApuMyG18MRcAYQHOwCXUfx7QwGhEAhg3T9/+VQyjy+bg9rs1b9rn2N7Cr6Z4TtF\nI46ddtTsS4PNqKDADJOKgss23M1GaDkoNJ5r9Jpw8j4gYry8Ucnlt8TbS/ir2+vf\n4wZjMk+gQ84Z96ggMB6vtd64xyRLhEEQKzDNtSo1XWmZf1YSsRNYYgI+GkK3YL9N\n940IRs86TdwW6Q3p5VGrreg3gDeUaqWbLmDR9xGi2F9KfNUYYa9sKFg7QZf4R6aK\nBs+3mNfRf+eLAAAAgQCHmCDjrdW7YuRYjEjwU7cU66jkf4oGd7wkfqMgE0qQJZNZ\nbjaqRjT5uZ7UumcEScozI5refNhg74trL9K4WBvdXlXR0DxHPkeYJzq5Vz2yj5Mp\nSbZP8L3hrl/Is+komSvtTq0meP5K4j7Xd4XUw9PL9siRlwybyxoG/GEt5NF5GAAA\nAIEA6ZHu2mGDaRe4OAjEtsPlxda50J5KX7zINM1fqARV92i++bMCYEiFK+JkoUwz\nmOuIqYUu9quZc5gEeSyNRZ56TB9/BvXWAy/lht7eb5P8rcMoNaZsA/SCirzJqKef\nH4NC74WN69r3MtFUsgUgZ5XxbHVHk/ScGDDbJg63L3BjXTMAAACBAMSDixw52uEj\nN58U2uYhIG06psS+dfmnoso3BWMs6XWMerg0DNo2bViMq9amFEcow1bcj5ZDqsyV\nK9kHySd0IRB1+1FGQ5bisoLO98RrrtlNsvb+pwqU1L85QQAtc87rcIh94AT9u8fC\n9g3HNklikJgyj7lS4VEUrm+L4kDrcAz7AAAAAAEC\n-----END OPENSSH PRIVATE KEY-----\n",
            "private_key_pem": "-----BEGIN RSA PRIVATE KEY-----\nMIIEowIBAAKCAQEAs0u/eGnYZ2de6+3aqYNvgqwWsZnTktWMZAFfmHuDTIrBNb1E\nM4NQWVR9XvtW1XZcBUHkCUsXXlAp6JlfzxOoUKtnGs9nWMWEa2X/WpwsDPj0wXuk\nKJXysS07UcAjKkTDY2yTUxjXHoD9n6Wu27Vy4mG02Viwhqx/gEpJZ5MNSzqbUXoM\nrKHzBB6o9HOerQTz8pUZZyBNr9zAkiaVRZl7v73kY7kUVcvdZrOCjYpO0uOhktTN\nJ4VTtPEJXz8GYXWITuoAdMNjo5M3xu+HkiRk5zKo+1z6dL4t+Y6dho5i5OeMckgK\nHEPxPacX6gP+/HU7C9ySGLqpclo6v4mOcRrFAQIDAQABAoIBAEQ4n7+pAosB1afO\nxqM2XDEr2qy0G8FkmPkaXq3t3T08FJ0miXNSVTnQQK3p05YAZa4obqSsmlUsCm4z\nIbXwxFwBhAc7AJdR/HtDAaEQCGDdP3/5VDKPL5uD2uzVv2ufY3sKvpnhO0Ujjp12\n1OxLg82ooMAMk4qCyzbczUZoOSg0nmv0mnDyPiBivLxRyeW3xNtL+Kvb69/jBmMy\nT6BDzhn3qCAwHq+13rjHJEuEQRArMM21KjVdaZl/VhKxE1hiAj4aQrdgv033jQhG\nzzpN3BbpDenlUaut6DeAN5RqpZsuYNH3EaLYX0p81Rhhr2woWDtBl/hHpooGz7eY\n19F/54sCgYEA6ZHu2mGDaRe4OAjEtsPlxda50J5KX7zINM1fqARV92i++bMCYEiF\nK+JkoUwzmOuIqYUu9quZc5gEeSyNRZ56TB9/BvXWAy/lht7eb5P8rcMoNaZsA/SC\nirzJqKefH4NC74WN69r3MtFUsgUgZ5XxbHVHk/ScGDDbJg63L3BjXTMCgYEAxIOL\nHDna4SM3nxTa5iEgbTqmxL51+aeiyjcFYyzpdYx6uDQM2jZtWIyr1qYURyjDVtyP\nlkOqzJUr2QfJJ3QhEHX7UUZDluKygs73xGuu2U2y9v6nCpTUvzlBAC1zzutwiH3g\nBP27x8L2Dcc2SWKQmDKPuVLhURSub4viQOtwDPsCgYA6A4tGJq5TLhcNo+/oTWQG\n7bydepOSj/tSUiiOPPV1TEkTEElozNp2+fZwsdKnCumY4YG2twyYT4vc5Rn5ztEl\nkzUj72/GvuDNzRGGuUUri6uzF7EAknzSJO4Zu/ikBSBdCdkkWfDIaIIW7XsM/4tF\nmyO6NimHQKtOGp2ZZNrpTQKBgFl7VJLLvWEa+i7T/kEgAHX8aQfZejruHHBb0XYx\nczT1fMP334pVkkDp/S1GfqFQbHJXCILx2QpDOq4en3f5pzypnICLsCc6nvJ1b9je\n98U3XjCeEE3/K0jPt0tvZvZnutxMBQAA0crKeeQYPB36ZcEH9O38UWDsO+nLFoFd\nM66VAoGBAIeYIOOt1bti5FiMSPBTtxTrqOR/igZ3vCR+oyATSpAlk1luNqpGNPm5\nntS6ZwRJyjMjmt582GDvi2sv0rhYG91eVdHQPEc+R5gnOrlXPbKPkylJtk/wveGu\nX8iz6SiZK+1OrSZ4/kriPtd3hdTD08v2yJGXDJvLGgb8YS3k0XkY\n-----END RSA PRIVATE KEY-----\n",
            "private_key_pem_pkcs8": "-----BEGIN PRIVATE KEY-----\nMIIEvQIBADANBgkqhkiG9w0BAQEFAASCBKcwggSjAgEAAoIBAQCzS794adhnZ17r\n7dqpg2+CrBaxmdOS1YxkAV+Ye4NMisE1vUQzg1BZVH1e+1bVdlwFQeQJSxdeUCno\nmV/PE6hQq2caz2dYxYRrZf9anCwM+PTBe6QolfKxLTtRwCMqRMNjbJNTGNcegP2f\npa7btXLiYbTZWLCGrH+ASklnkw1LOptRegysofMEHqj0c56tBPPylRlnIE2v3MCS\nJpVFmXu/veRjuRRVy91ms4KNik7S46GS1M0nhVO08QlfPwZhdYhO6gB0w2OjkzfG\n74eSJGTnMqj7XPp0vi35jp2GjmLk54xySAocQ/E9pxfqA/78dTsL3JIYuqlyWjq/\niY5xGsUBAgMBAAECggEARDifv6kCiwHVp87GozZcMSvarLQbwWSY+Rpere3dPTwU\nnSaJc1JVOdBArenTlgBlrihupKyaVSwKbjMhtfDEXAGEBzsAl1H8e0MBoRAIYN0/\nf/lUMo8vm4Pa7NW/a59jewq+meE7RSOOnXbU7EuDzaigwAyTioLLNtzNRmg5KDSe\na/SacPI+IGK8vFHJ5bfE20v4q9vr3+MGYzJPoEPOGfeoIDAer7XeuMckS4RBECsw\nzbUqNV1pmX9WErETWGICPhpCt2C/TfeNCEbPOk3cFukN6eVRq63oN4A3lGqlmy5g\n0fcRothfSnzVGGGvbChYO0GX+EemigbPt5jX0X/niwKBgQDpke7aYYNpF7g4CMS2\nw+XF1rnQnkpfvMg0zV+oBFX3aL75swJgSIUr4mShTDOY64iphS72q5lzmAR5LI1F\nnnpMH38G9dYDL+WG3t5vk/ytwyg1pmwD9IKKvMmop58fg0LvhY3r2vcy0VSyBSBn\nlfFsdUeT9JwYMNsmDrcvcGNdMwKBgQDEg4scOdrhIzefFNrmISBtOqbEvnX5p6LK\nNwVjLOl1jHq4NAzaNm1YjKvWphRHKMNW3I+WQ6rMlSvZB8kndCEQdftRRkOW4rKC\nzvfEa67ZTbL2/qcKlNS/OUEALXPO63CIfeAE/bvHwvYNxzZJYpCYMo+5UuFRFK5v\ni+JA63AM+wKBgDoDi0YmrlMuFw2j7+hNZAbtvJ16k5KP+1JSKI489XVMSRMQSWjM\n2nb59nCx0qcK6Zjhgba3DJhPi9zlGfnO0SWTNSPvb8a+4M3NEYa5RSuLq7MXsQCS\nfNIk7hm7+KQFIF0J2SRZ8Mhoghbtewz/i0WbI7o2KYdAq04anZlk2ulNAoGAWXtU\nksu9YRr6LtP+QSAAdfxpB9l6Ou4ccFvRdjFzNPV8w/ffilWSQOn9LUZ+oVBsclcI\ngvHZCkM6rh6fd/mnPKmcgIuwJzqe8nVv2N73xTdeMJ4QTf8rSM+3S29m9me63EwF\nAADRysp55Bg8HfplwQf07fxRYOw76csWgV0zrpUCgYEAh5gg463Vu2LkWIxI8FO3\nFOuo5H+KBne8JH6jIBNKkCWTWW42qkY0+bme1LpnBEnKMyOa3nzYYO+Lay/SuFgb\n3V5V0dA8Rz5HmCc6uVc9so+TKUm2T/C94a5fyLPpKJkr7U6tJnj+SuI+13eF1MPT\ny/bIkZcMm8saBvxhLeTReRg=\n-----END PRIVATE KEY-----\n",
            "public_key_fingerprint_md5": "60:a9:0d:5d:f2:ed:54:5e:ee:c3:a9:73:e9:ca:8f:f1",
            "public_key_fingerprint_sha256": "SHA256:Yw+hrXiX6sa6HiKG77ycJiNpZCD6iUc+OcG+mSC1taY",
            "public_key_openssh": "ssh-rsa AAAAB3NzaC1yc2EAAAADAQABAAABAQCzS794adhnZ17r7dqpg2+CrBaxmdOS1YxkAV+Ye4NMisE1vUQzg1BZVH1e+1bVdlwFQeQJSxdeUCnomV/PE6hQq2caz2dYxYRrZf9anCwM+PTBe6QolfKxLTtRwCMqRMNjbJNTGNcegP2fpa7btXLiYbTZWLCGrH+ASklnkw1LOptRegysofMEHqj0c56tBPPylRlnIE2v3MCSJpVFmXu/veRjuRRVy91ms4KNik7S46GS1M0nhVO08QlfPwZhdYhO6gB0w2OjkzfG74eSJGTnMqj7XPp0vi35jp2GjmLk54xySAocQ/E9pxfqA/78dTsL3JIYuqlyWjq/iY5xGsUB\n",
            "public_key_pem": "-----BEGIN PUBLIC KEY-----\nMIIBIjANBgkqhkiG9w0BAQEFAAOCAQ8AMIIBCgKCAQEAs0u/eGnYZ2de6+3aqYNv\ngqwWsZnTktWMZAFfmHuDTIrBNb1EM4NQWVR9XvtW1XZcBUHkCUsXXlAp6JlfzxOo\nUKtnGs9nWMWEa2X/WpwsDPj0wXukKJXysS07UcAjKkTDY2yTUxjXHoD9n6Wu27Vy\n4mG02Viwhqx/gEpJZ5MNSzqbUXoMrKHzBB6o9HOerQTz8pUZZyBNr9zAkiaVRZl7\nv73kY7kUVcvdZrOCjYpO0uOhktTNJ4VTtPEJXz8GYXWITuoAdMNjo5M3xu+HkiRk\n5zKo+1z6dL4t+Y6dho5i5OeMckgKHEPxPacX6gP+/HU7C9ySGLqpclo6v4mOcRrF\nAQIDAQAB\n-----END PUBLIC KEY-----\n",
            "rsa_bits": 2048
          },
          "sensitive_attributes": [
            [
              {
                "type": "get_attr",
                "value": "private_key_openssh"
              }
            ],
            [
              {
                "type": "get_attr",
                "value": "private_key_pem"
              }
            ],
            [
              {
                "type": "get_attr",
                "value": "private_key_pem_pkcs8"
              }
            ]
          ],
          "identity_schema_version": 0
        }
      ]
    },
    {
      "mode": "managed",
      "type": "tls_self_signed_cert",
      "name": "alb_test",
      "provider": "provider[\"registry.terraform.io/hashicorp/tls\"]",
      "instances": [
        {
          "index_key": 0,
          "schema_version": 0,
          "attributes": {
            "allowed_uses": [
              "key_encipherment",
              "digital_signature",
              "server_auth"
            ],
            "cert_pem": "-----BEGIN CERTIFICATE-----\nMIIDNzCCAh+gAwIBAgIQITIr7oCSdyXBql7e70iXlDANBgkqhkiG9w0BAQsFADA8\nMRwwGgYDVQQKExNBbWF6b24gV2ViIFNlcnZpY2VzMRwwGgYDVQQDDBMqLmVsYi5h\nbWF6b25hd3MuY29tMB4XDTI1MTAyNTE1NTU0N1oXDTI2MTAyNTE1NTU0N1owPDEc\nMBoGA1UEChMTQW1hem9uIFdlYiBTZXJ2aWNlczEcMBoGA1UEAwwTKi5lbGIuYW1h\nem9uYXdzLmNvbTCCASIwDQYJKoZIhvcNAQEBBQADggEPADCCAQoCggEBALNLv3hp\n2GdnXuvt2qmDb4KsFrGZ05LVjGQBX5h7g0yKwTW9RDODUFlUfV77VtV2XAVB5AlL\nF15QKeiZX88TqFCrZxrPZ1jFhGtl/1qcLAz49MF7pCiV8rEtO1HAIypEw2Nsk1MY\n1x6A/Z+lrtu1cuJhtNlYsIasf4BKSWeTDUs6m1F6DKyh8wQeqPRznq0E8/KVGWcg\nTa/cwJImlUWZe7+95GO5FFXL3Wazgo2KTtLjoZLUzSeFU7TxCV8/BmF1iE7qAHTD\nY6OTN8bvh5IkZOcyqPtc+nS+LfmOnYaOYuTnjHJIChxD8T2nF+oD/vx1Owvckhi6\nqXJaOr+JjnEaxQECAwEAAaM1MDMwDgYDVR0PAQH/BAQDAgWgMBMGA1UdJQQMMAoG\nCCsGAQUFBwMBMAwGA1UdEwEB/wQCMAAwDQYJKoZIhvcNAQELBQADggEBAHxa2plg\n1s0b2G17xtWAn5WOZuhXwHr8Cg6kyIpKecW/S3iVKqwPwiYulgCIW9WdiRI0ETMv\nMv8uJ2AlM0SbMFNWU8UHozWoHxFAmPzXM8F5xbxYTwZeBPPbPrTyC00mXk4F0AxF\nQN3zuoaFGFaGaWGeAvNp5KPuI/U8CpZJwz2wQxKF+lgJM9A/9DxtzGu5azn4DyZb\nxHgiN8k2Z4v8j3ZpiNoGq9kAnNCrFTRqoTspWptNvYoLpfyEtzNPJpliNlal1YSk\nNR9ZxyhR6ActXoBZhLNoGYNfqy6xfyZFXYooF0lo5gLFnWwTAJCe0EpTdK/HOWjA\nsGULrp3cN0vRYSk=\n-----END CERTIFICATE-----\n",
            "dns_names": null,
            "early_renewal_hours": 0,
            "id": "44125029743535747688884702379241936788",
            "ip_addresses": null,
            "is_ca_certificate": false,
            "key_algorithm": "RSA",
            "private_key_pem": "-----BEGIN RSA PRIVATE KEY-----\nMIIEowIBAAKCAQEAs0u/eGnYZ2de6+3aqYNvgqwWsZnTktWMZAFfmHuDTIrBNb1E\nM4NQWVR9XvtW1XZcBUHkCUsXXlAp6JlfzxOoUKtnGs9nWMWEa2X/WpwsDPj0wXuk\nKJXysS07UcAjKkTDY2yTUxjXHoD9n6Wu27Vy4mG02Viwhqx/gEpJZ5MNSzqbUXoM\nrKHzBB6o9HOerQTz8pUZZyBNr9zAkiaVRZl7v73kY7kUVcvdZrOCjYpO0uOhktTN\nJ4VTtPEJXz8GYXWITuoAdMNjo5M3xu+HkiRk5zKo+1z6dL4t+Y6dho5i5OeMckgK\nHEPxPacX6gP+/HU7C9ySGLqpclo6v4mOcRrFAQIDAQABAoIBAEQ4n7+pAosB1afO\nxqM2XDEr2qy0G8FkmPkaXq3t3T08FJ0miXNSVTnQQK3p05YAZa4obqSsmlUsCm4z\nIbXwxFwBhAc7AJdR/HtDAaEQCGDdP3/5VDKPL5uD2uzVv2ufY3sKvpnhO0Ujjp12\n1OxLg82ooMAMk4qCyzbczUZoOSg0nmv0mnDyPiBivLxRyeW3xNtL+Kvb69/jBmMy\nT6BDzhn3qCAwHq+13rjHJEuEQRArMM21KjVdaZl/VhKxE1hiAj4aQrdgv033jQhG\nzzpN3BbpDenlUaut6DeAN5RqpZsuYNH3EaLYX0p81Rhhr2woWDtBl/hHpooGz7eY\n19F/54sCgYEA6ZHu2mGDaRe4OAjEtsPlxda50J5KX7zINM1fqARV92i++bMCYEiF\nK+JkoUwzmOuIqYUu9quZc5gEeSyNRZ56TB9/BvXWAy/lht7eb5P8rcMoNaZsA/SC\nirzJqKefH4NC74WN69r3MtFUsgUgZ5XxbHVHk/ScGDDbJg63L3BjXTMCgYEAxIOL\nHDna4SM3nxTa5iEgbTqmxL51+aeiyjcFYyzpdYx6uDQM2jZtWIyr1qYURyjDVtyP\nlkOqzJUr2QfJJ3QhEHX7UUZDluKygs73xGuu2U2y9v6nCpTUvzlBAC1zzutwiH3g\nBP27x8L2Dcc2SWKQmDKPuVLhURSub4viQOtwDPsCgYA6A4tGJq5TLhcNo+/oTWQG\n7bydepOSj/tSUiiOPPV1TEkTEElozNp2+fZwsdKnCumY4YG2twyYT4vc5Rn5ztEl\nkzUj72/GvuDNzRGGuUUri6uzF7EAknzSJO4Zu/ikBSBdCdkkWfDIaIIW7XsM/4tF\nmyO6NimHQKtOGp2ZZNrpTQKBgFl7VJLLvWEa+i7T/kEgAHX8aQfZejruHHBb0XYx\nczT1fMP334pVkkDp/S1GfqFQbHJXCILx2QpDOq4en3f5pzypnICLsCc6nvJ1b9je\n98U3XjCeEE3/K0jPt0tvZvZnutxMBQAA0crKeeQYPB36ZcEH9O38UWDsO+nLFoFd\nM66VAoGBAIeYIOOt1bti5FiMSPBTtxTrqOR/igZ3vCR+oyATSpAlk1luNqpGNPm5\nntS6ZwRJyjMjmt582GDvi2sv0rhYG91eVdHQPEc+R5gnOrlXPbKPkylJtk/wveGu\nX8iz6SiZK+1OrSZ4/kriPtd3hdTD08v2yJGXDJvLGgb8YS3k0XkY\n-----END RSA PRIVATE KEY-----\n",
            "ready_for_renewal": false,
            "set_authority_key_id": false,
            "set_subject_key_id": false,
            "subject": [
              {
                "common_name": "*.elb.amazonaws.com",
                "country": null,
                "email_address": null,
                "locality": null,
                "organization": "Amazon Web Services",
                "organizational_unit": null,
                "postal_code": null,
                "province": null,
                "serial_number": null,
                "street_address": null
              }
            ],
            "uris": null,
            "validity_end_time": "2026-10-25T21:25:47.670584274+05:30",
            "validity_period_hours": 8760,
            "validity_start_time": "2025-10-25T21:25:47.670584274+05:30"
          },
          "sensitive_attributes": [
            [
              {
                "type": "get_attr",
                "value": "private_key_pem"
              }
            ]
          ],
          "identity_schema_version": 0,
          "dependencies": [
            "tls_private_key.alb_test"
          ]
        }
      ]
    }
  ],
  "check_results": [
    {
      "object_kind": "var",
      "config_addr": "var.cloudfront_price_class",
      "status": "pass",
      "objects": [
        {
          "object_addr": "var.cloudfront_price_class",
          "status": "pass"
        }
      ]
    }
  ]
}
