{
  "version": 4,
  "terraform_version": "1.13.3",
  "serial": 1497,
  "lineage": "db5c5043-29f3-7b9d-e005-7fa918e9e01f",
  "outputs": {
    "alb_arn": {
      "value": "arn:aws:elasticloadbalancing:ap-south-1:949945086246:loadbalancer/app/upscpro-stage2-alb/05d2bffd02153231",
      "type": "string"
    },
    "alb_url": {
      "value": "https://upscpro-stage2-alb-664730014.ap-south-1.elb.amazonaws.com",
      "type": "string"
    },
    "alb_zone_id": {
      "value": "ZP97RAFLXTNZK",
      "type": "string"
    },
    "app_url": {
      "value": "http://10.2.0.247:8000 (private)",
      "type": "string"
    },
    "aws_region": {
      "value": "ap-south-1",
      "type": "string"
    },
    "cloudfront_distribution_arn": {
      "value": "arn:aws:cloudfront::949945086246:distribution/E3JHW16DWVFGG2",
      "type": "string"
    },
    "cloudfront_distribution_id": {
      "value": "E3JHW16DWVFGG2",
      "type": "string"
    },
    "cloudfront_domain_name": {
      "value": "d154c12efsmyd6.cloudfront.net",
      "type": "string"
    },
    "cloudfront_hosted_zone_id": {
      "value": "Z2FDTNDATAQYW2",
      "type": "string"
    },
    "cloudwatch_log_group_name": {
      "value": "/ecs/upscpro-stage2",
      "type": "string"
    },
    "database_url": {
      "value": "postgresql://upscproStage2User:upscproStage2Password123!@upscpro-stage2-db.c8wrvaeukcp0.ap-south-1.rds.amazonaws.com:5432:5432/upscproStage2DB",
      "type": "string",
      "sensitive": true
    },
    "docker_instance_id": {
      "value": "i-094403da7006be2aa",
      "type": "string"
    },
    "docker_instance_private_ip": {
      "value": "10.2.0.247",
      "type": "string"
    },
    "docker_instance_public_ip": {
      "value": "13.201.36.137",
      "type": "string"
    },
    "ec2_security_group_id": {
      "value": "sg-0509afc908310fdd2",
      "type": "string"
    },
    "ecr_repository_app_url": {
      "value": "949945086246.dkr.ecr.ap-south-1.amazonaws.com/upscpro-stage2-app",
      "type": "string"
    },
    "ecr_repository_faculty_ui_url": {
      "value": "949945086246.dkr.ecr.ap-south-1.amazonaws.com/upscpro-stage2-faculty-ui",
      "type": "string"
    },
    "ecr_repository_frontend_url": {
      "value": "949945086246.dkr.ecr.ap-south-1.amazonaws.com/upscpro-stage2-frontend",
      "type": "string"
    },
    "ecr_repository_helios_url": {
      "value": "949945086246.dkr.ecr.ap-south-1.amazonaws.com/upscpro-stage2-helios",
      "type": "string"
    },
    "ecr_repository_onboarding_ui_url": {
      "value": "949945086246.dkr.ecr.ap-south-1.amazonaws.com/upscpro-stage2-onboarding-ui",
      "type": "string"
    },
    "ecs_task_execution_role_arn": {
      "value": "arn:aws:iam::949945086246:role/upscpro-stage2-ecs-task-execution-role",
      "type": "string"
    },
    "ecs_task_role_arn": {
      "value": "arn:aws:iam::949945086246:role/upscpro-stage2-ecs-task-role",
      "type": "string"
    },
    "environment": {
      "value": "stage2",
      "type": "string"
    },
    "faculty_ui_url": {
      "value": "https://upscpro-stage2-alb-664730014.ap-south-1.elb.amazonaws.com/faculty",
      "type": "string"
    },
    "flower_url": {
      "value": "http://10.2.0.247:5555 (private)",
      "type": "string"
    },
    "frontend_url": {
      "value": "https://upscpro-stage2-alb-664730014.ap-south-1.elb.amazonaws.com",
      "type": "string"
    },
    "github_integration_info": {
      "value": {
        "auto_deploy_enabled": false,
        "branch": "algo_refactor",
        "repository_configured": true,
        "webhook_endpoint": null
      },
      "type": [
        "object",
        {
          "auto_deploy_enabled": "bool",
          "branch": "string",
          "repository_configured": "bool",
          "webhook_endpoint": "string"
        }
      ]
    },
    "helios_url": {
      "value": "http://10.2.0.247:8080 (private)",
      "type": "string"
    },
    "onboarding_ui_url": {
      "value": "https://upscpro-stage2-alb-664730014.ap-south-1.elb.amazonaws.com/onboarding",
      "type": "string"
    },
    "private_subnet_ids": {
      "value": [
        "subnet-0f7022d91621fc6c6",
        "subnet-0330e8e98d076235e"
      ],
      "type": [
        "tuple",
        [
          "string",
          "string"
        ]
      ]
    },
    "project_name": {
      "value": "upscpro-stage2",
      "type": "string"
    },
    "public_subnet_ids": {
      "value": [
        "subnet-0bf543ff86c86c799",
        "subnet-00230a653a75871fd"
      ],
      "type": [
        "tuple",
        [
          "string",
          "string"
        ]
      ]
    },
    "rds_endpoint": {
      "value": "upscpro-stage2-db.c8wrvaeukcp0.ap-south-1.rds.amazonaws.com:5432",
      "type": "string"
    },
    "rds_port": {
      "value": 5432,
      "type": "number"
    },
    "rds_security_group_id": {
      "value": "sg-04a4366b05907e111",
      "type": "string"
    },
    "s3_bucket_assets_arn": {
      "value": "arn:aws:s3:::upscpro-stage2-assets",
      "type": "string"
    },
    "s3_bucket_assets_name": {
      "value": "upscpro-stage2-assets",
      "type": "string"
    },
    "s3_bucket_images_arn": {
      "value": "arn:aws:s3:::upscpro-stage2-images",
      "type": "string"
    },
    "s3_bucket_images_name": {
      "value": "upscpro-stage2-images",
      "type": "string"
    },
    "strapi_instance_id": {
      "value": "i-084af1ab9e9d13acc",
      "type": "string"
    },
    "strapi_instance_private_ip": {
      "value": "10.2.2.55",
      "type": "string"
    },
    "strapi_instance_public_ip": {
      "value": "",
      "type": "string"
    },
    "strapi_url": {
      "value": "http://10.2.2.55:1337 (private)",
      "type": "string"
    },
    "target_group_faculty_ui_arn": {
      "value": "arn:aws:elasticloadbalancing:ap-south-1:949945086246:targetgroup/upscpro-stage2-faculty-ui-tg/91cf120f3067c64e",
      "type": "string"
    },
    "target_group_frontend_arn": {
      "value": "arn:aws:elasticloadbalancing:ap-south-1:949945086246:targetgroup/upscpro-stage2-frontend-tg/8d1c1c0b41715183",
      "type": "string"
    },
    "target_group_onboarding_ui_arn": {
      "value": "arn:aws:elasticloadbalancing:ap-south-1:949945086246:targetgroup/upscpro-stage2-onboarding-ui-tg/8a4d0f2e46652fbd",
      "type": "string"
    },
    "vpc_cidr_block": {
      "value": "10.2.0.0/16",
      "type": "string"
    },
    "vpc_id": {
      "value": "vpc-00f92e2c399f2ae9d",
      "type": "string"
    }
  },
  "resources": [
    {
      "mode": "data",
      "type": "aws_ami",
      "name": "ubuntu",
      "provider": "provider[\"registry.terraform.io/hashicorp/aws\"]",
      "instances": [
        {
          "schema_version": 0,
          "attributes": {
            "architecture": "x86_64",
            "arn": "arn:aws:ec2:ap-south-1::image/ami-087d1c9a513324697",
            "block_device_mappings": [
              {
                "device_name": "/dev/sda1",
                "ebs": {
                  "delete_on_termination": "true",
                  "encrypted": "false",
                  "iops": "0",
                  "snapshot_id": "snap-0747e885ea38fd708",
                  "throughput": "0",
                  "volume_initialization_rate": "0",
                  "volume_size": "8",
                  "volume_type": "gp2"
                },
                "no_device": "",
                "virtual_name": ""
              },
              {
                "device_name": "/dev/sdb",
                "ebs": {},
                "no_device": "",
                "virtual_name": "ephemeral0"
              },
              {
                "device_name": "/dev/sdc",
                "ebs": {},
                "no_device": "",
                "virtual_name": "ephemeral1"
              }
            ],
            "boot_mode": "uefi-preferred",
            "creation_date": "2025-10-15T08:05:14.000Z",
            "deprecation_time": "2027-10-15T08:05:14.000Z",
            "description": "Canonical, Ubuntu, 22.04, amd64 jammy image",
            "ena_support": true,
            "executable_users": null,
            "filter": [
              {
                "name": "name",
                "values": [
                  "ubuntu/images/hvm-ssd/ubuntu-jammy-22.04-amd64-server-*"
                ]
              },
              {
                "name": "virtualization-type",
                "values": [
                  "hvm"
                ]
              }
            ],
            "hypervisor": "xen",
            "id": "ami-087d1c9a513324697",
            "image_id": "ami-087d1c9a513324697",
            "image_location": "amazon/ubuntu/images/hvm-ssd/ubuntu-jammy-22.04-amd64-server-20251015",
            "image_owner_alias": "amazon",
            "image_type": "machine",
            "imds_support": "",
            "include_deprecated": false,
            "kernel_id": "",
            "last_launched_time": "",
            "most_recent": true,
            "name": "ubuntu/images/hvm-ssd/ubuntu-jammy-22.04-amd64-server-20251015",
            "name_regex": null,
            "owner_id": "099720109477",
            "owners": [
              "099720109477"
            ],
            "platform": "",
            "platform_details": "Linux/UNIX",
            "product_codes": [],
            "public": true,
            "ramdisk_id": "",
            "root_device_name": "/dev/sda1",
            "root_device_type": "ebs",
            "root_snapshot_id": "snap-0747e885ea38fd708",
            "sriov_net_support": "simple",
            "state": "available",
            "state_reason": {
              "code": "UNSET",
              "message": "UNSET"
            },
            "tags": {},
            "timeouts": null,
            "tpm_support": "",
            "uefi_data": null,
            "usage_operation": "RunInstances",
            "virtualization_type": "hvm"
          },
          "sensitive_attributes": [],
          "identity_schema_version": 0
        }
      ]
    },
    {
      "mode": "data",
      "type": "aws_availability_zones",
      "name": "available",
      "provider": "provider[\"registry.terraform.io/hashicorp/aws\"]",
      "instances": [
        {
          "schema_version": 0,
          "attributes": {
            "all_availability_zones": null,
            "exclude_names": null,
            "exclude_zone_ids": null,
            "filter": null,
            "group_names": [
              "ap-south-1-zg-1"
            ],
            "id": "ap-south-1",
            "names": [
              "ap-south-1a",
              "ap-south-1b",
              "ap-south-1c"
            ],
            "state": "available",
            "timeouts": null,
            "zone_ids": [
              "aps1-az1",
              "aps1-az3",
              "aps1-az2"
            ]
          },
          "sensitive_attributes": [],
          "identity_schema_version": 0
        }
      ]
    },
    {
      "mode": "data",
      "type": "aws_caller_identity",
      "name": "current",
      "provider": "provider[\"registry.terraform.io/hashicorp/aws\"]",
      "instances": [
        {
          "schema_version": 0,
          "attributes": {
            "account_id": "949945086246",
            "arn": "arn:aws:iam::949945086246:user/prasanna@carbonmint.com",
            "id": "949945086246",
            "user_id": "AIDA52LJDWETBCM2ZCRCZ"
          },
          "sensitive_attributes": [],
          "identity_schema_version": 0
        }
      ]
    },
    {
      "mode": "managed",
      "type": "aws_acm_certificate",
      "name": "alb_test",
      "provider": "provider[\"registry.terraform.io/hashicorp/aws\"]",
      "instances": [
        {
          "index_key": 0,
          "schema_version": 0,
          "attributes": {
            "arn": "arn:aws:acm:ap-south-1:949945086246:certificate/fbe0e48a-a1ba-44c4-b588-e01d94c46ee8",
            "certificate_authority_arn": "",
            "certificate_body": "-----BEGIN CERTIFICATE-----\nMIIDODCCAiCgAwIBAgIRAJFtfY/ZeDLjiS5sWGtU4ewwDQYJKoZIhvcNAQELBQAw\nPDEcMBoGA1UEChMTQW1hem9uIFdlYiBTZXJ2aWNlczEcMBoGA1UEAwwTKi5lbGIu\nYW1hem9uYXdzLmNvbTAeFw0yNTEwMjgwMzI4MDJaFw0yNjEwMjgwMzI4MDJaMDwx\nHDAaBgNVBAoTE0FtYXpvbiBXZWIgU2VydmljZXMxHDAaBgNVBAMMEyouZWxiLmFt\nYXpvbmF3cy5jb20wggEiMA0GCSqGSIb3DQEBAQUAA4IBDwAwggEKAoIBAQDVGYGb\ndH1ggKQG4TeYE3mnsfhehqYgu9v3xMxUZcK1ZRK6shEkw6t8fJratC8ENt0jHpBm\nh1YKmXiBy79HM/PqZzqGfFCDkM4f5C7sBhK6t042uQEykFiHT74uA0Jh0UvEfR5/\nbUfb++jh/VtMgLJDy2U9d9vM1LyMIqFk7rtPqrWLD9z3cwKv5Xlk1BQ8xhFnErbw\nThP4SCL2B8wI4gOlO98/9lVw4yVLQ3ii8kifvw3xLBx99F/WYr57FrNJ6y5CkCa+\n4wLsyCTgIpaaXXIYDnk98yg/5YS9X6rlATXoJD1rX++mZlzv+oE9332b0dv09aX+\nVnXBxoZXt+whKkgJAgMBAAGjNTAzMA4GA1UdDwEB/wQEAwIFoDATBgNVHSUEDDAK\nBggrBgEFBQcDATAMBgNVHRMBAf8EAjAAMA0GCSqGSIb3DQEBCwUAA4IBAQBcLzfK\nO92tZcvCbOqcBzCSH19bka10cIeoWIbD2Xm2rV7rG8WlkKMnLNvELQz4i3vVeiYy\njAsTLX+y6O9Ahe3fuxns+F+4QW3dbU6FjYmxfDXuxrd1CO7Ld0D/xaYPOxuWofEX\n7huAVlj/ghbG7+DR0nvrOzcSbbCciwzvDPsQSdNgWeUlphwchBL18RKcrwMBspSh\nsxsr+uH+jUvhJwITE46UyK2a7AUB+rHJlvdO5TEFYKJRNSqlbMoCaN8BWPcIwT55\nO2oBt0WBMIgwAjvfzbGIq3RAm0l3D9WujycNqbHzh3+2U/kTJsR5Mq0qRgBFOW8/\nFi5hAE1RlKoj7ZSm\n-----END CERTIFICATE-----\n",
            "certificate_chain": null,
            "domain_name": "*.elb.amazonaws.com",
            "domain_validation_options": [],
            "early_renewal_duration": "",
            "id": "arn:aws:acm:ap-south-1:949945086246:certificate/fbe0e48a-a1ba-44c4-b588-e01d94c46ee8",
            "key_algorithm": "RSA_2048",
            "not_after": "2026-10-28T03:28:02Z",
            "not_before": "2025-10-28T03:28:02Z",
            "options": [
              {
                "certificate_transparency_logging_preference": "DISABLED"
              }
            ],
            "pending_renewal": false,
            "private_key": "-----BEGIN RSA PRIVATE KEY-----\nMIIEpQIBAAKCAQEA1RmBm3R9YICkBuE3mBN5p7H4XoamILvb98TMVGXCtWUSurIR\nJMOrfHya2rQvBDbdIx6QZodWCpl4gcu/RzPz6mc6hnxQg5DOH+Qu7AYSurdONrkB\nMpBYh0++LgNCYdFLxH0ef21H2/vo4f1bTICyQ8tlPXfbzNS8jCKhZO67T6q1iw/c\n93MCr+V5ZNQUPMYRZxK28E4T+Egi9gfMCOIDpTvfP/ZVcOMlS0N4ovJIn78N8Swc\nffRf1mK+exazSesuQpAmvuMC7Mgk4CKWml1yGA55PfMoP+WEvV+q5QE16CQ9a1/v\npmZc7/qBPd99m9Hb9PWl/lZ1wcaGV7fsISpICQIDAQABAoIBABbEhN5xEbwvwlah\n1WjAG+1YzGp9BF7W82eDdTlHLghnZhrgT4iYB0hjn7/iJGvU2MeZyl/J8d1sDD4B\n4MvgtxzCLrSTr55+6CbsID9DXtjoIMkj9wbJ+Utrr6wG2R7OV8QEgi+nI1hTj8wl\nX43K6kDoCEcK+UbnK8XlJU09XHHkXyxan/7I0bL/woVc4LH92fyVdJj8S2JprdXB\neRMih9Y5X8SboTzus2USX0/x41pBEETUVXkyClDGAIz8Z0esYW0Bm7IHXz+EVTla\n2qemszegjVn/fD8PRXrOb1gZHN88753jEErEHxZZFlYxt0iGh5qyKPxNvswb/E6r\n8ng1nSECgYEA/rEZbyXqbeGeohhQ2DzDBL7Ti7rGuvGsvPDrk3FIOApB5jYkymfw\nJzQE0tSx3dX53LxDioYwTlvfYqP/QRB0hLe8v9Ma3Qx0+8PxWUKTmEi30dG/FhR8\nxSHYnRXSnun4i+iDjNzo58Ku2lGy/ZFfkwKZ/R1aIVL9huobgGmZsFUCgYEA1jG3\nYpRM+Byu6T7vFk95uijjgPcMyCU0zKF4ZcJkPAoT27eUDZw4FLGdG3KDRrvcpS6Z\nE1Z6A3uGdF+Alfpx3oFIOav6/oEP7zV9W/Zp4g+MSiwLerbMGfvCWbC/HdEicuOA\n1KTp+eBKrSoIeFqrBdlb5AR/CBlG5gfjmY8NXOUCgYEAg2+nvYlmotAlimdcCUvK\nJL/J8jkwZ7diuprmJ8/1Qh5hBcn5UI81CzY4KwlixSWw7W4muO0pLrcQ4BncF5rD\nVt5vRNtP6LWOBYOIINVPz+3vFxPUNjPac+1UmTRy3lnGT4Vtphs3AqugisBQy7Tj\nCr3z9ADay4nFloNoL+vPSYUCgYEAqRhSqBZftTgfta+jXD+d36NMB5IBmzgUOL/4\npo0SSHvENZ712NDNTTjyyKpcjMjeZeElo6iPZpRsDw8eGki/AGObuzvUSHtnMvdN\nYf5klLyliiC/Zz9MXe7s/ZWVK1rhEUYdfMI8nLG/Anm+ehVKErIH4zjReHlMCWmM\n+rt+VykCgYEAv6PpCs8cJvd9nQ2BDpxvLcKZZY0uxM7AxccElMoelA/UNCK7Co5L\nutGkWJS1KQ/izSXcEmqeY7R0aXQrgCGX0Ih96VK0TGTVQwyyEtlnSYL+DxqtBIJv\ntzbZML1g7J0td8wS7p9RzhMNwZL9ZhRWuP9GwhDhJXl0JfHeJ9jvjXk=\n-----END RSA PRIVATE KEY-----\n",
            "renewal_eligibility": "INELIGIBLE",
            "renewal_summary": [],
            "status": "ISSUED",
            "subject_alternative_names": [
              "*.elb.amazonaws.com"
            ],
            "tags": {
              "Name": "upscpro-stage2-alb-test-cert"
            },
            "tags_all": {
              "Environment": "stage2",
              "ManagedBy": "terraform",
              "Name": "upscpro-stage2-alb-test-cert",
              "Project": "upscpro-stage2"
            },
            "type": "IMPORTED",
            "validation_emails": [],
            "validation_method": "NONE",
            "validation_option": []
          },
          "sensitive_attributes": [
            [
              {
                "type": "get_attr",
                "value": "private_key"
              }
            ]
          ],
          "identity_schema_version": 0,
          "private": "bnVsbA==",
          "dependencies": [
            "tls_private_key.alb_test",
            "tls_self_signed_cert.alb_test"
          ]
        }
      ]
    },
    {
      "mode": "managed",
      "type": "aws_cloudfront_distribution",
      "name": "main",
      "provider": "provider[\"registry.terraform.io/hashicorp/aws\"]",
      "instances": [
        {
          "index_key": 0,
          "schema_version": 1,
          "attributes": {
            "aliases": null,
            "arn": "arn:aws:cloudfront::949945086246:distribution/E3JHW16DWVFGG2",
            "caller_reference": "terraform-2025102803313018480000000c",
            "comment": "CloudFront distribution for upscpro-stage2",
            "continuous_deployment_policy_id": "",
            "custom_error_response": [],
            "default_cache_behavior": [
              {
                "allowed_methods": [
                  "DELETE",
                  "GET",
                  "HEAD",
                  "OPTIONS",
                  "PATCH",
                  "POST",
                  "PUT"
                ],
                "cache_policy_id": "",
                "cached_methods": [
                  "GET",
                  "HEAD"
                ],
                "compress": true,
                "default_ttl": 3600,
                "field_level_encryption_id": "",
                "forwarded_values": [
                  {
                    "cookies": [
                      {
                        "forward": "none",
                        "whitelisted_names": []
                      }
                    ],
                    "headers": [],
                    "query_string": true,
                    "query_string_cache_keys": []
                  }
                ],
                "function_association": [],
                "grpc_config": [
                  {
                    "enabled": false
                  }
                ],
                "lambda_function_association": [],
                "max_ttl": 86400,
                "min_ttl": 0,
                "origin_request_policy_id": "",
                "realtime_log_config_arn": "",
                "response_headers_policy_id": "",
                "smooth_streaming": false,
                "target_origin_id": "ALB-upscpro-stage2",
                "trusted_key_groups": [],
                "trusted_signers": [],
                "viewer_protocol_policy": "redirect-to-https"
              }
            ],
            "default_root_object": "index.html",
            "domain_name": "d154c12efsmyd6.cloudfront.net",
            "enabled": true,
            "etag": "EXKTOIAY6COZS",
            "hosted_zone_id": "Z2FDTNDATAQYW2",
            "http_version": "http2",
            "id": "E3JHW16DWVFGG2",
            "in_progress_validation_batches": 0,
            "is_ipv6_enabled": true,
            "last_modified_time": "2025-10-28 03:31:31.396 +0000 UTC",
            "logging_config": [],
            "ordered_cache_behavior": [
              {
                "allowed_methods": [
                  "GET",
                  "HEAD"
                ],
                "cache_policy_id": "",
                "cached_methods": [
                  "GET",
                  "HEAD"
                ],
                "compress": true,
                "default_ttl": 86400,
                "field_level_encryption_id": "",
                "forwarded_values": [
                  {
                    "cookies": [
                      {
                        "forward": "none",
                        "whitelisted_names": null
                      }
                    ],
                    "headers": [],
                    "query_string": false,
                    "query_string_cache_keys": []
                  }
                ],
                "function_association": [],
                "grpc_config": [
                  {
                    "enabled": false
                  }
                ],
                "lambda_function_association": [],
                "max_ttl": 31536000,
                "min_ttl": 0,
                "origin_request_policy_id": "",
                "path_pattern": "/static/*",
                "realtime_log_config_arn": "",
                "response_headers_policy_id": "",
                "smooth_streaming": false,
                "target_origin_id": "ALB-upscpro-stage2",
                "trusted_key_groups": null,
                "trusted_signers": null,
                "viewer_protocol_policy": "redirect-to-https"
              }
            ],
            "origin": [
              {
                "connection_attempts": 3,
                "connection_timeout": 10,
                "custom_header": [],
                "custom_origin_config": [
                  {
                    "http_port": 80,
                    "https_port": 443,
                    "origin_keepalive_timeout": 5,
                    "origin_protocol_policy": "https-only",
                    "origin_read_timeout": 30,
                    "origin_ssl_protocols": [
                      "TLSv1.2"
                    ]
                  }
                ],
                "domain_name": "upscpro-stage2-alb-664730014.ap-south-1.elb.amazonaws.com",
                "origin_access_control_id": "",
                "origin_id": "ALB-upscpro-stage2",
                "origin_path": "",
                "origin_shield": [],
                "s3_origin_config": [],
                "vpc_origin_config": []
              }
            ],
            "origin_group": [],
            "price_class": "PriceClass_100",
            "restrictions": [
              {
                "geo_restriction": [
                  {
                    "locations": [],
                    "restriction_type": "none"
                  }
                ]
              }
            ],
            "retain_on_delete": false,
            "staging": false,
            "status": "Deployed",
            "tags": {
              "Name": "upscpro-stage2-cloudfront"
            },
            "tags_all": {
              "Environment": "stage2",
              "ManagedBy": "terraform",
              "Name": "upscpro-stage2-cloudfront",
              "Project": "upscpro-stage2"
            },
            "trusted_key_groups": [
              {
                "enabled": false,
                "items": []
              }
            ],
            "trusted_signers": [
              {
                "enabled": false,
                "items": []
              }
            ],
            "viewer_certificate": [
              {
                "acm_certificate_arn": "",
                "cloudfront_default_certificate": true,
                "iam_certificate_id": "",
                "minimum_protocol_version": "TLSv1",
                "ssl_support_method": ""
              }
            ],
            "wait_for_deployment": true,
            "web_acl_id": ""
          },
          "sensitive_attributes": [],
          "identity_schema_version": 0,
          "private": "eyJzY2hlbWFfdmVyc2lvbiI6IjEifQ==",
          "dependencies": [
            "aws_acm_certificate.main",
            "aws_lb.main",
            "aws_security_group.alb",
            "aws_subnet.public",
            "aws_vpc.main",
            "data.aws_availability_zones.available"
          ]
        }
      ]
    },
    {
      "mode": "managed",
      "type": "aws_cloudwatch_log_group",
      "name": "docker_instance",
      "provider": "provider[\"registry.terraform.io/hashicorp/aws\"]",
      "instances": [
        {
          "index_key": 0,
          "schema_version": 0,
          "attributes": {
            "arn": "arn:aws:logs:ap-south-1:949945086246:log-group:/aws/ec2/upscpro-stage2-docker",
            "id": "/aws/ec2/upscpro-stage2-docker",
            "kms_key_id": "",
            "log_group_class": "STANDARD",
            "name": "/aws/ec2/upscpro-stage2-docker",
            "name_prefix": "",
            "retention_in_days": 7,
            "skip_destroy": false,
            "tags": {
              "Name": "upscpro-stage2-docker-logs"
            },
            "tags_all": {
              "Environment": "stage2",
              "ManagedBy": "terraform",
              "Name": "upscpro-stage2-docker-logs",
              "Project": "upscpro-stage2"
            }
          },
          "sensitive_attributes": [],
          "identity_schema_version": 0,
          "private": "bnVsbA=="
        }
      ]
    },
    {
      "mode": "managed",
      "type": "aws_cloudwatch_log_group",
      "name": "ecs",
      "provider": "provider[\"registry.terraform.io/hashicorp/aws\"]",
      "instances": [
        {
          "schema_version": 0,
          "attributes": {
            "arn": "arn:aws:logs:ap-south-1:949945086246:log-group:/ecs/upscpro-stage2",
            "id": "/ecs/upscpro-stage2",
            "kms_key_id": "",
            "log_group_class": "STANDARD",
            "name": "/ecs/upscpro-stage2",
            "name_prefix": "",
            "retention_in_days": 14,
            "skip_destroy": false,
            "tags": {
              "Name": "upscpro-stage2-ecs-logs"
            },
            "tags_all": {
              "Environment": "stage2",
              "ManagedBy": "terraform",
              "Name": "upscpro-stage2-ecs-logs",
              "Project": "upscpro-stage2"
            }
          },
          "sensitive_attributes": [],
          "identity_schema_version": 0,
          "private": "bnVsbA=="
        }
      ]
    },
    {
      "mode": "managed",
      "type": "aws_cloudwatch_log_group",
      "name": "strapi_instance",
      "provider": "provider[\"registry.terraform.io/hashicorp/aws\"]",
      "instances": [
        {
          "index_key": 0,
          "schema_version": 0,
          "attributes": {
            "arn": "arn:aws:logs:ap-south-1:949945086246:log-group:/aws/ec2/upscpro-stage2-strapi",
            "id": "/aws/ec2/upscpro-stage2-strapi",
            "kms_key_id": "",
            "log_group_class": "STANDARD",
            "name": "/aws/ec2/upscpro-stage2-strapi",
            "name_prefix": "",
            "retention_in_days": 7,
            "skip_destroy": false,
            "tags": {
              "Name": "upscpro-stage2-strapi-logs"
            },
            "tags_all": {
              "Environment": "stage2",
              "ManagedBy": "terraform",
              "Name": "upscpro-stage2-strapi-logs",
              "Project": "upscpro-stage2"
            }
          },
          "sensitive_attributes": [],
          "identity_schema_version": 0,
          "private": "bnVsbA=="
        }
      ]
    },
    {
      "mode": "managed",
      "type": "aws_db_instance",
      "name": "main",
      "provider": "provider[\"registry.terraform.io/hashicorp/aws\"]",
      "instances": [
        {
          "index_key": 0,
          "schema_version": 2,
          "attributes": {
            "address": "upscpro-stage2-db.c8wrvaeukcp0.ap-south-1.rds.amazonaws.com",
            "allocated_storage": 20,
            "allow_major_version_upgrade": null,
            "apply_immediately": false,
            "arn": "arn:aws:rds:ap-south-1:949945086246:db:upscpro-stage2-db",
            "auto_minor_version_upgrade": true,
            "availability_zone": "ap-south-1a",
            "backup_retention_period": 7,
            "backup_target": "region",
            "backup_window": "03:00-04:00",
            "blue_green_update": [],
            "ca_cert_identifier": "rds-ca-rsa2048-g1",
            "character_set_name": "",
            "copy_tags_to_snapshot": false,
            "custom_iam_instance_profile": "",
            "customer_owned_ip_enabled": false,
            "database_insights_mode": "standard",
            "db_name": "upscproStage2DB",
            "db_subnet_group_name": "upscpro-stage2-db-subnet-group",
            "dedicated_log_volume": false,
            "delete_automated_backups": true,
            "deletion_protection": false,
            "domain": "",
            "domain_auth_secret_arn": "",
            "domain_dns_ips": [],
            "domain_fqdn": "",
            "domain_iam_role_name": "",
            "domain_ou": "",
            "enabled_cloudwatch_logs_exports": [],
            "endpoint": "upscpro-stage2-db.c8wrvaeukcp0.ap-south-1.rds.amazonaws.com:5432",
            "engine": "postgres",
            "engine_lifecycle_support": "open-source-rds-extended-support",
            "engine_version": "15.14",
            "engine_version_actual": "15.14",
            "final_snapshot_identifier": null,
            "hosted_zone_id": "Z2VFMSZA74J7XZ",
            "iam_database_authentication_enabled": false,
            "id": "db-JPI7Q6ZNOG7RPPR6USE7YZZDPY",
            "identifier": "upscpro-stage2-db",
            "identifier_prefix": "",
            "instance_class": "db.t3.micro",
            "iops": 0,
            "kms_key_id": "",
            "latest_restorable_time": "2025-10-28T03:54:31Z",
            "license_model": "postgresql-license",
            "listener_endpoint": [],
            "maintenance_window": "sun:04:00-sun:05:00",
            "manage_master_user_password": null,
            "master_user_secret": [],
            "master_user_secret_kms_key_id": null,
            "max_allocated_storage": 100,
            "monitoring_interval": 0,
            "monitoring_role_arn": "",
            "multi_az": false,
            "nchar_character_set_name": "",
            "network_type": "IPV4",
            "option_group_name": "default:postgres-15",
            "parameter_group_name": "default.postgres15",
            "password": "upscproStage2Password123!",
            "password_wo": null,
            "password_wo_version": null,
            "performance_insights_enabled": false,
            "performance_insights_kms_key_id": "",
            "performance_insights_retention_period": 0,
            "port": 5432,
            "publicly_accessible": false,
            "replica_mode": "",
            "replicas": [],
            "replicate_source_db": "",
            "resource_id": "db-JPI7Q6ZNOG7RPPR6USE7YZZDPY",
            "restore_to_point_in_time": [],
            "s3_import": [],
            "skip_final_snapshot": true,
            "snapshot_identifier": null,
            "status": "available",
            "storage_encrypted": false,
            "storage_throughput": 0,
            "storage_type": "gp2",
            "tags": {
              "Name": "upscpro-stage2-db"
            },
            "tags_all": {
              "Environment": "stage2",
              "ManagedBy": "terraform",
              "Name": "upscpro-stage2-db",
              "Project": "upscpro-stage2"
            },
            "timeouts": null,
            "timezone": "",
            "upgrade_storage_config": null,
            "username": "upscproStage2User",
            "vpc_security_group_ids": [
              "sg-04a4366b05907e111"
            ]
          },
          "sensitive_attributes": [
            [
              {
                "type": "get_attr",
                "value": "password"
              }
            ],
            [
              {
                "type": "get_attr",
                "value": "password_wo"
              }
            ]
          ],
          "identity_schema_version": 0,
          "private": "eyJlMmJmYjczMC1lY2FhLTExZTYtOGY4OC0zNDM2M2JjN2M0YzAiOnsiY3JlYXRlIjozMDAwMDAwMDAwMDAwLCJkZWxldGUiOjM2MDAwMDAwMDAwMDAsInVwZGF0ZSI6NDgwMDAwMDAwMDAwMH0sInNjaGVtYV92ZXJzaW9uIjoiMiJ9",
          "dependencies": [
            "aws_db_subnet_group.main",
            "aws_security_group.alb",
            "aws_security_group.ec2",
            "aws_security_group.ecs",
            "aws_security_group.rds",
            "aws_subnet.private",
            "aws_vpc.main",
            "data.aws_availability_zones.available"
          ]
        }
      ]
    },
    {
      "mode": "managed",
      "type": "aws_db_subnet_group",
      "name": "main",
      "provider": "provider[\"registry.terraform.io/hashicorp/aws\"]",
      "instances": [
        {
          "schema_version": 0,
          "attributes": {
            "arn": "arn:aws:rds:ap-south-1:949945086246:subgrp:upscpro-stage2-db-subnet-group",
            "description": "Managed by Terraform",
            "id": "upscpro-stage2-db-subnet-group",
            "name": "upscpro-stage2-db-subnet-group",
            "name_prefix": "",
            "subnet_ids": [
              "subnet-0330e8e98d076235e",
              "subnet-0f7022d91621fc6c6"
            ],
            "supported_network_types": [
              "IPV4"
            ],
            "tags": {
              "Name": "upscpro-stage2-db-subnet-group"
            },
            "tags_all": {
              "Environment": "stage2",
              "ManagedBy": "terraform",
              "Name": "upscpro-stage2-db-subnet-group",
              "Project": "upscpro-stage2"
            },
            "vpc_id": "vpc-00f92e2c399f2ae9d"
          },
          "sensitive_attributes": [],
          "identity_schema_version": 0,
          "private": "bnVsbA==",
          "dependencies": [
            "aws_subnet.private",
            "aws_vpc.main",
            "data.aws_availability_zones.available"
          ]
        }
      ]
    },
    {
      "mode": "managed",
      "type": "aws_ecr_repository",
      "name": "app",
      "provider": "provider[\"registry.terraform.io/hashicorp/aws\"]",
      "instances": [
        {
          "schema_version": 0,
          "attributes": {
            "arn": "arn:aws:ecr:ap-south-1:949945086246:repository/upscpro-stage2-app",
            "encryption_configuration": [
              {
                "encryption_type": "AES256",
                "kms_key": ""
              }
            ],
            "force_delete": null,
            "id": "upscpro-stage2-app",
            "image_scanning_configuration": [
              {
                "scan_on_push": true
              }
            ],
            "image_tag_mutability": "MUTABLE",
            "name": "upscpro-stage2-app",
            "registry_id": "949945086246",
            "repository_url": "949945086246.dkr.ecr.ap-south-1.amazonaws.com/upscpro-stage2-app",
            "tags": {
              "Name": "upscpro-stage2-app"
            },
            "tags_all": {
              "Environment": "stage2",
              "ManagedBy": "terraform",
              "Name": "upscpro-stage2-app",
              "Project": "upscpro-stage2"
            },
            "timeouts": null
          },
          "sensitive_attributes": [],
          "identity_schema_version": 0,
          "private": "eyJlMmJmYjczMC1lY2FhLTExZTYtOGY4OC0zNDM2M2JjN2M0YzAiOnsiZGVsZXRlIjoxMjAwMDAwMDAwMDAwfX0="
        }
      ]
    },
    {
      "mode": "managed",
      "type": "aws_ecr_repository",
      "name": "faculty_ui",
      "provider": "provider[\"registry.terraform.io/hashicorp/aws\"]",
      "instances": [
        {
          "schema_version": 0,
          "attributes": {
            "arn": "arn:aws:ecr:ap-south-1:949945086246:repository/upscpro-stage2-faculty-ui",
            "encryption_configuration": [
              {
                "encryption_type": "AES256",
                "kms_key": ""
              }
            ],
            "force_delete": null,
            "id": "upscpro-stage2-faculty-ui",
            "image_scanning_configuration": [
              {
                "scan_on_push": true
              }
            ],
            "image_tag_mutability": "MUTABLE",
            "name": "upscpro-stage2-faculty-ui",
            "registry_id": "949945086246",
            "repository_url": "949945086246.dkr.ecr.ap-south-1.amazonaws.com/upscpro-stage2-faculty-ui",
            "tags": {
              "Name": "upscpro-stage2-faculty-ui"
            },
            "tags_all": {
              "Environment": "stage2",
              "ManagedBy": "terraform",
              "Name": "upscpro-stage2-faculty-ui",
              "Project": "upscpro-stage2"
            },
            "timeouts": null
          },
          "sensitive_attributes": [],
          "identity_schema_version": 0,
          "private": "eyJlMmJmYjczMC1lY2FhLTExZTYtOGY4OC0zNDM2M2JjN2M0YzAiOnsiZGVsZXRlIjoxMjAwMDAwMDAwMDAwfX0="
        }
      ]
    },
    {
      "mode": "managed",
      "type": "aws_ecr_repository",
      "name": "frontend",
      "provider": "provider[\"registry.terraform.io/hashicorp/aws\"]",
      "instances": [
        {
          "schema_version": 0,
          "attributes": {
            "arn": "arn:aws:ecr:ap-south-1:949945086246:repository/upscpro-stage2-frontend",
            "encryption_configuration": [
              {
                "encryption_type": "AES256",
                "kms_key": ""
              }
            ],
            "force_delete": null,
            "id": "upscpro-stage2-frontend",
            "image_scanning_configuration": [
              {
                "scan_on_push": true
              }
            ],
            "image_tag_mutability": "MUTABLE",
            "name": "upscpro-stage2-frontend",
            "registry_id": "949945086246",
            "repository_url": "949945086246.dkr.ecr.ap-south-1.amazonaws.com/upscpro-stage2-frontend",
            "tags": {
              "Name": "upscpro-stage2-frontend"
            },
            "tags_all": {
              "Environment": "stage2",
              "ManagedBy": "terraform",
              "Name": "upscpro-stage2-frontend",
              "Project": "upscpro-stage2"
            },
            "timeouts": null
          },
          "sensitive_attributes": [],
          "identity_schema_version": 0,
          "private": "eyJlMmJmYjczMC1lY2FhLTExZTYtOGY4OC0zNDM2M2JjN2M0YzAiOnsiZGVsZXRlIjoxMjAwMDAwMDAwMDAwfX0="
        }
      ]
    },
    {
      "mode": "managed",
      "type": "aws_ecr_repository",
      "name": "helios",
      "provider": "provider[\"registry.terraform.io/hashicorp/aws\"]",
      "instances": [
        {
          "schema_version": 0,
          "attributes": {
            "arn": "arn:aws:ecr:ap-south-1:949945086246:repository/upscpro-stage2-helios",
            "encryption_configuration": [
              {
                "encryption_type": "AES256",
                "kms_key": ""
              }
            ],
            "force_delete": null,
            "id": "upscpro-stage2-helios",
            "image_scanning_configuration": [
              {
                "scan_on_push": true
              }
            ],
            "image_tag_mutability": "MUTABLE",
            "name": "upscpro-stage2-helios",
            "registry_id": "949945086246",
            "repository_url": "949945086246.dkr.ecr.ap-south-1.amazonaws.com/upscpro-stage2-helios",
            "tags": {
              "Name": "upscpro-stage2-helios"
            },
            "tags_all": {
              "Environment": "stage2",
              "ManagedBy": "terraform",
              "Name": "upscpro-stage2-helios",
              "Project": "upscpro-stage2"
            },
            "timeouts": null
          },
          "sensitive_attributes": [],
          "identity_schema_version": 0,
          "private": "eyJlMmJmYjczMC1lY2FhLTExZTYtOGY4OC0zNDM2M2JjN2M0YzAiOnsiZGVsZXRlIjoxMjAwMDAwMDAwMDAwfX0="
        }
      ]
    },
    {
      "mode": "managed",
      "type": "aws_ecr_repository",
      "name": "onboarding_ui",
      "provider": "provider[\"registry.terraform.io/hashicorp/aws\"]",
      "instances": [
        {
          "schema_version": 0,
          "attributes": {
            "arn": "arn:aws:ecr:ap-south-1:949945086246:repository/upscpro-stage2-onboarding-ui",
            "encryption_configuration": [
              {
                "encryption_type": "AES256",
                "kms_key": ""
              }
            ],
            "force_delete": null,
            "id": "upscpro-stage2-onboarding-ui",
            "image_scanning_configuration": [
              {
                "scan_on_push": true
              }
            ],
            "image_tag_mutability": "MUTABLE",
            "name": "upscpro-stage2-onboarding-ui",
            "registry_id": "949945086246",
            "repository_url": "949945086246.dkr.ecr.ap-south-1.amazonaws.com/upscpro-stage2-onboarding-ui",
            "tags": {
              "Name": "upscpro-stage2-onboarding-ui"
            },
            "tags_all": {
              "Environment": "stage2",
              "ManagedBy": "terraform",
              "Name": "upscpro-stage2-onboarding-ui",
              "Project": "upscpro-stage2"
            },
            "timeouts": null
          },
          "sensitive_attributes": [],
          "identity_schema_version": 0,
          "private": "eyJlMmJmYjczMC1lY2FhLTExZTYtOGY4OC0zNDM2M2JjN2M0YzAiOnsiZGVsZXRlIjoxMjAwMDAwMDAwMDAwfX0="
        }
      ]
    },
    {
      "mode": "managed",
      "type": "aws_ecs_cluster",
      "name": "main",
      "provider": "provider[\"registry.terraform.io/hashicorp/aws\"]",
      "instances": [
        {
          "schema_version": 0,
          "attributes": {
            "arn": "arn:aws:ecs:ap-south-1:949945086246:cluster/upscpro-stage2-cluster",
            "configuration": [],
            "id": "arn:aws:ecs:ap-south-1:949945086246:cluster/upscpro-stage2-cluster",
            "name": "upscpro-stage2-cluster",
            "service_connect_defaults": [],
            "setting": [
              {
                "name": "containerInsights",
                "value": "disabled"
              }
            ],
            "tags": {
              "Name": "upscpro-stage2-cluster"
            },
            "tags_all": {
              "Environment": "stage2",
              "ManagedBy": "terraform",
              "Name": "upscpro-stage2-cluster",
              "Project": "upscpro-stage2"
            }
          },
          "sensitive_attributes": [],
          "identity_schema_version": 0,
          "private": "bnVsbA=="
        }
      ]
    },
    {
      "mode": "managed",
      "type": "aws_ecs_service",
      "name": "app",
      "provider": "provider[\"registry.terraform.io/hashicorp/aws\"]",
      "instances": [
        {
          "schema_version": 1,
          "attributes": {
            "alarms": [],
            "availability_zone_rebalancing": "DISABLED",
            "capacity_provider_strategy": [],
            "cluster": "arn:aws:ecs:ap-south-1:949945086246:cluster/upscpro-stage2-cluster",
            "deployment_circuit_breaker": [
              {
                "enable": false,
                "rollback": false
              }
            ],
            "deployment_controller": [
              {
                "type": "ECS"
              }
            ],
            "deployment_maximum_percent": 200,
            "deployment_minimum_healthy_percent": 100,
            "desired_count": 0,
            "enable_ecs_managed_tags": false,
            "enable_execute_command": false,
            "force_delete": null,
            "force_new_deployment": null,
            "health_check_grace_period_seconds": 0,
            "iam_role": "/aws-service-role/ecs.amazonaws.com/AWSServiceRoleForECS",
            "id": "arn:aws:ecs:ap-south-1:949945086246:service/upscpro-stage2-cluster/upscpro-stage2-app",
            "launch_type": "FARGATE",
            "load_balancer": [],
            "name": "upscpro-stage2-app",
            "network_configuration": [
              {
                "assign_public_ip": false,
                "security_groups": [
                  "sg-090ae2a1bf79a10e5"
                ],
                "subnets": [
                  "subnet-0330e8e98d076235e",
                  "subnet-0f7022d91621fc6c6"
                ]
              }
            ],
            "ordered_placement_strategy": [],
            "placement_constraints": [],
            "platform_version": "LATEST",
            "propagate_tags": "NONE",
            "scheduling_strategy": "REPLICA",
            "service_connect_configuration": [],
            "service_registries": [],
            "tags": {
              "Name": "upscpro-stage2-app-service"
            },
            "tags_all": {
              "Environment": "stage2",
              "ManagedBy": "terraform",
              "Name": "upscpro-stage2-app-service",
              "Project": "upscpro-stage2"
            },
            "task_definition": "arn:aws:ecs:ap-south-1:949945086246:task-definition/upscpro-stage2-app:10",
            "timeouts": null,
            "triggers": {},
            "volume_configuration": [],
            "vpc_lattice_configurations": [],
            "wait_for_steady_state": false
          },
          "sensitive_attributes": [],
          "identity_schema_version": 0,
          "private": "eyJlMmJmYjczMC1lY2FhLTExZTYtOGY4OC0zNDM2M2JjN2M0YzAiOnsiY3JlYXRlIjoxMjAwMDAwMDAwMDAwLCJkZWxldGUiOjEyMDAwMDAwMDAwMDAsInVwZGF0ZSI6MTIwMDAwMDAwMDAwMH0sInNjaGVtYV92ZXJzaW9uIjoiMSJ9",
          "dependencies": [
            "aws_acm_certificate.alb_test",
            "aws_acm_certificate.main",
            "aws_cloudwatch_log_group.ecs",
            "aws_db_instance.main",
            "aws_db_subnet_group.main",
            "aws_ecr_repository.app",
            "aws_ecr_repository.helios",
            "aws_ecs_cluster.main",
            "aws_ecs_task_definition.app",
            "aws_iam_role.ecs_task_execution_role",
            "aws_iam_role.ecs_task_role",
            "aws_instance.strapi",
            "aws_lb.main",
            "aws_lb_listener.main",
            "aws_lb_target_group.frontend",
            "aws_security_group.alb",
            "aws_security_group.ec2",
            "aws_security_group.ecs",
            "aws_security_group.rds",
            "aws_subnet.private",
            "aws_subnet.public",
            "aws_vpc.main",
            "data.aws_ami.ubuntu",
            "data.aws_availability_zones.available",
            "tls_private_key.alb_test",
            "tls_self_signed_cert.alb_test"
          ]
        }
      ]
    },
    {
      "mode": "managed",
      "type": "aws_ecs_service",
      "name": "celery",
      "provider": "provider[\"registry.terraform.io/hashicorp/aws\"]",
      "instances": [
        {
          "schema_version": 1,
          "attributes": {
            "alarms": [],
            "availability_zone_rebalancing": "DISABLED",
            "capacity_provider_strategy": [],
            "cluster": "arn:aws:ecs:ap-south-1:949945086246:cluster/upscpro-stage2-cluster",
            "deployment_circuit_breaker": [
              {
                "enable": false,
                "rollback": false
              }
            ],
            "deployment_controller": [
              {
                "type": "ECS"
              }
            ],
            "deployment_maximum_percent": 200,
            "deployment_minimum_healthy_percent": 100,
            "desired_count": 0,
            "enable_ecs_managed_tags": false,
            "enable_execute_command": false,
            "force_delete": null,
            "force_new_deployment": null,
            "health_check_grace_period_seconds": 0,
            "iam_role": "/aws-service-role/ecs.amazonaws.com/AWSServiceRoleForECS",
            "id": "arn:aws:ecs:ap-south-1:949945086246:service/upscpro-stage2-cluster/upscpro-stage2-celery",
            "launch_type": "FARGATE",
            "load_balancer": [],
            "name": "upscpro-stage2-celery",
            "network_configuration": [
              {
                "assign_public_ip": false,
                "security_groups": [
                  "sg-090ae2a1bf79a10e5"
                ],
                "subnets": [
                  "subnet-0330e8e98d076235e",
                  "subnet-0f7022d91621fc6c6"
                ]
              }
            ],
            "ordered_placement_strategy": [],
            "placement_constraints": [],
            "platform_version": "LATEST",
            "propagate_tags": "NONE",
            "scheduling_strategy": "REPLICA",
            "service_connect_configuration": [],
            "service_registries": [],
            "tags": {
              "Name": "upscpro-stage2-celery-service"
            },
            "tags_all": {
              "Environment": "stage2",
              "ManagedBy": "terraform",
              "Name": "upscpro-stage2-celery-service",
              "Project": "upscpro-stage2"
            },
            "task_definition": "arn:aws:ecs:ap-south-1:949945086246:task-definition/upscpro-stage2-celery:10",
            "timeouts": null,
            "triggers": {},
            "volume_configuration": [],
            "vpc_lattice_configurations": [],
            "wait_for_steady_state": false
          },
          "sensitive_attributes": [],
          "identity_schema_version": 0,
          "private": "eyJlMmJmYjczMC1lY2FhLTExZTYtOGY4OC0zNDM2M2JjN2M0YzAiOnsiY3JlYXRlIjoxMjAwMDAwMDAwMDAwLCJkZWxldGUiOjEyMDAwMDAwMDAwMDAsInVwZGF0ZSI6MTIwMDAwMDAwMDAwMH0sInNjaGVtYV92ZXJzaW9uIjoiMSJ9",
          "dependencies": [
            "aws_cloudwatch_log_group.ecs",
            "aws_db_instance.main",
            "aws_db_subnet_group.main",
            "aws_ecr_repository.app",
            "aws_ecs_cluster.main",
            "aws_ecs_task_definition.celery",
            "aws_iam_role.ecs_task_execution_role",
            "aws_iam_role.ecs_task_role",
            "aws_security_group.alb",
            "aws_security_group.ec2",
            "aws_security_group.ecs",
            "aws_security_group.rds",
            "aws_subnet.private",
            "aws_vpc.main",
            "data.aws_availability_zones.available"
          ]
        }
      ]
    },
    {
      "mode": "managed",
      "type": "aws_ecs_service",
      "name": "faculty_ui",
      "provider": "provider[\"registry.terraform.io/hashicorp/aws\"]",
      "instances": [
        {
          "schema_version": 1,
          "attributes": {
            "alarms": [],
            "availability_zone_rebalancing": "DISABLED",
            "capacity_provider_strategy": [],
            "cluster": "arn:aws:ecs:ap-south-1:949945086246:cluster/upscpro-stage2-cluster",
            "deployment_circuit_breaker": [
              {
                "enable": false,
                "rollback": false
              }
            ],
            "deployment_controller": [
              {
                "type": "ECS"
              }
            ],
            "deployment_maximum_percent": 200,
            "deployment_minimum_healthy_percent": 100,
            "desired_count": 0,
            "enable_ecs_managed_tags": false,
            "enable_execute_command": false,
            "force_delete": null,
            "force_new_deployment": null,
            "health_check_grace_period_seconds": 0,
            "iam_role": "/aws-service-role/ecs.amazonaws.com/AWSServiceRoleForECS",
            "id": "arn:aws:ecs:ap-south-1:949945086246:service/upscpro-stage2-cluster/upscpro-stage2-faculty-ui",
            "launch_type": "FARGATE",
            "load_balancer": [
              {
                "container_name": "faculty-ui",
                "container_port": 80,
                "elb_name": "",
                "target_group_arn": "arn:aws:elasticloadbalancing:ap-south-1:949945086246:targetgroup/upscpro-stage2-faculty-ui-tg/91cf120f3067c64e"
              }
            ],
            "name": "upscpro-stage2-faculty-ui",
            "network_configuration": [
              {
                "assign_public_ip": false,
                "security_groups": [
                  "sg-090ae2a1bf79a10e5"
                ],
                "subnets": [
                  "subnet-0330e8e98d076235e",
                  "subnet-0f7022d91621fc6c6"
                ]
              }
            ],
            "ordered_placement_strategy": [],
            "placement_constraints": [],
            "platform_version": "LATEST",
            "propagate_tags": "NONE",
            "scheduling_strategy": "REPLICA",
            "service_connect_configuration": [],
            "service_registries": [],
            "tags": {
              "Name": "upscpro-stage2-faculty-ui-service"
            },
            "tags_all": {
              "Environment": "stage2",
              "ManagedBy": "terraform",
              "Name": "upscpro-stage2-faculty-ui-service",
              "Project": "upscpro-stage2"
            },
            "task_definition": "arn:aws:ecs:ap-south-1:949945086246:task-definition/upscpro-stage2-faculty-ui:11",
            "timeouts": null,
            "triggers": {},
            "volume_configuration": [],
            "vpc_lattice_configurations": [],
            "wait_for_steady_state": false
          },
          "sensitive_attributes": [],
          "identity_schema_version": 0,
          "private": "eyJlMmJmYjczMC1lY2FhLTExZTYtOGY4OC0zNDM2M2JjN2M0YzAiOnsiY3JlYXRlIjoxMjAwMDAwMDAwMDAwLCJkZWxldGUiOjEyMDAwMDAwMDAwMDAsInVwZGF0ZSI6MTIwMDAwMDAwMDAwMH0sInNjaGVtYV92ZXJzaW9uIjoiMSJ9",
          "dependencies": [
            "aws_acm_certificate.alb_test",
            "aws_acm_certificate.main",
            "aws_cloudwatch_log_group.ecs",
            "aws_ecr_repository.faculty_ui",
            "aws_ecs_cluster.main",
            "aws_ecs_task_definition.faculty_ui",
            "aws_iam_role.ecs_task_execution_role",
            "aws_iam_role.ecs_task_role",
            "aws_lb.main",
            "aws_lb_listener.main",
            "aws_lb_target_group.faculty_ui",
            "aws_lb_target_group.frontend",
            "aws_security_group.alb",
            "aws_security_group.ecs",
            "aws_subnet.private",
            "aws_subnet.public",
            "aws_vpc.main",
            "data.aws_availability_zones.available",
            "tls_private_key.alb_test",
            "tls_self_signed_cert.alb_test"
          ]
        }
      ]
    },
    {
      "mode": "managed",
      "type": "aws_ecs_service",
      "name": "frontend",
      "provider": "provider[\"registry.terraform.io/hashicorp/aws\"]",
      "instances": [
        {
          "schema_version": 1,
          "attributes": {
            "alarms": [],
            "availability_zone_rebalancing": "DISABLED",
            "capacity_provider_strategy": [],
            "cluster": "arn:aws:ecs:ap-south-1:949945086246:cluster/upscpro-stage2-cluster",
            "deployment_circuit_breaker": [
              {
                "enable": false,
                "rollback": false
              }
            ],
            "deployment_controller": [
              {
                "type": "ECS"
              }
            ],
            "deployment_maximum_percent": 200,
            "deployment_minimum_healthy_percent": 100,
            "desired_count": 0,
            "enable_ecs_managed_tags": false,
            "enable_execute_command": false,
            "force_delete": null,
            "force_new_deployment": null,
            "health_check_grace_period_seconds": 0,
            "iam_role": "/aws-service-role/ecs.amazonaws.com/AWSServiceRoleForECS",
            "id": "arn:aws:ecs:ap-south-1:949945086246:service/upscpro-stage2-cluster/upscpro-stage2-frontend",
            "launch_type": "FARGATE",
            "load_balancer": [
              {
                "container_name": "frontend",
                "container_port": 80,
                "elb_name": "",
                "target_group_arn": "arn:aws:elasticloadbalancing:ap-south-1:949945086246:targetgroup/upscpro-stage2-frontend-tg/8d1c1c0b41715183"
              }
            ],
            "name": "upscpro-stage2-frontend",
            "network_configuration": [
              {
                "assign_public_ip": false,
                "security_groups": [
                  "sg-090ae2a1bf79a10e5"
                ],
                "subnets": [
                  "subnet-0330e8e98d076235e",
                  "subnet-0f7022d91621fc6c6"
                ]
              }
            ],
            "ordered_placement_strategy": [],
            "placement_constraints": [],
            "platform_version": "LATEST",
            "propagate_tags": "NONE",
            "scheduling_strategy": "REPLICA",
            "service_connect_configuration": [],
            "service_registries": [],
            "tags": {
              "Name": "upscpro-stage2-frontend-service"
            },
            "tags_all": {
              "Environment": "stage2",
              "ManagedBy": "terraform",
              "Name": "upscpro-stage2-frontend-service",
              "Project": "upscpro-stage2"
            },
            "task_definition": "arn:aws:ecs:ap-south-1:949945086246:task-definition/upscpro-stage2-frontend:11",
            "timeouts": null,
            "triggers": {},
            "volume_configuration": [],
            "vpc_lattice_configurations": [],
            "wait_for_steady_state": false
          },
          "sensitive_attributes": [],
          "identity_schema_version": 0,
          "private": "eyJlMmJmYjczMC1lY2FhLTExZTYtOGY4OC0zNDM2M2JjN2M0YzAiOnsiY3JlYXRlIjoxMjAwMDAwMDAwMDAwLCJkZWxldGUiOjEyMDAwMDAwMDAwMDAsInVwZGF0ZSI6MTIwMDAwMDAwMDAwMH0sInNjaGVtYV92ZXJzaW9uIjoiMSJ9",
          "dependencies": [
            "aws_acm_certificate.alb_test",
            "aws_acm_certificate.main",
            "aws_cloudwatch_log_group.ecs",
            "aws_ecr_repository.frontend",
            "aws_ecs_cluster.main",
            "aws_ecs_task_definition.frontend",
            "aws_iam_role.ecs_task_execution_role",
            "aws_iam_role.ecs_task_role",
            "aws_lb.main",
            "aws_lb_listener.main",
            "aws_lb_target_group.frontend",
            "aws_security_group.alb",
            "aws_security_group.ecs",
            "aws_subnet.private",
            "aws_subnet.public",
            "aws_vpc.main",
            "data.aws_availability_zones.available",
            "tls_private_key.alb_test",
            "tls_self_signed_cert.alb_test"
          ]
        }
      ]
    },
    {
      "mode": "managed",
      "type": "aws_ecs_service",
      "name": "onboarding_ui",
      "provider": "provider[\"registry.terraform.io/hashicorp/aws\"]",
      "instances": [
        {
          "schema_version": 1,
          "attributes": {
            "alarms": [],
            "availability_zone_rebalancing": "DISABLED",
            "capacity_provider_strategy": [],
            "cluster": "arn:aws:ecs:ap-south-1:949945086246:cluster/upscpro-stage2-cluster",
            "deployment_circuit_breaker": [
              {
                "enable": false,
                "rollback": false
              }
            ],
            "deployment_controller": [
              {
                "type": "ECS"
              }
            ],
            "deployment_maximum_percent": 200,
            "deployment_minimum_healthy_percent": 100,
            "desired_count": 0,
            "enable_ecs_managed_tags": false,
            "enable_execute_command": false,
            "force_delete": null,
            "force_new_deployment": null,
            "health_check_grace_period_seconds": 0,
            "iam_role": "/aws-service-role/ecs.amazonaws.com/AWSServiceRoleForECS",
            "id": "arn:aws:ecs:ap-south-1:949945086246:service/upscpro-stage2-cluster/upscpro-stage2-onboarding-ui",
            "launch_type": "FARGATE",
            "load_balancer": [
              {
                "container_name": "onboarding-ui",
                "container_port": 80,
                "elb_name": "",
                "target_group_arn": "arn:aws:elasticloadbalancing:ap-south-1:949945086246:targetgroup/upscpro-stage2-onboarding-ui-tg/8a4d0f2e46652fbd"
              }
            ],
            "name": "upscpro-stage2-onboarding-ui",
            "network_configuration": [
              {
                "assign_public_ip": false,
                "security_groups": [
                  "sg-090ae2a1bf79a10e5"
                ],
                "subnets": [
                  "subnet-0330e8e98d076235e",
                  "subnet-0f7022d91621fc6c6"
                ]
              }
            ],
            "ordered_placement_strategy": [],
            "placement_constraints": [],
            "platform_version": "LATEST",
            "propagate_tags": "NONE",
            "scheduling_strategy": "REPLICA",
            "service_connect_configuration": [],
            "service_registries": [],
            "tags": {
              "Name": "upscpro-stage2-onboarding-ui-service"
            },
            "tags_all": {
              "Environment": "stage2",
              "ManagedBy": "terraform",
              "Name": "upscpro-stage2-onboarding-ui-service",
              "Project": "upscpro-stage2"
            },
            "task_definition": "arn:aws:ecs:ap-south-1:949945086246:task-definition/upscpro-stage2-onboarding-ui:11",
            "timeouts": null,
            "triggers": {},
            "volume_configuration": [],
            "vpc_lattice_configurations": [],
            "wait_for_steady_state": false
          },
          "sensitive_attributes": [],
          "identity_schema_version": 0,
          "private": "eyJlMmJmYjczMC1lY2FhLTExZTYtOGY4OC0zNDM2M2JjN2M0YzAiOnsiY3JlYXRlIjoxMjAwMDAwMDAwMDAwLCJkZWxldGUiOjEyMDAwMDAwMDAwMDAsInVwZGF0ZSI6MTIwMDAwMDAwMDAwMH0sInNjaGVtYV92ZXJzaW9uIjoiMSJ9",
          "dependencies": [
            "aws_acm_certificate.alb_test",
            "aws_acm_certificate.main",
            "aws_cloudwatch_log_group.ecs",
            "aws_ecr_repository.onboarding_ui",
            "aws_ecs_cluster.main",
            "aws_ecs_task_definition.onboarding_ui",
            "aws_iam_role.ecs_task_execution_role",
            "aws_iam_role.ecs_task_role",
            "aws_lb.main",
            "aws_lb_listener.main",
            "aws_lb_target_group.frontend",
            "aws_lb_target_group.onboarding_ui",
            "aws_security_group.alb",
            "aws_security_group.ecs",
            "aws_subnet.private",
            "aws_subnet.public",
            "aws_vpc.main",
            "data.aws_availability_zones.available",
            "tls_private_key.alb_test",
            "tls_self_signed_cert.alb_test"
          ]
        }
      ]
    },
    {
      "mode": "managed",
      "type": "aws_ecs_task_definition",
      "name": "app",
      "provider": "provider[\"registry.terraform.io/hashicorp/aws\"]",
      "instances": [
        {
          "schema_version": 1,
          "attributes": {
            "arn": "arn:aws:ecs:ap-south-1:949945086246:task-definition/upscpro-stage2-app:10",
            "arn_without_revision": "arn:aws:ecs:ap-south-1:949945086246:task-definition/upscpro-stage2-app",
            "container_definitions": "[{\"environment\":[{\"name\":\"CMS_BASE_URL\",\"value\":\"http://10.2.2.55:1337\"},{\"name\":\"CORS_ORIGINS\",\"value\":\"[\\\"https://stage2.upscpro.laex.in\\\"]\"},{\"name\":\"DATABASE_URL\",\"value\":\"postgresql://upscproStage2User:upscproStage2Password123!@upscpro-stage2-db.c8wrvaeukcp0.ap-south-1.rds.amazonaws.com:5432:5432/upscproStage2DB\"},{\"name\":\"ENVIRONMENT\",\"value\":\"stage2\"},{\"name\":\"HELIOS_SERVER_URL\",\"value\":\"http://localhost:8080\"},{\"name\":\"REDIS_URL\",\"value\":\"postgresql://upscproStage2User:upscproStage2Password123!@upscpro-stage2-db.c8wrvaeukcp0.ap-south-1.rds.amazonaws.com:5432:5432/upscproStage2DB\"}],\"essential\":true,\"healthCheck\":{\"command\":[\"CMD-SHELL\",\"curl -f http://localhost:8000/healthcheck || exit 1\"],\"interval\":30,\"retries\":3,\"startPeriod\":60,\"timeout\":5},\"image\":\"949945086246.dkr.ecr.ap-south-1.amazonaws.com/upscpro-stage2-app:latest\",\"logConfiguration\":{\"logDriver\":\"awslogs\",\"options\":{\"awslogs-group\":\"/ecs/upscpro-stage2\",\"awslogs-region\":\"ap-south-1\",\"awslogs-stream-prefix\":\"app\"}},\"mountPoints\":[],\"name\":\"app\",\"portMappings\":[{\"containerPort\":8000,\"hostPort\":8000,\"protocol\":\"tcp\"}],\"systemControls\":[],\"volumesFrom\":[]},{\"environment\":[{\"name\":\"ENVIRONMENT\",\"value\":\"stage2\"},{\"name\":\"PORT\",\"value\":\"8080\"}],\"essential\":true,\"healthCheck\":{\"command\":[\"CMD-SHELL\",\"curl -f http://localhost:8080/health || exit 1\"],\"interval\":30,\"retries\":3,\"startPeriod\":60,\"timeout\":5},\"image\":\"949945086246.dkr.ecr.ap-south-1.amazonaws.com/upscpro-stage2-helios:latest\",\"logConfiguration\":{\"logDriver\":\"awslogs\",\"options\":{\"awslogs-region\":\"ap-south-1\",\"awslogs-stream-prefix\":\"helios\",\"awslogs-group\":\"/ecs/upscpro-stage2\"}},\"mountPoints\":[],\"name\":\"helios\",\"portMappings\":[{\"containerPort\":8080,\"hostPort\":8080,\"protocol\":\"tcp\"}],\"systemControls\":[],\"volumesFrom\":[]}]",
            "cpu": "256",
            "enable_fault_injection": false,
            "ephemeral_storage": [],
            "execution_role_arn": "arn:aws:iam::949945086246:role/upscpro-stage2-ecs-task-execution-role",
            "family": "upscpro-stage2-app",
            "id": "upscpro-stage2-app",
            "inference_accelerator": [],
            "ipc_mode": "",
            "memory": "512",
            "network_mode": "awsvpc",
            "pid_mode": "",
            "placement_constraints": [],
            "proxy_configuration": [],
            "requires_compatibilities": [
              "FARGATE"
            ],
            "revision": 10,
            "runtime_platform": [],
            "skip_destroy": false,
            "tags": {
              "Name": "upscpro-stage2-app-task"
            },
            "tags_all": {
              "Environment": "stage2",
              "ManagedBy": "terraform",
              "Name": "upscpro-stage2-app-task",
              "Project": "upscpro-stage2"
            },
            "task_role_arn": "arn:aws:iam::949945086246:role/upscpro-stage2-ecs-task-role",
            "track_latest": false,
            "volume": []
          },
          "sensitive_attributes": [
            [
              {
                "type": "get_attr",
                "value": "container_definitions"
              }
            ]
          ],
          "identity_schema_version": 0,
          "private": "eyJzY2hlbWFfdmVyc2lvbiI6IjEifQ==",
          "dependencies": [
            "aws_cloudwatch_log_group.ecs",
            "aws_db_instance.main",
            "aws_db_subnet_group.main",
            "aws_ecr_repository.app",
            "aws_ecr_repository.helios",
            "aws_iam_role.ecs_task_execution_role",
            "aws_iam_role.ecs_task_role",
            "aws_instance.strapi",
            "aws_security_group.alb",
            "aws_security_group.ec2",
            "aws_security_group.ecs",
            "aws_security_group.rds",
            "aws_subnet.private",
            "aws_vpc.main",
            "data.aws_ami.ubuntu",
            "data.aws_availability_zones.available"
          ]
        }
      ]
    },
    {
      "mode": "managed",
      "type": "aws_ecs_task_definition",
      "name": "celery",
      "provider": "provider[\"registry.terraform.io/hashicorp/aws\"]",
      "instances": [
        {
          "schema_version": 1,
          "attributes": {
            "arn": "arn:aws:ecs:ap-south-1:949945086246:task-definition/upscpro-stage2-celery:10",
            "arn_without_revision": "arn:aws:ecs:ap-south-1:949945086246:task-definition/upscpro-stage2-celery",
            "container_definitions": "[{\"command\":[\"celery\",\"-A\",\"src.tasks.celery_tasks\",\"worker\",\"-l\",\"INFO\",\"-E\",\"--concurrency=2\"],\"environment\":[{\"name\":\"CORS_ORIGINS\",\"value\":\"[\\\"https://stage2.upscpro.laex.in\\\"]\"},{\"name\":\"DATABASE_URL\",\"value\":\"postgresql://upscproStage2User:upscproStage2Password123!@upscpro-stage2-db.c8wrvaeukcp0.ap-south-1.rds.amazonaws.com:5432:5432/upscproStage2DB\"},{\"name\":\"ENVIRONMENT\",\"value\":\"stage2\"},{\"name\":\"REDIS_URL\",\"value\":\"postgresql://upscproStage2User:upscproStage2Password123!@upscpro-stage2-db.c8wrvaeukcp0.ap-south-1.rds.amazonaws.com:5432:5432/upscproStage2DB\"}],\"essential\":true,\"healthCheck\":{\"command\":[\"CMD-SHELL\",\"celery -A src.tasks.celery_tasks inspect ping || exit 1\"],\"interval\":60,\"retries\":3,\"startPeriod\":120,\"timeout\":10},\"image\":\"949945086246.dkr.ecr.ap-south-1.amazonaws.com/upscpro-stage2-app:latest\",\"logConfiguration\":{\"logDriver\":\"awslogs\",\"options\":{\"awslogs-group\":\"/ecs/upscpro-stage2\",\"awslogs-region\":\"ap-south-1\",\"awslogs-stream-prefix\":\"celery\"}},\"mountPoints\":[],\"name\":\"celery-worker\",\"portMappings\":[],\"systemControls\":[],\"volumesFrom\":[]}]",
            "cpu": "256",
            "enable_fault_injection": false,
            "ephemeral_storage": [],
            "execution_role_arn": "arn:aws:iam::949945086246:role/upscpro-stage2-ecs-task-execution-role",
            "family": "upscpro-stage2-celery",
            "id": "upscpro-stage2-celery",
            "inference_accelerator": [],
            "ipc_mode": "",
            "memory": "512",
            "network_mode": "awsvpc",
            "pid_mode": "",
            "placement_constraints": [],
            "proxy_configuration": [],
            "requires_compatibilities": [
              "FARGATE"
            ],
            "revision": 10,
            "runtime_platform": [],
            "skip_destroy": false,
            "tags": {
              "Name": "upscpro-stage2-celery-task"
            },
            "tags_all": {
              "Environment": "stage2",
              "ManagedBy": "terraform",
              "Name": "upscpro-stage2-celery-task",
              "Project": "upscpro-stage2"
            },
            "task_role_arn": "arn:aws:iam::949945086246:role/upscpro-stage2-ecs-task-role",
            "track_latest": false,
            "volume": []
          },
          "sensitive_attributes": [
            [
              {
                "type": "get_attr",
                "value": "container_definitions"
              }
            ]
          ],
          "identity_schema_version": 0,
          "private": "eyJzY2hlbWFfdmVyc2lvbiI6IjEifQ==",
          "dependencies": [
            "aws_cloudwatch_log_group.ecs",
            "aws_db_instance.main",
            "aws_db_subnet_group.main",
            "aws_ecr_repository.app",
            "aws_iam_role.ecs_task_execution_role",
            "aws_iam_role.ecs_task_role",
            "aws_security_group.alb",
            "aws_security_group.ec2",
            "aws_security_group.ecs",
            "aws_security_group.rds",
            "aws_subnet.private",
            "aws_vpc.main",
            "data.aws_availability_zones.available"
          ]
        }
      ]
    },
    {
      "mode": "managed",
      "type": "aws_ecs_task_definition",
      "name": "faculty_ui",
      "provider": "provider[\"registry.terraform.io/hashicorp/aws\"]",
      "instances": [
        {
          "schema_version": 1,
          "attributes": {
            "arn": "arn:aws:ecs:ap-south-1:949945086246:task-definition/upscpro-stage2-faculty-ui:11",
            "arn_without_revision": "arn:aws:ecs:ap-south-1:949945086246:task-definition/upscpro-stage2-faculty-ui",
            "container_definitions": "[{\"environment\":[],\"essential\":true,\"healthCheck\":{\"command\":[\"CMD-SHELL\",\"wget --quiet --tries=1 --spider http://localhost/ || exit 1\"],\"interval\":30,\"retries\":3,\"startPeriod\":30,\"timeout\":5},\"image\":\"949945086246.dkr.ecr.ap-south-1.amazonaws.com/upscpro-stage2-faculty-ui:latest\",\"logConfiguration\":{\"logDriver\":\"awslogs\",\"options\":{\"awslogs-group\":\"/ecs/upscpro-stage2\",\"awslogs-region\":\"ap-south-1\",\"awslogs-stream-prefix\":\"faculty-ui\"}},\"mountPoints\":[],\"name\":\"faculty-ui\",\"portMappings\":[{\"containerPort\":80,\"hostPort\":80,\"protocol\":\"tcp\"}],\"systemControls\":[],\"volumesFrom\":[]}]",
            "cpu": "256",
            "enable_fault_injection": false,
            "ephemeral_storage": [],
            "execution_role_arn": "arn:aws:iam::949945086246:role/upscpro-stage2-ecs-task-execution-role",
            "family": "upscpro-stage2-faculty-ui",
            "id": "upscpro-stage2-faculty-ui",
            "inference_accelerator": [],
            "ipc_mode": "",
            "memory": "512",
            "network_mode": "awsvpc",
            "pid_mode": "",
            "placement_constraints": [],
            "proxy_configuration": [],
            "requires_compatibilities": [
              "FARGATE"
            ],
            "revision": 11,
            "runtime_platform": [],
            "skip_destroy": false,
            "tags": {
              "Name": "upscpro-stage2-faculty-ui-task"
            },
            "tags_all": {
              "Environment": "stage2",
              "ManagedBy": "terraform",
              "Name": "upscpro-stage2-faculty-ui-task",
              "Project": "upscpro-stage2"
            },
            "task_role_arn": "arn:aws:iam::949945086246:role/upscpro-stage2-ecs-task-role",
            "track_latest": false,
            "volume": []
          },
          "sensitive_attributes": [],
          "identity_schema_version": 0,
          "private": "eyJzY2hlbWFfdmVyc2lvbiI6IjEifQ==",
          "dependencies": [
            "aws_cloudwatch_log_group.ecs",
            "aws_ecr_repository.faculty_ui",
            "aws_iam_role.ecs_task_execution_role",
            "aws_iam_role.ecs_task_role"
          ]
        }
      ]
    },
    {
      "mode": "managed",
      "type": "aws_ecs_task_definition",
      "name": "frontend",
      "provider": "provider[\"registry.terraform.io/hashicorp/aws\"]",
      "instances": [
        {
          "schema_version": 1,
          "attributes": {
            "arn": "arn:aws:ecs:ap-south-1:949945086246:task-definition/upscpro-stage2-frontend:11",
            "arn_without_revision": "arn:aws:ecs:ap-south-1:949945086246:task-definition/upscpro-stage2-frontend",
            "container_definitions": "[{\"environment\":[],\"essential\":true,\"healthCheck\":{\"command\":[\"CMD-SHELL\",\"wget --quiet --tries=1 --spider http://localhost/ || exit 1\"],\"interval\":30,\"retries\":3,\"startPeriod\":30,\"timeout\":5},\"image\":\"949945086246.dkr.ecr.ap-south-1.amazonaws.com/upscpro-stage2-frontend:latest\",\"logConfiguration\":{\"logDriver\":\"awslogs\",\"options\":{\"awslogs-stream-prefix\":\"frontend\",\"awslogs-group\":\"/ecs/upscpro-stage2\",\"awslogs-region\":\"ap-south-1\"}},\"mountPoints\":[],\"name\":\"frontend\",\"portMappings\":[{\"containerPort\":80,\"hostPort\":80,\"protocol\":\"tcp\"}],\"systemControls\":[],\"volumesFrom\":[]}]",
            "cpu": "256",
            "enable_fault_injection": false,
            "ephemeral_storage": [],
            "execution_role_arn": "arn:aws:iam::949945086246:role/upscpro-stage2-ecs-task-execution-role",
            "family": "upscpro-stage2-frontend",
            "id": "upscpro-stage2-frontend",
            "inference_accelerator": [],
            "ipc_mode": "",
            "memory": "512",
            "network_mode": "awsvpc",
            "pid_mode": "",
            "placement_constraints": [],
            "proxy_configuration": [],
            "requires_compatibilities": [
              "FARGATE"
            ],
            "revision": 11,
            "runtime_platform": [],
            "skip_destroy": false,
            "tags": {
              "Name": "upscpro-stage2-frontend-task"
            },
            "tags_all": {
              "Environment": "stage2",
              "ManagedBy": "terraform",
              "Name": "upscpro-stage2-frontend-task",
              "Project": "upscpro-stage2"
            },
            "task_role_arn": "arn:aws:iam::949945086246:role/upscpro-stage2-ecs-task-role",
            "track_latest": false,
            "volume": []
          },
          "sensitive_attributes": [],
          "identity_schema_version": 0,
          "private": "eyJzY2hlbWFfdmVyc2lvbiI6IjEifQ==",
          "dependencies": [
            "aws_cloudwatch_log_group.ecs",
            "aws_ecr_repository.frontend",
            "aws_iam_role.ecs_task_execution_role",
            "aws_iam_role.ecs_task_role"
          ]
        }
      ]
    },
    {
      "mode": "managed",
      "type": "aws_ecs_task_definition",
      "name": "onboarding_ui",
      "provider": "provider[\"registry.terraform.io/hashicorp/aws\"]",
      "instances": [
        {
          "schema_version": 1,
          "attributes": {
            "arn": "arn:aws:ecs:ap-south-1:949945086246:task-definition/upscpro-stage2-onboarding-ui:11",
            "arn_without_revision": "arn:aws:ecs:ap-south-1:949945086246:task-definition/upscpro-stage2-onboarding-ui",
            "container_definitions": "[{\"environment\":[],\"essential\":true,\"healthCheck\":{\"command\":[\"CMD-SHELL\",\"wget --quiet --tries=1 --spider http://localhost/ || exit 1\"],\"interval\":30,\"retries\":3,\"startPeriod\":30,\"timeout\":5},\"image\":\"949945086246.dkr.ecr.ap-south-1.amazonaws.com/upscpro-stage2-onboarding-ui:latest\",\"logConfiguration\":{\"logDriver\":\"awslogs\",\"options\":{\"awslogs-stream-prefix\":\"onboarding-ui\",\"awslogs-group\":\"/ecs/upscpro-stage2\",\"awslogs-region\":\"ap-south-1\"}},\"mountPoints\":[],\"name\":\"onboarding-ui\",\"portMappings\":[{\"containerPort\":80,\"hostPort\":80,\"protocol\":\"tcp\"}],\"systemControls\":[],\"volumesFrom\":[]}]",
            "cpu": "256",
            "enable_fault_injection": false,
            "ephemeral_storage": [],
            "execution_role_arn": "arn:aws:iam::949945086246:role/upscpro-stage2-ecs-task-execution-role",
            "family": "upscpro-stage2-onboarding-ui",
            "id": "upscpro-stage2-onboarding-ui",
            "inference_accelerator": [],
            "ipc_mode": "",
            "memory": "512",
            "network_mode": "awsvpc",
            "pid_mode": "",
            "placement_constraints": [],
            "proxy_configuration": [],
            "requires_compatibilities": [
              "FARGATE"
            ],
            "revision": 11,
            "runtime_platform": [],
            "skip_destroy": false,
            "tags": {
              "Name": "upscpro-stage2-onboarding-ui-task"
            },
            "tags_all": {
              "Environment": "stage2",
              "ManagedBy": "terraform",
              "Name": "upscpro-stage2-onboarding-ui-task",
              "Project": "upscpro-stage2"
            },
            "task_role_arn": "arn:aws:iam::949945086246:role/upscpro-stage2-ecs-task-role",
            "track_latest": false,
            "volume": []
          },
          "sensitive_attributes": [],
          "identity_schema_version": 0,
          "private": "eyJzY2hlbWFfdmVyc2lvbiI6IjEifQ==",
          "dependencies": [
            "aws_cloudwatch_log_group.ecs",
            "aws_ecr_repository.onboarding_ui",
            "aws_iam_role.ecs_task_execution_role",
            "aws_iam_role.ecs_task_role"
          ]
        }
      ]
    },
    {
      "mode": "managed",
      "type": "aws_eip",
      "name": "nat",
      "provider": "provider[\"registry.terraform.io/hashicorp/aws\"]",
      "instances": [
        {
          "index_key": 0,
          "schema_version": 0,
          "attributes": {
            "address": null,
            "allocation_id": "eipalloc-0690dbcf64cbd1233",
            "arn": "arn:aws:ec2:ap-south-1:949945086246:elastic-ip/eipalloc-0690dbcf64cbd1233",
            "associate_with_private_ip": null,
            "association_id": "",
            "carrier_ip": "",
            "customer_owned_ip": "",
            "customer_owned_ipv4_pool": "",
            "domain": "vpc",
            "id": "eipalloc-0690dbcf64cbd1233",
            "instance": "",
            "ipam_pool_id": null,
            "network_border_group": "ap-south-1",
            "network_interface": "",
            "private_dns": null,
            "private_ip": "",
            "ptr_record": "",
            "public_dns": "ec2-13-202-248-172.ap-south-1.compute.amazonaws.com",
            "public_ip": "13.202.248.172",
            "public_ipv4_pool": "amazon",
            "tags": {
              "Name": "upscpro-stage2-nat-eip-1"
            },
            "tags_all": {
              "Environment": "stage2",
              "ManagedBy": "terraform",
              "Name": "upscpro-stage2-nat-eip-1",
              "Project": "upscpro-stage2"
            },
            "timeouts": null,
            "vpc": true
          },
          "sensitive_attributes": [],
          "identity_schema_version": 0,
          "private": "eyJlMmJmYjczMC1lY2FhLTExZTYtOGY4OC0zNDM2M2JjN2M0YzAiOnsiZGVsZXRlIjoxODAwMDAwMDAwMDAsInJlYWQiOjkwMDAwMDAwMDAwMCwidXBkYXRlIjozMDAwMDAwMDAwMDB9fQ==",
          "dependencies": [
            "aws_internet_gateway.main",
            "aws_vpc.main"
          ]
        },
        {
          "index_key": 1,
          "schema_version": 0,
          "attributes": {
            "address": null,
            "allocation_id": "eipalloc-076a1c92e7c532330",
            "arn": "arn:aws:ec2:ap-south-1:949945086246:elastic-ip/eipalloc-076a1c92e7c532330",
            "associate_with_private_ip": null,
            "association_id": "",
            "carrier_ip": "",
            "customer_owned_ip": "",
            "customer_owned_ipv4_pool": "",
            "domain": "vpc",
            "id": "eipalloc-076a1c92e7c532330",
            "instance": "",
            "ipam_pool_id": null,
            "network_border_group": "ap-south-1",
            "network_interface": "",
            "private_dns": null,
            "private_ip": "",
            "ptr_record": "",
            "public_dns": "ec2-15-206-241-189.ap-south-1.compute.amazonaws.com",
            "public_ip": "15.206.241.189",
            "public_ipv4_pool": "amazon",
            "tags": {
              "Name": "upscpro-stage2-nat-eip-2"
            },
            "tags_all": {
              "Environment": "stage2",
              "ManagedBy": "terraform",
              "Name": "upscpro-stage2-nat-eip-2",
              "Project": "upscpro-stage2"
            },
            "timeouts": null,
            "vpc": true
          },
          "sensitive_attributes": [],
          "identity_schema_version": 0,
          "private": "eyJlMmJmYjczMC1lY2FhLTExZTYtOGY4OC0zNDM2M2JjN2M0YzAiOnsiZGVsZXRlIjoxODAwMDAwMDAwMDAsInJlYWQiOjkwMDAwMDAwMDAwMCwidXBkYXRlIjozMDAwMDAwMDAwMDB9fQ==",
          "dependencies": [
            "aws_internet_gateway.main",
            "aws_vpc.main"
          ]
        }
      ]
    },
    {
      "mode": "managed",
      "type": "aws_iam_role",
      "name": "ecs_task_execution_role",
      "provider": "provider[\"registry.terraform.io/hashicorp/aws\"]",
      "instances": [
        {
          "schema_version": 0,
          "attributes": {
            "arn": "arn:aws:iam::949945086246:role/upscpro-stage2-ecs-task-execution-role",
            "assume_role_policy": "{\"Statement\":[{\"Action\":\"sts:AssumeRole\",\"Effect\":\"Allow\",\"Principal\":{\"Service\":\"ecs-tasks.amazonaws.com\"}}],\"Version\":\"2012-10-17\"}",
            "create_date": "2025-10-28T03:28:04Z",
            "description": "",
            "force_detach_policies": false,
            "id": "upscpro-stage2-ecs-task-execution-role",
            "inline_policy": [],
            "managed_policy_arns": [],
            "max_session_duration": 3600,
            "name": "upscpro-stage2-ecs-task-execution-role",
            "name_prefix": "",
            "path": "/",
            "permissions_boundary": "",
            "tags": {
              "Name": "upscpro-stage2-ecs-task-execution-role"
            },
            "tags_all": {
              "Environment": "stage2",
              "ManagedBy": "terraform",
              "Name": "upscpro-stage2-ecs-task-execution-role",
              "Project": "upscpro-stage2"
            },
            "unique_id": "AROA52LJDWETCB4WIX33T"
          },
          "sensitive_attributes": [],
          "identity_schema_version": 0,
          "private": "bnVsbA=="
        }
      ]
    },
    {
      "mode": "managed",
      "type": "aws_iam_role",
      "name": "ecs_task_role",
      "provider": "provider[\"registry.terraform.io/hashicorp/aws\"]",
      "instances": [
        {
          "schema_version": 0,
          "attributes": {
            "arn": "arn:aws:iam::949945086246:role/upscpro-stage2-ecs-task-role",
            "assume_role_policy": "{\"Statement\":[{\"Action\":\"sts:AssumeRole\",\"Effect\":\"Allow\",\"Principal\":{\"Service\":\"ecs-tasks.amazonaws.com\"}}],\"Version\":\"2012-10-17\"}",
            "create_date": "2025-10-28T03:28:04Z",
            "description": "",
            "force_detach_policies": false,
            "id": "upscpro-stage2-ecs-task-role",
            "inline_policy": [],
            "managed_policy_arns": [],
            "max_session_duration": 3600,
            "name": "upscpro-stage2-ecs-task-role",
            "name_prefix": "",
            "path": "/",
            "permissions_boundary": "",
            "tags": {
              "Name": "upscpro-stage2-ecs-task-role"
            },
            "tags_all": {
              "Environment": "stage2",
              "ManagedBy": "terraform",
              "Name": "upscpro-stage2-ecs-task-role",
              "Project": "upscpro-stage2"
            },
            "unique_id": "AROA52LJDWETDT24Y4JT3"
          },
          "sensitive_attributes": [],
          "identity_schema_version": 0,
          "private": "bnVsbA=="
        }
      ]
    },
    {
      "mode": "managed",
      "type": "aws_iam_role_policy_attachment",
      "name": "ecs_task_execution_role_policy",
      "provider": "provider[\"registry.terraform.io/hashicorp/aws\"]",
      "instances": [
        {
          "schema_version": 0,
          "attributes": {
            "id": "upscpro-stage2-ecs-task-execution-role-20251028032805475900000001",
            "policy_arn": "arn:aws:iam::aws:policy/service-role/AmazonECSTaskExecutionRolePolicy",
            "role": "upscpro-stage2-ecs-task-execution-role"
          },
          "sensitive_attributes": [],
          "identity_schema_version": 0,
          "private": "bnVsbA==",
          "dependencies": [
            "aws_iam_role.ecs_task_execution_role"
          ]
        }
      ]
    },
    {
      "mode": "managed",
      "type": "aws_instance",
      "name": "strapi",
      "provider": "provider[\"registry.terraform.io/hashicorp/aws\"]",
      "instances": [
        {
          "index_key": 0,
          "schema_version": 1,
          "attributes": {
            "ami": "ami-087d1c9a513324697",
            "arn": "arn:aws:ec2:ap-south-1:949945086246:instance/i-084af1ab9e9d13acc",
            "associate_public_ip_address": false,
            "availability_zone": "ap-south-1a",
            "capacity_reservation_specification": [
              {
                "capacity_reservation_preference": "open",
                "capacity_reservation_target": []
              }
            ],
            "cpu_core_count": 1,
            "cpu_options": [
              {
                "amd_sev_snp": "",
                "core_count": 1,
                "threads_per_core": 2
              }
            ],
            "cpu_threads_per_core": 2,
            "credit_specification": [
              {
                "cpu_credits": "unlimited"
              }
            ],
            "disable_api_stop": false,
            "disable_api_termination": false,
            "ebs_block_device": [],
            "ebs_optimized": false,
            "enable_primary_ipv6": null,
            "enclave_options": [
              {
                "enabled": false
              }
            ],
            "ephemeral_block_device": [],
            "get_password_data": false,
            "hibernation": false,
            "host_id": "",
            "host_resource_group_arn": null,
            "iam_instance_profile": "",
            "id": "i-084af1ab9e9d13acc",
            "instance_initiated_shutdown_behavior": "stop",
            "instance_lifecycle": "",
            "instance_market_options": [],
            "instance_state": "running",
            "instance_type": "t3.medium",
            "ipv6_address_count": 0,
            "ipv6_addresses": [],
            "key_name": "upscAppAwsKey-new",
            "launch_template": [],
            "maintenance_options": [
              {
                "auto_recovery": "default"
              }
            ],
            "metadata_options": [
              {
                "http_endpoint": "enabled",
                "http_protocol_ipv6": "disabled",
                "http_put_response_hop_limit": 1,
                "http_tokens": "optional",
                "instance_metadata_tags": "disabled"
              }
            ],
            "monitoring": false,
            "network_interface": [],
            "outpost_arn": "",
            "password_data": "",
            "placement_group": "",
            "placement_partition_number": 0,
            "primary_network_interface_id": "eni-0cf721b68f502c258",
            "private_dns": "ip-10-2-2-55.ap-south-1.compute.internal",
            "private_dns_name_options": [
              {
                "enable_resource_name_dns_a_record": false,
                "enable_resource_name_dns_aaaa_record": false,
                "hostname_type": "ip-name"
              }
            ],
            "private_ip": "10.2.2.55",
            "public_dns": "",
            "public_ip": "",
            "root_block_device": [
              {
                "delete_on_termination": true,
                "device_name": "/dev/sda1",
                "encrypted": true,
                "iops": 3000,
                "kms_key_id": "arn:aws:kms:ap-south-1:949945086246:key/cdbe3e08-d78d-46c7-9d34-bec79c070b2a",
                "tags": {},
                "tags_all": {
                  "Environment": "stage2",
                  "ManagedBy": "terraform",
                  "Project": "upscpro-stage2"
                },
                "throughput": 125,
                "volume_id": "vol-0266308cd2cd90568",
                "volume_size": 20,
                "volume_type": "gp3"
              }
            ],
            "secondary_private_ips": [],
            "security_groups": [],
            "source_dest_check": true,
            "spot_instance_request_id": "",
            "subnet_id": "subnet-0f7022d91621fc6c6",
            "tags": {
              "Name": "upscpro-stage2-strapi",
              "Type": "strapi"
            },
            "tags_all": {
              "Environment": "stage2",
              "ManagedBy": "terraform",
              "Name": "upscpro-stage2-strapi",
              "Project": "upscpro-stage2",
              "Type": "strapi"
            },
            "tenancy": "default",
            "timeouts": null,
            "user_data": "20f3f99c8f96cdc85546bcb89653e41843435dc3",
            "user_data_base64": null,
            "user_data_replace_on_change": false,
            "volume_tags": null,
            "vpc_security_group_ids": [
              "sg-0509afc908310fdd2"
            ]
          },
          "sensitive_attributes": [
            [
              {
                "type": "get_attr",
                "value": "user_data"
              }
            ]
          ],
          "identity_schema_version": 0,
          "private": "eyJlMmJmYjczMC1lY2FhLTExZTYtOGY4OC0zNDM2M2JjN2M0YzAiOnsiY3JlYXRlIjo2MDAwMDAwMDAwMDAsImRlbGV0ZSI6MTIwMDAwMDAwMDAwMCwicmVhZCI6OTAwMDAwMDAwMDAwLCJ1cGRhdGUiOjYwMDAwMDAwMDAwMH0sInNjaGVtYV92ZXJzaW9uIjoiMSJ9",
          "dependencies": [
            "aws_security_group.alb",
            "aws_security_group.ec2",
            "aws_subnet.private",
            "aws_vpc.main",
            "data.aws_ami.ubuntu",
            "data.aws_availability_zones.available"
          ]
        }
      ]
    },
    {
      "mode": "managed",
      "type": "aws_internet_gateway",
      "name": "main",
      "provider": "provider[\"registry.terraform.io/hashicorp/aws\"]",
      "instances": [
        {
          "schema_version": 0,
          "attributes": {
            "arn": "arn:aws:ec2:ap-south-1:949945086246:internet-gateway/igw-0fec49f52d0ef177e",
            "id": "igw-0fec49f52d0ef177e",
            "owner_id": "949945086246",
            "tags": {
              "Name": "upscpro-stage2-igw"
            },
            "tags_all": {
              "Environment": "stage2",
              "ManagedBy": "terraform",
              "Name": "upscpro-stage2-igw",
              "Project": "upscpro-stage2"
            },
            "timeouts": null,
            "vpc_id": "vpc-00f92e2c399f2ae9d"
          },
          "sensitive_attributes": [],
          "identity_schema_version": 0,
          "private": "eyJlMmJmYjczMC1lY2FhLTExZTYtOGY4OC0zNDM2M2JjN2M0YzAiOnsiY3JlYXRlIjoxMjAwMDAwMDAwMDAwLCJkZWxldGUiOjEyMDAwMDAwMDAwMDAsInVwZGF0ZSI6MTIwMDAwMDAwMDAwMH19",
          "dependencies": [
            "aws_vpc.main"
          ]
        }
      ]
    },
    {
      "mode": "managed",
      "type": "aws_lb",
      "name": "main",
      "provider": "provider[\"registry.terraform.io/hashicorp/aws\"]",
      "instances": [
        {
          "schema_version": 0,
          "attributes": {
            "access_logs": [
              {
                "bucket": "",
                "enabled": false,
                "prefix": ""
              }
            ],
            "arn": "arn:aws:elasticloadbalancing:ap-south-1:949945086246:loadbalancer/app/upscpro-stage2-alb/05d2bffd02153231",
            "arn_suffix": "app/upscpro-stage2-alb/05d2bffd02153231",
            "client_keep_alive": 3600,
            "connection_logs": [
              {
                "bucket": "",
                "enabled": false,
                "prefix": ""
              }
            ],
            "customer_owned_ipv4_pool": "",
            "desync_mitigation_mode": "defensive",
            "dns_name": "upscpro-stage2-alb-664730014.ap-south-1.elb.amazonaws.com",
            "dns_record_client_routing_policy": null,
            "drop_invalid_header_fields": false,
            "enable_cross_zone_load_balancing": true,
            "enable_deletion_protection": false,
            "enable_http2": true,
            "enable_tls_version_and_cipher_suite_headers": false,
            "enable_waf_fail_open": false,
            "enable_xff_client_port": false,
            "enable_zonal_shift": false,
            "enforce_security_group_inbound_rules_on_private_link_traffic": "",
            "id": "arn:aws:elasticloadbalancing:ap-south-1:949945086246:loadbalancer/app/upscpro-stage2-alb/05d2bffd02153231",
            "idle_timeout": 60,
            "internal": false,
            "ip_address_type": "ipv4",
            "ipam_pools": [],
            "load_balancer_type": "application",
            "minimum_load_balancer_capacity": [],
            "name": "upscpro-stage2-alb",
            "name_prefix": "",
            "preserve_host_header": false,
            "security_groups": [
              "sg-076bb7c575ddbc277"
            ],
            "subnet_mapping": [
              {
                "allocation_id": "",
                "ipv6_address": "",
                "outpost_id": "",
                "private_ipv4_address": "",
                "subnet_id": "subnet-00230a653a75871fd"
              },
              {
                "allocation_id": "",
                "ipv6_address": "",
                "outpost_id": "",
                "private_ipv4_address": "",
                "subnet_id": "subnet-0bf543ff86c86c799"
              }
            ],
            "subnets": [
              "subnet-00230a653a75871fd",
              "subnet-0bf543ff86c86c799"
            ],
            "tags": {
              "Name": "upscpro-stage2-alb"
            },
            "tags_all": {
              "Environment": "stage2",
              "ManagedBy": "terraform",
              "Name": "upscpro-stage2-alb",
              "Project": "upscpro-stage2"
            },
            "timeouts": null,
            "vpc_id": "vpc-00f92e2c399f2ae9d",
            "xff_header_processing_mode": "append",
            "zone_id": "ZP97RAFLXTNZK"
          },
          "sensitive_attributes": [],
          "identity_schema_version": 0,
          "private": "eyJlMmJmYjczMC1lY2FhLTExZTYtOGY4OC0zNDM2M2JjN2M0YzAiOnsiY3JlYXRlIjo2MDAwMDAwMDAwMDAsImRlbGV0ZSI6NjAwMDAwMDAwMDAwLCJ1cGRhdGUiOjYwMDAwMDAwMDAwMH19",
          "dependencies": [
            "aws_security_group.alb",
            "aws_subnet.public",
            "aws_vpc.main",
            "data.aws_availability_zones.available"
          ]
        }
      ]
    },
    {
      "mode": "managed",
      "type": "aws_lb_listener",
      "name": "main",
      "provider": "provider[\"registry.terraform.io/hashicorp/aws\"]",
      "instances": [
        {
          "index_key": 0,
          "schema_version": 0,
          "attributes": {
            "alpn_policy": null,
            "arn": "arn:aws:elasticloadbalancing:ap-south-1:949945086246:listener/app/upscpro-stage2-alb/05d2bffd02153231/422b24f27184a19a",
            "certificate_arn": "arn:aws:acm:ap-south-1:949945086246:certificate/fbe0e48a-a1ba-44c4-b588-e01d94c46ee8",
            "default_action": [
              {
                "authenticate_cognito": [],
                "authenticate_oidc": [],
                "fixed_response": [],
                "forward": [],
                "order": 1,
                "redirect": [],
                "target_group_arn": "arn:aws:elasticloadbalancing:ap-south-1:949945086246:targetgroup/upscpro-stage2-frontend-tg/8d1c1c0b41715183",
                "type": "forward"
              }
            ],
            "id": "arn:aws:elasticloadbalancing:ap-south-1:949945086246:listener/app/upscpro-stage2-alb/05d2bffd02153231/422b24f27184a19a",
            "load_balancer_arn": "arn:aws:elasticloadbalancing:ap-south-1:949945086246:loadbalancer/app/upscpro-stage2-alb/05d2bffd02153231",
            "mutual_authentication": [
              {
                "advertise_trust_store_ca_names": "",
                "ignore_client_certificate_expiry": false,
                "mode": "off",
                "trust_store_arn": ""
              }
            ],
            "port": 443,
            "protocol": "HTTPS",
            "routing_http_request_x_amzn_mtls_clientcert_header_name": "",
            "routing_http_request_x_amzn_mtls_clientcert_issuer_header_name": "",
            "routing_http_request_x_amzn_mtls_clientcert_leaf_header_name": "",
            "routing_http_request_x_amzn_mtls_clientcert_serial_number_header_name": "",
            "routing_http_request_x_amzn_mtls_clientcert_subject_header_name": "",
            "routing_http_request_x_amzn_mtls_clientcert_validity_header_name": "",
            "routing_http_request_x_amzn_tls_cipher_suite_header_name": "",
            "routing_http_request_x_amzn_tls_version_header_name": "",
            "routing_http_response_access_control_allow_credentials_header_value": "",
            "routing_http_response_access_control_allow_headers_header_value": "",
            "routing_http_response_access_control_allow_methods_header_value": "",
            "routing_http_response_access_control_allow_origin_header_value": "",
            "routing_http_response_access_control_expose_headers_header_value": "",
            "routing_http_response_access_control_max_age_header_value": "",
            "routing_http_response_content_security_policy_header_value": "",
            "routing_http_response_server_enabled": true,
            "routing_http_response_strict_transport_security_header_value": "",
            "routing_http_response_x_content_type_options_header_value": "",
            "routing_http_response_x_frame_options_header_value": "",
            "ssl_policy": "ELBSecurityPolicy-TLS-1-2-2017-01",
            "tags": null,
            "tags_all": {
              "Environment": "stage2",
              "ManagedBy": "terraform",
              "Project": "upscpro-stage2"
            },
            "tcp_idle_timeout_seconds": null,
            "timeouts": null
          },
          "sensitive_attributes": [],
          "identity_schema_version": 0,
          "private": "eyJlMmJmYjczMC1lY2FhLTExZTYtOGY4OC0zNDM2M2JjN2M0YzAiOnsiY3JlYXRlIjozMDAwMDAwMDAwMDAsInVwZGF0ZSI6MzAwMDAwMDAwMDAwfX0=",
          "dependencies": [
            "aws_acm_certificate.alb_test",
            "aws_acm_certificate.main",
            "aws_lb.main",
            "aws_lb_target_group.frontend",
            "aws_security_group.alb",
            "aws_subnet.public",
            "aws_vpc.main",
            "data.aws_availability_zones.available",
            "tls_private_key.alb_test",
            "tls_self_signed_cert.alb_test"
          ]
        }
      ]
    },
    {
      "mode": "managed",
      "type": "aws_lb_listener_rule",
      "name": "faculty_ui",
      "provider": "provider[\"registry.terraform.io/hashicorp/aws\"]",
      "instances": [
        {
          "index_key": 0,
          "schema_version": 0,
          "attributes": {
            "action": [
              {
                "authenticate_cognito": [],
                "authenticate_oidc": [],
                "fixed_response": [],
                "forward": [],
                "order": 1,
                "redirect": [],
                "target_group_arn": "arn:aws:elasticloadbalancing:ap-south-1:949945086246:targetgroup/upscpro-stage2-faculty-ui-tg/91cf120f3067c64e",
                "type": "forward"
              }
            ],
            "arn": "arn:aws:elasticloadbalancing:ap-south-1:949945086246:listener-rule/app/upscpro-stage2-alb/05d2bffd02153231/422b24f27184a19a/414e663826b8818f",
            "condition": [
              {
                "host_header": [],
                "http_header": [],
                "http_request_method": [],
                "path_pattern": [
                  {
                    "values": [
                      "/faculty*"
                    ]
                  }
                ],
                "query_string": [],
                "source_ip": []
              }
            ],
            "id": "arn:aws:elasticloadbalancing:ap-south-1:949945086246:listener-rule/app/upscpro-stage2-alb/05d2bffd02153231/422b24f27184a19a/414e663826b8818f",
            "listener_arn": "arn:aws:elasticloadbalancing:ap-south-1:949945086246:listener/app/upscpro-stage2-alb/05d2bffd02153231/422b24f27184a19a",
            "priority": 101,
            "tags": null,
            "tags_all": {
              "Environment": "stage2",
              "ManagedBy": "terraform",
              "Project": "upscpro-stage2"
            }
          },
          "sensitive_attributes": [],
          "identity_schema_version": 0,
          "private": "bnVsbA==",
          "dependencies": [
            "aws_acm_certificate.alb_test",
            "aws_acm_certificate.main",
            "aws_lb.main",
            "aws_lb_listener.main",
            "aws_lb_target_group.faculty_ui",
            "aws_lb_target_group.frontend",
            "aws_security_group.alb",
            "aws_subnet.public",
            "aws_vpc.main",
            "data.aws_availability_zones.available",
            "tls_private_key.alb_test",
            "tls_self_signed_cert.alb_test"
          ]
        }
      ]
    },
    {
      "mode": "managed",
      "type": "aws_lb_listener_rule",
      "name": "onboarding_ui",
      "provider": "provider[\"registry.terraform.io/hashicorp/aws\"]",
      "instances": [
        {
          "index_key": 0,
          "schema_version": 0,
          "attributes": {
            "action": [
              {
                "authenticate_cognito": [],
                "authenticate_oidc": [],
                "fixed_response": [],
                "forward": [],
                "order": 1,
                "redirect": [],
                "target_group_arn": "arn:aws:elasticloadbalancing:ap-south-1:949945086246:targetgroup/upscpro-stage2-onboarding-ui-tg/8a4d0f2e46652fbd",
                "type": "forward"
              }
            ],
            "arn": "arn:aws:elasticloadbalancing:ap-south-1:949945086246:listener-rule/app/upscpro-stage2-alb/05d2bffd02153231/422b24f27184a19a/5ab38128a08b5068",
            "condition": [
              {
                "host_header": [],
                "http_header": [],
                "http_request_method": [],
                "path_pattern": [
                  {
                    "values": [
                      "/onboarding*"
                    ]
                  }
                ],
                "query_string": [],
                "source_ip": []
              }
            ],
            "id": "arn:aws:elasticloadbalancing:ap-south-1:949945086246:listener-rule/app/upscpro-stage2-alb/05d2bffd02153231/422b24f27184a19a/5ab38128a08b5068",
            "listener_arn": "arn:aws:elasticloadbalancing:ap-south-1:949945086246:listener/app/upscpro-stage2-alb/05d2bffd02153231/422b24f27184a19a",
            "priority": 100,
            "tags": null,
            "tags_all": {
              "Environment": "stage2",
              "ManagedBy": "terraform",
              "Project": "upscpro-stage2"
            }
          },
          "sensitive_attributes": [],
          "identity_schema_version": 0,
          "private": "bnVsbA==",
          "dependencies": [
            "aws_acm_certificate.alb_test",
            "aws_acm_certificate.main",
            "aws_lb.main",
            "aws_lb_listener.main",
            "aws_lb_target_group.frontend",
            "aws_lb_target_group.onboarding_ui",
            "aws_security_group.alb",
            "aws_subnet.public",
            "aws_vpc.main",
            "data.aws_availability_zones.available",
            "tls_private_key.alb_test",
            "tls_self_signed_cert.alb_test"
          ]
        }
      ]
    },
    {
      "mode": "managed",
      "type": "aws_lb_target_group",
      "name": "faculty_ui",
      "provider": "provider[\"registry.terraform.io/hashicorp/aws\"]",
      "instances": [
        {
          "schema_version": 0,
          "attributes": {
            "arn": "arn:aws:elasticloadbalancing:ap-south-1:949945086246:targetgroup/upscpro-stage2-faculty-ui-tg/91cf120f3067c64e",
            "arn_suffix": "targetgroup/upscpro-stage2-faculty-ui-tg/91cf120f3067c64e",
            "connection_termination": null,
            "deregistration_delay": "300",
            "health_check": [
              {
                "enabled": true,
                "healthy_threshold": 2,
                "interval": 30,
                "matcher": "200",
                "path": "/",
                "port": "traffic-port",
                "protocol": "HTTP",
                "timeout": 5,
                "unhealthy_threshold": 2
              }
            ],
            "id": "arn:aws:elasticloadbalancing:ap-south-1:949945086246:targetgroup/upscpro-stage2-faculty-ui-tg/91cf120f3067c64e",
            "ip_address_type": "ipv4",
            "lambda_multi_value_headers_enabled": false,
            "load_balancer_arns": [],
            "load_balancing_algorithm_type": "round_robin",
            "load_balancing_anomaly_mitigation": "off",
            "load_balancing_cross_zone_enabled": "use_load_balancer_configuration",
            "name": "upscpro-stage2-faculty-ui-tg",
            "name_prefix": "",
            "port": 80,
            "preserve_client_ip": null,
            "protocol": "HTTP",
            "protocol_version": "HTTP1",
            "proxy_protocol_v2": false,
            "slow_start": 0,
            "stickiness": [
              {
                "cookie_duration": 86400,
                "cookie_name": "",
                "enabled": false,
                "type": "lb_cookie"
              }
            ],
            "tags": {
              "Name": "upscpro-stage2-faculty-ui-tg"
            },
            "tags_all": {
              "Environment": "stage2",
              "ManagedBy": "terraform",
              "Name": "upscpro-stage2-faculty-ui-tg",
              "Project": "upscpro-stage2"
            },
            "target_failover": [
              {
                "on_deregistration": null,
                "on_unhealthy": null
              }
            ],
            "target_group_health": [
              {
                "dns_failover": [
                  {
                    "minimum_healthy_targets_count": "1",
                    "minimum_healthy_targets_percentage": "off"
                  }
                ],
                "unhealthy_state_routing": [
                  {
                    "minimum_healthy_targets_count": 1,
                    "minimum_healthy_targets_percentage": "off"
                  }
                ]
              }
            ],
            "target_health_state": [
              {
                "enable_unhealthy_connection_termination": null,
                "unhealthy_draining_interval": null
              }
            ],
            "target_type": "ip",
            "vpc_id": "vpc-00f92e2c399f2ae9d"
          },
          "sensitive_attributes": [],
          "identity_schema_version": 0,
          "private": "bnVsbA==",
          "dependencies": [
            "aws_vpc.main"
          ]
        }
      ]
    },
    {
      "mode": "managed",
      "type": "aws_lb_target_group",
      "name": "frontend",
      "provider": "provider[\"registry.terraform.io/hashicorp/aws\"]",
      "instances": [
        {
          "schema_version": 0,
          "attributes": {
            "arn": "arn:aws:elasticloadbalancing:ap-south-1:949945086246:targetgroup/upscpro-stage2-frontend-tg/8d1c1c0b41715183",
            "arn_suffix": "targetgroup/upscpro-stage2-frontend-tg/8d1c1c0b41715183",
            "connection_termination": null,
            "deregistration_delay": "300",
            "health_check": [
              {
                "enabled": true,
                "healthy_threshold": 2,
                "interval": 30,
                "matcher": "200",
                "path": "/",
                "port": "traffic-port",
                "protocol": "HTTP",
                "timeout": 5,
                "unhealthy_threshold": 2
              }
            ],
            "id": "arn:aws:elasticloadbalancing:ap-south-1:949945086246:targetgroup/upscpro-stage2-frontend-tg/8d1c1c0b41715183",
            "ip_address_type": "ipv4",
            "lambda_multi_value_headers_enabled": false,
            "load_balancer_arns": [],
            "load_balancing_algorithm_type": "round_robin",
            "load_balancing_anomaly_mitigation": "off",
            "load_balancing_cross_zone_enabled": "use_load_balancer_configuration",
            "name": "upscpro-stage2-frontend-tg",
            "name_prefix": "",
            "port": 80,
            "preserve_client_ip": null,
            "protocol": "HTTP",
            "protocol_version": "HTTP1",
            "proxy_protocol_v2": false,
            "slow_start": 0,
            "stickiness": [
              {
                "cookie_duration": 86400,
                "cookie_name": "",
                "enabled": false,
                "type": "lb_cookie"
              }
            ],
            "tags": {
              "Name": "upscpro-stage2-frontend-tg"
            },
            "tags_all": {
              "Environment": "stage2",
              "ManagedBy": "terraform",
              "Name": "upscpro-stage2-frontend-tg",
              "Project": "upscpro-stage2"
            },
            "target_failover": [
              {
                "on_deregistration": null,
                "on_unhealthy": null
              }
            ],
            "target_group_health": [
              {
                "dns_failover": [
                  {
                    "minimum_healthy_targets_count": "1",
                    "minimum_healthy_targets_percentage": "off"
                  }
                ],
                "unhealthy_state_routing": [
                  {
                    "minimum_healthy_targets_count": 1,
                    "minimum_healthy_targets_percentage": "off"
                  }
                ]
              }
            ],
            "target_health_state": [
              {
                "enable_unhealthy_connection_termination": null,
                "unhealthy_draining_interval": null
              }
            ],
            "target_type": "ip",
            "vpc_id": "vpc-00f92e2c399f2ae9d"
          },
          "sensitive_attributes": [],
          "identity_schema_version": 0,
          "private": "bnVsbA==",
          "dependencies": [
            "aws_vpc.main"
          ]
        }
      ]
    },
    {
      "mode": "managed",
      "type": "aws_lb_target_group",
      "name": "onboarding_ui",
      "provider": "provider[\"registry.terraform.io/hashicorp/aws\"]",
      "instances": [
        {
          "schema_version": 0,
          "attributes": {
            "arn": "arn:aws:elasticloadbalancing:ap-south-1:949945086246:targetgroup/upscpro-stage2-onboarding-ui-tg/8a4d0f2e46652fbd",
            "arn_suffix": "targetgroup/upscpro-stage2-onboarding-ui-tg/8a4d0f2e46652fbd",
            "connection_termination": null,
            "deregistration_delay": "300",
            "health_check": [
              {
                "enabled": true,
                "healthy_threshold": 2,
                "interval": 30,
                "matcher": "200",
                "path": "/",
                "port": "traffic-port",
                "protocol": "HTTP",
                "timeout": 5,
                "unhealthy_threshold": 2
              }
            ],
            "id": "arn:aws:elasticloadbalancing:ap-south-1:949945086246:targetgroup/upscpro-stage2-onboarding-ui-tg/8a4d0f2e46652fbd",
            "ip_address_type": "ipv4",
            "lambda_multi_value_headers_enabled": false,
            "load_balancer_arns": [],
            "load_balancing_algorithm_type": "round_robin",
            "load_balancing_anomaly_mitigation": "off",
            "load_balancing_cross_zone_enabled": "use_load_balancer_configuration",
            "name": "upscpro-stage2-onboarding-ui-tg",
            "name_prefix": "",
            "port": 80,
            "preserve_client_ip": null,
            "protocol": "HTTP",
            "protocol_version": "HTTP1",
            "proxy_protocol_v2": false,
            "slow_start": 0,
            "stickiness": [
              {
                "cookie_duration": 86400,
                "cookie_name": "",
                "enabled": false,
                "type": "lb_cookie"
              }
            ],
            "tags": {
              "Name": "upscpro-stage2-onboarding-ui-tg"
            },
            "tags_all": {
              "Environment": "stage2",
              "ManagedBy": "terraform",
              "Name": "upscpro-stage2-onboarding-ui-tg",
              "Project": "upscpro-stage2"
            },
            "target_failover": [
              {
                "on_deregistration": null,
                "on_unhealthy": null
              }
            ],
            "target_group_health": [
              {
                "dns_failover": [
                  {
                    "minimum_healthy_targets_count": "1",
                    "minimum_healthy_targets_percentage": "off"
                  }
                ],
                "unhealthy_state_routing": [
                  {
                    "minimum_healthy_targets_count": 1,
                    "minimum_healthy_targets_percentage": "off"
                  }
                ]
              }
            ],
            "target_health_state": [
              {
                "enable_unhealthy_connection_termination": null,
                "unhealthy_draining_interval": null
              }
            ],
            "target_type": "ip",
            "vpc_id": "vpc-00f92e2c399f2ae9d"
          },
          "sensitive_attributes": [],
          "identity_schema_version": 0,
          "private": "bnVsbA==",
          "dependencies": [
            "aws_vpc.main"
          ]
        }
      ]
    },
    {
      "mode": "managed",
      "type": "aws_nat_gateway",
      "name": "main",
      "provider": "provider[\"registry.terraform.io/hashicorp/aws\"]",
      "instances": [
        {
          "index_key": 0,
          "schema_version": 0,
          "attributes": {
            "allocation_id": "eipalloc-0690dbcf64cbd1233",
            "association_id": "eipassoc-070c80812e58ce884",
            "connectivity_type": "public",
            "id": "nat-01cf190240d05f6af",
            "network_interface_id": "eni-025c29705506e5765",
            "private_ip": "10.2.0.202",
            "public_ip": "13.202.248.172",
            "secondary_allocation_ids": null,
            "secondary_private_ip_address_count": 0,
            "secondary_private_ip_addresses": [],
            "subnet_id": "subnet-0bf543ff86c86c799",
            "tags": {
              "Name": "upscpro-stage2-nat-gateway-1"
            },
            "tags_all": {
              "Environment": "stage2",
              "ManagedBy": "terraform",
              "Name": "upscpro-stage2-nat-gateway-1",
              "Project": "upscpro-stage2"
            },
            "timeouts": null
          },
          "sensitive_attributes": [],
          "identity_schema_version": 0,
          "private": "eyJlMmJmYjczMC1lY2FhLTExZTYtOGY4OC0zNDM2M2JjN2M0YzAiOnsiY3JlYXRlIjo2MDAwMDAwMDAwMDAsImRlbGV0ZSI6MTgwMDAwMDAwMDAwMCwidXBkYXRlIjo2MDAwMDAwMDAwMDB9fQ==",
          "dependencies": [
            "aws_eip.nat",
            "aws_internet_gateway.main",
            "aws_subnet.public",
            "aws_vpc.main",
            "data.aws_availability_zones.available"
          ]
        },
        {
          "index_key": 1,
          "schema_version": 0,
          "attributes": {
            "allocation_id": "eipalloc-076a1c92e7c532330",
            "association_id": "eipassoc-05facd23a6e1f2519",
            "connectivity_type": "public",
            "id": "nat-064804b3930434610",
            "network_interface_id": "eni-0bb3cf23e5a7d2076",
            "private_ip": "10.2.1.158",
            "public_ip": "15.206.241.189",
            "secondary_allocation_ids": null,
            "secondary_private_ip_address_count": 0,
            "secondary_private_ip_addresses": [],
            "subnet_id": "subnet-00230a653a75871fd",
            "tags": {
              "Name": "upscpro-stage2-nat-gateway-2"
            },
            "tags_all": {
              "Environment": "stage2",
              "ManagedBy": "terraform",
              "Name": "upscpro-stage2-nat-gateway-2",
              "Project": "upscpro-stage2"
            },
            "timeouts": null
          },
          "sensitive_attributes": [],
          "identity_schema_version": 0,
          "private": "eyJlMmJmYjczMC1lY2FhLTExZTYtOGY4OC0zNDM2M2JjN2M0YzAiOnsiY3JlYXRlIjo2MDAwMDAwMDAwMDAsImRlbGV0ZSI6MTgwMDAwMDAwMDAwMCwidXBkYXRlIjo2MDAwMDAwMDAwMDB9fQ==",
          "dependencies": [
            "aws_eip.nat",
            "aws_internet_gateway.main",
            "aws_subnet.public",
            "aws_vpc.main",
            "data.aws_availability_zones.available"
          ]
        }
      ]
    },
    {
      "mode": "managed",
      "type": "aws_route_table",
      "name": "private",
      "provider": "provider[\"registry.terraform.io/hashicorp/aws\"]",
      "instances": [
        {
          "index_key": 0,
          "schema_version": 0,
          "attributes": {
            "arn": "arn:aws:ec2:ap-south-1:949945086246:route-table/rtb-054979d8181b92d71",
            "id": "rtb-054979d8181b92d71",
            "owner_id": "949945086246",
            "propagating_vgws": [],
            "route": [
              {
                "carrier_gateway_id": "",
                "cidr_block": "0.0.0.0/0",
                "core_network_arn": "",
                "destination_prefix_list_id": "",
                "egress_only_gateway_id": "",
                "gateway_id": "",
                "ipv6_cidr_block": "",
                "local_gateway_id": "",
                "nat_gateway_id": "nat-01cf190240d05f6af",
                "network_interface_id": "",
                "transit_gateway_id": "",
                "vpc_endpoint_id": "",
                "vpc_peering_connection_id": ""
              }
            ],
            "tags": {
              "Name": "upscpro-stage2-private-rt-1"
            },
            "tags_all": {
              "Environment": "stage2",
              "ManagedBy": "terraform",
              "Name": "upscpro-stage2-private-rt-1",
              "Project": "upscpro-stage2"
            },
            "timeouts": null,
            "vpc_id": "vpc-00f92e2c399f2ae9d"
          },
          "sensitive_attributes": [],
          "identity_schema_version": 0,
          "private": "eyJlMmJmYjczMC1lY2FhLTExZTYtOGY4OC0zNDM2M2JjN2M0YzAiOnsiY3JlYXRlIjozMDAwMDAwMDAwMDAsImRlbGV0ZSI6MzAwMDAwMDAwMDAwLCJ1cGRhdGUiOjEyMDAwMDAwMDAwMH19",
          "dependencies": [
            "aws_eip.nat",
            "aws_internet_gateway.main",
            "aws_nat_gateway.main",
            "aws_subnet.public",
            "aws_vpc.main",
            "data.aws_availability_zones.available"
          ]
        },
        {
          "index_key": 1,
          "schema_version": 0,
          "attributes": {
            "arn": "arn:aws:ec2:ap-south-1:949945086246:route-table/rtb-0ae39365a25e7e21a",
            "id": "rtb-0ae39365a25e7e21a",
            "owner_id": "949945086246",
            "propagating_vgws": [],
            "route": [
              {
                "carrier_gateway_id": "",
                "cidr_block": "0.0.0.0/0",
                "core_network_arn": "",
                "destination_prefix_list_id": "",
                "egress_only_gateway_id": "",
                "gateway_id": "",
                "ipv6_cidr_block": "",
                "local_gateway_id": "",
                "nat_gateway_id": "nat-064804b3930434610",
                "network_interface_id": "",
                "transit_gateway_id": "",
                "vpc_endpoint_id": "",
                "vpc_peering_connection_id": ""
              }
            ],
            "tags": {
              "Name": "upscpro-stage2-private-rt-2"
            },
            "tags_all": {
              "Environment": "stage2",
              "ManagedBy": "terraform",
              "Name": "upscpro-stage2-private-rt-2",
              "Project": "upscpro-stage2"
            },
            "timeouts": null,
            "vpc_id": "vpc-00f92e2c399f2ae9d"
          },
          "sensitive_attributes": [],
          "identity_schema_version": 0,
          "private": "eyJlMmJmYjczMC1lY2FhLTExZTYtOGY4OC0zNDM2M2JjN2M0YzAiOnsiY3JlYXRlIjozMDAwMDAwMDAwMDAsImRlbGV0ZSI6MzAwMDAwMDAwMDAwLCJ1cGRhdGUiOjEyMDAwMDAwMDAwMH19",
          "dependencies": [
            "aws_eip.nat",
            "aws_internet_gateway.main",
            "aws_nat_gateway.main",
            "aws_subnet.public",
            "aws_vpc.main",
            "data.aws_availability_zones.available"
          ]
        }
      ]
    },
    {
      "mode": "managed",
      "type": "aws_route_table",
      "name": "public",
      "provider": "provider[\"registry.terraform.io/hashicorp/aws\"]",
      "instances": [
        {
          "schema_version": 0,
          "attributes": {
            "arn": "arn:aws:ec2:ap-south-1:949945086246:route-table/rtb-0b85755e3143ee895",
            "id": "rtb-0b85755e3143ee895",
            "owner_id": "949945086246",
            "propagating_vgws": [],
            "route": [
              {
                "carrier_gateway_id": "",
                "cidr_block": "0.0.0.0/0",
                "core_network_arn": "",
                "destination_prefix_list_id": "",
                "egress_only_gateway_id": "",
                "gateway_id": "igw-0fec49f52d0ef177e",
                "ipv6_cidr_block": "",
                "local_gateway_id": "",
                "nat_gateway_id": "",
                "network_interface_id": "",
                "transit_gateway_id": "",
                "vpc_endpoint_id": "",
                "vpc_peering_connection_id": ""
              }
            ],
            "tags": {
              "Name": "upscpro-stage2-public-rt"
            },
            "tags_all": {
              "Environment": "stage2",
              "ManagedBy": "terraform",
              "Name": "upscpro-stage2-public-rt",
              "Project": "upscpro-stage2"
            },
            "timeouts": null,
            "vpc_id": "vpc-00f92e2c399f2ae9d"
          },
          "sensitive_attributes": [],
          "identity_schema_version": 0,
          "private": "eyJlMmJmYjczMC1lY2FhLTExZTYtOGY4OC0zNDM2M2JjN2M0YzAiOnsiY3JlYXRlIjozMDAwMDAwMDAwMDAsImRlbGV0ZSI6MzAwMDAwMDAwMDAwLCJ1cGRhdGUiOjEyMDAwMDAwMDAwMH19",
          "dependencies": [
            "aws_internet_gateway.main",
            "aws_vpc.main"
          ]
        }
      ]
    },
    {
      "mode": "managed",
      "type": "aws_route_table_association",
      "name": "private",
      "provider": "provider[\"registry.terraform.io/hashicorp/aws\"]",
      "instances": [
        {
          "index_key": 0,
          "schema_version": 0,
          "attributes": {
            "gateway_id": "",
            "id": "rtbassoc-03e02fc00cc517605",
            "route_table_id": "rtb-054979d8181b92d71",
            "subnet_id": "subnet-0f7022d91621fc6c6",
            "timeouts": null
          },
          "sensitive_attributes": [],
          "identity_schema_version": 0,
          "private": "eyJlMmJmYjczMC1lY2FhLTExZTYtOGY4OC0zNDM2M2JjN2M0YzAiOnsiY3JlYXRlIjozMDAwMDAwMDAwMDAsImRlbGV0ZSI6MzAwMDAwMDAwMDAwLCJ1cGRhdGUiOjEyMDAwMDAwMDAwMH19",
          "dependencies": [
            "aws_eip.nat",
            "aws_internet_gateway.main",
            "aws_nat_gateway.main",
            "aws_route_table.private",
            "aws_subnet.private",
            "aws_subnet.public",
            "aws_vpc.main",
            "data.aws_availability_zones.available"
          ]
        },
        {
          "index_key": 1,
          "schema_version": 0,
          "attributes": {
            "gateway_id": "",
            "id": "rtbassoc-04a0b8578be45e012",
            "route_table_id": "rtb-0ae39365a25e7e21a",
            "subnet_id": "subnet-0330e8e98d076235e",
            "timeouts": null
          },
          "sensitive_attributes": [],
          "identity_schema_version": 0,
          "private": "eyJlMmJmYjczMC1lY2FhLTExZTYtOGY4OC0zNDM2M2JjN2M0YzAiOnsiY3JlYXRlIjozMDAwMDAwMDAwMDAsImRlbGV0ZSI6MzAwMDAwMDAwMDAwLCJ1cGRhdGUiOjEyMDAwMDAwMDAwMH19",
          "dependencies": [
            "aws_eip.nat",
            "aws_internet_gateway.main",
            "aws_nat_gateway.main",
            "aws_route_table.private",
            "aws_subnet.private",
            "aws_subnet.public",
            "aws_vpc.main",
            "data.aws_availability_zones.available"
          ]
        }
      ]
    },
    {
      "mode": "managed",
      "type": "aws_route_table_association",
      "name": "public",
      "provider": "provider[\"registry.terraform.io/hashicorp/aws\"]",
      "instances": [
        {
          "index_key": 0,
          "schema_version": 0,
          "attributes": {
            "gateway_id": "",
            "id": "rtbassoc-0f935be6c7eedc331",
            "route_table_id": "rtb-0b85755e3143ee895",
            "subnet_id": "subnet-0bf543ff86c86c799",
            "timeouts": null
          },
          "sensitive_attributes": [],
          "identity_schema_version": 0,
          "private": "eyJlMmJmYjczMC1lY2FhLTExZTYtOGY4OC0zNDM2M2JjN2M0YzAiOnsiY3JlYXRlIjozMDAwMDAwMDAwMDAsImRlbGV0ZSI6MzAwMDAwMDAwMDAwLCJ1cGRhdGUiOjEyMDAwMDAwMDAwMH19",
          "dependencies": [
            "aws_internet_gateway.main",
            "aws_route_table.public",
            "aws_subnet.public",
            "aws_vpc.main",
            "data.aws_availability_zones.available"
          ]
        },
        {
          "index_key": 1,
          "schema_version": 0,
          "attributes": {
            "gateway_id": "",
            "id": "rtbassoc-0dd628d9283fea4c9",
            "route_table_id": "rtb-0b85755e3143ee895",
            "subnet_id": "subnet-00230a653a75871fd",
            "timeouts": null
          },
          "sensitive_attributes": [],
          "identity_schema_version": 0,
          "private": "eyJlMmJmYjczMC1lY2FhLTExZTYtOGY4OC0zNDM2M2JjN2M0YzAiOnsiY3JlYXRlIjozMDAwMDAwMDAwMDAsImRlbGV0ZSI6MzAwMDAwMDAwMDAwLCJ1cGRhdGUiOjEyMDAwMDAwMDAwMH19",
          "dependencies": [
            "aws_internet_gateway.main",
            "aws_route_table.public",
            "aws_subnet.public",
            "aws_vpc.main",
            "data.aws_availability_zones.available"
          ]
        }
      ]
    },
    {
      "mode": "managed",
      "type": "aws_s3_bucket",
      "name": "assets",
      "provider": "provider[\"registry.terraform.io/hashicorp/aws\"]",
      "instances": [
        {
          "index_key": 0,
          "schema_version": 0,
          "attributes": {
            "acceleration_status": "",
            "acl": null,
            "arn": "arn:aws:s3:::upscpro-stage2-assets",
            "bucket": "upscpro-stage2-assets",
            "bucket_domain_name": "upscpro-stage2-assets.s3.amazonaws.com",
            "bucket_prefix": "",
            "bucket_regional_domain_name": "upscpro-stage2-assets.s3.ap-south-1.amazonaws.com",
            "cors_rule": [],
            "force_destroy": false,
            "grant": [
              {
                "id": "02dd33342d245cc83d60795199d76ea0f057987a7891271f9d787f973997f812",
                "permissions": [
                  "FULL_CONTROL"
                ],
                "type": "CanonicalUser",
                "uri": ""
              }
            ],
            "hosted_zone_id": "Z11RGJOFQNVJUP",
            "id": "upscpro-stage2-assets",
            "lifecycle_rule": [],
            "logging": [],
            "object_lock_configuration": [],
            "object_lock_enabled": false,
            "policy": "",
            "region": "ap-south-1",
            "replication_configuration": [],
            "request_payer": "BucketOwner",
            "server_side_encryption_configuration": [
              {
                "rule": [
                  {
                    "apply_server_side_encryption_by_default": [
                      {
                        "kms_master_key_id": "",
                        "sse_algorithm": "AES256"
                      }
                    ],
                    "bucket_key_enabled": false
                  }
                ]
              }
            ],
            "tags": {
              "Name": "upscpro-stage2-assets"
            },
            "tags_all": {
              "Environment": "stage2",
              "ManagedBy": "terraform",
              "Name": "upscpro-stage2-assets",
              "Project": "upscpro-stage2"
            },
            "timeouts": null,
            "versioning": [
              {
                "enabled": false,
                "mfa_delete": false
              }
            ],
            "website": [],
            "website_domain": null,
            "website_endpoint": null
          },
          "sensitive_attributes": [],
          "identity_schema_version": 0,
          "private": "eyJlMmJmYjczMC1lY2FhLTExZTYtOGY4OC0zNDM2M2JjN2M0YzAiOnsiY3JlYXRlIjoxMjAwMDAwMDAwMDAwLCJkZWxldGUiOjM2MDAwMDAwMDAwMDAsInJlYWQiOjEyMDAwMDAwMDAwMDAsInVwZGF0ZSI6MTIwMDAwMDAwMDAwMH19"
        }
      ]
    },
    {
      "mode": "managed",
      "type": "aws_s3_bucket",
      "name": "images",
      "provider": "provider[\"registry.terraform.io/hashicorp/aws\"]",
      "instances": [
        {
          "index_key": 0,
          "schema_version": 0,
          "attributes": {
            "acceleration_status": "",
            "acl": null,
            "arn": "arn:aws:s3:::upscpro-stage2-images",
            "bucket": "upscpro-stage2-images",
            "bucket_domain_name": "upscpro-stage2-images.s3.amazonaws.com",
            "bucket_prefix": "",
            "bucket_regional_domain_name": "upscpro-stage2-images.s3.ap-south-1.amazonaws.com",
            "cors_rule": [],
            "force_destroy": false,
            "grant": [
              {
                "id": "02dd33342d245cc83d60795199d76ea0f057987a7891271f9d787f973997f812",
                "permissions": [
                  "FULL_CONTROL"
                ],
                "type": "CanonicalUser",
                "uri": ""
              }
            ],
            "hosted_zone_id": "Z11RGJOFQNVJUP",
            "id": "upscpro-stage2-images",
            "lifecycle_rule": [],
            "logging": [],
            "object_lock_configuration": [],
            "object_lock_enabled": false,
            "policy": "",
            "region": "ap-south-1",
            "replication_configuration": [],
            "request_payer": "BucketOwner",
            "server_side_encryption_configuration": [
              {
                "rule": [
                  {
                    "apply_server_side_encryption_by_default": [
                      {
                        "kms_master_key_id": "",
                        "sse_algorithm": "AES256"
                      }
                    ],
                    "bucket_key_enabled": false
                  }
                ]
              }
            ],
            "tags": {
              "Name": "upscpro-stage2-images"
            },
            "tags_all": {
              "Environment": "stage2",
              "ManagedBy": "terraform",
              "Name": "upscpro-stage2-images",
              "Project": "upscpro-stage2"
            },
            "timeouts": null,
            "versioning": [
              {
                "enabled": false,
                "mfa_delete": false
              }
            ],
            "website": [],
            "website_domain": null,
            "website_endpoint": null
          },
          "sensitive_attributes": [],
          "identity_schema_version": 0,
          "private": "eyJlMmJmYjczMC1lY2FhLTExZTYtOGY4OC0zNDM2M2JjN2M0YzAiOnsiY3JlYXRlIjoxMjAwMDAwMDAwMDAwLCJkZWxldGUiOjM2MDAwMDAwMDAwMDAsInJlYWQiOjEyMDAwMDAwMDAwMDAsInVwZGF0ZSI6MTIwMDAwMDAwMDAwMH19"
        }
      ]
    },
    {
      "mode": "managed",
      "type": "aws_s3_bucket_public_access_block",
      "name": "assets",
      "provider": "provider[\"registry.terraform.io/hashicorp/aws\"]",
      "instances": [
        {
          "index_key": 0,
          "schema_version": 0,
          "attributes": {
            "block_public_acls": true,
            "block_public_policy": true,
            "bucket": "upscpro-stage2-assets",
            "id": "upscpro-stage2-assets",
            "ignore_public_acls": true,
            "restrict_public_buckets": true
          },
          "sensitive_attributes": [],
          "identity_schema_version": 0,
          "private": "bnVsbA==",
          "dependencies": [
            "aws_s3_bucket.assets"
          ]
        }
      ]
    },
    {
      "mode": "managed",
      "type": "aws_s3_bucket_public_access_block",
      "name": "images",
      "provider": "provider[\"registry.terraform.io/hashicorp/aws\"]",
      "instances": [
        {
          "index_key": 0,
          "schema_version": 0,
          "attributes": {
            "block_public_acls": true,
            "block_public_policy": true,
            "bucket": "upscpro-stage2-images",
            "id": "upscpro-stage2-images",
            "ignore_public_acls": true,
            "restrict_public_buckets": true
          },
          "sensitive_attributes": [],
          "identity_schema_version": 0,
          "private": "bnVsbA==",
          "dependencies": [
            "aws_s3_bucket.images"
          ]
        }
      ]
    },
    {
      "mode": "managed",
      "type": "aws_s3_bucket_versioning",
      "name": "assets",
      "provider": "provider[\"registry.terraform.io/hashicorp/aws\"]",
      "instances": [
        {
          "index_key": 0,
          "schema_version": 0,
          "attributes": {
            "bucket": "upscpro-stage2-assets",
            "expected_bucket_owner": "",
            "id": "upscpro-stage2-assets",
            "mfa": null,
            "versioning_configuration": [
              {
                "mfa_delete": "",
                "status": "Enabled"
              }
            ]
          },
          "sensitive_attributes": [],
          "identity_schema_version": 0,
          "private": "bnVsbA==",
          "dependencies": [
            "aws_s3_bucket.assets"
          ]
        }
      ]
    },
    {
      "mode": "managed",
      "type": "aws_s3_bucket_versioning",
      "name": "images",
      "provider": "provider[\"registry.terraform.io/hashicorp/aws\"]",
      "instances": [
        {
          "index_key": 0,
          "schema_version": 0,
          "attributes": {
            "bucket": "upscpro-stage2-images",
            "expected_bucket_owner": "",
            "id": "upscpro-stage2-images",
            "mfa": null,
            "versioning_configuration": [
              {
                "mfa_delete": "",
                "status": "Enabled"
              }
            ]
          },
          "sensitive_attributes": [],
          "identity_schema_version": 0,
          "private": "bnVsbA==",
          "dependencies": [
            "aws_s3_bucket.images"
          ]
        }
      ]
    },
    {
      "mode": "managed",
      "type": "aws_security_group",
      "name": "alb",
      "provider": "provider[\"registry.terraform.io/hashicorp/aws\"]",
      "instances": [
        {
          "schema_version": 1,
          "attributes": {
            "arn": "arn:aws:ec2:ap-south-1:949945086246:security-group/sg-076bb7c575ddbc277",
            "description": "Managed by Terraform",
            "egress": [
              {
                "cidr_blocks": [
                  "0.0.0.0/0"
                ],
                "description": "",
                "from_port": 0,
                "ipv6_cidr_blocks": [],
                "prefix_list_ids": [],
                "protocol": "-1",
                "security_groups": [],
                "self": false,
                "to_port": 0
              }
            ],
            "id": "sg-076bb7c575ddbc277",
            "ingress": [
              {
                "cidr_blocks": [
                  "0.0.0.0/0"
                ],
                "description": "",
                "from_port": 443,
                "ipv6_cidr_blocks": [],
                "prefix_list_ids": [],
                "protocol": "tcp",
                "security_groups": [],
                "self": false,
                "to_port": 443
              },
              {
                "cidr_blocks": [
                  "0.0.0.0/0"
                ],
                "description": "",
                "from_port": 80,
                "ipv6_cidr_blocks": [],
                "prefix_list_ids": [],
                "protocol": "tcp",
                "security_groups": [],
                "self": false,
                "to_port": 80
              }
            ],
            "name": "upscpro-stage2-alb-20251028032814828900000002",
            "name_prefix": "upscpro-stage2-alb-",
            "owner_id": "949945086246",
            "revoke_rules_on_delete": false,
            "tags": {
              "Name": "upscpro-stage2-alb-sg"
            },
            "tags_all": {
              "Environment": "stage2",
              "ManagedBy": "terraform",
              "Name": "upscpro-stage2-alb-sg",
              "Project": "upscpro-stage2"
            },
            "timeouts": null,
            "vpc_id": "vpc-00f92e2c399f2ae9d"
          },
          "sensitive_attributes": [],
          "identity_schema_version": 0,
          "private": "eyJlMmJmYjczMC1lY2FhLTExZTYtOGY4OC0zNDM2M2JjN2M0YzAiOnsiY3JlYXRlIjo2MDAwMDAwMDAwMDAsImRlbGV0ZSI6OTAwMDAwMDAwMDAwfSwic2NoZW1hX3ZlcnNpb24iOiIxIn0=",
          "dependencies": [
            "aws_vpc.main"
          ]
        }
      ]
    },
    {
      "mode": "managed",
      "type": "aws_security_group",
      "name": "ec2",
      "provider": "provider[\"registry.terraform.io/hashicorp/aws\"]",
      "instances": [
        {
          "schema_version": 1,
          "attributes": {
            "arn": "arn:aws:ec2:ap-south-1:949945086246:security-group/sg-0509afc908310fdd2",
            "description": "Managed by Terraform",
            "egress": [
              {
                "cidr_blocks": [
                  "0.0.0.0/0"
                ],
                "description": "",
                "from_port": 0,
                "ipv6_cidr_blocks": [],
                "prefix_list_ids": [],
                "protocol": "-1",
                "security_groups": [],
                "self": false,
                "to_port": 0
              }
            ],
            "id": "sg-0509afc908310fdd2",
            "ingress": [
              {
                "cidr_blocks": [
                  "0.0.0.0/0"
                ],
                "description": "",
                "from_port": 22,
                "ipv6_cidr_blocks": [],
                "prefix_list_ids": [],
                "protocol": "tcp",
                "security_groups": [],
                "self": false,
                "to_port": 22
              },
              {
                "cidr_blocks": [],
                "description": "",
                "from_port": 1337,
                "ipv6_cidr_blocks": [],
                "prefix_list_ids": [],
                "protocol": "tcp",
                "security_groups": [
                  "sg-076bb7c575ddbc277"
                ],
                "self": false,
                "to_port": 1337
              },
              {
                "cidr_blocks": [],
                "description": "",
                "from_port": 3000,
                "ipv6_cidr_blocks": [],
                "prefix_list_ids": [],
                "protocol": "tcp",
                "security_groups": [
                  "sg-076bb7c575ddbc277"
                ],
                "self": false,
                "to_port": 3000
              },
              {
                "cidr_blocks": [],
                "description": "",
                "from_port": 8000,
                "ipv6_cidr_blocks": [],
                "prefix_list_ids": [],
                "protocol": "tcp",
                "security_groups": [
                  "sg-076bb7c575ddbc277"
                ],
                "self": false,
                "to_port": 8000
              },
              {
                "cidr_blocks": [],
                "description": "",
                "from_port": 8080,
                "ipv6_cidr_blocks": [],
                "prefix_list_ids": [],
                "protocol": "tcp",
                "security_groups": [
                  "sg-076bb7c575ddbc277"
                ],
                "self": false,
                "to_port": 8080
              },
              {
                "cidr_blocks": [],
                "description": "",
                "from_port": 9000,
                "ipv6_cidr_blocks": [],
                "prefix_list_ids": [],
                "protocol": "tcp",
                "security_groups": [
                  "sg-076bb7c575ddbc277"
                ],
                "self": false,
                "to_port": 9000
              }
            ],
            "name": "upscpro-stage2-ec2-20251028032817355200000005",
            "name_prefix": "upscpro-stage2-ec2-",
            "owner_id": "949945086246",
            "revoke_rules_on_delete": false,
            "tags": {
              "Name": "upscpro-stage2-ec2-sg"
            },
            "tags_all": {
              "Environment": "stage2",
              "ManagedBy": "terraform",
              "Name": "upscpro-stage2-ec2-sg",
              "Project": "upscpro-stage2"
            },
            "timeouts": null,
            "vpc_id": "vpc-00f92e2c399f2ae9d"
          },
          "sensitive_attributes": [],
          "identity_schema_version": 0,
          "private": "eyJlMmJmYjczMC1lY2FhLTExZTYtOGY4OC0zNDM2M2JjN2M0YzAiOnsiY3JlYXRlIjo2MDAwMDAwMDAwMDAsImRlbGV0ZSI6OTAwMDAwMDAwMDAwfSwic2NoZW1hX3ZlcnNpb24iOiIxIn0=",
          "dependencies": [
            "aws_security_group.alb",
            "aws_vpc.main"
          ]
        }
      ]
    },
    {
      "mode": "managed",
      "type": "aws_security_group",
      "name": "ecs",
      "provider": "provider[\"registry.terraform.io/hashicorp/aws\"]",
      "instances": [
        {
          "schema_version": 1,
          "attributes": {
            "arn": "arn:aws:ec2:ap-south-1:949945086246:security-group/sg-090ae2a1bf79a10e5",
            "description": "Managed by Terraform",
            "egress": [
              {
                "cidr_blocks": [
                  "0.0.0.0/0"
                ],
                "description": "",
                "from_port": 0,
                "ipv6_cidr_blocks": [],
                "prefix_list_ids": [],
                "protocol": "-1",
                "security_groups": [],
                "self": false,
                "to_port": 0
              }
            ],
            "id": "sg-090ae2a1bf79a10e5",
            "ingress": [
              {
                "cidr_blocks": [],
                "description": "",
                "from_port": 0,
                "ipv6_cidr_blocks": [],
                "prefix_list_ids": [],
                "protocol": "tcp",
                "security_groups": [
                  "sg-076bb7c575ddbc277"
                ],
                "self": false,
                "to_port": 65535
              },
              {
                "cidr_blocks": [],
                "description": "",
                "from_port": 0,
                "ipv6_cidr_blocks": [],
                "prefix_list_ids": [],
                "protocol": "tcp",
                "security_groups": [],
                "self": true,
                "to_port": 65535
              }
            ],
            "name": "upscpro-stage2-ecs-20251028032817309400000004",
            "name_prefix": "upscpro-stage2-ecs-",
            "owner_id": "949945086246",
            "revoke_rules_on_delete": false,
            "tags": {
              "Name": "upscpro-stage2-ecs-sg"
            },
            "tags_all": {
              "Environment": "stage2",
              "ManagedBy": "terraform",
              "Name": "upscpro-stage2-ecs-sg",
              "Project": "upscpro-stage2"
            },
            "timeouts": null,
            "vpc_id": "vpc-00f92e2c399f2ae9d"
          },
          "sensitive_attributes": [],
          "identity_schema_version": 0,
          "private": "eyJlMmJmYjczMC1lY2FhLTExZTYtOGY4OC0zNDM2M2JjN2M0YzAiOnsiY3JlYXRlIjo2MDAwMDAwMDAwMDAsImRlbGV0ZSI6OTAwMDAwMDAwMDAwfSwic2NoZW1hX3ZlcnNpb24iOiIxIn0=",
          "dependencies": [
            "aws_security_group.alb",
            "aws_vpc.main"
          ]
        }
      ]
    },
    {
      "mode": "managed",
      "type": "aws_security_group",
      "name": "rds",
      "provider": "provider[\"registry.terraform.io/hashicorp/aws\"]",
      "instances": [
        {
          "schema_version": 1,
          "attributes": {
            "arn": "arn:aws:ec2:ap-south-1:949945086246:security-group/sg-04a4366b05907e111",
            "description": "Managed by Terraform",
            "egress": [],
            "id": "sg-04a4366b05907e111",
            "ingress": [
              {
                "cidr_blocks": [],
                "description": "",
                "from_port": 5432,
                "ipv6_cidr_blocks": [],
                "prefix_list_ids": [],
                "protocol": "tcp",
                "security_groups": [
                  "sg-0509afc908310fdd2"
                ],
                "self": false,
                "to_port": 5432
              },
              {
                "cidr_blocks": [],
                "description": "",
                "from_port": 5432,
                "ipv6_cidr_blocks": [],
                "prefix_list_ids": [],
                "protocol": "tcp",
                "security_groups": [
                  "sg-090ae2a1bf79a10e5"
                ],
                "self": false,
                "to_port": 5432
              }
            ],
            "name": "upscpro-stage2-rds-20251028032819645900000007",
            "name_prefix": "upscpro-stage2-rds-",
            "owner_id": "949945086246",
            "revoke_rules_on_delete": false,
            "tags": {
              "Name": "upscpro-stage2-rds-sg"
            },
            "tags_all": {
              "Environment": "stage2",
              "ManagedBy": "terraform",
              "Name": "upscpro-stage2-rds-sg",
              "Project": "upscpro-stage2"
            },
            "timeouts": null,
            "vpc_id": "vpc-00f92e2c399f2ae9d"
          },
          "sensitive_attributes": [],
          "identity_schema_version": 0,
          "private": "eyJlMmJmYjczMC1lY2FhLTExZTYtOGY4OC0zNDM2M2JjN2M0YzAiOnsiY3JlYXRlIjo2MDAwMDAwMDAwMDAsImRlbGV0ZSI6OTAwMDAwMDAwMDAwfSwic2NoZW1hX3ZlcnNpb24iOiIxIn0=",
          "dependencies": [
            "aws_security_group.alb",
            "aws_security_group.ec2",
            "aws_security_group.ecs",
            "aws_vpc.main"
          ]
        }
      ]
    },
    {
      "mode": "managed",
      "type": "aws_subnet",
      "name": "private",
      "provider": "provider[\"registry.terraform.io/hashicorp/aws\"]",
      "instances": [
        {
          "index_key": 0,
          "schema_version": 1,
          "attributes": {
            "arn": "arn:aws:ec2:ap-south-1:949945086246:subnet/subnet-0f7022d91621fc6c6",
            "assign_ipv6_address_on_creation": false,
            "availability_zone": "ap-south-1a",
            "availability_zone_id": "aps1-az1",
            "cidr_block": "10.2.2.0/24",
            "customer_owned_ipv4_pool": "",
            "enable_dns64": false,
            "enable_lni_at_device_index": 0,
            "enable_resource_name_dns_a_record_on_launch": false,
            "enable_resource_name_dns_aaaa_record_on_launch": false,
            "id": "subnet-0f7022d91621fc6c6",
            "ipv6_cidr_block": "",
            "ipv6_cidr_block_association_id": "",
            "ipv6_native": false,
            "map_customer_owned_ip_on_launch": false,
            "map_public_ip_on_launch": false,
            "outpost_arn": "",
            "owner_id": "949945086246",
            "private_dns_hostname_type_on_launch": "ip-name",
            "tags": {
              "Name": "upscpro-stage2-private-subnet-1",
              "Type": "private"
            },
            "tags_all": {
              "Environment": "stage2",
              "ManagedBy": "terraform",
              "Name": "upscpro-stage2-private-subnet-1",
              "Project": "upscpro-stage2",
              "Type": "private"
            },
            "timeouts": null,
            "vpc_id": "vpc-00f92e2c399f2ae9d"
          },
          "sensitive_attributes": [],
          "identity_schema_version": 0,
          "private": "eyJlMmJmYjczMC1lY2FhLTExZTYtOGY4OC0zNDM2M2JjN2M0YzAiOnsiY3JlYXRlIjo2MDAwMDAwMDAwMDAsImRlbGV0ZSI6MTIwMDAwMDAwMDAwMH0sInNjaGVtYV92ZXJzaW9uIjoiMSJ9",
          "dependencies": [
            "aws_vpc.main",
            "data.aws_availability_zones.available"
          ]
        },
        {
          "index_key": 1,
          "schema_version": 1,
          "attributes": {
            "arn": "arn:aws:ec2:ap-south-1:949945086246:subnet/subnet-0330e8e98d076235e",
            "assign_ipv6_address_on_creation": false,
            "availability_zone": "ap-south-1b",
            "availability_zone_id": "aps1-az3",
            "cidr_block": "10.2.3.0/24",
            "customer_owned_ipv4_pool": "",
            "enable_dns64": false,
            "enable_lni_at_device_index": 0,
            "enable_resource_name_dns_a_record_on_launch": false,
            "enable_resource_name_dns_aaaa_record_on_launch": false,
            "id": "subnet-0330e8e98d076235e",
            "ipv6_cidr_block": "",
            "ipv6_cidr_block_association_id": "",
            "ipv6_native": false,
            "map_customer_owned_ip_on_launch": false,
            "map_public_ip_on_launch": false,
            "outpost_arn": "",
            "owner_id": "949945086246",
            "private_dns_hostname_type_on_launch": "ip-name",
            "tags": {
              "Name": "upscpro-stage2-private-subnet-2",
              "Type": "private"
            },
            "tags_all": {
              "Environment": "stage2",
              "ManagedBy": "terraform",
              "Name": "upscpro-stage2-private-subnet-2",
              "Project": "upscpro-stage2",
              "Type": "private"
            },
            "timeouts": null,
            "vpc_id": "vpc-00f92e2c399f2ae9d"
          },
          "sensitive_attributes": [],
          "identity_schema_version": 0,
          "private": "eyJlMmJmYjczMC1lY2FhLTExZTYtOGY4OC0zNDM2M2JjN2M0YzAiOnsiY3JlYXRlIjo2MDAwMDAwMDAwMDAsImRlbGV0ZSI6MTIwMDAwMDAwMDAwMH0sInNjaGVtYV92ZXJzaW9uIjoiMSJ9",
          "dependencies": [
            "aws_vpc.main",
            "data.aws_availability_zones.available"
          ]
        }
      ]
    },
    {
      "mode": "managed",
      "type": "aws_subnet",
      "name": "public",
      "provider": "provider[\"registry.terraform.io/hashicorp/aws\"]",
      "instances": [
        {
          "index_key": 0,
          "schema_version": 1,
          "attributes": {
            "arn": "arn:aws:ec2:ap-south-1:949945086246:subnet/subnet-0bf543ff86c86c799",
            "assign_ipv6_address_on_creation": false,
            "availability_zone": "ap-south-1a",
            "availability_zone_id": "aps1-az1",
            "cidr_block": "10.2.0.0/24",
            "customer_owned_ipv4_pool": "",
            "enable_dns64": false,
            "enable_lni_at_device_index": 0,
            "enable_resource_name_dns_a_record_on_launch": false,
            "enable_resource_name_dns_aaaa_record_on_launch": false,
            "id": "subnet-0bf543ff86c86c799",
            "ipv6_cidr_block": "",
            "ipv6_cidr_block_association_id": "",
            "ipv6_native": false,
            "map_customer_owned_ip_on_launch": false,
            "map_public_ip_on_launch": true,
            "outpost_arn": "",
            "owner_id": "949945086246",
            "private_dns_hostname_type_on_launch": "ip-name",
            "tags": {
              "Name": "upscpro-stage2-public-subnet-1",
              "Type": "public"
            },
            "tags_all": {
              "Environment": "stage2",
              "ManagedBy": "terraform",
              "Name": "upscpro-stage2-public-subnet-1",
              "Project": "upscpro-stage2",
              "Type": "public"
            },
            "timeouts": null,
            "vpc_id": "vpc-00f92e2c399f2ae9d"
          },
          "sensitive_attributes": [],
          "identity_schema_version": 0,
          "private": "eyJlMmJmYjczMC1lY2FhLTExZTYtOGY4OC0zNDM2M2JjN2M0YzAiOnsiY3JlYXRlIjo2MDAwMDAwMDAwMDAsImRlbGV0ZSI6MTIwMDAwMDAwMDAwMH0sInNjaGVtYV92ZXJzaW9uIjoiMSJ9",
          "dependencies": [
            "aws_vpc.main",
            "data.aws_availability_zones.available"
          ]
        },
        {
          "index_key": 1,
          "schema_version": 1,
          "attributes": {
            "arn": "arn:aws:ec2:ap-south-1:949945086246:subnet/subnet-00230a653a75871fd",
            "assign_ipv6_address_on_creation": false,
            "availability_zone": "ap-south-1b",
            "availability_zone_id": "aps1-az3",
            "cidr_block": "10.2.1.0/24",
            "customer_owned_ipv4_pool": "",
            "enable_dns64": false,
            "enable_lni_at_device_index": 0,
            "enable_resource_name_dns_a_record_on_launch": false,
            "enable_resource_name_dns_aaaa_record_on_launch": false,
            "id": "subnet-00230a653a75871fd",
            "ipv6_cidr_block": "",
            "ipv6_cidr_block_association_id": "",
            "ipv6_native": false,
            "map_customer_owned_ip_on_launch": false,
            "map_public_ip_on_launch": true,
            "outpost_arn": "",
            "owner_id": "949945086246",
            "private_dns_hostname_type_on_launch": "ip-name",
            "tags": {
              "Name": "upscpro-stage2-public-subnet-2",
              "Type": "public"
            },
            "tags_all": {
              "Environment": "stage2",
              "ManagedBy": "terraform",
              "Name": "upscpro-stage2-public-subnet-2",
              "Project": "upscpro-stage2",
              "Type": "public"
            },
            "timeouts": null,
            "vpc_id": "vpc-00f92e2c399f2ae9d"
          },
          "sensitive_attributes": [],
          "identity_schema_version": 0,
          "private": "eyJlMmJmYjczMC1lY2FhLTExZTYtOGY4OC0zNDM2M2JjN2M0YzAiOnsiY3JlYXRlIjo2MDAwMDAwMDAwMDAsImRlbGV0ZSI6MTIwMDAwMDAwMDAwMH0sInNjaGVtYV92ZXJzaW9uIjoiMSJ9",
          "dependencies": [
            "aws_vpc.main",
            "data.aws_availability_zones.available"
          ]
        }
      ]
    },
    {
      "mode": "managed",
      "type": "aws_vpc",
      "name": "main",
      "provider": "provider[\"registry.terraform.io/hashicorp/aws\"]",
      "instances": [
        {
          "schema_version": 1,
          "attributes": {
            "arn": "arn:aws:ec2:ap-south-1:949945086246:vpc/vpc-00f92e2c399f2ae9d",
            "assign_generated_ipv6_cidr_block": false,
            "cidr_block": "10.2.0.0/16",
            "default_network_acl_id": "acl-0926e4547cce0ed40",
            "default_route_table_id": "rtb-0c6d4d11d790f3786",
            "default_security_group_id": "sg-059f7a118252ea051",
            "dhcp_options_id": "dopt-0392fd33e9c9f4e87",
            "enable_dns_hostnames": true,
            "enable_dns_support": true,
            "enable_network_address_usage_metrics": false,
            "id": "vpc-00f92e2c399f2ae9d",
            "instance_tenancy": "default",
            "ipv4_ipam_pool_id": null,
            "ipv4_netmask_length": null,
            "ipv6_association_id": "",
            "ipv6_cidr_block": "",
            "ipv6_cidr_block_network_border_group": "",
            "ipv6_ipam_pool_id": "",
            "ipv6_netmask_length": 0,
            "main_route_table_id": "rtb-0c6d4d11d790f3786",
            "owner_id": "949945086246",
            "tags": {
              "Name": "upscpro-stage2-vpc"
            },
            "tags_all": {
              "Environment": "stage2",
              "ManagedBy": "terraform",
              "Name": "upscpro-stage2-vpc",
              "Project": "upscpro-stage2"
            }
          },
          "sensitive_attributes": [],
          "identity_schema_version": 0,
          "private": "eyJzY2hlbWFfdmVyc2lvbiI6IjEifQ=="
        }
      ]
    },
    {
      "mode": "managed",
      "type": "tls_private_key",
      "name": "alb_test",
      "provider": "provider[\"registry.terraform.io/hashicorp/tls\"]",
      "instances": [
        {
          "index_key": 0,
          "schema_version": 1,
          "attributes": {
            "algorithm": "RSA",
            "ecdsa_curve": "P224",
            "id": "9c436554fbd3b9f955cdeacc3d2cba8fe364e5a9",
            "private_key_openssh": "-----BEGIN OPENSSH PRIVATE KEY-----\nb3BlbnNzaC1rZXktdjEAAAAABG5vbmUAAAAEbm9uZQAAAAAAAAABAAABFwAAAAdz\nc2gtcnNhAAAAAwEAAQAAAQEA1RmBm3R9YICkBuE3mBN5p7H4XoamILvb98TMVGXC\ntWUSurIRJMOrfHya2rQvBDbdIx6QZodWCpl4gcu/RzPz6mc6hnxQg5DOH+Qu7AYS\nurdONrkBMpBYh0++LgNCYdFLxH0ef21H2/vo4f1bTICyQ8tlPXfbzNS8jCKhZO67\nT6q1iw/c93MCr+V5ZNQUPMYRZxK28E4T+Egi9gfMCOIDpTvfP/ZVcOMlS0N4ovJI\nn78N8SwcffRf1mK+exazSesuQpAmvuMC7Mgk4CKWml1yGA55PfMoP+WEvV+q5QE1\n6CQ9a1/vpmZc7/qBPd99m9Hb9PWl/lZ1wcaGV7fsISpICQAAA7jWVO0E1lTtBAAA\nAAdzc2gtcnNhAAABAQDVGYGbdH1ggKQG4TeYE3mnsfhehqYgu9v3xMxUZcK1ZRK6\nshEkw6t8fJratC8ENt0jHpBmh1YKmXiBy79HM/PqZzqGfFCDkM4f5C7sBhK6t042\nuQEykFiHT74uA0Jh0UvEfR5/bUfb++jh/VtMgLJDy2U9d9vM1LyMIqFk7rtPqrWL\nD9z3cwKv5Xlk1BQ8xhFnErbwThP4SCL2B8wI4gOlO98/9lVw4yVLQ3ii8kifvw3x\nLBx99F/WYr57FrNJ6y5CkCa+4wLsyCTgIpaaXXIYDnk98yg/5YS9X6rlATXoJD1r\nX++mZlzv+oE9332b0dv09aX+VnXBxoZXt+whKkgJAAAAAwEAAQAAAQAWxITecRG8\nL8JWodVowBvtWMxqfQRe1vNng3U5Ry4IZ2Ya4E+ImAdIY5+/4iRr1NjHmcpfyfHd\nbAw+AeDL4Lccwi60k6+efugm7CA/Q17Y6CDJI/cGyflLa6+sBtkezlfEBIIvpyNY\nU4/MJV+NyupA6AhHCvlG5yvF5SVNPVxx5F8sWp/+yNGy/8KFXOCx/dn8lXSY/Eti\naa3VwXkTIofWOV/Em6E87rNlEl9P8eNaQRBE1FV5MgpQxgCM/GdHrGFtAZuyB18/\nhFU5WtqnprM3oI1Z/3w/D0V6zm9YGRzfPO+d4xBKxB8WWRZWMbdIhoeasij8Tb7M\nG/xOq/J4NZ0hAAAAgQC/o+kKzxwm932dDYEOnG8twplljS7EzsDFxwSUyh6UD9Q0\nIrsKjku60aRYlLUpD+LNJdwSap5jtHRpdCuAIZfQiH3pUrRMZNVDDLIS2WdJgv4P\nGq0Egm+3NtkwvWDsnS13zBLun1HOEw3Bkv1mFFa4/0bCEOEleXQl8d4n2O+NeQAA\nAIEA/rEZbyXqbeGeohhQ2DzDBL7Ti7rGuvGsvPDrk3FIOApB5jYkymfwJzQE0tSx\n3dX53LxDioYwTlvfYqP/QRB0hLe8v9Ma3Qx0+8PxWUKTmEi30dG/FhR8xSHYnRXS\nnun4i+iDjNzo58Ku2lGy/ZFfkwKZ/R1aIVL9huobgGmZsFUAAACBANYxt2KUTPgc\nruk+7xZPeboo44D3DMglNMyheGXCZDwKE9u3lA2cOBSxnRtyg0a73KUumRNWegN7\nhnRfgJX6cd6BSDmr+v6BD+81fVv2aeIPjEosC3q2zBn7wlmwvx3RInLjgNSk6fng\nSq0qCHhaqwXZW+QEfwgZRuYH45mPDVzlAAAAAAEC\n-----END OPENSSH PRIVATE KEY-----\n",
            "private_key_pem": "-----BEGIN RSA PRIVATE KEY-----\nMIIEpQIBAAKCAQEA1RmBm3R9YICkBuE3mBN5p7H4XoamILvb98TMVGXCtWUSurIR\nJMOrfHya2rQvBDbdIx6QZodWCpl4gcu/RzPz6mc6hnxQg5DOH+Qu7AYSurdONrkB\nMpBYh0++LgNCYdFLxH0ef21H2/vo4f1bTICyQ8tlPXfbzNS8jCKhZO67T6q1iw/c\n93MCr+V5ZNQUPMYRZxK28E4T+Egi9gfMCOIDpTvfP/ZVcOMlS0N4ovJIn78N8Swc\nffRf1mK+exazSesuQpAmvuMC7Mgk4CKWml1yGA55PfMoP+WEvV+q5QE16CQ9a1/v\npmZc7/qBPd99m9Hb9PWl/lZ1wcaGV7fsISpICQIDAQABAoIBABbEhN5xEbwvwlah\n1WjAG+1YzGp9BF7W82eDdTlHLghnZhrgT4iYB0hjn7/iJGvU2MeZyl/J8d1sDD4B\n4MvgtxzCLrSTr55+6CbsID9DXtjoIMkj9wbJ+Utrr6wG2R7OV8QEgi+nI1hTj8wl\nX43K6kDoCEcK+UbnK8XlJU09XHHkXyxan/7I0bL/woVc4LH92fyVdJj8S2JprdXB\neRMih9Y5X8SboTzus2USX0/x41pBEETUVXkyClDGAIz8Z0esYW0Bm7IHXz+EVTla\n2qemszegjVn/fD8PRXrOb1gZHN88753jEErEHxZZFlYxt0iGh5qyKPxNvswb/E6r\n8ng1nSECgYEA/rEZbyXqbeGeohhQ2DzDBL7Ti7rGuvGsvPDrk3FIOApB5jYkymfw\nJzQE0tSx3dX53LxDioYwTlvfYqP/QRB0hLe8v9Ma3Qx0+8PxWUKTmEi30dG/FhR8\nxSHYnRXSnun4i+iDjNzo58Ku2lGy/ZFfkwKZ/R1aIVL9huobgGmZsFUCgYEA1jG3\nYpRM+Byu6T7vFk95uijjgPcMyCU0zKF4ZcJkPAoT27eUDZw4FLGdG3KDRrvcpS6Z\nE1Z6A3uGdF+Alfpx3oFIOav6/oEP7zV9W/Zp4g+MSiwLerbMGfvCWbC/HdEicuOA\n1KTp+eBKrSoIeFqrBdlb5AR/CBlG5gfjmY8NXOUCgYEAg2+nvYlmotAlimdcCUvK\nJL/J8jkwZ7diuprmJ8/1Qh5hBcn5UI81CzY4KwlixSWw7W4muO0pLrcQ4BncF5rD\nVt5vRNtP6LWOBYOIINVPz+3vFxPUNjPac+1UmTRy3lnGT4Vtphs3AqugisBQy7Tj\nCr3z9ADay4nFloNoL+vPSYUCgYEAqRhSqBZftTgfta+jXD+d36NMB5IBmzgUOL/4\npo0SSHvENZ712NDNTTjyyKpcjMjeZeElo6iPZpRsDw8eGki/AGObuzvUSHtnMvdN\nYf5klLyliiC/Zz9MXe7s/ZWVK1rhEUYdfMI8nLG/Anm+ehVKErIH4zjReHlMCWmM\n+rt+VykCgYEAv6PpCs8cJvd9nQ2BDpxvLcKZZY0uxM7AxccElMoelA/UNCK7Co5L\nutGkWJS1KQ/izSXcEmqeY7R0aXQrgCGX0Ih96VK0TGTVQwyyEtlnSYL+DxqtBIJv\ntzbZML1g7J0td8wS7p9RzhMNwZL9ZhRWuP9GwhDhJXl0JfHeJ9jvjXk=\n-----END RSA PRIVATE KEY-----\n",
            "private_key_pem_pkcs8": "-----BEGIN PRIVATE KEY-----\nMIIEvwIBADANBgkqhkiG9w0BAQEFAASCBKkwggSlAgEAAoIBAQDVGYGbdH1ggKQG\n4TeYE3mnsfhehqYgu9v3xMxUZcK1ZRK6shEkw6t8fJratC8ENt0jHpBmh1YKmXiB\ny79HM/PqZzqGfFCDkM4f5C7sBhK6t042uQEykFiHT74uA0Jh0UvEfR5/bUfb++jh\n/VtMgLJDy2U9d9vM1LyMIqFk7rtPqrWLD9z3cwKv5Xlk1BQ8xhFnErbwThP4SCL2\nB8wI4gOlO98/9lVw4yVLQ3ii8kifvw3xLBx99F/WYr57FrNJ6y5CkCa+4wLsyCTg\nIpaaXXIYDnk98yg/5YS9X6rlATXoJD1rX++mZlzv+oE9332b0dv09aX+VnXBxoZX\nt+whKkgJAgMBAAECggEAFsSE3nERvC/CVqHVaMAb7VjMan0EXtbzZ4N1OUcuCGdm\nGuBPiJgHSGOfv+Ika9TYx5nKX8nx3WwMPgHgy+C3HMIutJOvnn7oJuwgP0Ne2Ogg\nySP3Bsn5S2uvrAbZHs5XxASCL6cjWFOPzCVfjcrqQOgIRwr5RucrxeUlTT1cceRf\nLFqf/sjRsv/ChVzgsf3Z/JV0mPxLYmmt1cF5EyKH1jlfxJuhPO6zZRJfT/HjWkEQ\nRNRVeTIKUMYAjPxnR6xhbQGbsgdfP4RVOVrap6azN6CNWf98Pw9Fes5vWBkc3zzv\nneMQSsQfFlkWVjG3SIaHmrIo/E2+zBv8TqvyeDWdIQKBgQD+sRlvJept4Z6iGFDY\nPMMEvtOLusa68ay88OuTcUg4CkHmNiTKZ/AnNATS1LHd1fncvEOKhjBOW99io/9B\nEHSEt7y/0xrdDHT7w/FZQpOYSLfR0b8WFHzFIdidFdKe6fiL6IOM3Ojnwq7aUbL9\nkV+TApn9HVohUv2G6huAaZmwVQKBgQDWMbdilEz4HK7pPu8WT3m6KOOA9wzIJTTM\noXhlwmQ8ChPbt5QNnDgUsZ0bcoNGu9ylLpkTVnoDe4Z0X4CV+nHegUg5q/r+gQ/v\nNX1b9mniD4xKLAt6tswZ+8JZsL8d0SJy44DUpOn54EqtKgh4WqsF2VvkBH8IGUbm\nB+OZjw1c5QKBgQCDb6e9iWai0CWKZ1wJS8okv8nyOTBnt2K6muYnz/VCHmEFyflQ\njzULNjgrCWLFJbDtbia47SkutxDgGdwXmsNW3m9E20/otY4Fg4gg1U/P7e8XE9Q2\nM9pz7VSZNHLeWcZPhW2mGzcCq6CKwFDLtOMKvfP0ANrLicWWg2gv689JhQKBgQCp\nGFKoFl+1OB+1r6NcP53fo0wHkgGbOBQ4v/imjRJIe8Q1nvXY0M1NOPLIqlyMyN5l\n4SWjqI9mlGwPDx4aSL8AY5u7O9RIe2cy901h/mSUvKWKIL9nP0xd7uz9lZUrWuER\nRh18wjycsb8Ceb56FUoSsgfjONF4eUwJaYz6u35XKQKBgQC/o+kKzxwm932dDYEO\nnG8twplljS7EzsDFxwSUyh6UD9Q0IrsKjku60aRYlLUpD+LNJdwSap5jtHRpdCuA\nIZfQiH3pUrRMZNVDDLIS2WdJgv4PGq0Egm+3NtkwvWDsnS13zBLun1HOEw3Bkv1m\nFFa4/0bCEOEleXQl8d4n2O+NeQ==\n-----END PRIVATE KEY-----\n",
            "public_key_fingerprint_md5": "a2:d4:8c:49:5e:5f:0b:53:7a:ed:4b:37:ac:81:14:b6",
            "public_key_fingerprint_sha256": "SHA256:UwUDsOcAaLP8AQa0K7bc20LMdQxEv7YoytBcnAG7uvo",
            "public_key_openssh": "ssh-rsa AAAAB3NzaC1yc2EAAAADAQABAAABAQDVGYGbdH1ggKQG4TeYE3mnsfhehqYgu9v3xMxUZcK1ZRK6shEkw6t8fJratC8ENt0jHpBmh1YKmXiBy79HM/PqZzqGfFCDkM4f5C7sBhK6t042uQEykFiHT74uA0Jh0UvEfR5/bUfb++jh/VtMgLJDy2U9d9vM1LyMIqFk7rtPqrWLD9z3cwKv5Xlk1BQ8xhFnErbwThP4SCL2B8wI4gOlO98/9lVw4yVLQ3ii8kifvw3xLBx99F/WYr57FrNJ6y5CkCa+4wLsyCTgIpaaXXIYDnk98yg/5YS9X6rlATXoJD1rX++mZlzv+oE9332b0dv09aX+VnXBxoZXt+whKkgJ\n",
            "public_key_pem": "-----BEGIN PUBLIC KEY-----\nMIIBIjANBgkqhkiG9w0BAQEFAAOCAQ8AMIIBCgKCAQEA1RmBm3R9YICkBuE3mBN5\np7H4XoamILvb98TMVGXCtWUSurIRJMOrfHya2rQvBDbdIx6QZodWCpl4gcu/RzPz\n6mc6hnxQg5DOH+Qu7AYSurdONrkBMpBYh0++LgNCYdFLxH0ef21H2/vo4f1bTICy\nQ8tlPXfbzNS8jCKhZO67T6q1iw/c93MCr+V5ZNQUPMYRZxK28E4T+Egi9gfMCOID\npTvfP/ZVcOMlS0N4ovJIn78N8SwcffRf1mK+exazSesuQpAmvuMC7Mgk4CKWml1y\nGA55PfMoP+WEvV+q5QE16CQ9a1/vpmZc7/qBPd99m9Hb9PWl/lZ1wcaGV7fsISpI\nCQIDAQAB\n-----END PUBLIC KEY-----\n",
            "rsa_bits": 2048
          },
          "sensitive_attributes": [
            [
              {
                "type": "get_attr",
                "value": "private_key_openssh"
              }
            ],
            [
              {
                "type": "get_attr",
                "value": "private_key_pem"
              }
            ],
            [
              {
                "type": "get_attr",
                "value": "private_key_pem_pkcs8"
              }
            ]
          ],
          "identity_schema_version": 0
        }
      ]
    },
    {
      "mode": "managed",
      "type": "tls_self_signed_cert",
      "name": "alb_test",
      "provider": "provider[\"registry.terraform.io/hashicorp/tls\"]",
      "instances": [
        {
          "index_key": 0,
          "schema_version": 0,
          "attributes": {
            "allowed_uses": [
              "key_encipherment",
              "digital_signature",
              "server_auth"
            ],
            "cert_pem": "-----BEGIN CERTIFICATE-----\nMIIDODCCAiCgAwIBAgIRAJFtfY/ZeDLjiS5sWGtU4ewwDQYJKoZIhvcNAQELBQAw\nPDEcMBoGA1UEChMTQW1hem9uIFdlYiBTZXJ2aWNlczEcMBoGA1UEAwwTKi5lbGIu\nYW1hem9uYXdzLmNvbTAeFw0yNTEwMjgwMzI4MDJaFw0yNjEwMjgwMzI4MDJaMDwx\nHDAaBgNVBAoTE0FtYXpvbiBXZWIgU2VydmljZXMxHDAaBgNVBAMMEyouZWxiLmFt\nYXpvbmF3cy5jb20wggEiMA0GCSqGSIb3DQEBAQUAA4IBDwAwggEKAoIBAQDVGYGb\ndH1ggKQG4TeYE3mnsfhehqYgu9v3xMxUZcK1ZRK6shEkw6t8fJratC8ENt0jHpBm\nh1YKmXiBy79HM/PqZzqGfFCDkM4f5C7sBhK6t042uQEykFiHT74uA0Jh0UvEfR5/\nbUfb++jh/VtMgLJDy2U9d9vM1LyMIqFk7rtPqrWLD9z3cwKv5Xlk1BQ8xhFnErbw\nThP4SCL2B8wI4gOlO98/9lVw4yVLQ3ii8kifvw3xLBx99F/WYr57FrNJ6y5CkCa+\n4wLsyCTgIpaaXXIYDnk98yg/5YS9X6rlATXoJD1rX++mZlzv+oE9332b0dv09aX+\nVnXBxoZXt+whKkgJAgMBAAGjNTAzMA4GA1UdDwEB/wQEAwIFoDATBgNVHSUEDDAK\nBggrBgEFBQcDATAMBgNVHRMBAf8EAjAAMA0GCSqGSIb3DQEBCwUAA4IBAQBcLzfK\nO92tZcvCbOqcBzCSH19bka10cIeoWIbD2Xm2rV7rG8WlkKMnLNvELQz4i3vVeiYy\njAsTLX+y6O9Ahe3fuxns+F+4QW3dbU6FjYmxfDXuxrd1CO7Ld0D/xaYPOxuWofEX\n7huAVlj/ghbG7+DR0nvrOzcSbbCciwzvDPsQSdNgWeUlphwchBL18RKcrwMBspSh\nsxsr+uH+jUvhJwITE46UyK2a7AUB+rHJlvdO5TEFYKJRNSqlbMoCaN8BWPcIwT55\nO2oBt0WBMIgwAjvfzbGIq3RAm0l3D9WujycNqbHzh3+2U/kTJsR5Mq0qRgBFOW8/\nFi5hAE1RlKoj7ZSm\n-----END CERTIFICATE-----\n",
            "dns_names": null,
            "early_renewal_hours": 0,
            "id": "193306566444524352326370758111440200172",
            "ip_addresses": null,
            "is_ca_certificate": false,
            "key_algorithm": "RSA",
            "private_key_pem": "-----BEGIN RSA PRIVATE KEY-----\nMIIEpQIBAAKCAQEA1RmBm3R9YICkBuE3mBN5p7H4XoamILvb98TMVGXCtWUSurIR\nJMOrfHya2rQvBDbdIx6QZodWCpl4gcu/RzPz6mc6hnxQg5DOH+Qu7AYSurdONrkB\nMpBYh0++LgNCYdFLxH0ef21H2/vo4f1bTICyQ8tlPXfbzNS8jCKhZO67T6q1iw/c\n93MCr+V5ZNQUPMYRZxK28E4T+Egi9gfMCOIDpTvfP/ZVcOMlS0N4ovJIn78N8Swc\nffRf1mK+exazSesuQpAmvuMC7Mgk4CKWml1yGA55PfMoP+WEvV+q5QE16CQ9a1/v\npmZc7/qBPd99m9Hb9PWl/lZ1wcaGV7fsISpICQIDAQABAoIBABbEhN5xEbwvwlah\n1WjAG+1YzGp9BF7W82eDdTlHLghnZhrgT4iYB0hjn7/iJGvU2MeZyl/J8d1sDD4B\n4MvgtxzCLrSTr55+6CbsID9DXtjoIMkj9wbJ+Utrr6wG2R7OV8QEgi+nI1hTj8wl\nX43K6kDoCEcK+UbnK8XlJU09XHHkXyxan/7I0bL/woVc4LH92fyVdJj8S2JprdXB\neRMih9Y5X8SboTzus2USX0/x41pBEETUVXkyClDGAIz8Z0esYW0Bm7IHXz+EVTla\n2qemszegjVn/fD8PRXrOb1gZHN88753jEErEHxZZFlYxt0iGh5qyKPxNvswb/E6r\n8ng1nSECgYEA/rEZbyXqbeGeohhQ2DzDBL7Ti7rGuvGsvPDrk3FIOApB5jYkymfw\nJzQE0tSx3dX53LxDioYwTlvfYqP/QRB0hLe8v9Ma3Qx0+8PxWUKTmEi30dG/FhR8\nxSHYnRXSnun4i+iDjNzo58Ku2lGy/ZFfkwKZ/R1aIVL9huobgGmZsFUCgYEA1jG3\nYpRM+Byu6T7vFk95uijjgPcMyCU0zKF4ZcJkPAoT27eUDZw4FLGdG3KDRrvcpS6Z\nE1Z6A3uGdF+Alfpx3oFIOav6/oEP7zV9W/Zp4g+MSiwLerbMGfvCWbC/HdEicuOA\n1KTp+eBKrSoIeFqrBdlb5AR/CBlG5gfjmY8NXOUCgYEAg2+nvYlmotAlimdcCUvK\nJL/J8jkwZ7diuprmJ8/1Qh5hBcn5UI81CzY4KwlixSWw7W4muO0pLrcQ4BncF5rD\nVt5vRNtP6LWOBYOIINVPz+3vFxPUNjPac+1UmTRy3lnGT4Vtphs3AqugisBQy7Tj\nCr3z9ADay4nFloNoL+vPSYUCgYEAqRhSqBZftTgfta+jXD+d36NMB5IBmzgUOL/4\npo0SSHvENZ712NDNTTjyyKpcjMjeZeElo6iPZpRsDw8eGki/AGObuzvUSHtnMvdN\nYf5klLyliiC/Zz9MXe7s/ZWVK1rhEUYdfMI8nLG/Anm+ehVKErIH4zjReHlMCWmM\n+rt+VykCgYEAv6PpCs8cJvd9nQ2BDpxvLcKZZY0uxM7AxccElMoelA/UNCK7Co5L\nutGkWJS1KQ/izSXcEmqeY7R0aXQrgCGX0Ih96VK0TGTVQwyyEtlnSYL+DxqtBIJv\ntzbZML1g7J0td8wS7p9RzhMNwZL9ZhRWuP9GwhDhJXl0JfHeJ9jvjXk=\n-----END RSA PRIVATE KEY-----\n",
            "ready_for_renewal": false,
            "set_authority_key_id": false,
            "set_subject_key_id": false,
            "subject": [
              {
                "common_name": "*.elb.amazonaws.com",
                "country": null,
                "email_address": null,
                "locality": null,
                "organization": "Amazon Web Services",
                "organizational_unit": null,
                "postal_code": null,
                "province": null,
                "serial_number": null,
                "street_address": null
              }
            ],
            "uris": null,
            "validity_end_time": "2026-10-28T08:58:02.636017995+05:30",
            "validity_period_hours": 8760,
            "validity_start_time": "2025-10-28T08:58:02.636017995+05:30"
          },
          "sensitive_attributes": [
            [
              {
                "type": "get_attr",
                "value": "private_key_pem"
              }
            ]
          ],
          "identity_schema_version": 0,
          "dependencies": [
            "tls_private_key.alb_test"
          ]
        }
      ]
    }
  ],
  "check_results": [
    {
      "object_kind": "var",
      "config_addr": "var.cloudfront_price_class",
      "status": "unknown",
      "objects": null
    }
  ]
}
